{
  "version": 4,
  "terraform_version": "1.4.6",
  "serial": 8,
  "lineage": "fd534a7a-1cb5-8d28-c197-feab4132a5d2",
  "outputs": {
    "provisioning_done": {
      "value": "End",
      "type": "string"
    }
  },
  "resources": [
    {
      "mode": "data",
      "type": "aws_ami",
      "name": "aws_linux_2_latest",
      "provider": "provider[\"registry.terraform.io/hashicorp/aws\"]",
      "instances": [
        {
          "schema_version": 0,
          "attributes": {
            "architecture": "x86_64",
            "arn": "arn:aws:ec2:ap-southeast-1::image/ami-08df616b01c9d36e6",
            "block_device_mappings": [
              {
                "device_name": "/dev/xvda",
                "ebs": {
                  "delete_on_termination": "true",
                  "encrypted": "false",
                  "iops": "0",
                  "snapshot_id": "snap-061b729a0b1e86d41",
                  "throughput": "0",
                  "volume_size": "8",
                  "volume_type": "gp2"
                },
                "no_device": "",
                "virtual_name": ""
              }
            ],
            "boot_mode": "",
            "creation_date": "2023-08-22T19:48:15.000Z",
            "deprecation_time": "2025-07-01T00:00:00.000Z",
            "description": "Amazon Linux 2 AMI 2.0.20230822.0 x86_64 HVM gp2",
            "ena_support": true,
            "executable_users": null,
            "filter": [
              {
                "name": "name",
                "values": [
                  "amzn2-ami-hvm-*"
                ]
              }
            ],
            "hypervisor": "xen",
            "id": "ami-08df616b01c9d36e6",
            "image_id": "ami-08df616b01c9d36e6",
            "image_location": "amazon/amzn2-ami-hvm-2.0.20230822.0-x86_64-gp2",
            "image_owner_alias": "amazon",
            "image_type": "machine",
            "imds_support": "",
            "include_deprecated": false,
            "kernel_id": "",
            "most_recent": true,
            "name": "amzn2-ami-hvm-2.0.20230822.0-x86_64-gp2",
            "name_regex": null,
            "owner_id": "137112412989",
            "owners": [
              "amazon"
            ],
            "platform": "",
            "platform_details": "Linux/UNIX",
            "product_codes": [],
            "public": true,
            "ramdisk_id": "",
            "root_device_name": "/dev/xvda",
            "root_device_type": "ebs",
            "root_snapshot_id": "snap-061b729a0b1e86d41",
            "sriov_net_support": "simple",
            "state": "available",
            "state_reason": {
              "code": "UNSET",
              "message": "UNSET"
            },
            "tags": {},
            "timeouts": null,
            "tpm_support": "",
            "usage_operation": "RunInstances",
            "virtualization_type": "hvm"
          },
          "sensitive_attributes": []
        }
      ]
    },
    {
      "mode": "data",
      "type": "aws_ami_ids",
      "name": "aws_linux_2_latest_ids",
      "provider": "provider[\"registry.terraform.io/hashicorp/aws\"]",
      "instances": [
        {
          "schema_version": 0,
          "attributes": {
            "executable_users": null,
            "filter": null,
            "id": "3130646356",
            "ids": [
              "ami-0544cb31c87d5b854",
              "ami-096844e87530d6414",
              "ami-07fd6e2d0bec2be2b",
              "ami-0227cf81b564ddc5a",
              "ami-0eff018d9505df9ae",
              "ami-0686f46817b606a6b",
              "ami-01a06df7aaa4623d1",
              "ami-088ba93738ce686b3",
              "ami-0197942814a79af63",
              "ami-0d50fccf305f7ef3c",
              "ami-0f67008a433aba794",
              "ami-07bdac0e8c6a507ff",
              "ami-05238e100f254d7af",
              "ami-02c28a1f773affe70",
              "ami-0a5f908c5902fea6c",
              "ami-0a249509ce78eebb2",
              "ami-09f6fc8487a9c6f37",
              "ami-0a0e30ef576d40702",
              "ami-0abbd9dc396e2746a",
              "ami-099995dcd3dc5559f",
              "ami-0ae6fb2a227613c9a",
              "ami-09911a711004ae097",
              "ami-058cdb82417699c59",
              "ami-0c91692c352ce00cd",
              "ami-00b31fe3f147915bf",
              "ami-030958c76bcb7dd2e",
              "ami-04e8a54c66cbb50ed",
              "ami-094082882791ab681",
              "ami-0efc6bd3f3a674f57",
              "ami-0754fe49866864d62",
              "ami-0cbff77a54de9b861",
              "ami-0c7945e527cd1b05d",
              "ami-0c35c5476b90c4070",
              "ami-0ed8a5be285581cde",
              "ami-0a0abf1f043f9ed4f",
              "ami-0234bd950faecd47d",
              "ami-080e55f22f3870270",
              "ami-0b14c8b79a44dfebb",
              "ami-0d5885f138189db4d",
              "ami-01f7d82c770ffdb24",
              "ami-020ece5ce35b7a359",
              "ami-099ec956ea27b07ef",
              "ami-072d56aa6c6934e32",
              "ami-0705994bf7d9df9d4",
              "ami-029a62979a0c919df",
              "ami-01f8f508675b35aa5",
              "ami-03e331405b2a3c55a",
              "ami-0568feacda3b5351b",
              "ami-0595bb82a7fc212b4",
              "ami-0e3dd6782f2897b55",
              "ami-04823f34486f0feb2",
              "ami-0fab4953ae05564ee",
              "ami-069292db94b6b8db6",
              "ami-09b089247316e8dd6",
              "ami-0776e4a16d47a2a60",
              "ami-075c52678ec89d1f6",
              "ami-0673b7a27b43baa73",
              "ami-017997d411dc14104",
              "ami-0142d8b310250d35e",
              "ami-0988b580c27621715",
              "ami-04245f1390a6050f2",
              "ami-0862a4f0dae26cf4c",
              "ami-04c85a3e2e3091b22",
              "ami-0292341a3236e93b6",
              "ami-085486a92d31b2371",
              "ami-0705d636363948e24",
              "ami-0e51df3cd6035225d",
              "ami-04863203ffff47306",
              "ami-02c6b6a20be8ac1f0",
              "ami-06e709a0c8430cdcc",
              "ami-02b1e92b7aadd346c",
              "ami-016790dc7142562b6",
              "ami-0fdeb80c6502714a6",
              "ami-0d104a397e350f951",
              "ami-00fb30798ee97e076",
              "ami-05c7415438a38a166",
              "ami-0d6cb8ddfe01dacb9",
              "ami-0ebe4af71f8ab06f3",
              "ami-0c6fc556735780377",
              "ami-0023eab66c0aaac93",
              "ami-0dbfefb825b71aed2",
              "ami-09aeea6fb65cdfa65",
              "ami-03959cdf0c387a143",
              "ami-0c47b26e811eb68dc",
              "ami-02f44c9f144e78a9a",
              "ami-089753656f022ba9e",
              "ami-0ac2a1e8ae1f60432",
              "ami-0a6e1b5c020f61e63",
              "ami-0af09f3e4ed5d2079",
              "ami-0e39b56caa21ae740",
              "ami-07d53d90c41aeeb0a",
              "ami-064618afb57dd0146",
              "ami-0bd6b2238f4b5fe9d",
              "ami-0004e2b06e24ff786",
              "ami-011bd9a2b73f80219",
              "ami-012255f96affcd6f6",
              "ami-06ca92fc414df0a25",
              "ami-0eb2421075a874586",
              "ami-0264ff73dfd634bf1",
              "ami-06ec4dd5068bdb857",
              "ami-0b9c5aa8b2988d7f2",
              "ami-0509b6f345e666ac9",
              "ami-03df3033d64f9f598",
              "ami-0a2e05b4e6e5dfd10",
              "ami-0b8360ab84a43ce02",
              "ami-004fa636f01f8acb4",
              "ami-06177f1dfc7662c1e",
              "ami-00b6b8949d0bf7916",
              "ami-02d7bcb886a71cc7a",
              "ami-01b582cb0e81dbb26",
              "ami-042ba735116606637",
              "ami-0c64438e7e1045312",
              "ami-0bb2b5e0411b31c45",
              "ami-01a98a3ac6ddaf051",
              "ami-0c12c41ad68298c5d",
              "ami-06aa4bfd212d563a4",
              "ami-06d715c8b88d37d55",
              "ami-0ffeb5624d5c65c66",
              "ami-057f7a79ea8e07422",
              "ami-032137b8a154e5b35",
              "ami-0f9bb4690a0d1f557",
              "ami-013785065fb30098d",
              "ami-01a2f61b6178a179b",
              "ami-0bef55a79cfd05dc1",
              "ami-0eaa2955a8025a5c1",
              "ami-0db336f0622ffda61",
              "ami-0f2a810414f7a31be",
              "ami-056108ca6e3f7c93a",
              "ami-0e320f93c69cb9fe7",
              "ami-05228f1293aa1d844",
              "ami-0c0dba948a0ead5a0",
              "ami-033cae7fec57c15ef",
              "ami-07a4e2d694f956fa6",
              "ami-00e6c761e4357dddc",
              "ami-043ed2032c3fa16a5",
              "ami-05cc4ce101fe38b76",
              "ami-081ab28ecb8f9f07f",
              "ami-052f5d1f516dbe7a4",
              "ami-074e75210cd3cfb52",
              "ami-0edeac0a287a5b1b6",
              "ami-02056c7c1c909e0af",
              "ami-0b78508d68c485dcc",
              "ami-0f9e5826e2322e220",
              "ami-06c725c3e96f91dcb",
              "ami-01d6091cb9449f257",
              "ami-01e82c6effa51e04f",
              "ami-092ea0f53381382dd",
              "ami-029056354f81cf5e6",
              "ami-043e83d4e075b6e2c",
              "ami-0dcc96ba49d66d442",
              "ami-0d4ffa9b6d8238bc8",
              "ami-0f5dcb4190a93ace7",
              "ami-031447c8172071d56",
              "ami-0c5e8c6d7961ad211",
              "ami-0e80ff4361cfaa341",
              "ami-0a927cd16bcd90434",
              "ami-03abd6a88f5d76fdf",
              "ami-07ee0669255301112",
              "ami-0f79d12c4cdd73730",
              "ami-0be4a40892edac56f",
              "ami-02978ec7bf11c43e2",
              "ami-0a309bc3c28d9214b",
              "ami-050fdeff96c04b76e",
              "ami-0a1277d42ee81e0bd",
              "ami-00781a485e78072b1",
              "ami-09e0f5b7616be7855",
              "ami-03d6a1fa707cc50d3",
              "ami-0f7de9e8a8ae3610b",
              "ami-0a9a048a6c5321e08",
              "ami-041f44ba87847f585",
              "ami-039a4906a56806cc7",
              "ami-0b835333bda7ae1f5",
              "ami-0c58c7e38aded58e9",
              "ami-0bd1794294bd19a74",
              "ami-0b0cf4c5f2721329e",
              "ami-023ae2d68d4b68a8a",
              "ami-06078e460fe3aa16a",
              "ami-0a34bf223d27ab5c0",
              "ami-00fc25c56ea240618",
              "ami-06a27fb6e62e343be",
              "ami-09662049d89aa4bee",
              "ami-0560558e29b03d2e2",
              "ami-0405012b7e484ab74",
              "ami-058572143e82eb2ef",
              "ami-0a3878b7fc122bd90",
              "ami-0027a5423a7d12e63",
              "ami-014fb42d0c42175a4",
              "ami-0a6dfe9df8a73fa99",
              "ami-032154f1c3012e55f",
              "ami-0e2d17f96f0721688",
              "ami-03ea0cf5d5123898b",
              "ami-082607b8ccbc94116",
              "ami-015c4529e6be571f8",
              "ami-09b68763c25b98c67",
              "ami-086d9d75d3e98a14d",
              "ami-03d02a6c3a023a64c",
              "ami-05051ae2eba986bd8",
              "ami-0e31eaff532f78ab8",
              "ami-08385031f7fa039f6",
              "ami-0702df253a2a415d0",
              "ami-0cf75a1f6d4c96135",
              "ami-0abbe6fcad743f130",
              "ami-05d20ac1296a960d2",
              "ami-081be1abdccfb0bb2",
              "ami-0c083abbef4a2c1ea",
              "ami-0c4e401da04a3cc9a",
              "ami-0464f90f5928bccb8",
              "ami-002174e64d2895ba7",
              "ami-05ff63b3ff2a5e18e",
              "ami-024d2301c4f4c1aec",
              "ami-01adbc00fa42c0be3",
              "ami-045657fe25b626d11",
              "ami-0b56d0f9d9a24861a",
              "ami-0ecbf75fc06cd81f9",
              "ami-0708276ccf8973cdc",
              "ami-09ae93c117339796d",
              "ami-0b1c2b6568c2938b1",
              "ami-0205295cdb5350d5d",
              "ami-06cf14eb386f3c965",
              "ami-0f29f97219dc13494",
              "ami-079b1fc25b08e0f52",
              "ami-008639a308b23599b",
              "ami-065354d41f7317386",
              "ami-0f184aa472fd103b6",
              "ami-0243e91597b136a8e",
              "ami-0952d3367690a3497",
              "ami-0d343f64ca6af46ea",
              "ami-063a9104ae0138f0b",
              "ami-0be08927c24d850fd",
              "ami-062480d3962cba42f",
              "ami-0909f1faf3d38f1a2",
              "ami-083399bc1a4404549",
              "ami-06888310d870607a7",
              "ami-0ff4cdb71bb833b09",
              "ami-0272dddcfd6d6d872",
              "ami-07d4a4ace1c831ce2",
              "ami-0c9c97234a31f3995",
              "ami-082527b714f737c83",
              "ami-053384900dfa8776a",
              "ami-0f5dc31c924fb1754",
              "ami-00ad857fa422f4c3e",
              "ami-0db387e96cf904192",
              "ami-0c2e99aaeb4bdc30e",
              "ami-02df26437b4910db7",
              "ami-0e30b8c6563706665",
              "ami-0c44e91894aa95f48",
              "ami-0824e36c5111e85ca",
              "ami-0315137c0462b94c1",
              "ami-06ef467ffe298789c",
              "ami-0c302fca1ab9293dd",
              "ami-0b5d2bc73221dd435",
              "ami-0906a4066645e5ba7",
              "ami-03c83d8b58683f512",
              "ami-0417de2c88ae1f993",
              "ami-07ee2dc0d402e08d4",
              "ami-089b1399330c50816",
              "ami-006999b7fbdadfe97",
              "ami-0baed858253dc178c",
              "ami-075646d4436010bc1",
              "ami-020e8d1996f987b92",
              "ami-0ffb6a66bb04e69dc",
              "ami-08e85796c81eb17b4",
              "ami-0999ba5cff53f8e1b",
              "ami-0c92045d1ba62227d",
              "ami-0808d688f289e2f91",
              "ami-020e5cec5bc237a5e",
              "ami-048975657681582f4",
              "ami-06749f338c91ad4ed",
              "ami-09a1b1f619a564582",
              "ami-0d986c3706abc6d22",
              "ami-06f84422c399fb05a",
              "ami-0c9a608b74850c4ed",
              "ami-0bb6b177d0770c5d4",
              "ami-0b168c6479a2d3c38",
              "ami-0bf0c002c3a043b40",
              "ami-0f466d02786e4025e",
              "ami-01bceebe258ba89a5",
              "ami-08901b19336405f8a",
              "ami-0db9c509110be5bee",
              "ami-0a604050fbf5d3620",
              "ami-0ebfd09c1eaa911ea",
              "ami-0f780e131f099ac67",
              "ami-0dd261362bad5a44b",
              "ami-0e90fcdd575ddf073",
              "ami-0c9b1013cd3661c44",
              "ami-0e047ce9149262f82",
              "ami-0ba9325ee1c7be4a5",
              "ami-05c5ff6bbb618dfc5",
              "ami-08df616b01c9d36e6",
              "ami-05f96c09ede5e922a",
              "ami-0b192db01ba8ce526",
              "ami-04bb6eae783ef3bca",
              "ami-0fc9d166d024975af",
              "ami-078e21c253ab486b5",
              "ami-06f177866eff1a9bb",
              "ami-0a48e52f7b895c1e6",
              "ami-0079a5c3965111c5c",
              "ami-0c0030fc977acb6a8",
              "ami-046b406be02748954",
              "ami-087d7145ad71c0b70",
              "ami-0cf5f8a1aa8fbca24",
              "ami-082a9a1012b54948d",
              "ami-0eec00c7228f71876",
              "ami-0571b89129e6f3bdb",
              "ami-0ef874288f99c9694",
              "ami-0a4db645936b34e00",
              "ami-0aaf8a6ad1c938908",
              "ami-0932f5794b760e98a",
              "ami-053d21c3e717b0cac",
              "ami-0dc1effaef92be8d8",
              "ami-01618e79a986ecd48",
              "ami-0f7687be302ddb117",
              "ami-034380f842932bb70",
              "ami-0d53aaee9d4841b39",
              "ami-0b29cc6073fb44279",
              "ami-0643ab786d8bee69b",
              "ami-05c311f95bd39395a",
              "ami-080755df69debb795",
              "ami-0d4e522ec5ab63f8c",
              "ami-0346e6f07ffcde17b",
              "ami-0b88ba56705435f26",
              "ami-0048d791eba93000a",
              "ami-0e35a6b60491d6832",
              "ami-067e78248f036280d",
              "ami-0b36155603233d0d0",
              "ami-0b15ea53199201112",
              "ami-0f9f5f572a120d5c6",
              "ami-0c3448633b56597fe",
              "ami-02fbf41f6c7b791ab",
              "ami-03a6126ac2c92bcfe",
              "ami-04fc74caa4ba76847",
              "ami-07ad558b54404a53e",
              "ami-054a359f498015062",
              "ami-064767581fb0ec03f",
              "ami-007a575799f9c5611",
              "ami-064d3c9c82805e93b",
              "ami-048a69d8af261fa51",
              "ami-0a089419a6c94efe4",
              "ami-0f130969295bbb0db",
              "ami-046b6832c85a0697d",
              "ami-02424370eb60aa8cd",
              "ami-0a8a062b31ef8d310",
              "ami-0587a38ef0cd7de57",
              "ami-0739dcf86c6ab5637",
              "ami-07874c35f2a384f82",
              "ami-051be8f812349c45b",
              "ami-09e95670711588eca",
              "ami-046059a3de0b3ee9f",
              "ami-0d7a65e51f82d5e49",
              "ami-06915368889632046",
              "ami-0cf1aa07000d0aa11",
              "ami-0a4cd5a2a25d96580",
              "ami-0fc246946962234ec",
              "ami-086fd8586e68e5930",
              "ami-058ead08d2028b89b",
              "ami-093b4de9e1168b0a4",
              "ami-0e2ebd123b4717022",
              "ami-056c35550626bdbe2",
              "ami-0f78c429a3421d02a",
              "ami-0894ada120c970790",
              "ami-0991feeeb6e6df526",
              "ami-046f32396a9770641",
              "ami-09f7bb943d28d2943",
              "ami-03f5c5efc2718ed9b",
              "ami-09b33ba9ebb18531a",
              "ami-012521e1552f5d47d",
              "ami-087c8cbd2f1ece418",
              "ami-0d751e86e530c03c7",
              "ami-0c81a8dc07e5a5a26",
              "ami-0bcc9117df19ec5ca",
              "ami-0b1968aa5455b78d5",
              "ami-039dc420a4b47dcfa",
              "ami-0b1d771f553d33f1c",
              "ami-0970e596d055f4e0d",
              "ami-0bc124bd825eb9fdb",
              "ami-0e8f71fdac40d1cfe",
              "ami-0467c20e3d87f872c",
              "ami-0a87930cda6a73698",
              "ami-0b81803b8c6c13efe",
              "ami-0d70e38d2f52e7d10",
              "ami-0dc20e1dab142e222",
              "ami-035ea988fa6f7d82b",
              "ami-0bc6dd3ce6ede3fe4",
              "ami-0ef4ad9567387116e",
              "ami-0a58b6e3c5ee559ec",
              "ami-00f09e1b9a72f9db8",
              "ami-087ee66080251114c",
              "ami-0e36dc0559c9cfeff",
              "ami-052f6175c4ae7d074",
              "ami-022d74769a8661087",
              "ami-073deaaaae18b7d19",
              "ami-08ce847adc8dcdcb2",
              "ami-0e73515fae92b1685",
              "ami-077c8790b3228ce91",
              "ami-0118dd573319c566b",
              "ami-0467b7d4cb8eec950",
              "ami-058d288ee7d7e4951",
              "ami-0912464f887d9cd21",
              "ami-09514080c9e447c3d",
              "ami-014394bc71092616a",
              "ami-00df54bfe69ebf3e0",
              "ami-06ec478f2690503bc",
              "ami-0e42ed5236b947c6d",
              "ami-0bcafc6c79bbec076",
              "ami-047c92625607c8dca",
              "ami-04868c5b3c86c08ec",
              "ami-0447d215413ec13ff",
              "ami-05470814188ffb42e",
              "ami-0b44497fa45521cf8",
              "ami-085089f850906a379",
              "ami-0fe4117d10d33d388",
              "ami-0649af10d8c8998f9",
              "ami-048bc1470e41ee2d0",
              "ami-08974a4d3431aa2e8",
              "ami-0decc4795ab158371",
              "ami-01eccf9ce2aa4d1d4",
              "ami-0d44ae459077f7956",
              "ami-00b6f7458b63af512",
              "ami-0eb5ad03997871555",
              "ami-0ade05f2980eb7c73",
              "ami-09d1dec5c930e26f6",
              "ami-08196c5e77127f6c6",
              "ami-0c1b7d2368ea97e1f",
              "ami-00f9f13373b634542",
              "ami-01e3d41a20e5c28ec",
              "ami-08c61a01d1d1a4416",
              "ami-070bd9a09f7457260",
              "ami-032c5d29325b09184",
              "ami-060d683af715a4a9e",
              "ami-08d1a57e62b18498b",
              "ami-0395ec3a2ed51d7fb",
              "ami-0a9876a687243f997",
              "ami-04c2af75b4684ac6a",
              "ami-016117e81d273cf2d",
              "ami-082c7fabb17baf90e",
              "ami-050f441f0322589c3",
              "ami-0e8e9e57bd8e04b15",
              "ami-06f9486df79f01df1",
              "ami-052ef1dea99d6b6df",
              "ami-0e3d9e3a3bac2a3c9",
              "ami-03b8ac6ede2380907",
              "ami-0d113c33945c6be3d",
              "ami-0f95b8b7af8c2e601",
              "ami-0e4e548b16ac9ed52",
              "ami-003c37e0e7439d3ab",
              "ami-01fb9b8925e17fd73",
              "ami-0583e6c8e77715350",
              "ami-0cd138844be3ea03d",
              "ami-0d29748c076d0e451",
              "ami-04adb12e6a048f840",
              "ami-0037244947840df1c",
              "ami-08ab95f467cd81849",
              "ami-0c68f952153c18847",
              "ami-0d5b84b79a2f2127f",
              "ami-08f883ec50df7ac83",
              "ami-04633515d2ce880a6",
              "ami-08a97c47f1039690d",
              "ami-04ca3211e6c55c214",
              "ami-04a644c40fba04ec1",
              "ami-0d1a6c856fd5d277d",
              "ami-0a0a9a0de45d2f8d3",
              "ami-045a2b6f00f0cc54d",
              "ami-0e0bdce3898210588",
              "ami-0e456a5a9f4c22763",
              "ami-03afbcc51d909f5c6",
              "ami-0c95f1dbdf4b6fe4d",
              "ami-0aba5f40db0c84bc1",
              "ami-06e794e98e4603ab1",
              "ami-0194c1911932fc293",
              "ami-0baa3457ef8470001",
              "ami-070716399a18b0b52",
              "ami-0e6c5e5041b733ea9",
              "ami-0c7201542e0de4b04",
              "ami-062fb4ffa238b288c",
              "ami-04b0a1053d10b3c0d",
              "ami-04e07699d624e2959",
              "ami-08b4def14b80b6c40",
              "ami-0773d3c9d655340bd",
              "ami-0eb927533e51e4959",
              "ami-038f1cfadfb4405b5",
              "ami-0f99f628798f02732",
              "ami-0ec175327b4349180",
              "ami-0a8af41c02436011e",
              "ami-00cc2c709cd7a1860",
              "ami-0c9ad49c0df30d137",
              "ami-0212c4f12cbc90e9a",
              "ami-0268f9625855aa9f2",
              "ami-0e41055c31cc562af",
              "ami-0f8b0d5427f162e6f",
              "ami-072f006f1828a6f22",
              "ami-0435a69eced178628",
              "ami-07839068406213259",
              "ami-05dff477baaf389f6",
              "ami-064ef77235c3f14b6",
              "ami-0eadfc3e33ca9ca57",
              "ami-09464f4a8a4ed71ae",
              "ami-082addb50390743ba",
              "ami-0f6bbb57fa3811d19",
              "ami-072413a06313b3fcf",
              "ami-0b31d98fd986f34d4",
              "ami-0899b97fd60ffe644",
              "ami-0bed1328673f1b580",
              "ami-084942adc5990b32a",
              "ami-02f82acb857be608d",
              "ami-0e2f110a1b0308c18",
              "ami-01f64a2f7f6a7d834",
              "ami-074750d5a9bd3af56",
              "ami-0897bbaf8720a5509",
              "ami-0b41953fa560fe226",
              "ami-08f393cb01dcce3e8",
              "ami-08185843b26367ca4",
              "ami-0d8e678ebb8e7b1b3",
              "ami-04056f3bba6b5684c",
              "ami-025cd809d7f8182d6",
              "ami-0ce1377230a6d3c21",
              "ami-0aabfe378393fa7b7",
              "ami-01081e32deb603544",
              "ami-0462ee1bd1c617160",
              "ami-0f663c35ae5f60506",
              "ami-0c48db047476c0cac",
              "ami-069d49784617d7e92",
              "ami-07a0a318757acee82",
              "ami-07c9ae9d924079360",
              "ami-02b08347fe55fcc41",
              "ami-01c52584d3043fb27",
              "ami-05c94d244809808b5",
              "ami-093bf4fc36c950814",
              "ami-069b545e92bed7998",
              "ami-0886b0df3b42a2c99",
              "ami-0cb3f42db403cddb2",
              "ami-09c89537e44adc0ce",
              "ami-0dbb12e93041d4884",
              "ami-0df0b27ac3d1d17f0",
              "ami-0aeeae4679dba231e",
              "ami-0b7521bd5350f491a",
              "ami-0eaf510f888ee2b0a",
              "ami-04bffebd89f3da100",
              "ami-0776c29a278d08106",
              "ami-03fcbe06f9a0a35d1",
              "ami-04ae6de2419b55939",
              "ami-012399720c683c268",
              "ami-0b28fad7d9295643d",
              "ami-0ec36ea6fa6c30d9b",
              "ami-0f2191f14f549c6b9",
              "ami-071414f1c20b5fc20",
              "ami-0ba5f3ea2fd9a58cd",
              "ami-0a58a24d5f3d65869",
              "ami-01eead13a6f47f2a1",
              "ami-0887b1f37ae5fda81",
              "ami-01efaa7c9bb9b3efb",
              "ami-01b253ceeae673b60",
              "ami-0f8beeee8c6fbef0d",
              "ami-0c7a2f145f41afec4",
              "ami-00a1d55a907e6e715",
              "ami-029f4ba4a86e3d1c1",
              "ami-0d8918c6b4f13a597",
              "ami-0c1dcb5e0200b5c8c",
              "ami-0effa1e05f1e812eb",
              "ami-0bc3d2ef6c1ec430a",
              "ami-0c71f8b356208d357",
              "ami-0773334dd6a1cb6fb",
              "ami-0237f3c13480301a9",
              "ami-0e932a3f65a061525",
              "ami-08f582eeb37b4a0c4",
              "ami-0cdd06e35694d05cb",
              "ami-0a41fce1a8db82ace",
              "ami-04e5fc755bcc3a0e3",
              "ami-0f02374b42bf78231",
              "ami-03ddbfbea8aebd1b7",
              "ami-0273385698ef8baef",
              "ami-0e5bf955565ef8ecd",
              "ami-03541e63acb515cae",
              "ami-0e97f39f2fd497cdf",
              "ami-05b2b6f78363174e5",
              "ami-09d530b5681182bc5",
              "ami-0176725ef7a19ca99",
              "ami-0f3e1bace99d867e6",
              "ami-03b1cf25774700891",
              "ami-09a923850f757b065",
              "ami-01079502760378ea5",
              "ami-01225c12e1340dc74",
              "ami-0f04485624c019bcf",
              "ami-088629bc3f4a62a01",
              "ami-0d55a9f3197f4d3e9",
              "ami-0bd7efdb16b3349dc",
              "ami-012babd571f68aa35",
              "ami-07f71b372ff7b3d42",
              "ami-08da7245cccd0b1ea",
              "ami-082e82a42b7ad3ad0",
              "ami-03d1588e9d9f64afd",
              "ami-0045bc141bce41615",
              "ami-0468fe2117a36cb3b",
              "ami-0a66c66759b155c00",
              "ami-030f2c72dca9bbced",
              "ami-06f5c98e320e27b6d",
              "ami-01a38418f4f446b1c",
              "ami-0ca0c36ad2fada878",
              "ami-06e46564429cf0084",
              "ami-0af59bdf6451cfd09",
              "ami-0f0675004d4535d61",
              "ami-0eb81e0491e4aee44",
              "ami-04d79009dd2ea1259",
              "ami-0b0a28273edc74374",
              "ami-0f64bc3220e4de977",
              "ami-069d603a084060a03",
              "ami-0adc478cb904c991a",
              "ami-03f5a794d31f87f06",
              "ami-08f1d5393eb9a7131",
              "ami-04cbe1324a7d77ea0",
              "ami-0335cadbc84061867",
              "ami-0b911d637bba177c9",
              "ami-033c95693957d574d",
              "ami-035d7cb29a3e9efbb",
              "ami-02e96bba927cfb0b9",
              "ami-0485141dd536d82e6",
              "ami-049f1baf7a851a7d0",
              "ami-061466ffceab8976b",
              "ami-07db86f217bf1df2a",
              "ami-0e8d806e6353c7eb8",
              "ami-0cb5d1c42b4792ee6",
              "ami-0d53a90f8529a90d5",
              "ami-0dbb3a77f9ebfe044",
              "ami-0c862201c0b89fafb",
              "ami-0c4b6f1db686b5eff",
              "ami-08e21f491d8b99dba",
              "ami-0bd5f9c79d6edbfce",
              "ami-0a15885576c894f23",
              "ami-04351db98add0d5d9",
              "ami-0189b0438e6140cbf",
              "ami-0b2e49b97e54a6c2c",
              "ami-0842cfd8e1e8927e5",
              "ami-08010faded0f21c0b",
              "ami-0613bdb777149f557",
              "ami-0b2d26381f165eb07",
              "ami-07ab31565bc3f3c8b",
              "ami-090a4c3938e98f0ef",
              "ami-02ca2c9add1469f1a",
              "ami-0075adfcf339d12ac",
              "ami-0fecdc8f29c9036e1",
              "ami-0a89409e2c88b4f2b",
              "ami-096c07d322373ed1c",
              "ami-040b4a0337c6bcb72",
              "ami-097df48bfaf1cac45",
              "ami-0254b1ebc4fb5a40c",
              "ami-03c6eeed293e22b4e",
              "ami-07680a6f44a599a43",
              "ami-0ea7e1b72cb821259",
              "ami-0e6759caec089e599",
              "ami-0c6f2de21b90b9fd0",
              "ami-00f6b9c4866280ad2",
              "ami-08f2bd5cc2efb6bae",
              "ami-083aa25151ff77022",
              "ami-07dc9c1fa43628820",
              "ami-09954c7515d9bce88",
              "ami-092f412f4c07be0db",
              "ami-04cab8e84e305881d",
              "ami-0b660156a1a355e9f",
              "ami-045fc67e19927b1f0",
              "ami-080344d0492fb9a12",
              "ami-0ccf3fc9d68640814",
              "ami-055fc0522ccf47859",
              "ami-04d8f15556659995c",
              "ami-0d036e6e46435680c",
              "ami-0cb964d79b50b5024",
              "ami-02882cf106ecab4c0",
              "ami-024227aad1b110991",
              "ami-06ad368a882676acf",
              "ami-07d1b6b1a01c2ad8d",
              "ami-0cc74953c0a964a27",
              "ami-03f2ec8b88e07b9e2",
              "ami-096077024b0e1e514",
              "ami-03769184111cbf244",
              "ami-0e599c6132858fc14",
              "ami-0869e2f7c6d401ec2",
              "ami-0994c2d8f7c9025aa",
              "ami-0b989cc6329f58657",
              "ami-00ea6eb598378548c",
              "ami-034c21a9aa4a5f0f5",
              "ami-028be3837825886ed",
              "ami-0f94f3a9b80a801e5",
              "ami-02923b071b25b8317",
              "ami-0b6dd24d0dde9fbec",
              "ami-0a58f7c4648402e49",
              "ami-02e88fea2a458991e",
              "ami-086103449ca51ecb6",
              "ami-0b62625f6579e0664",
              "ami-0521908f4a0b2d7e4",
              "ami-0ef00a9b0df1d0b37",
              "ami-0fee071aaff8f7089",
              "ami-09197bcf42897e4c1",
              "ami-03df205db5f746dfa",
              "ami-04b15d1fd73c9627c",
              "ami-0d063730041f2c053",
              "ami-05a54ed5a60c2e81f",
              "ami-006dada00c721cc3e",
              "ami-0e246c12fc8a4f4fd",
              "ami-04952f0d802e2a64a",
              "ami-07c11232fa9f47fa7",
              "ami-0ede172890eabaca8",
              "ami-0ff9ad51836159335",
              "ami-09a7514b4405d8786",
              "ami-0b2b809a5765885ee",
              "ami-00116fe70992913c9",
              "ami-031158e1d393dedc0",
              "ami-0d5c32fa84261ef3e",
              "ami-0a554d952b0f306e2",
              "ami-0e099b1f17d149de4",
              "ami-0e878de621dc7596c",
              "ami-0aebf2d530204db71",
              "ami-0b7a682e873dd5e5d",
              "ami-0a91e37557307b77e",
              "ami-0586763fe58405f04",
              "ami-0b8617a826753eb0d",
              "ami-0d3ef6a587a29df64",
              "ami-0b4515120c5e44fbf",
              "ami-0408819817fd83737",
              "ami-0b10eed4176b3bc6e",
              "ami-0847d41971150d805",
              "ami-0ba1546a2ab50d714",
              "ami-0932470245f052f49",
              "ami-0c0dc6c26a5d70dc3",
              "ami-0b828f8b8ede51b0d",
              "ami-0484aafebba2b8d79",
              "ami-0540adc129abee692",
              "ami-078826c8a1e7bfd23",
              "ami-0fd2434c3a5b48e09",
              "ami-0e2f7ab33786c824d",
              "ami-0b5da9407ff650a44",
              "ami-06b6698d40c8b50ae",
              "ami-0a1df979825511f4e",
              "ami-044c7f30535590573",
              "ami-062508d30d9f2cb68",
              "ami-0db7bc54f27d3b19c",
              "ami-05c5021c4f268294a",
              "ami-0816ee9e5380bc02a",
              "ami-0ea08b7096f3d7b75",
              "ami-0e561581703d84b00",
              "ami-07fe0227a19d88e5c",
              "ami-0f3c88cb7bba01fa9",
              "ami-0a344cfaac2fed601",
              "ami-032ceb7715582af4c",
              "ami-0fbd4609cae90a7d8",
              "ami-070cd684f13093a17",
              "ami-045afc90fa3c7360f",
              "ami-0f2652e5067fee303",
              "ami-027823a3b2ffe3c48",
              "ami-01d9c1e935fff1790",
              "ami-0a2e1854839ce4575",
              "ami-042dd41fac4236a4b",
              "ami-07006a01bb609877f",
              "ami-0c48958fb9b9c16f1",
              "ami-09afa7997851c5e5c",
              "ami-08cfdb1cd976ac577",
              "ami-08f244cd066b53b0f",
              "ami-04a6a2c3444030c08",
              "ami-090b085d5f16c3f86",
              "ami-0b0bd5d2ba469d794",
              "ami-07bf630e752761084",
              "ami-064d5c679aa52ac78",
              "ami-0295bf1bce1841387",
              "ami-0eb3d568b5e7c092f",
              "ami-0aa26d1f896c7d4cd",
              "ami-063f02f2434c8d6e0",
              "ami-0db30883032a44d49",
              "ami-07380be05c974355e",
              "ami-03ee79d9678577348",
              "ami-05efd5b71f5cc41a6",
              "ami-0e2a2c1be514d536b",
              "ami-074f0601d65d360b2",
              "ami-0ba6d1f89265ef9bd",
              "ami-036bd94d3d65b94a2",
              "ami-0fdf9bf1ebd98433a",
              "ami-02d68b3636f18d8b3",
              "ami-000c7e1e00eff4fec",
              "ami-0daa464940d4600bf",
              "ami-02bfb7ab7fbe1bd32",
              "ami-08eaed2d502fe4b14",
              "ami-04456187ae7951b07",
              "ami-09cfb2d85ab4c17ca",
              "ami-08862756493bdaa78",
              "ami-035ba4eb4764d4645",
              "ami-070556b2ab4e8f499",
              "ami-0347e32531c8d68cb",
              "ami-071c58d1d438971fb",
              "ami-0af5731a0009cf6c1",
              "ami-06a9857c934d7ef8a",
              "ami-079af7214eaf982d3",
              "ami-013e2b9082fa0a9d2",
              "ami-0815fe983a7ce4de4",
              "ami-0d16f5931d497c203",
              "ami-0976fe37ff2e841f8",
              "ami-049f43b72527acd77",
              "ami-05ee15c7d4956d3cb",
              "ami-0ff4246bb5724cf65",
              "ami-0d7353ba5edbc2b0a",
              "ami-08cc25f730886fdf6",
              "ami-032d794b7b3c8edb1",
              "ami-04b0a2300b09d0ce2",
              "ami-0aa5a9393bedeab66",
              "ami-0941707088f00f990",
              "ami-089fe2f264e2ce58f",
              "ami-07362cf66328760b3",
              "ami-0664cae4130a887c7",
              "ami-0f6e37f42668c7cf7",
              "ami-091a58610910a87a9",
              "ami-0c4d2cd18c3005f99",
              "ami-085435f7aac0634a8",
              "ami-0cef209741bb92e90",
              "ami-04daadfe57e8af786",
              "ami-014d753421dfb5446",
              "ami-0d36565ac141a62b1",
              "ami-082649e3e3a0d4b55",
              "ami-0f42bdd7178dab0f9",
              "ami-0ffa1d7ffc10067da",
              "ami-071eb7700c92ff357",
              "ami-0d4cbba6d26b75b2a",
              "ami-0c57cfae9362848a4",
              "ami-098fe636212fa4142",
              "ami-0c0ac668ca60a3c65",
              "ami-0277ecfc19fa6c8c5",
              "ami-05b7e832233d352bd",
              "ami-017d56c640001a8f2",
              "ami-0991239acc14c603b",
              "ami-0ca9afa20074d6cc1",
              "ami-073b2882a39f55dc5",
              "ami-0d150420762f7b7d6",
              "ami-0df3d21a97ed3756e",
              "ami-036be8510e28d71ed",
              "ami-0ba0eb7f8df838dfa",
              "ami-044f0ff07c68531fa",
              "ami-06e133953cf344782",
              "ami-04f38d88069ecaa33",
              "ami-0a45334c74400cf1f",
              "ami-0830598bb9693746f",
              "ami-0c83781a991707c61",
              "ami-061e0ff66d9c98f3a",
              "ami-045b5b7cd0145e81d",
              "ami-043bf6974f1a7a3e3",
              "ami-07b6d5f1e9309ef70",
              "ami-0ec371b4a8faa424c",
              "ami-0511e110a09f4baf9",
              "ami-0e7b66e5855747c74",
              "ami-07f58019623738263",
              "ami-0498e9b2650a293f9",
              "ami-047cc46ef572e7910",
              "ami-072eb2ec1c75ab8c7",
              "ami-0d240cc4ed4e05a70",
              "ami-06f1e613ddcf62fd5",
              "ami-0e5968bf4aa3a2cac",
              "ami-072a5326fea7aee3b",
              "ami-002a2f170f633a4a1",
              "ami-03c27ec8202bf6b0f",
              "ami-0617de9ed8ee31f9c",
              "ami-00e03d61b4cb95804",
              "ami-0fe2eb078d9f4dd8a",
              "ami-0a05e0557f08fd354",
              "ami-0e205ee9243a5e00c",
              "ami-0f0c92d242e96ad66",
              "ami-0ddd84063432422bb",
              "ami-01e5ed6ffe631b8a3",
              "ami-0277d55294559b9f3",
              "ami-0f5ae3af8eb68fd80",
              "ami-072bdc06b12e58e9b",
              "ami-06f2cfa08209eb6b6",
              "ami-08c92ae3ac2d61314",
              "ami-00611d0177b579e17",
              "ami-0d133e357a734b97d",
              "ami-01190749109443a29",
              "ami-07da0900d1e1aacf9",
              "ami-0bc0e5163f08b2ceb",
              "ami-09672291024d3e55f",
              "ami-0d968f486e57ca392",
              "ami-0fbf03aff47a2a729",
              "ami-0ad497d0c6e04b324",
              "ami-00cd2fbdef3ba1bca",
              "ami-0d2d7bc0c42eafca7",
              "ami-0ae616a3f4d73c38e",
              "ami-0232652908633f6ed",
              "ami-0e66a4c053e732824",
              "ami-0c2b06d28f13ce35f",
              "ami-08799730fa050f4cf",
              "ami-0cb617c8850c4f707",
              "ami-044d0d8588644f987",
              "ami-058f94a5980e695c4",
              "ami-0fdff3774f4d12d43",
              "ami-0ee347f7fc3b03cff",
              "ami-054f03bc215068503",
              "ami-02f9d5e5501cb0530",
              "ami-0f52f79b39888e633",
              "ami-05525bcbe99c6e2fc",
              "ami-0f64d39d0768f4d1d",
              "ami-0a6a7f32d65aa81f9",
              "ami-0685c5051fc97f2af",
              "ami-0686c2dd3e5636830",
              "ami-03baca4f26c2bcbda",
              "ami-0e590d65f36db0e48",
              "ami-0c21b4cff873e021e",
              "ami-0dc1a729dcaa0192e",
              "ami-0666a74a72fb6c164",
              "ami-0c920143cb87f3274",
              "ami-0b2425d2db6146b69",
              "ami-036c19809766bb337",
              "ami-0252f6fc6c54f7c74",
              "ami-0ab792c94ec0562e9",
              "ami-0512e5d800320d76c",
              "ami-08a24d61c15b5193c",
              "ami-0831d9a999c43b95c",
              "ami-0af03c8441a733b03",
              "ami-05615a1eb4f9e4620",
              "ami-02c17d7a96d460943",
              "ami-0c075a6604a750276",
              "ami-04fbe21f665883498",
              "ami-0e44eab067ea76fac",
              "ami-0c25850f7aa9d44d4",
              "ami-06802e4bc7a0376aa",
              "ami-065e9ee9fb5c3bde9",
              "ami-0a13c7c5e01e163f8",
              "ami-0433a74db89fd6d38",
              "ami-08b0e5dc6bd50bd02",
              "ami-01634fd9a6e07a8a8",
              "ami-00acaed8ddb0b7c04",
              "ami-0121ff64af965af3e",
              "ami-07e690832a556b26d",
              "ami-0a4007a110e842f57",
              "ami-07a0accf8de5f95b2",
              "ami-080d80c10a6f42b87",
              "ami-0aea3ab6d76765e13",
              "ami-069e7a92ba2e4e6b8",
              "ami-0741f4d9421866d7f",
              "ami-0c965e35b536851f6",
              "ami-00897312ec5281fc7",
              "ami-0ee5329867c39e7f6",
              "ami-0fc34915e685692cf",
              "ami-05a5e992e91da9816",
              "ami-0375acf1af4317155",
              "ami-0041c80306cb0016d",
              "ami-04ee3485083da1aba",
              "ami-03cdb756c4adc9a22",
              "ami-0b5d2f3f810827561",
              "ami-04b13c970a5d12ad8",
              "ami-01a6b7a437fe9cab8",
              "ami-0645e92c729d51145",
              "ami-0bb7e14899b5370cd",
              "ami-08310dd87eb60ce8e",
              "ami-0c895869705ba44e0",
              "ami-04b48c3b96ca232f5",
              "ami-06c067097cb186032",
              "ami-0a0b401e7684cc439",
              "ami-0b7bdaebc9768ba8d",
              "ami-0c12be9a0404b3590",
              "ami-02014f10159c46180",
              "ami-07f4f3c276fc51713",
              "ami-0cd7121a51a4b1e48",
              "ami-0a10aca45d3466d41",
              "ami-0ba3b077e13ef00a0",
              "ami-0e22d935e1f62f34c",
              "ami-05a80d02673b04066",
              "ami-046f590ab0d66adfd",
              "ami-01f46ea94d5a51c95",
              "ami-04b37ee7fb9bc195a",
              "ami-0f5b677f8c4acd6c1",
              "ami-0f594ca168481efc2",
              "ami-0263fa1f83a5beeb4",
              "ami-0513bddc23dd1a5fb",
              "ami-020898afbd092a065",
              "ami-00ae88c0083b79ed5",
              "ami-0ebfab1a8bdf7fbd2",
              "ami-017de0d19a90b728d",
              "ami-0872cb0ee988e52aa",
              "ami-0c6e9ed7f22d7f234",
              "ami-004a1c76ee8e91c7c",
              "ami-0ddcf0789365a65e5",
              "ami-0c6aef984502b8ede",
              "ami-0e930a76eb108a20c",
              "ami-01014b4d9272533de",
              "ami-050301c13a2a41445",
              "ami-0232892f402da38aa",
              "ami-0fcd24144bbfeab06",
              "ami-0d2dc94414cbf4f54",
              "ami-0ad2bac80a32e6ca8",
              "ami-00dfe6d0ee3ce4385",
              "ami-0bc61379e7d6d180e",
              "ami-09d2cfe5c55e30c03",
              "ami-0bf00ba2d3e5977d8",
              "ami-0a854c674e879cefd",
              "ami-05116cd641070a94e",
              "ami-08735e2b8f1d948db",
              "ami-0e7762976e160b2e6",
              "ami-016d59d2d73964ffd",
              "ami-04b987552b94216f5",
              "ami-0cfa1842abbca94f9",
              "ami-0d39f41d07a0102d1",
              "ami-0e75f3d5b42c8f075",
              "ami-060988a7516b90221",
              "ami-08ba3e62e07763663",
              "ami-05b3b4e05e8ffb7bf",
              "ami-04e7a2133fe09a572",
              "ami-0a6cd3b2aca042ba6",
              "ami-0f3b3617349c5b09d",
              "ami-0c65faadf48b4eb97",
              "ami-0e255649a805bf71e",
              "ami-0a589ff078bf85060",
              "ami-00fcc525da64638ed",
              "ami-0a99c1be1f4425835",
              "ami-050b1b7bc2f96804d",
              "ami-01f06c4f9600881fd",
              "ami-07fae11d6f0d664e9",
              "ami-061f3289835a3de9f",
              "ami-0cfe02ef45d0931e1",
              "ami-02005203d837c00ab",
              "ami-09ee811b0165ae52e",
              "ami-0ea961f51a8503a0b",
              "ami-013cf51f360a57131",
              "ami-08fad42036d22d32d",
              "ami-0ba7e566a4b7e733f",
              "ami-01bae37602ee1b3e3",
              "ami-0a8fbc940fda87630",
              "ami-0a793eca990d985bf",
              "ami-01c38ce2a10f0fbca",
              "ami-0bdaac569b0574fe0",
              "ami-0e758641cd555a625",
              "ami-002b80cec4fefa8ff",
              "ami-03e1d3f149d5ccfe9",
              "ami-07b13e1b01827d239",
              "ami-08887ead0a5b45462",
              "ami-00cdbc6b8f5a5c3a6",
              "ami-03793cbde62a22feb",
              "ami-0f035f539cdf4b484",
              "ami-02a1fd1d810125a6e",
              "ami-024e39cdbec618c62",
              "ami-07fce086c1f21565d",
              "ami-0955baffc741cbf91",
              "ami-0b19981b13cdcc08c",
              "ami-0717b28b6d9af0540",
              "ami-017f4a51527464487",
              "ami-0690eb8271be5dc7a",
              "ami-099c88fd6fa3d18e1",
              "ami-0633eb47b7565fbb7",
              "ami-01d5a5baf5c231b0f",
              "ami-08a2d7ba64616068e",
              "ami-0cff1d4efc45628cf",
              "ami-0341a8595b2bcda12",
              "ami-0097170d21b02c147",
              "ami-0dbf1cd68ea89aa55",
              "ami-0aa3d157d68b402cd",
              "ami-0f5240ff859c0ac27",
              "ami-0c675e158d09499f7",
              "ami-0cf630410fe89e7a6",
              "ami-0e52ecfb2f8bfeb60",
              "ami-0778e89dd2b5ebf0a",
              "ami-0366a85a25adccbed",
              "ami-058e17fd49458ab50",
              "ami-0f423a183e9fe8de2",
              "ami-0cdfb527d2a3f0bda",
              "ami-07ccccab2a2592ea3",
              "ami-0143ef52371cfedb7",
              "ami-09d272b9140a47034",
              "ami-0c6b3f22ec84bf878",
              "ami-059b01eb1dee1e15c",
              "ami-0856e73a6cc707a64",
              "ami-0bf3aecd5d7ed70e1",
              "ami-0e3c27023e862efdd",
              "ami-01443135ed1400319",
              "ami-0b0ae64d474bcd7dd",
              "ami-0a7acfb6ac9cafe4c",
              "ami-06295362b194e8b8c",
              "ami-01582e2c599424b12",
              "ami-0b95fcf2f61a5622a",
              "ami-0df90ae679c86227b",
              "ami-088ac4e048e94ad98",
              "ami-05d33c8c7b2b59401",
              "ami-0baae75fd8a284fbd",
              "ami-0b919e80bbf9922d3",
              "ami-010586acc12ad90ca",
              "ami-0490bdb1b01dae3d2",
              "ami-01383d1a9be0b94d6",
              "ami-0b72f093a74e40bf7",
              "ami-05a818070e5669149",
              "ami-010c13bc466231d84",
              "ami-00fb8dfa5bcdfaca2",
              "ami-015672b47b53a38ad",
              "ami-0ca6e92606922ef8a",
              "ami-0d7b59866b99d01cd",
              "ami-0b8c243729530be43",
              "ami-0c857405f77752e72",
              "ami-07396a039467f0c9a",
              "ami-014ad8ff43c90dda8",
              "ami-017f3dc4f4ba5f2ad",
              "ami-0585e85e336e6978d",
              "ami-0a2282036eea3ee61",
              "ami-0045cdb1eb75aa8e3",
              "ami-024dde0d84c675e89",
              "ami-019558af2ad6549e4",
              "ami-0b8eadfaf46e7aaf5",
              "ami-08093768414c36399",
              "ami-0d2d0e4ab09717468",
              "ami-0c25914169ed53e97",
              "ami-02354516e0ac3bce0",
              "ami-08e92276a116970e5",
              "ami-0cc38f6e40755b9fd",
              "ami-0eea3ad6c4c267f8a",
              "ami-093ca5f15ea5de7e1",
              "ami-0e73b223d316e5958",
              "ami-04c28d3cc05b69222",
              "ami-0713a485fc459e4b7",
              "ami-02fd9c0c1195a5045",
              "ami-02dc482da4e86d319",
              "ami-06a6614c97420329f",
              "ami-06cd6623b2437ab67",
              "ami-0ab85e86018c3f4e2",
              "ami-0e31d8d1744c432c6",
              "ami-0be924732068f3afb",
              "ami-00e69853292705b4c",
              "ami-092d0692e0ec6f2e2",
              "ami-034e7f961443d9ab4",
              "ami-0546b1f29cd75a115",
              "ami-09cd403c5a70d5513",
              "ami-096fbc673331c2284",
              "ami-0707f19f488d3148a",
              "ami-08b76bd09d43d771a",
              "ami-028881efefbf72a5b",
              "ami-0c265a3d8345ec48a",
              "ami-0280d39cbd76fb671",
              "ami-0eda1accb4d535a04",
              "ami-0b9c2e9d9fe1e48f6",
              "ami-0d3b9d7c643a2e20b",
              "ami-0824f5688e815283a",
              "ami-05e527cef884cbc9e",
              "ami-0406c23bc80a52794",
              "ami-08425bfd61050dfc5",
              "ami-0c7ee892467a925a5",
              "ami-01b3b46634108138f",
              "ami-01da7fafbd79b2430",
              "ami-0a481e6d13af82399",
              "ami-067c8defe783dcd0e",
              "ami-079ed8369bcd35f61",
              "ami-0d4e156bd0671ba37",
              "ami-0bbdf42e22893b1c5",
              "ami-028a188b021ffeb60",
              "ami-0a8c0da1dddf09c0b",
              "ami-088923a806980ff32",
              "ami-035fd09666f677563",
              "ami-0baf7f31acb0cdaaa",
              "ami-0ce0fa2a8e19a97df",
              "ami-00fc89d025a77207a",
              "ami-028d4f0a3cebd45d2",
              "ami-012ba979db4eec393",
              "ami-0b54c535b55d5e6aa",
              "ami-070642a5b3753f2a0",
              "ami-0821fc448e2dfdc7a",
              "ami-0ddd0bc5c2307f2be",
              "ami-03c50d03bd86fa287",
              "ami-0db6074143f435ced",
              "ami-048a386b55542590b",
              "ami-099f7ca67da4e1b84",
              "ami-0ac55110abc73d094",
              "ami-049d9651bc3c2d905",
              "ami-0c3156e96f5ad4ad0",
              "ami-00c4a6b7b973c10d6",
              "ami-02504cac1e72a6524",
              "ami-0d571b33b48c3c5e7",
              "ami-0c245732d25be0e0d",
              "ami-0a2f6575446f91767",
              "ami-032fcf72d6956a49a",
              "ami-0171d8bce00f10257",
              "ami-0ca28378dee38f4d5",
              "ami-0de3eae2dc1dd27b4",
              "ami-0bd0340b0ee982348",
              "ami-0af8d00298d40ae24",
              "ami-00a2b98f581d2c534",
              "ami-01da533ea1b3af45b",
              "ami-0ccfe9f59599d52be",
              "ami-0a70bc2154d296966",
              "ami-0e562a6fc1bd00935",
              "ami-07cabf61b60e23519",
              "ami-0d35114a6df099efd",
              "ami-0c326b34b38ad401e",
              "ami-083f1d36cbaaa645c",
              "ami-01c243398fed2ee7e",
              "ami-0f0a0709288b104e3",
              "ami-0497cf08a3ac32faf",
              "ami-07d94e0815b1cf115",
              "ami-0e9de533e676a902f",
              "ami-050790f0f6a5325d4",
              "ami-066f1617073c3cd40",
              "ami-05d21bd731dbd67c1",
              "ami-0a02a199042d2dd03",
              "ami-0653c9731ee7419ad",
              "ami-0f170fcf9653bf11d",
              "ami-018b35a1c6c2302c1",
              "ami-0e407f59e735b7784",
              "ami-0f110e00e9007ea96",
              "ami-0870a42665868bcae",
              "ami-0e859f2dfb31f9ec2",
              "ami-05756a37f79ebefe5",
              "ami-0b01f9c9ca3727fd3",
              "ami-0374e50e903aeb874",
              "ami-0f86ea1c5cda78a6f",
              "ami-061082ac26244f80a",
              "ami-0aa39088da18c30a3",
              "ami-0d910d6117d160d5d",
              "ami-059ccb50eed18ecc4",
              "ami-069a047a572d02b1e",
              "ami-07ee92cdeaf2b6d96",
              "ami-0e96cf1b1c5947882",
              "ami-0dbd7eb689d939e76",
              "ami-05f442e7f220e7499",
              "ami-01b2055f2a1fbe456",
              "ami-0d495ad6a817df073",
              "ami-076b81924d9907758",
              "ami-015d6f1565c07d3ec",
              "ami-0d5afaa1cfae0c4c9",
              "ami-0b274e0c869f92621",
              "ami-08600c393c2ebf6d5",
              "ami-055fc99d5629129e0",
              "ami-0af43f7569a4346cb",
              "ami-07d234293323de174",
              "ami-000ea43360b6130e2",
              "ami-0de5c78fd75420618",
              "ami-00cb8a23fce0e4491",
              "ami-0cb4e7566cc7b7082",
              "ami-05e78ccae1a3c15d9",
              "ami-04353b3c19b056578",
              "ami-09964535fc01efa5f",
              "ami-0b0724af374103738",
              "ami-00cc77413e5309dff",
              "ami-01c0d787487683f26",
              "ami-082f9cd577950a0e1",
              "ami-0b707efb220535c0d",
              "ami-00512c31a045430fe",
              "ami-0e635c3b10664ad9e",
              "ami-0da281164d79714e4",
              "ami-00004f35d3112b57b",
              "ami-0af6411dc3d564773",
              "ami-0079a18833cd1b430",
              "ami-09ade42eaa57be98e",
              "ami-0ba62e6906beab4ca",
              "ami-07cce69f7f1f0d2bf",
              "ami-052d609ca7b42d523",
              "ami-0edcc117f41f87f0d",
              "ami-05d3ba0227fe2f6fd",
              "ami-00c034f08ba39ece6",
              "ami-046d5e8f9f1042245",
              "ami-09fafffca541bfe89",
              "ami-06e81c4201f375d53",
              "ami-09d45857a15e19db2",
              "ami-08c933763761520a9",
              "ami-0ee3917174d8f1101",
              "ami-0f68b575c7de1c6ff",
              "ami-0823ff9518ad1f3f0",
              "ami-0330afb0913e32378",
              "ami-03b4d5d654e0adab7",
              "ami-01397911ff201eaae",
              "ami-04c3eb2533035ca7e",
              "ami-0e3a679d1bed4c696",
              "ami-0f222943cd81158f0",
              "ami-0b4deaeeaaf687981",
              "ami-052bc23fc4185d8e7",
              "ami-05a3a83d1cd309687",
              "ami-00838062191dc629b",
              "ami-0011540aacc72aff8",
              "ami-076b8a77ee46211c6",
              "ami-0ccaafd179811d4be",
              "ami-02dd13269d7107e65",
              "ami-0cad61395720cf271",
              "ami-0b7fa859c0d053547",
              "ami-09ec47675ab5aee27",
              "ami-0dd7c55f6ce2f425b",
              "ami-049ae9a9c133bc1e8",
              "ami-0e67b6e693c022c0b",
              "ami-083e0cece37498ec4",
              "ami-0129527ba7a47484c",
              "ami-0d16ebbedde80c5f3",
              "ami-01c046f5bcf691400",
              "ami-053133663d6117b05",
              "ami-0a2bcaf23a465bbe1",
              "ami-05f13f62f8b0c4b2a",
              "ami-0acb5e61d5d7b19c8",
              "ami-0574421cc2e9fd6ae",
              "ami-0ad8b063a816f0b53",
              "ami-0d238626a25072281",
              "ami-09b4f72418a1ff8ba",
              "ami-05c9cec0ffe65a446",
              "ami-07be42c64937b377c",
              "ami-0c0c5d1108736f41b",
              "ami-02a17fb00bf7c639f",
              "ami-0673902aa5fc85272",
              "ami-0b9be9d64ad622932",
              "ami-023f86d6ab9ec0ae9",
              "ami-0fb46baae050ca620",
              "ami-0f59922ea23d51253",
              "ami-0452c09c3bd1d393c",
              "ami-02676b902200b2163",
              "ami-01631e0f018814c43",
              "ami-04f1a487d0bdc0c41",
              "ami-043986cc99c9f4c94",
              "ami-09c0df620f5ef4793",
              "ami-0f7fc3b5548587f02",
              "ami-0bb549f495b9d5fbc",
              "ami-0dff7e052a6e599c2",
              "ami-0038418eb723852fa",
              "ami-09249a54e26c01784",
              "ami-0b5ce89a7a595ba72",
              "ami-08bb7ff5f07b6d0e9",
              "ami-031831531f1b9b335",
              "ami-0cb1aec082c73cbbc",
              "ami-021b5873ad1e73489",
              "ami-05f9952c388854bec",
              "ami-025cf4051d1cf6a2f",
              "ami-07837a9cfd99f61b9",
              "ami-04273e4065f6693e4",
              "ami-0e6a642d52cc801ce",
              "ami-07ab3c454c30fcebd",
              "ami-0186f3911d05ec0f1",
              "ami-05035cc33925fef52",
              "ami-0813023b0731addd3",
              "ami-08fbc912dbe0dbc56",
              "ami-0ddfa91f8e1edce84",
              "ami-07bf64b7ca62c96ee",
              "ami-0237165ff15f0f336",
              "ami-0c3205f0be859b198",
              "ami-0967f1f16ddf28c16",
              "ami-0efb839721bdd8061",
              "ami-05ea2eb6e57be9761",
              "ami-043a7e00187fc1818",
              "ami-03396ddd8ca152a3f",
              "ami-030b52437221ed763",
              "ami-0e115ad344e22cbc4",
              "ami-0b7d2c4474ad06e52",
              "ami-02f2152f5790932ee",
              "ami-030c7e2a794a790f7",
              "ami-0d1ada27a6063ee94",
              "ami-070303a723cba92d2",
              "ami-0b5c164193b670a1c",
              "ami-0efd8b667e9a1ac15",
              "ami-0423c7f64af26cbfd",
              "ami-0ac3e31ff47263671",
              "ami-098154fcc28293fac",
              "ami-078dc09645870e515",
              "ami-0ebbee471f335ba95",
              "ami-01705e8dc27853c9e",
              "ami-0db19badaa71bcddc",
              "ami-0db9ed497175e9712",
              "ami-0c65afff63131b860",
              "ami-0e7a78df43ea9a05d",
              "ami-04190fdde7e961689",
              "ami-0ee3107fb8c379ee1",
              "ami-0e4f1739cb91a1774",
              "ami-0f9a49255950f6d27",
              "ami-0f63a18bdae63f3de",
              "ami-005a0ff30d6b5ead9",
              "ami-05860565b22ef3ef9",
              "ami-0d62a54d4c54e40d3",
              "ami-0ef7345198ecad204",
              "ami-05dcf1597be104895",
              "ami-0d569054068195c6b",
              "ami-08616bdc6eeaa977a",
              "ami-0f2ef2dde9d61fca7",
              "ami-0f35df77b640b4f93",
              "ami-0165eed5f81ecbb8c",
              "ami-0b9cda12461f01bf3",
              "ami-0fa654aa5980c6d48",
              "ami-0b0100320eec300a8",
              "ami-001285e09ed9d2d40",
              "ami-03243e435330627cd",
              "ami-0bf99ba3c7245f17c",
              "ami-0e7f6671a7e96cd7b",
              "ami-06e8d1477317eb7be",
              "ami-0a66a47e4ad5e1dec",
              "ami-07e231b7ddc412751",
              "ami-046acf5a4dc064196",
              "ami-03fd41f29604d3e40",
              "ami-0f551c9ec5db42a4c",
              "ami-06339fd9a16c668ff",
              "ami-0d5d5786346046bb9",
              "ami-00d77468a4381091e",
              "ami-0ef8657285f767437",
              "ami-033312afba0666e44",
              "ami-09a53e2d008bc0dcf",
              "ami-0fc35c50b7fd0aefb",
              "ami-0427a6d37939fc076",
              "ami-0a74377f13aa53c69",
              "ami-0ea46765c7026b9c7",
              "ami-072367111c577a2c7",
              "ami-09f335b0735335a86",
              "ami-099cfff4e83c427ec",
              "ami-0be0d519cfefa129a",
              "ami-05dd3252fd74eb24c",
              "ami-0f86444492cc24668",
              "ami-0eb7ad7e58c063a6c",
              "ami-01a93fd404677fe0b",
              "ami-04f91c4b5a1a0d579",
              "ami-01fce24b23017d068",
              "ami-0a132f17cc288260d",
              "ami-0e7fe3a31642eac33",
              "ami-02e085a499fbcc3f2",
              "ami-071c028a3cac19d8a",
              "ami-0ec7827c9b8d791f9",
              "ami-041cb2024e483719f",
              "ami-04a4f3e7edeecc8de",
              "ami-0e9875e609e359c14",
              "ami-056cc8d6d58284537",
              "ami-0b91b200138f0e282",
              "ami-0254138e4db1550b8",
              "ami-08e18b763e976bff6",
              "ami-007d0e50b444b2319",
              "ami-04f3b19bcb3891da0",
              "ami-056cbca0329dd5ac5",
              "ami-0dfe87bcdada79e5d",
              "ami-09c35d54eb865dae6",
              "ami-09ae9533bc42b08ff",
              "ami-037f2090e277cd734",
              "ami-079fe4fb7093bdcea",
              "ami-02d77ab556894c56b",
              "ami-0ab9ed1a17fa3c12a",
              "ami-034765959c8378df8",
              "ami-0528baf7fde0ba187",
              "ami-06f4b4d0c2aaa48cf",
              "ami-03f8a3cda7afeea2a",
              "ami-03a9bfb896589c8b4",
              "ami-0dc1195b836bb9f42",
              "ami-0bf024d58141854bd",
              "ami-059c31ca8ccaa06e1",
              "ami-0d16cd1107c9d2da9",
              "ami-0398409d799d1be5a",
              "ami-078572e8340e91587",
              "ami-071f00358b9c9cdfa",
              "ami-075a7a21b49626e7d",
              "ami-07c571d7646c78d43",
              "ami-00b4b8cd7e82cd78d",
              "ami-068ec27d505be3bad",
              "ami-0a4b6d7c4b087d495",
              "ami-0b4ee3d7527bdf2bc",
              "ami-0ed97b0d0d7445815",
              "ami-02e6c3b55d870ff3c",
              "ami-0dff60b583b35b249",
              "ami-0a1f51372a039c6dc",
              "ami-0d4ab5681f983a756",
              "ami-0919dcf965940e4a6",
              "ami-02cb48ee0539dc907",
              "ami-082325c229a15402c",
              "ami-055e7afc72532c9d6",
              "ami-0147e394ee62bfb80",
              "ami-02a3d94ef24ef5903",
              "ami-0fed458752d55f137",
              "ami-0434d67ee50f842c1",
              "ami-0095233cf6d31a719",
              "ami-0c80a0e8f5c9a94a4",
              "ami-02e8c5ad592047edd",
              "ami-03e81f0eac025fe8b",
              "ami-0096fd581594cdfa4",
              "ami-055dda6c0576ce8b5",
              "ami-0bcd4b5450ccde6b8",
              "ami-06c02ca6186991ded",
              "ami-037e3f2dc8a868efa",
              "ami-048e34fde3577e496",
              "ami-0ae3855b727d852ab",
              "ami-0c59909cbb540edf3",
              "ami-09479a1743c48ab5c",
              "ami-04f19f4f7295d0196",
              "ami-032b1e14a97a46167",
              "ami-05ca240ab6e677c60",
              "ami-06d7cf6798ab82784",
              "ami-02c15f20d7f002899",
              "ami-012f78d755a7bf1a2",
              "ami-0c07b9da49e1a87e0",
              "ami-04c0c2ac9ec64a87f",
              "ami-00b0f4afa23bdebbf",
              "ami-0e94d8ee479e75aef",
              "ami-0ca45b60c73b11e30",
              "ami-00eff7260c69bd6c6",
              "ami-0f335acf5b2e6ef42",
              "ami-0e2f99ba139af64ab",
              "ami-0cba4a889d96440e7",
              "ami-02a56544f78003869",
              "ami-0d48498666b36a7bd",
              "ami-0df1b3d5450d6a9c2",
              "ami-00909b73c7aa13e71",
              "ami-06d7a155e944557c1",
              "ami-0a5dd44c8ab92d029",
              "ami-027f9fdec3710c855",
              "ami-0bd70082318fc94a6",
              "ami-08cbe74cf50cc2f4a",
              "ami-0843289cdce3afe8b",
              "ami-0a0a3f6408ff13152",
              "ami-0236669cd11756ac9",
              "ami-0c82811b122a71db1",
              "ami-04aa23e954e00a8a3",
              "ami-0d2a9a8b6e840ccf6",
              "ami-06c2bdfbffca79eaa",
              "ami-09693667535b19c23",
              "ami-0e1834eda01b40ddc",
              "ami-05be88ab250d0d20e",
              "ami-008976acda63e2464",
              "ami-0e37d0b6b85498820",
              "ami-04ac409b1cdcc96e2",
              "ami-0c8ae0c9e4e138803",
              "ami-01b0c447cdda297e7",
              "ami-0762ff8aed4594fe0",
              "ami-0500935df998f9aef",
              "ami-0ba9e15b59d46f627",
              "ami-0a733af2a18fc960c",
              "ami-0c96069af7623da11",
              "ami-0ad0ff778e8299b10",
              "ami-014cdf625a201e06f",
              "ami-0253a32217be7a829",
              "ami-00998308a8291bdd5",
              "ami-0c4e04d781ac926e0",
              "ami-02939b021c2c80afa",
              "ami-0014fd226142301e8",
              "ami-044c9e52647e03663",
              "ami-0b8b24d1c7799fe0e",
              "ami-054b1115a2a17937b",
              "ami-0e8bd7d8bb343d15a",
              "ami-090587df1bade0b6e",
              "ami-047617caed15e9541",
              "ami-0bac16bcf6e6503e9",
              "ami-010bc785c2488eb5b",
              "ami-024e970bfde8b1923",
              "ami-04604834add4d40c7",
              "ami-0bb3dc8fa5750366c",
              "ami-0cba74cc27ad219b2",
              "ami-0c60c87cc4c3dda86",
              "ami-0e127f4384c60c4ed",
              "ami-00ca637d8464c531c",
              "ami-0122f84821cfd5b4f",
              "ami-028c73bb7e10df0a2",
              "ami-035e168394a5879a5",
              "ami-0fa310b5705aedd08",
              "ami-03966eaeb8d385bdc",
              "ami-03fffeac93ad6cfaf",
              "ami-0d77120d0c160e66e",
              "ami-0ca62943901504b6d",
              "ami-09ceaf33124ed28a8",
              "ami-042875480f61af52a",
              "ami-0646517da3c31dce3",
              "ami-0a720e9f14071b468",
              "ami-071da5205785b6738",
              "ami-0c072a5af744800c3",
              "ami-0573445fc06cd6cf9",
              "ami-02bd813c4ad7ce408",
              "ami-0306c031ff77f67a8",
              "ami-006028f0a0a685f83",
              "ami-0475d6f872de1e834",
              "ami-0dfd3aa1429bbe47c",
              "ami-04b11eed09c1f59f6",
              "ami-05df2e9cf869ca26b",
              "ami-0b7aca12eb2fdead2",
              "ami-06b1594be0b5eec2f",
              "ami-0b1f41ecd67ac669a",
              "ami-030b485e68019afaa",
              "ami-0b4d91d21f1cd0d77",
              "ami-061d37dd032d5c737",
              "ami-0c0153e531a0b4994",
              "ami-065ab8f9f47807d4b",
              "ami-06abf79b87974bef7",
              "ami-07d49896251c2c45e",
              "ami-0e0f179ddde359def",
              "ami-0a6072585bafa6fef",
              "ami-0806040cdddff0ee2",
              "ami-0c6f67653252e5a40",
              "ami-0bbff920a7ccf36d1",
              "ami-05551c2975e7ac0ef",
              "ami-09e259bcd374c8123",
              "ami-0c924fee43923d78b",
              "ami-0ed1b76c23d142971",
              "ami-0a7d59911c7217806",
              "ami-099ffe4a3bdea83dd",
              "ami-0f54f8213e944f1a1",
              "ami-06863e610e5780dc7",
              "ami-04b59e81136f09626",
              "ami-0643e208bcc1783ed",
              "ami-0f75b0fc29682dcdc",
              "ami-0e62f5cf69e63b2f6",
              "ami-0ae6151889d4004d4",
              "ami-01d8edb8e4b50bae2",
              "ami-064b7e6c8334b5f04",
              "ami-00f09a98378a7bed4",
              "ami-051ffd4912fca050a",
              "ami-075082ebc2e170497",
              "ami-037ec5e0a2b625698",
              "ami-00fa2aaabba102516",
              "ami-0b7a9281109042921",
              "ami-0aa62520e2534fb24",
              "ami-0249270418ca278da",
              "ami-026f60023425713c6",
              "ami-007b016fd70dac97a",
              "ami-02ac4ea94f6296872",
              "ami-00764f5eb99a3c239",
              "ami-0c836972adbf79777",
              "ami-0dbe427214485fcde",
              "ami-0364c191689cb6ff3",
              "ami-009847de395cae83d",
              "ami-082de3aea08e91ca4",
              "ami-049fa7870ae7acd77",
              "ami-0833b3431dfd06d8e",
              "ami-01c82f12842fb2f6a",
              "ami-005063fd61ec0dda1",
              "ami-0b8c2c4abfdab1630",
              "ami-014f383c9ac322c67",
              "ami-036d8f4650ca91f2f",
              "ami-0ffb6118026ce148d",
              "ami-08c0c938a8c8eecef",
              "ami-0eb085c812aed730c",
              "ami-0ec88f7a44c33e650",
              "ami-0cee16d232c6cbd97",
              "ami-03ae37b34d7fea1cd",
              "ami-0c3ea62c5dac63f49",
              "ami-0049e40cc1dfc2a99",
              "ami-05dfb97b3b9216726",
              "ami-076b298463736719b",
              "ami-09e91df986aa6f6ea",
              "ami-03c90ec7d230c729a",
              "ami-0a34cfc6287f42a3b",
              "ami-0adb90a235b004f76",
              "ami-0c33f1dca743de242",
              "ami-06369d35a19c6a44c",
              "ami-0e2ae089bd1a3ae36",
              "ami-0ef51e5cf19dfb031",
              "ami-0e3f3c3bd81b4c149",
              "ami-0f8af081209c4a0e9",
              "ami-05d72ce138a361db0",
              "ami-0a4845cff5fa7f810",
              "ami-0ffc762b8d07cfa37",
              "ami-083fad0cc5a8a925f",
              "ami-0dc88639d17b30614",
              "ami-0d1798e155ddbc79f",
              "ami-02e1797d503e673f4",
              "ami-0874851fd94252573",
              "ami-09261cdadb7160af0",
              "ami-0d4ad8d0fec74ff33",
              "ami-0077106baf2f082d6",
              "ami-0d060f3f0d8ac42e5",
              "ami-0adb8337f35f26969",
              "ami-03eb621b223a4a7b5",
              "ami-0dac8df56e801ff2f",
              "ami-0caedbeb2a9e4cbb1",
              "ami-04d17ac01971b3b87",
              "ami-0b08656477c177017",
              "ami-092f9b928c50d174a",
              "ami-0a85bc696f5571151",
              "ami-0383b15dd7ac1aaa4",
              "ami-017ef881f3fdcda48",
              "ami-07cc21ccc2dffb1c2",
              "ami-062d2a4ddcefd4012",
              "ami-0b7982fa568365094",
              "ami-05d3ab79f9de7297e",
              "ami-0aad119ea7bff96c8",
              "ami-0b9b152b7a9cf057f",
              "ami-04c0fa84030130fb3",
              "ami-05c6f231be1b842ee",
              "ami-06994b593b83699d9",
              "ami-05436f7d28d68c83a",
              "ami-02ad574b060e7bf70",
              "ami-08045f4a3069d4d88",
              "ami-0259b0d2c09f66058",
              "ami-0a910aabebf670d27",
              "ami-0d2ffabfbd38ccd28",
              "ami-09b9773ea5680d845",
              "ami-0ce4743e4bcac7f7e",
              "ami-0979d48aea23d7dcc",
              "ami-06fb9d301595bcecc",
              "ami-02b24effd74c1c289",
              "ami-0305116748af78dab",
              "ami-05177bf5c0380fbe5",
              "ami-0de540f8687d760ae",
              "ami-01106e3e7d25086f2",
              "ami-04dc41b16dd23c777",
              "ami-0047249bf22cc66c0",
              "ami-02e742b64e6fb8300",
              "ami-0070bba8e944a46fb",
              "ami-0230b4ed59bde552b",
              "ami-06ba949bf3ad0174d",
              "ami-0db95ecae6172c8be",
              "ami-07d6cde1ceb4646bc",
              "ami-0aecd2c85a0c2c1b2",
              "ami-064b5040b6eb3bb7e",
              "ami-03f654f940734eaff",
              "ami-0a3dd921d463415df",
              "ami-0d591132a4415289e",
              "ami-00a8206227b141a66",
              "ami-080ddb82138bcac7d",
              "ami-057752e4943a1b87f",
              "ami-0d6032cadb7f7bfd5",
              "ami-056c4ead326229344",
              "ami-01e7eeab2abc74457",
              "ami-0d6c72b969afe99af",
              "ami-0b7e75d5997b8fa37",
              "ami-03efc4c1dde829720",
              "ami-006d2f2a39b7c16c5",
              "ami-027f3e82491bc9723",
              "ami-01c13d85edc780d6a",
              "ami-08d2b6a073750daca",
              "ami-0ad88bd4910d61dfb",
              "ami-0f637dad5cd94a6a5",
              "ami-052a6f47e616f2084",
              "ami-06cd726e16d9baf8e",
              "ami-0eea7eb094d1d019b",
              "ami-05757c728a4c86f54",
              "ami-0ec8f69cbaa6893cc",
              "ami-0e247763cca859ae8",
              "ami-02cc79a5be8cc133a",
              "ami-0560ce1d5ce1cbf19",
              "ami-0e742e7859f295655",
              "ami-090a999586e13a303",
              "ami-0450e6f1de05c335c",
              "ami-0949f1d2955c32cf0",
              "ami-08cdf210eeb6e8ded",
              "ami-0a566e34b77b3d99c",
              "ami-00a6b054e45f7bdac",
              "ami-052b984084ad7872a",
              "ami-059a91def26f522b2",
              "ami-0e40fcf7640513a8d",
              "ami-0235daf2146af4eb4",
              "ami-0d1848a7e26ca8404",
              "ami-0a7eedeece573e431",
              "ami-06d3dab3e0dc59a06",
              "ami-0263fd597d04a2a0c",
              "ami-08bcd854fc1bda942",
              "ami-05eef0747c11de3c2",
              "ami-055e77a97e25d3971",
              "ami-0392ba0d47ef3bb06",
              "ami-041aff977b907c132",
              "ami-0b0eb6587597b0d1c",
              "ami-0179a212dce8decd1",
              "ami-0ae13debc1c548dbb",
              "ami-0c49a3ac54e41a30b",
              "ami-0425f6e191a2e2272",
              "ami-03543a235d0c970c3",
              "ami-064a154df9dd7643b",
              "ami-09892e714d935966e",
              "ami-057499329c8484cb7",
              "ami-02060bdd68716ff52",
              "ami-0d917007b44ed54b9",
              "ami-0fbddfe971598bc73",
              "ami-052204293feaa0f53",
              "ami-0b94777c7d8bfe7e3",
              "ami-0f064a4c9f3e6c504",
              "ami-0a172ff5624d2bfe8",
              "ami-02755b91c70cf773b",
              "ami-096b5906fbbd091bd",
              "ami-0a7f90a93c78c9f70",
              "ami-062276fcdacba8b54",
              "ami-0106b8648f04fe196",
              "ami-010341de6bd07734f",
              "ami-068c69be571e99065",
              "ami-05446c800527ae874",
              "ami-0c179c6fb894f9421",
              "ami-064e4184c96972eed",
              "ami-03cca2198e5e703c3",
              "ami-07324eff4bcd3123f",
              "ami-0d53c82740a9c1ab9",
              "ami-0799f6d56508ffd67",
              "ami-0d77b908d4c7df2db",
              "ami-0a12968a56239ee91",
              "ami-0e9aaa07dbb8d4975",
              "ami-0afb31715ed3856ba",
              "ami-0b0c7b37f792633d4",
              "ami-0f44e9f4c1f88c847",
              "ami-06d3a9777f3f23889",
              "ami-001ff3f2b25baaf96",
              "ami-0e4f3e71eb852a647",
              "ami-064806e446f07929b",
              "ami-0cd3d235cfebdd229",
              "ami-0b77c56609da3aef5",
              "ami-08f49fcf9cc9285d0",
              "ami-02514833b96aab790",
              "ami-0a67ac49cec7fba5f",
              "ami-0d0e2013e35ea01cb",
              "ami-0afd8bf4b79837786",
              "ami-0c649132531f631bf",
              "ami-0d71fb0f763ae446a",
              "ami-042585153946b59ef",
              "ami-0022554f6414e06ba",
              "ami-033f15bcdbcace593",
              "ami-0e5677a9760ff34f8",
              "ami-0603c15ca8fa488dc",
              "ami-051deeebc1c54ca17",
              "ami-0aa0993e93002e142",
              "ami-0f93ead4201efa320",
              "ami-01bd8c9798f96c59b",
              "ami-0bc3000330a3b8529",
              "ami-0871c65b0c3fe7559",
              "ami-01d056b2529961f08",
              "ami-0b84f3b4a2317fa88",
              "ami-0f1302469007cc243",
              "ami-0beae717c5a9fece0",
              "ami-0e3edfbfe2d113c1f",
              "ami-06dc6214bb38342bc",
              "ami-038d83d5cbeb6cf99",
              "ami-0737f6b81359cc1b1",
              "ami-00fdf06fb5cd70f3a",
              "ami-07b8f878638dafc37",
              "ami-0b253fb5caa2d4200",
              "ami-0c310ba24fc68220d",
              "ami-0addb18e370895328",
              "ami-01236aee1c80b5cae",
              "ami-0fa075851f8264450",
              "ami-0ff560238634654c8",
              "ami-01254728453a7847f",
              "ami-011bd36a8cac1f3e8",
              "ami-09f2a589c7f241e02",
              "ami-0039300a2a8487842",
              "ami-089e71e3aa23891f8",
              "ami-00f2ba79eed082eb0",
              "ami-037653c4116e69e02",
              "ami-0c218fee5addaa957",
              "ami-04d7333e087ca5eb0",
              "ami-05e0b5dd4cf3f430f",
              "ami-0e58abde4862e2864",
              "ami-0eb31371ab6697314",
              "ami-05144fee3c454b677",
              "ami-0b22e2aac63267b84",
              "ami-02745ddbe332fe39b",
              "ami-0779e6b96b8cb20fc",
              "ami-0f97f004a03af534c",
              "ami-0bdd2fa5f37cf0248",
              "ami-0ec61b4af379ced52",
              "ami-039e54b437883fee8",
              "ami-0e9b480bae82efded",
              "ami-0d9085deb7aec5c80",
              "ami-08b6b52efb8c50f3c",
              "ami-0207aac0c25fc2558",
              "ami-07275bebd92f74acd",
              "ami-0c9df7c917d295657",
              "ami-05bcd561efa24978a",
              "ami-0b36344a1df3334e7",
              "ami-0463e66370dd097a3",
              "ami-0eb22586231103079",
              "ami-07d2e84d20db84c1b",
              "ami-0aee6e17ee9fcf50f",
              "ami-0d034bfa3721b73e9",
              "ami-03461378fdf5f0742",
              "ami-0544266495e912607",
              "ami-064ae9fc1da585d59",
              "ami-097e4706656243fbe",
              "ami-044fd963031c82681",
              "ami-039f900ff1b49944e",
              "ami-0ef0fb8bad28452a8",
              "ami-0031c3572c0eb18f7",
              "ami-0f6c5559923366607",
              "ami-012ccd93531c4ce9d",
              "ami-0eb8e40efc9a2e77b",
              "ami-0f5d664d868c2ea0a",
              "ami-09a1a2c5099d692d8",
              "ami-06d31d2699e79a570",
              "ami-04e5f92e632833a72",
              "ami-08f4550d67cf8ea7f",
              "ami-02a3b6c474879bab3",
              "ami-0695f38192a436816",
              "ami-0b0a04c4b68b3d75c",
              "ami-08df2992396e43ea8",
              "ami-03c9327e0e7c68901",
              "ami-0c76051efe3d98fb1",
              "ami-0849b7c7e6dba78c6",
              "ami-08938cac009d7c4fb",
              "ami-0e853c151c4964cb6",
              "ami-0ea5367da621081ed",
              "ami-0cecd350c1e5fba29",
              "ami-0e18d1ebd32e7d2ee",
              "ami-043f88a062a351ff3",
              "ami-04ca27aa609b2cdab",
              "ami-0ca0a4bcc0ccf7d0e",
              "ami-0bea0bd767bd9b053",
              "ami-0d70ab03a2c7b3592",
              "ami-0af89edcc1e269721",
              "ami-0bd1201b8c7a57d39",
              "ami-002949cb7447c16d4",
              "ami-06b79cf2aee0d5c92",
              "ami-0a30b1a84dcec29d3",
              "ami-0d7aac2371f811375",
              "ami-0a92570e87e2a32a6",
              "ami-018d14a57a07bd5c3",
              "ami-002c7e46f7f8463d8",
              "ami-0d298d3e8679de32d",
              "ami-0b6b9710bdd188313",
              "ami-013254bd93b0932b3",
              "ami-08effae37834d1d52",
              "ami-0e84fd00ddadd16e9",
              "ami-0fd31d50f11dc2fde",
              "ami-07b15698b7399f91d",
              "ami-0be075dbb578944e0",
              "ami-0b68f2bae3a54e305",
              "ami-031f8cc8d8bc7a14b",
              "ami-008d536e94e318a55",
              "ami-0e0d64f8c9015b8c3",
              "ami-035e688c7e3dcc933",
              "ami-0a8b44eb308591068",
              "ami-01a0568c62cd7163b",
              "ami-0ec30f1321a2e089d",
              "ami-0fbfac079ed202542",
              "ami-0e0e5200ab5069adb",
              "ami-0c91f4476780c2eaf",
              "ami-0f39236da92996137",
              "ami-0fddf69c98a59b055",
              "ami-000b766934fb93b3c",
              "ami-0962f515355c2bebd",
              "ami-00261c4ec4b2989b8",
              "ami-0bd3c94dcab8dcd2d",
              "ami-00e305edaaef8f4eb",
              "ami-0d12d7e8a989c368d",
              "ami-0c188c919272e2d58",
              "ami-0a3a2c00fb83c4570",
              "ami-021a5cd4c6660799b",
              "ami-0991baa320a1fe711",
              "ami-0e1d4eee12a48771b",
              "ami-03aaf13975a105200",
              "ami-0d3651eb3799fcddb",
              "ami-02d7333f788d1caf6",
              "ami-09e636a49bcb73f7f",
              "ami-0946a41491a3d779b",
              "ami-011f6c192efc764bf",
              "ami-06b43970a8285b7d8",
              "ami-0dd3a967ae2406e13",
              "ami-0bcc49d829134f27f",
              "ami-0de0b05fa936d4c40",
              "ami-04edd71b71a08299e",
              "ami-0dcd1d734b0234bb0",
              "ami-039651717bc1f14bf",
              "ami-01a2b68364f234af2",
              "ami-02a8909dedd36a0c9",
              "ami-0da23559d16daf16b",
              "ami-0c5172d5ed45be0fe",
              "ami-07568e4450ae20834",
              "ami-0da1a87846fb4cd79",
              "ami-032b2535f54f47fa0",
              "ami-0ef8fecbd0c083cdd",
              "ami-08597d3329cd52b98",
              "ami-0d8a2c46ab025f83f",
              "ami-0bbe77c298c0790fe",
              "ami-0b3fa3cf544a01bfb",
              "ami-02465ab69f8fbaf4d",
              "ami-028948dceba68e825",
              "ami-0d736e2401e916e89",
              "ami-04156bb84321754b2",
              "ami-0d662bc2b289ba9c2",
              "ami-0bcc0031c2ad56057",
              "ami-002be44a8ec54fc73",
              "ami-0599217b34e5472d8",
              "ami-0b10564cd7946f09c",
              "ami-07c4ac3823789752e",
              "ami-0e1e380a18d3217c5",
              "ami-01b7ed5bd8820e3b1",
              "ami-0dfd812f77d2d8519",
              "ami-0609fc67ad72939f8",
              "ami-0da6a80a208e82638",
              "ami-00a85b23898efdd7e",
              "ami-0c01bb0fb7640b324",
              "ami-03e06efb5e8a06583",
              "ami-0826c36310d1de397",
              "ami-084b44391c93cacb1",
              "ami-059bd17034c6c9ae2",
              "ami-00f323e982aa37be9",
              "ami-02e53488ba6dd89c7",
              "ami-0e2fe9f4eef25c7de",
              "ami-0aeea5e3528304b0d",
              "ami-0b289ffdf95e7018b",
              "ami-0f3bb44634eed08be",
              "ami-03ebb6a52719fa527",
              "ami-0c9c55024702fbe0b",
              "ami-0bc85cd20dfa2ed8d",
              "ami-0bdd773e19f335095",
              "ami-0a72913517961e18e",
              "ami-0100f9c0536060f4e",
              "ami-0b21b19e561e2dc29",
              "ami-0c7b3d730d0438e1b",
              "ami-0dcc11fdfb472d7d7",
              "ami-04a436f518549ba2f",
              "ami-0c4ff2e2e12175d4a",
              "ami-08d106fbcbdd9c5f4",
              "ami-0c9f17f3cd97432cc",
              "ami-0a38d52e220644b91",
              "ami-0066cb9cfad498d58",
              "ami-0fc2e079e4510851e",
              "ami-0e3b22e124de665f9",
              "ami-09084a8c30991ecce",
              "ami-0a9ac02ecbed732e3",
              "ami-0763324a21808414f",
              "ami-01d89b5ca57f1f349",
              "ami-0a17edf3195c8ed31",
              "ami-0b4bd14a7fe9cc0cb",
              "ami-07c4fa07c64efe6e4",
              "ami-014ad1c291a7f331c",
              "ami-0798d373994ffe3d7",
              "ami-0c6a74a73e46866e0",
              "ami-07e23b4206fbe76d5",
              "ami-0d5f9e1b800430e12",
              "ami-023d93d7d051e002c",
              "ami-067d20827de5cb88b",
              "ami-0fb06180bf4530b97",
              "ami-0d21214905506a7f4",
              "ami-053bd779a0b3917d7",
              "ami-058b06d3ab56689da",
              "ami-0393279969229200e",
              "ami-064de0a89dba2cb6e",
              "ami-02a83811e861b3836",
              "ami-0d4e93138bbdfdb30",
              "ami-0c5f729c2b2c28723",
              "ami-0fb36a5411079211e",
              "ami-0586613f3bfc95544",
              "ami-0f311836b7893ea26",
              "ami-0d429265ac59c9b04",
              "ami-0a2beb62693beb91f",
              "ami-05db72833cc723c7b",
              "ami-0696b0d8676d26d61",
              "ami-09406faa319d06793",
              "ami-08f8ae096af1486d2",
              "ami-0a039476ead06732b",
              "ami-05901b734bccbe6f9",
              "ami-0e18202d23e867eae",
              "ami-09bdae4709af31f55",
              "ami-08b4652f8ada7cfd9",
              "ami-0e036780498edd299",
              "ami-0ffeca59ce33ce786",
              "ami-0656301ebfcc29821",
              "ami-01ad11045e5da4735",
              "ami-065120659a222dd9f",
              "ami-09460025108a53cc2",
              "ami-096dcfe5839f895ae",
              "ami-082b3f154a440c098",
              "ami-057690fc584fb03d4",
              "ami-01874bf7fb7ba37d3",
              "ami-0d55665c17ef523c0",
              "ami-01229cb5864d57f39",
              "ami-0b2318a678e64457a",
              "ami-0ed3d92ae9e4de0a2",
              "ami-0d6419724570871a2",
              "ami-077c26d881f1b3dc3",
              "ami-05aa197384bb42f0e",
              "ami-0e84fb36e1f13b52e",
              "ami-0c658d30b4f3b1983",
              "ami-03840167fc3ad1568",
              "ami-0199d416a7b7c77da",
              "ami-04db23fc0dd644a29",
              "ami-0bcc0c4d08e624f41",
              "ami-01b22437f128fef54",
              "ami-04770d015f6e53ebc",
              "ami-0f29fb889f3b9fc07",
              "ami-0d5140433d335d410",
              "ami-0341829de98b33802",
              "ami-0de90c807515dda37",
              "ami-0362e94ea293d009d",
              "ami-0bf2a6c9468ea2238",
              "ami-0d63c86da5533d54a",
              "ami-094ab80501c07ea87",
              "ami-062c531ecd6b5ba66",
              "ami-0a404e0d64cbe436d",
              "ami-05d98d8a8d4cd17ff",
              "ami-0a5ad409168c34c2a",
              "ami-07666fde4233df915",
              "ami-05c269a6f506aca24",
              "ami-06bde25251659ce0a",
              "ami-0d3d8e1edd9caf9e5",
              "ami-0d73581f047571067",
              "ami-0262b0a264c431995",
              "ami-094463ff97beaf819",
              "ami-053c35c9aadc58bb5",
              "ami-08aff242b3ac70feb",
              "ami-0094a5917d668fcd7",
              "ami-026aac13cd96e0df6",
              "ami-059a8a123c16efde3",
              "ami-0aee9f775d770b388",
              "ami-09e59746c88adfe3c",
              "ami-02b21fcfaa87610c0",
              "ami-0ca4f0b627d9a9dae",
              "ami-074078374d556dc92",
              "ami-0daff3ead89ef6189",
              "ami-0269bba395a09270c",
              "ami-00dd6e17a51c525b7",
              "ami-053112c094d74b879",
              "ami-098fff648c6505928",
              "ami-008ab63e2db9709ca",
              "ami-094b750b1817b3623",
              "ami-06b61ea4089870fac",
              "ami-081c38921c691d597",
              "ami-04d50e9eb1f967788",
              "ami-01901eef8ead61b34",
              "ami-098aca3b8868879b8",
              "ami-021dce52ec73232de",
              "ami-0f38949ffb4e3a7b3",
              "ami-0f165327388acd876",
              "ami-07b93e2ad150cbe6f",
              "ami-0f1f645e9e6193996",
              "ami-074e4cca72f28d6b1",
              "ami-046697aea72893de2",
              "ami-0e7becc536bff82da",
              "ami-0504cfbddbdb7da69",
              "ami-021ac1e64ed92ad1d",
              "ami-08c5e0fd068815d9b",
              "ami-07e075bbf3cd2b885",
              "ami-077ab2a2f62055efa",
              "ami-0af346c3acc4f2c98",
              "ami-0c1839014a22c2e97",
              "ami-0ac4f3d91fce0774a",
              "ami-07a679c6564d0cc58",
              "ami-0850f2c0bc3ad15cf",
              "ami-0952f0a024468d063",
              "ami-02edc8861957ae171",
              "ami-007d7f6f269bc3617",
              "ami-041ddb90411f7651f",
              "ami-0ecbfdc2493698a16",
              "ami-0b4d246bdfc7ac57b",
              "ami-08266da4e86293aad",
              "ami-0aca327f3251ac3b9",
              "ami-001531083e38dfbef",
              "ami-031cdab1eaa55b089",
              "ami-06d8fd7d8f1bce47b",
              "ami-0aed28ae73e6a1026",
              "ami-0409c9ba171bc93db",
              "ami-0f1769cddde01cfda",
              "ami-01c578e93939c3ff8",
              "ami-08f237af6ec42d3f0",
              "ami-0eb8e3c286a8b8ecb",
              "ami-0dc4d4930ff84229a",
              "ami-034079dde4300e22b",
              "ami-090203cc796530b2c",
              "ami-05fa67b2a1ab99a5c",
              "ami-000d04ba6ae746ac4",
              "ami-04d2de9f11ff7c136",
              "ami-05f5e6b6648ac3c5d",
              "ami-078079145c7d8346d",
              "ami-01912ce48cb948b8e",
              "ami-0af843a8ff5e42734",
              "ami-0af449978ae5bfddc",
              "ami-0bad8c3e505da2206",
              "ami-0c1d6869d98c24d62",
              "ami-036efb8118fa30e80",
              "ami-0b0a341c9d31bb003",
              "ami-03c67083bc9e78364",
              "ami-049644b3e1c4210c5",
              "ami-05c8974c8fc26f6f6",
              "ami-03c55287d984f2876",
              "ami-0abae17b632d5cbda",
              "ami-056e0b29e114c7ea9",
              "ami-0de4b2d669b219780",
              "ami-0e74b58b683d7fbe9",
              "ami-051292dc6fee814e3",
              "ami-05d466851197fbef2",
              "ami-01ba681962fac9449",
              "ami-08d7fe85a9f0fa2e5",
              "ami-06150c2502488cac6",
              "ami-0bb914cac68989843",
              "ami-02f2fa9e0dfa28dff",
              "ami-06aac76daff3f8d23",
              "ami-094b1c726e15622df",
              "ami-046baab0f9c3f40b8",
              "ami-01afef4516906d0de",
              "ami-049295ae2639e602c",
              "ami-068daf9b3f8a56c70",
              "ami-09c9e01e223a44594",
              "ami-0e65c17f8efdf1ede",
              "ami-040b14a6d1ece5267",
              "ami-099fa2a8ab203cc36",
              "ami-0350813848c8645c5",
              "ami-05461b3ad4c3ea2a5",
              "ami-0f4a12c7acef9b226",
              "ami-0f31d8e0a34a31ce6",
              "ami-02b09c017917eabf9",
              "ami-0733be7e6979bc9ea",
              "ami-00c0a474bd93aeb10",
              "ami-0f32e7b265f35f0ee",
              "ami-0abbbc9b99a6de612",
              "ami-0de87dfa778d4b893",
              "ami-0bbe3c52427ab65e6",
              "ami-021fcd4b2f147e6af",
              "ami-0cac5b5589102f421",
              "ami-028e8c328f77bb318",
              "ami-046c4d987411bfa1a",
              "ami-0dd7e25fb59304281",
              "ami-0ae3f10190fccb26a",
              "ami-083495a23dd9bc238",
              "ami-0f522b4570a506e9d",
              "ami-0b0451a8a8ff65409",
              "ami-0f498b19bd75b4d5f",
              "ami-0d935c866a5d6ecc0",
              "ami-0ea737564d12d914b",
              "ami-073ca328ab0bfd663",
              "ami-00050c66b26fb4ede",
              "ami-0fede5bc6c1de019c",
              "ami-0834899d16ab9a442",
              "ami-088b63d3d5b2e40b7",
              "ami-0c0461d4a2ffad003",
              "ami-088542e64183adb3a",
              "ami-0235aa002466cde99",
              "ami-09df31e9ae762d66e",
              "ami-05fdd341b782dcb54",
              "ami-0d290d3343754fb13",
              "ami-086b2c16ddf7ac6ce",
              "ami-042bcc2c73437ec45",
              "ami-0c1de91464946de0a",
              "ami-093f0d0201c71cb26",
              "ami-0824ad3e1be4d077f",
              "ami-0b838f9d2ded6fda8",
              "ami-029e15bfc2f3fee93",
              "ami-08708cf9f8fec626b",
              "ami-0d52f2c54e7fde775",
              "ami-0c85295b692c08d7d",
              "ami-03f0a43c38baaeb4f",
              "ami-0b19e3d15b9da488e",
              "ami-00d5ed3ba752641f2",
              "ami-0e27623e22d8f1aff",
              "ami-08571417999060a04",
              "ami-0eef7afadff404e30",
              "ami-0efae5c741cc05151",
              "ami-06c634c2148dc0856",
              "ami-09bc480aed9866917",
              "ami-03f3db54ec9da745c",
              "ami-02553c7986570c732",
              "ami-067d9c49aca808a82",
              "ami-024635c56d37b1b1e",
              "ami-09df86adbd13e4a6a",
              "ami-059809c0627ca9389",
              "ami-0c9d6021a926bc014",
              "ami-02175695c8d6a2ad5",
              "ami-0c23f2b42a96fe582",
              "ami-0158efd27974fe6e9",
              "ami-0336759fef68f11a6",
              "ami-0234e158edfccd133",
              "ami-0038624b15b9353e6",
              "ami-0ffe553f12b5ad1b1",
              "ami-01351ce5d71926ad2",
              "ami-0a8e9724591b57a71",
              "ami-03508d660d74df675",
              "ami-0e4e8ab0526f321c5",
              "ami-0019db8bd3cfe39ac",
              "ami-0647210d8712261fe",
              "ami-07f5f19a6f92778eb",
              "ami-0765232c60dd8c34e",
              "ami-0bb2d0d5b919da673",
              "ami-0c83fd7c63c6fa01a",
              "ami-04b7cc43acf362a1c",
              "ami-07851ce1990163422",
              "ami-0f2d783c16d5b92cb",
              "ami-0fd670fcae10a3da9",
              "ami-01d3dca81e759f129",
              "ami-08f1c64d664eea5c6",
              "ami-015f11cd583f7875e",
              "ami-0acbf03e3b3224f46",
              "ami-071cff2c2aa8e740a",
              "ami-0ba28ceefbe009078",
              "ami-09ff5a1a474fb81b7",
              "ami-0b256e1f5f9ee2fcb",
              "ami-032157d179b973b8e",
              "ami-0f6eee6c176f372c4",
              "ami-070bb26a81ea3ba78",
              "ami-0975c406aaa66df87",
              "ami-00bb49f93d4693004",
              "ami-0f4d3314bb7296e93",
              "ami-02b9b8d36f2f2bfda",
              "ami-0380f86b58ccb3260",
              "ami-0b61404a4c206e134",
              "ami-08c11eefd4e584681",
              "ami-0c787241ce5a34ddd",
              "ami-0045b45b103119afb",
              "ami-0dc69820c27c8fea8",
              "ami-056484f14811e052a",
              "ami-0deb6eaf359078ea1",
              "ami-085f18e044b573dc5",
              "ami-03189c05111299bbf",
              "ami-09091ffa7be51e8bd",
              "ami-00b90310e6977fc25",
              "ami-065b0a649b6463b17",
              "ami-0b0a27b55389cce24",
              "ami-00e9c7d4fcdba8c4b",
              "ami-03e07e778a3560915",
              "ami-0748217e05d83a8d0",
              "ami-07d217627bdaf1b8f",
              "ami-0b74fca7237786f86",
              "ami-0451feaf66cb2d4eb",
              "ami-08f47d637c297173e",
              "ami-027d1684737c916b4",
              "ami-085afea77bae426f3",
              "ami-0c3e2762178e26812",
              "ami-04adaebfde993be33",
              "ami-0a891cebb9cf787a2",
              "ami-08f58974f45e834cd",
              "ami-040e3f7db70547be4",
              "ami-07f8ba64f61fb5324",
              "ami-0645f5601441b902c",
              "ami-0a79a5f3b3b8ba9fc",
              "ami-008d625befede9884",
              "ami-08f60fe0b2238e93e",
              "ami-0160f5f73b82ad902",
              "ami-067110ea5ed9f56d2",
              "ami-00078ee6f1f7f296c",
              "ami-089e42155d15247a4",
              "ami-0d55cc19feb97c690",
              "ami-06d486369d400a9b7",
              "ami-0840832cbea9e9f3b",
              "ami-06d199a6e7600f4bf",
              "ami-054881a2106e3e1f6",
              "ami-04852d852faa43836",
              "ami-0eea331cc09f963b6",
              "ami-097b2f084b0ec673d",
              "ami-01a41910aed82af71",
              "ami-0528afb6eb869909c",
              "ami-0fccef50704dfbcdd",
              "ami-04abf548d89737add",
              "ami-0804a72b30139fe4d",
              "ami-09bef847be2f54872",
              "ami-0ca5ba1e65df7942a",
              "ami-075795cb15a63147e",
              "ami-0eb48730dccd39836",
              "ami-01aeb6ce318e1b1d2",
              "ami-0f974747ea03b3ef8",
              "ami-045e7624b10bf78ba",
              "ami-045e8675f25a9cf53",
              "ami-0c88ec3a695dfcae0",
              "ami-0cc210dd00ea4c3fe",
              "ami-081fb9cc8f4441c9e",
              "ami-001f976597c330402",
              "ami-0055dc0fc6e2de9fb",
              "ami-077a2eaebbc55a705",
              "ami-07baabcbd382be2fb",
              "ami-00a049e4634ec5f47",
              "ami-06d3445618398c375",
              "ami-0763210cc506210cb",
              "ami-0f23a74a019c4eb5b",
              "ami-0e5893b8be66504b5",
              "ami-0bc4b95e6f2bcae0e",
              "ami-063e5fa9f20e47845",
              "ami-0e1bdff2ea85aae94",
              "ami-07d6602d4c3d698e2",
              "ami-088638796a7dc5b30",
              "ami-09a01029e28ee7e42",
              "ami-0fb85be5fd27e275a",
              "ami-0aec3b20e4268cf7c",
              "ami-0a0ba73b51cacf942",
              "ami-0a79de80d0f5e4480",
              "ami-0bfdd8acf4c446869",
              "ami-0c3f53c80b69e121b",
              "ami-0c0b28d63f3a3a05c",
              "ami-0714a2e3f50f748e3",
              "ami-05eb343f756b44e3c",
              "ami-04b37298ccfed7dd6",
              "ami-0cfefbd8327dde3a1",
              "ami-0c68e89c7457e2c8f",
              "ami-007d19f8dfd793f82",
              "ami-0337849d8bdeac986",
              "ami-0b0e28ada6ffdb87e",
              "ami-0200369a48bcb6cfd",
              "ami-091cc4449432fb573",
              "ami-0fbf6a80505b0eb13",
              "ami-0e53330527f995d99",
              "ami-0d31f9bb6bd022253",
              "ami-0058fc833eae32f6d",
              "ami-02a06310c70448c22",
              "ami-0acaedf7bfdae4c45",
              "ami-047dd8e9f41f92873",
              "ami-01a6a0e32b6ea58bd",
              "ami-0691b293bc5e0c4ed",
              "ami-005b395629cd4f73c",
              "ami-006c8a0b1e0bc5025",
              "ami-0da93514ca576d063",
              "ami-0d11e9bea5da6b91f",
              "ami-0b9d1410ca1ce22ac",
              "ami-0a319ccdc1c949d07",
              "ami-0f53821ff3c7286c8",
              "ami-09798a9a416e14dd6",
              "ami-041ba058e9af32407",
              "ami-060961293d5f8c3fc",
              "ami-0de6f4fdd1e392d1f",
              "ami-0f2657ff48c947c01",
              "ami-066d83f35da2f76ba",
              "ami-060840667612a4307",
              "ami-0f6bc0bebf8a9d31e",
              "ami-0f436d7112aa7cda6",
              "ami-027043702481310e3",
              "ami-04be370dd7de2b15b",
              "ami-0651d800d0a0771d5",
              "ami-0de4e14ede8812678",
              "ami-024aa7d36f2d322f0",
              "ami-0ca1fc985eacf2577",
              "ami-0e0b872c657c822bd",
              "ami-08e109f3d51bdfa4a",
              "ami-048a74243df09ed1b",
              "ami-01f586ce58d8cfed5",
              "ami-04e1355132c969868",
              "ami-07d19126e008f53c3",
              "ami-04d9a45ac21d1e5d3",
              "ami-028e8c61af88c6c08",
              "ami-0bf33dc794b68bea9",
              "ami-076015d9e4b6b6a0b",
              "ami-0f682d74cf1e96ec0",
              "ami-030b345b6e12f77e9",
              "ami-082b66fcd5080279b",
              "ami-015d210cfa0d069db",
              "ami-0b5933a85fe3f74c1",
              "ami-0f7f0bcdea0dab8e0",
              "ami-0551caf4bfbb00577",
              "ami-09d5f088aa70d297a",
              "ami-0d4a26fe0e639efd1",
              "ami-0d3c9a33edeb2b557",
              "ami-0a12c31bf6d51034e",
              "ami-0bd13b5abd0fb9d76",
              "ami-0d923663fbf396eca",
              "ami-0f5c9b8cfef170dd0",
              "ami-02be36c86449c55bc",
              "ami-08bfe91bd5aecb39a",
              "ami-0dddfc3289c7232c9",
              "ami-0e2d9adcfbd84b690",
              "ami-0987d07992cd73842",
              "ami-078341fa6dd673274",
              "ami-0be8b072071c0fa12",
              "ami-09750c1f0b0381bef",
              "ami-090794e2279b8c17c",
              "ami-0152babc559dd5c0d",
              "ami-0acfe6ba5d5dfa2e1",
              "ami-0c79851cc535a2eed",
              "ami-00cbfffc16d14d072",
              "ami-03e2f2cb0a2c4efb2",
              "ami-06ac9d9d061ae5fd2",
              "ami-05e3b4079eb4301dd",
              "ami-0760bca87764e205a",
              "ami-0d7645f6ce26a8468",
              "ami-032784ea28ef5bcd2",
              "ami-02fa4af1412b8a2bb",
              "ami-0a079fd16901a7632",
              "ami-069e103a5c87d5666",
              "ami-0e1073f00f5abde87",
              "ami-04d251d818b7a9e31",
              "ami-08534fda3f7cb2f8f",
              "ami-0a0f1471533be23e1",
              "ami-0b1217c6bff20e276",
              "ami-0f523d8d28353ad7d",
              "ami-0108ebda02138676e",
              "ami-0a882298f3797ed2e",
              "ami-0167d4afc8591fe51",
              "ami-085364f2a0c5b6458",
              "ami-02063e1eb66d90639",
              "ami-0dbda5a9cd13131cc",
              "ami-06be2545447320ae9",
              "ami-05652abdca9dc6677",
              "ami-001e0c18eb90b2568",
              "ami-06f2df0345b65a908",
              "ami-0004364274d23e37e",
              "ami-0ecfd8bb48eeecd2e",
              "ami-01577a9094f2ab953",
              "ami-06fe176149d74170f",
              "ami-01c7fd566b9c5398f",
              "ami-07572ef73edfd2ea8",
              "ami-00a565df269fc8199",
              "ami-0bc7ecee5a9df8f2f",
              "ami-0865dadf74b745cac",
              "ami-000a7efb251e0e448",
              "ami-0ad5e53ed8dae4da4",
              "ami-09dac21d1664bc313",
              "ami-08327a1f210aaf80c",
              "ami-0ddf74c9d7d0ceaea",
              "ami-03af6325668d9b0f1",
              "ami-04103279eef5479f2",
              "ami-062c3bb1e0c94d976",
              "ami-0310835de7b6667d7",
              "ami-0f564451ac0cc072e",
              "ami-0b4327baade23aeee",
              "ami-0fd7737e503948040",
              "ami-00ae9908fd2be469f",
              "ami-0ae9f532f89fadf91",
              "ami-04aac8d6d3380d8e0",
              "ami-0f39faa0ad03665bb",
              "ami-06ce8093aceb5e494",
              "ami-0fca724fe09bd75da",
              "ami-0e3fd28d5314197d7",
              "ami-044dfe62682c813a3",
              "ami-0182a0ffd5f144f3f",
              "ami-0a0b3cdb8a39c1726",
              "ami-053f43046f89393a4",
              "ami-06b3912fa7aa49116",
              "ami-0ec15c32bdc034f47",
              "ami-06ad2ae269057e072",
              "ami-00b48c9d13e8e960f",
              "ami-04b5fdf9afb11213c",
              "ami-060d66bc4c6c05891",
              "ami-07c5bf3ef10d2336e",
              "ami-01adcc8c7967d5c0c",
              "ami-0570014506c18f657",
              "ami-0c96c7e64cbaf43b9",
              "ami-04cb69fc66ae4e961",
              "ami-0750dd9b13a086301",
              "ami-0ac0f6d4748816cb7",
              "ami-00a950999e650ad67",
              "ami-0645b67cb294ef61f",
              "ami-0e2a993fc88d64a89",
              "ami-015c1d11e3e0a7a91",
              "ami-0ac25caf62960b74b",
              "ami-05701c96120c5f2b5",
              "ami-07e2f95ab2db77657",
              "ami-0a200310ee2bd82eb",
              "ami-031c81ce2880e199c",
              "ami-09f864ecc5f683368",
              "ami-09bf53f37e08af088",
              "ami-0a499434f86003a83",
              "ami-097c9351ea0aa8d71",
              "ami-085f0a85d68432d51",
              "ami-025723e4014e2cc5e",
              "ami-082f6dfd4b1f5c5a2",
              "ami-067b5158616d9a794",
              "ami-0dcadcbae6b708875",
              "ami-0ffa5d970dcabed8a",
              "ami-0b52bc064579fd98b",
              "ami-02f40f9337b192498",
              "ami-06b4945a612555a8f",
              "ami-0e957d0f8ec171b5b",
              "ami-004dc9739d73ca7e0",
              "ami-0b41fb692b3a14948",
              "ami-0d31a53b1db8ff310",
              "ami-03a09a085b3bacd94",
              "ami-0ad932da90cb5b0d8",
              "ami-0550790136881ea04",
              "ami-090e121c077d0b0b6",
              "ami-080f969b7f78d313e",
              "ami-0daaaae64ac2c7a6d",
              "ami-098434265ad70ee4a",
              "ami-019b2f23443e321d5",
              "ami-092110cfdb046b443",
              "ami-0d401c4ca939849ce",
              "ami-0c7e01c2918c1dc81",
              "ami-04474932cd2a7d49e",
              "ami-01e94581a7e385d78",
              "ami-04c646ef341a9a75a",
              "ami-0efcfaf48fcb35dd9",
              "ami-0724ebd167168d052",
              "ami-01cfee8ec0563d556",
              "ami-001c8ac97d79df579",
              "ami-08ebf17a618a0b936",
              "ami-0785a7ce1019f4fd5",
              "ami-0edd3b73f2a82a8f1",
              "ami-07560de9df4568baf",
              "ami-003beccf8b707ed7f",
              "ami-0d4430d42d5b76bcd",
              "ami-028cf8d314ba297b0",
              "ami-0facd4d2e6f6f9e82",
              "ami-0b03d7bd3d552c324",
              "ami-0a26f9a4e5af9ef69",
              "ami-01e581a43e4db3f63",
              "ami-00e85aa0b19b5f7f4",
              "ami-0336b11dcb8071d72",
              "ami-0a90c9a1fd7fe7ed5",
              "ami-0f8bcb869801ecc3a",
              "ami-0db2ef51d1d185992",
              "ami-0aac821a923846e13",
              "ami-01b572fd1254a2bc3",
              "ami-0c1548733ea6f4c00",
              "ami-05d1dbd5132e82092",
              "ami-0188f021311573f7e",
              "ami-0aae98a88c347ce6a",
              "ami-04465bc1ab969b430",
              "ami-0d68e8936a64f240b",
              "ami-02124b26d5f759e04",
              "ami-0038dc524594a1cf4",
              "ami-0756df6c37707c056",
              "ami-087a7af63a03ef8b1",
              "ami-041e6560a93d030b8",
              "ami-0229aa0c5956b8d59",
              "ami-0f806fc36f9f24452",
              "ami-0c542969dc2833958",
              "ami-0584a11bf6e0fdb00",
              "ami-058d0c716b141e11e",
              "ami-01feda1e8e3de2404",
              "ami-079eb74dd7886186d",
              "ami-08014198cbed46b89",
              "ami-0b06d7be8be6e1738",
              "ami-0543eb2600617bfc9",
              "ami-0ed09df63db0ebbab",
              "ami-055e1e7b3340b6ee6",
              "ami-0b6e17097aa4ca161",
              "ami-01b78af1cf44e3f10",
              "ami-0b13630a979679b27",
              "ami-0efb688453dda0e80",
              "ami-0686f89a13d73d6c1",
              "ami-0950bf7d28f290092",
              "ami-081073db279b4297e",
              "ami-0a4d8d59a984546c3",
              "ami-02b93f3e494c89d4d",
              "ami-0b51b90a52fcce80c",
              "ami-0ec16b97f33ccd839",
              "ami-02a7d757c07e70427",
              "ami-0152a606614a5f093",
              "ami-0261a238b002f0545",
              "ami-058d3ef228bc737de",
              "ami-0226bb20b60dacec2",
              "ami-072ae7ea89b02bd16",
              "ami-07038c7683047a90a",
              "ami-0149ce74e9b7e02ec",
              "ami-0e5c05b8ea0fe8b7d",
              "ami-038322fc8e6ff6ed2",
              "ami-079079af6cbd38b1f",
              "ami-00f0bc0310a887ee2",
              "ami-06d8fe614e48ff88b",
              "ami-011b7a76c95e79325",
              "ami-0be4c0a6df6ce103b",
              "ami-0fc83da93701e58cb",
              "ami-059e766d4b37258f3",
              "ami-0298857c087915840",
              "ami-0a1a68117655fb3ff",
              "ami-079a97a22a514d5a8",
              "ami-01acefa18f3d09b3c",
              "ami-0c151d59e4e190a53",
              "ami-03308f67e262c2958",
              "ami-059946aec75796397",
              "ami-0d63bc3620aa946a3",
              "ami-016521525cc6d5381",
              "ami-035c96ba0741e970f",
              "ami-0bee0713668fa947b",
              "ami-0efd4a7bdc799cfa2",
              "ami-0e889bcca7e0f448b",
              "ami-0ce28f00e0461894a",
              "ami-0fcc1c9b30e567633",
              "ami-058bdfaa6230e418e",
              "ami-0d658a8d405a15c3d",
              "ami-0dc01a806657789df",
              "ami-0b6e4b7417b67bad1",
              "ami-09ea5e444a77b27e6",
              "ami-0e773f317830015e4",
              "ami-025f16fe02d0f5831",
              "ami-0b338a3839cf4035d",
              "ami-078d9e7da2f882049",
              "ami-0d661b7ebbe4d0064",
              "ami-0f6085da7734c82eb",
              "ami-06f44b2cdaec96e9b",
              "ami-04e78bdf4c090d0f3",
              "ami-059349955f6b10966",
              "ami-05451e2d45040ced1",
              "ami-0bffa0e75413ae200",
              "ami-083229ad5097a4d78",
              "ami-03501a84a330a593b",
              "ami-0ec07407ff2520c9a",
              "ami-0a81a6787a4619322",
              "ami-0e6c0e69031803fc1",
              "ami-04eb8d9498be6e0b1",
              "ami-0ea5e1fb6eb678d93",
              "ami-07dd012505de3c032",
              "ami-0d0e0df4280022c36",
              "ami-01ada84d008b87e6f",
              "ami-0fa0bf6e5fde20871",
              "ami-07d257983f5c19877",
              "ami-0c9c2fc5169a16290",
              "ami-0fdcaa41a2d806875",
              "ami-0078cac10e3519047",
              "ami-0df286aadb218ff7e",
              "ami-060326d41b06ed2c3",
              "ami-00ac44fc9dd15cc1d",
              "ami-05980193daf946095",
              "ami-06bb391112266ca82",
              "ami-0a057d06a2f64896f",
              "ami-09b80f0b33c1a10ae",
              "ami-0a489e2caabe5c4ca",
              "ami-09f2c32214d9154f0",
              "ami-0729f9de9a480fb5d",
              "ami-00994b8292500e3ed",
              "ami-0576e0283ad0318db",
              "ami-0462a30cc1b36ef66",
              "ami-0aa2c002a88b943e9",
              "ami-06910020482a44db6",
              "ami-005c96416e9aff982",
              "ami-0efe3d45d99447f0b",
              "ami-00b7eb991f75795fd",
              "ami-07f85456245f849d8",
              "ami-03901af71d9168dca",
              "ami-01af67159f7be8aea",
              "ami-0ee41ada19cc323df",
              "ami-07199e646d88d6bad",
              "ami-0042057f526e5d905",
              "ami-095de0c0caf578941",
              "ami-0f0dea3e6dc04b2c6",
              "ami-0d019ca1d09deb8b9",
              "ami-082681450d3d3602d",
              "ami-076d0767f6f2415d5",
              "ami-0360899d9a504dea2",
              "ami-028edb9d8ef305a0c",
              "ami-010e02933033eb744",
              "ami-0d499a39637d86303",
              "ami-0b79d0ed1ed267893",
              "ami-051f8fabfd5550446",
              "ami-0b4ffd2b83e5957c0",
              "ami-0d4641f7de9197c6a",
              "ami-012958c97ebebcb75",
              "ami-0ca5cd01dd086b7ef",
              "ami-07a08a047ead20b48",
              "ami-037b4e023332f6fd0",
              "ami-01c7d6f7e525d9880",
              "ami-03fd9af0ffeef28b0",
              "ami-0662fc751b236a33b",
              "ami-014537e217169123d",
              "ami-07915fd4baec9927a",
              "ami-0ef8c65438e8d88dc",
              "ami-0ebf6606dd636d7e8",
              "ami-0629225a02cc9b42d",
              "ami-011956fd0c423e344",
              "ami-0dc7ee67a663d40d5",
              "ami-056c660f2171d172f",
              "ami-0d53e96eb9f290d56",
              "ami-000cb2ead9149904e",
              "ami-0eabf085caa471c04",
              "ami-0264c6c7f353f2d82",
              "ami-0c86423231c625754",
              "ami-0b6ee00cbc108f187",
              "ami-08d03b14e4e396e7d",
              "ami-09cc47173f5011aa9",
              "ami-08b6135058c3cab61",
              "ami-00fb548880a980e1f",
              "ami-057955ba7a51b1ae0",
              "ami-0b7bbebe6227531ef",
              "ami-07c445b3ae7a176d0",
              "ami-0c2ee2a8674e8c68f",
              "ami-0b07f7ca7fc39057f",
              "ami-02d7d98a3693c058e",
              "ami-02ee231a300608710",
              "ami-00497409f7465c12f",
              "ami-0df3ebd35472fe8ad",
              "ami-0551af498bd8f07dd",
              "ami-073353cc1758c4a47",
              "ami-0c3daba17c6a19e0e",
              "ami-04d931b5e0f7e0e76",
              "ami-0ede3f88e63d93178",
              "ami-06e0bbd9c09695e49",
              "ami-0982e17adbccfbeb6",
              "ami-03e92788045874eb0",
              "ami-03e4596bdc1925c0a",
              "ami-0151d78bc4b48f794",
              "ami-09c61d04553f4322c",
              "ami-08865bdbca4f0eb22",
              "ami-0f075e60ae3dc8db2",
              "ami-098049dab0094aea8",
              "ami-073ab18faeabf3882",
              "ami-0e53a0839a2eaa456",
              "ami-0f86f869c46ba9a79",
              "ami-032dc1930c920c96e",
              "ami-044ecc746ba83b011",
              "ami-027b3aa3286b0732d",
              "ami-0bda288805ca44cdf",
              "ami-0759ee59ed8ff3682",
              "ami-0dbb4fbad9d1eb5bd",
              "ami-0b94dcb55fcf9b7f8",
              "ami-0cba47e2ce7adcef1",
              "ami-08b6b0aabf11ecbba",
              "ami-0aa7b6eb15c92e2af",
              "ami-0a73d887fb6ec0376",
              "ami-08804bb4dc4adeca7",
              "ami-0fd9a80f88fd874b0",
              "ami-04a0b9002fc9e3bb5",
              "ami-0b9951a65275a2595",
              "ami-0929ad9a8a1fb3fff",
              "ami-073a17bc019cdcd74",
              "ami-04f15d5824e5612fa",
              "ami-039fbba48806a7620",
              "ami-0e93439597b5a571c",
              "ami-04c1f6760f3ed85bd",
              "ami-096e6005eece1712a",
              "ami-0ce2f37592f89d6eb",
              "ami-01409d6505c8c2382",
              "ami-0c9506e62ef11961d",
              "ami-008e78ee41470bfb7",
              "ami-0387c32c9b3b13e88",
              "ami-0f333df1568e1a89d",
              "ami-0a17e01ed9d680abc",
              "ami-02120843fff8b66a4",
              "ami-0515ab0c5b535ebd7",
              "ami-0287d9679907e24a6",
              "ami-053f29d4dcd06aa6e",
              "ami-0443e88237458fecb",
              "ami-06f6b7aae95b95e68",
              "ami-06992a16b614f6b39",
              "ami-0d765140e0a43ff43",
              "ami-054ab3053f97de1e6",
              "ami-092bffd0c2aec1246",
              "ami-068a32b19f8e68886",
              "ami-018e1234ffa14ccb6",
              "ami-04da6e4b4b8b4fe1d",
              "ami-0bc5dd556052e42b3",
              "ami-0f951806a8c841eae",
              "ami-0efce1f6f90ffc0a4",
              "ami-00737a4629063ba3c",
              "ami-0802dc77fcbfde4c5",
              "ami-0cf82ee41edaa9258",
              "ami-06618017c93eef57f",
              "ami-076c6644dd7748f29",
              "ami-0cf4e0b25f5faa433",
              "ami-0cc5d87cf5a15f432",
              "ami-0a6f8cc7d5e619c5b",
              "ami-0177447a89a11397b",
              "ami-0e61e49334370e8a6",
              "ami-0d6b403c993cf7b9d",
              "ami-093e2c35088910c09",
              "ami-029d41e4b9ce8a7a6",
              "ami-0ad7517721758293d",
              "ami-08a60b8ff8aa8ab2d",
              "ami-078999012e51b0f85",
              "ami-0c1c3cdc43c31dbff",
              "ami-05b3ac1290e94e0dc",
              "ami-07dfced9890284e77",
              "ami-0f9efc3d77346bf7b",
              "ami-047379463bcb5d3ac",
              "ami-0ed7fd381afb4c33f",
              "ami-096f463742e27ac1e",
              "ami-01fe7bc49c95a1fca",
              "ami-0bb254ad291d932ab",
              "ami-0b1d308207f0cd890",
              "ami-06a7edd39f1867c21",
              "ami-0991763708f9df778",
              "ami-06bec460ce8ad7b33",
              "ami-03bc06ea52f4ef1db",
              "ami-0469ae636b5903e41",
              "ami-0a361b16b608a3d66",
              "ami-0ddacbbb148b954a6",
              "ami-0824539e072eea847",
              "ami-0f6a6d5b359b21762",
              "ami-0a681219de412b551",
              "ami-05ce9866beae9da57",
              "ami-05ee475374a217586",
              "ami-07b225697cf1543bc",
              "ami-0a9316e1db9da65b6",
              "ami-01f39c1b271936246",
              "ami-05cef121ad3f89371",
              "ami-0cdbb903c5b3fed69",
              "ami-062bbe8a904f1ea6e",
              "ami-0be2fe2d3559da193",
              "ami-01a3cbde50770f5db",
              "ami-06ebb7936bfa62864",
              "ami-0919d90224ac556a0",
              "ami-0d2ae0ae81e295535",
              "ami-0bc9b092dca46449a",
              "ami-00476423760131305",
              "ami-0306e0ddc116cc8a0",
              "ami-09046f802e6622d1a",
              "ami-0d73724d970457af5",
              "ami-070cd5c312a387092",
              "ami-04091b06bf73a10c9",
              "ami-08393708b89cd0c2f",
              "ami-04cbd96c8fc667c09",
              "ami-00f71c96f14a9b739",
              "ami-049a4cdaef990a198",
              "ami-0c43ee88cdb192e7f",
              "ami-0e6ecd9185d82146e",
              "ami-0dcadf09478364a14",
              "ami-0e5a3172f580eff45",
              "ami-0116a9959e91edf64",
              "ami-09e142134d271e911",
              "ami-0819922591b96ca52",
              "ami-05f9ff85500cc9bb3",
              "ami-0f104867fe81c904f",
              "ami-023e923f4f2e5c367",
              "ami-03d6dfd83ec594a5d",
              "ami-0f46079a705d7efb8",
              "ami-04bb62eba11a43165",
              "ami-09fe891ebd94e1766",
              "ami-0d7229c1a71e37e1a",
              "ami-081f6fa9eacc07fc5",
              "ami-0ae537f2852837353",
              "ami-051865d8eca051810",
              "ami-002843b0a9e09324a",
              "ami-01d87e25d3c65ec37",
              "ami-04f5355323cd83332",
              "ami-05f722928056c8357",
              "ami-0bd8fc7c9ef803975",
              "ami-070d1a55cd125c199",
              "ami-0eea1b45aaf6b2809",
              "ami-0372b2aaa4627a7c1",
              "ami-0e0a89f30450c409f",
              "ami-0d73a68754988b444",
              "ami-0e86036075f3daf3f",
              "ami-0dfac4573a13d6d4b",
              "ami-00ed0d7ea755890ae",
              "ami-0239efa30e93ba0d8",
              "ami-06ee6b58cfb6feb5e",
              "ami-0f5f1ffa9c4d52dad",
              "ami-02b4f0a3d0f39f4cb",
              "ami-07d35b62dc9ebfc6f",
              "ami-097726f687ba89479",
              "ami-0fdacfd76690bf9dc",
              "ami-05c75589515c6202a",
              "ami-023c4b1aa0a65e29f",
              "ami-020ca6032c04cfd45",
              "ami-03d2fd12e52237922",
              "ami-0e594891deb4d61fa",
              "ami-06019b0134152d148",
              "ami-0da4187c0607575fc",
              "ami-0e012a14eb16afa98",
              "ami-0f0845ab4606ff39b",
              "ami-04433634f34eedfa8",
              "ami-0832422e02f66b201",
              "ami-00dda201219f66af7",
              "ami-00ad4e069b7970d0d",
              "ami-07f820e662dc5d8fe",
              "ami-0e038de87400528a9",
              "ami-0f3e87344c4d962ff",
              "ami-05546d11888370813",
              "ami-02a4fd3e9c4355f59",
              "ami-0f4ae4169a1136985",
              "ami-0e7a169ded2bcd383",
              "ami-0dd2775516a2df60a",
              "ami-08a3314f47749699c",
              "ami-028e0b4d26ff64655",
              "ami-0abaad0ff82c12f5a",
              "ami-0c079c8c9e849f53c",
              "ami-0d080d7c0427f7b92",
              "ami-01dc33413e99cd6f0",
              "ami-0343b60b74b5d011d",
              "ami-03dcdc1904777b432",
              "ami-05fe90f21d0d7c0ce",
              "ami-0a5f3f35c53861fbd",
              "ami-07db2dc0cca4b4d65",
              "ami-0699659e7fcd35430",
              "ami-08ebca2ab97532a99",
              "ami-01db3bc717d02029a",
              "ami-0027de00239a1086b",
              "ami-0863bc26f2b9f1bd6",
              "ami-0c3a74f33ceb90dd2",
              "ami-08f1981cd6a7acf8c",
              "ami-0599347d6ab297fbe",
              "ami-0208c0c9960451430",
              "ami-09516b172021d4ec3",
              "ami-006116fd65f161aff",
              "ami-00bed4c5d18e5e0d4",
              "ami-0393bcee93e9333f3",
              "ami-088688b98ac8a56ab",
              "ami-08d7d2dcbaa219438",
              "ami-01dd7abc8ec507a3c",
              "ami-024e62487cae483ed",
              "ami-04b7a4bdc5261ac09",
              "ami-0ef41fd37b5c7bda8",
              "ami-026b9ec45a80a66fa",
              "ami-0ff3accf0a8537a46",
              "ami-08b2863f34abf50cb",
              "ami-0f441219903289a9d",
              "ami-0df7a207adb9748c7",
              "ami-0666798135ce10443",
              "ami-0a00969a6caf8d52b",
              "ami-0a0c8379086da9b45",
              "ami-0d8c61d938c54c22e",
              "ami-0d64cc061a3a4cbfd",
              "ami-0651f6b9157764753",
              "ami-06b32736ce55f7aa7",
              "ami-04801b692a2fbdc34",
              "ami-023a1ee1880d82e00",
              "ami-0860fa19736b8406a",
              "ami-05d124925f1abbc22",
              "ami-0ae0c01126391b1bd",
              "ami-055f71ac76a74a231",
              "ami-04f6d2166c0481dc0",
              "ami-0d7562a7e3018e458",
              "ami-0bb944b47d3d08a31",
              "ami-01631f5ac7ab4a08b",
              "ami-0b7d61b1b9c03ebb9",
              "ami-05348c6b6c744f31b",
              "ami-06e657d0e8773dd0c",
              "ami-01ea0638b82af3adf",
              "ami-049e993671a2c3d3b",
              "ami-02d528b96decca484",
              "ami-0c4a3022a0d0f292e",
              "ami-0644300fb216766f7",
              "ami-015afa19af92a771f",
              "ami-0d540e1555534fef6",
              "ami-0fc2479e3fc8c721c",
              "ami-07fc1a670741a52d8",
              "ami-085d432c5cbfc7d6a",
              "ami-01a9578c92bfdc7ad",
              "ami-02c4f3f8ce392d068",
              "ami-044202eec1e6d3c01",
              "ami-0933532a51a6a7bdb",
              "ami-070c818e57d919985",
              "ami-0f7fede2f39ef763d",
              "ami-0b2fd093dddb1b9bd",
              "ami-0791ab06abc53247c",
              "ami-002f98d5f47afcc61",
              "ami-010979fac497d9ca7",
              "ami-06025641254aeb480",
              "ami-01b4afa099aba22bc",
              "ami-043c363e8b7a1009a",
              "ami-064712daf862896bd",
              "ami-05a7c5c8564064dfa",
              "ami-09590f26cd37ff498",
              "ami-0b9d1026ef46a8b10",
              "ami-083d0e31a5244e17e",
              "ami-036240ecd27260f11",
              "ami-0062558a2159b722c",
              "ami-0222e1956fc75b843",
              "ami-0098ad321874fbd74",
              "ami-0269e31f9dac1e7f1",
              "ami-076349d974eb9a31f",
              "ami-0994f5877511af933",
              "ami-00b3342a8531f8f9b",
              "ami-0662ae9fd87a1e8c8",
              "ami-0d4243e4b2495d506",
              "ami-0aaf287db8081d02f",
              "ami-098b299985130f098",
              "ami-0e2ace29013fcbab3",
              "ami-0e8831fe4282ea62f",
              "ami-0fc28518b08619dbe",
              "ami-069d9238cd74959b4",
              "ami-0826a6cd8589f12cf",
              "ami-0db2c96d0c05624c1",
              "ami-0c4a16ce693cd56ef",
              "ami-09f9ada731e9de438",
              "ami-0c0ca2e780e21103c",
              "ami-0934325fd40464197",
              "ami-0a60977a89a15442f",
              "ami-08a3a1a1d48eb6015",
              "ami-0f0b19a45f8e478fd",
              "ami-0ca5663a4bb8e868f",
              "ami-0e1336e91e4fc4782",
              "ami-04bf08b80a133645c",
              "ami-0f8a7c0cbde43fb6d",
              "ami-0c8a892ebcca7fc7a",
              "ami-08b03f5524fd5e7b5",
              "ami-0c9411b357f255242",
              "ami-02dc9da7d40c24419",
              "ami-0e6ff9a7a615d9796",
              "ami-0c99e359ba9d9e956",
              "ami-0cf863348c1eed454",
              "ami-0eeb11faa01e05e21",
              "ami-0693020641cc748a6",
              "ami-02b5336416aa6eabe",
              "ami-09be9b127fc871b8c",
              "ami-0931db1d8105f84dd",
              "ami-051e0978e55d4ff16",
              "ami-01efbefc05f460ac1",
              "ami-047b2c62275bede24",
              "ami-0312f7b1e3b352c11",
              "ami-0ac8a7b2e02f6e6c0",
              "ami-05503cdcd00f28dd2",
              "ami-0dc15ba46b6850619",
              "ami-087eb1ed528191ffe",
              "ami-00363be472ef5c14f",
              "ami-07960c1346c40f189",
              "ami-0bf7cfb3ec5342914",
              "ami-021a33ffeb098e291",
              "ami-09b657bf9f01d7fcd",
              "ami-01fe0020ee503f003",
              "ami-0e16be3c4dcf642d4",
              "ami-0147954ef11629f84",
              "ami-0fd1342176e8ff4b4",
              "ami-0374f53fe93a5978f",
              "ami-0be7cf364814b359a",
              "ami-09c8e20a0d4639f7f",
              "ami-08b31ff3399e42b10",
              "ami-03d0ff2e11a1d3a67",
              "ami-0669bd0c92c72adbc",
              "ami-08ca15b20e9f875a3",
              "ami-07dd1b763a8446ae3",
              "ami-01ba983012e54a04e",
              "ami-03f4ba09f0adeeaac",
              "ami-0355c3f070645abcf",
              "ami-0dc7b3ee688803f27",
              "ami-0571483a3aa3ed5a8",
              "ami-0f949045890604ba6",
              "ami-04bfc0ea889aa074a",
              "ami-0343dcf87e0d013b4",
              "ami-087b06d2547a1321a",
              "ami-08abf2b10c32c2411",
              "ami-041a11c2c74867f2b",
              "ami-0e1523396fac5e4f3",
              "ami-074d2312d2ead86b2",
              "ami-012c8102afe22bcb8",
              "ami-06d4b9a75d8c3f6a0",
              "ami-061196d32e2ffca54",
              "ami-06c474d24773ff0dd",
              "ami-0dc8d0fb7c3c2d33d",
              "ami-06cd0b79ecc7645d7",
              "ami-0f206b5aa68bc2e55",
              "ami-01263a77c7aee27b5",
              "ami-09dd61f9f1897e2ea",
              "ami-012a6fcbb9c6ad525",
              "ami-0d353c2b878d941d0",
              "ami-0345a7fa73cdca47c",
              "ami-0390a9d237e3cabf5",
              "ami-0e039741d3973ac74",
              "ami-03e04708bf553eff4",
              "ami-09ffc99367f733cd3",
              "ami-0dd3e878148134ad7",
              "ami-0a7a3b7c425422b7a",
              "ami-00bcc25103a9bc03b",
              "ami-05d13632378964414",
              "ami-05fb525694dc9c20a",
              "ami-00c31e20f560f7ffa",
              "ami-0e5cc07c51a9e5f99",
              "ami-0373d46a6c0974643",
              "ami-0411800c9d8eb39c4",
              "ami-0900a8ae1f0b88315",
              "ami-08bffdc6eac0353ac",
              "ami-0920f416ce0c7a5a9",
              "ami-0bc2e7d054cec4c8f",
              "ami-0e4aa5c31cba95840",
              "ami-0aad7e372b8b85dbd",
              "ami-0d92981852042775b",
              "ami-0a5a016e9899b8b21",
              "ami-0ee6814dafe9c567e",
              "ami-0c465ac76826d1227",
              "ami-07ec555edc152846e",
              "ami-072048cdbe8190f14",
              "ami-064a3c5ecc1a7a192",
              "ami-0b27c581bd8df0f01",
              "ami-0ab764d61e784ce35",
              "ami-0f9c79a03ff014f39",
              "ami-0780f10244516fb04",
              "ami-0f248574b3937fd79",
              "ami-009cd7957051cf482",
              "ami-0617f22b844b67d37",
              "ami-053b80aa3a3f6125b",
              "ami-0108c612a3f9e8af2",
              "ami-0567b1904c436768a",
              "ami-0eea1d71521ae2fce",
              "ami-08d1ca6bc4ec24bed",
              "ami-075c001cfa0fb4ea2",
              "ami-0368182cb33d3195d",
              "ami-085db6f89fcb986d1",
              "ami-0ba932287c76300fc",
              "ami-09df5cbe376ba7054",
              "ami-086bcaed69827718f",
              "ami-00f2866cdb9c73029",
              "ami-0b003c3b118dbe3fe",
              "ami-043ae65b0b4a9b245",
              "ami-0d6c9b9d0f9d2bf28",
              "ami-02d89735011fb9412",
              "ami-00f2169fa77c2477e",
              "ami-00c59cf5afbc6417d",
              "ami-0684d3bbcce8b3132",
              "ami-09262ce8da1206dae",
              "ami-052daf2e968ba8782",
              "ami-04f3a2e33d0c93e21",
              "ami-079f881a29c65b9d0",
              "ami-03a652cf9816b1241",
              "ami-0edde851b0f48a4e7",
              "ami-0a9dd748cd11e1ea1",
              "ami-08f37ec7d359f8835",
              "ami-058e27f03bcd4b6b1",
              "ami-0de2d8d5e48d6872c",
              "ami-064b7f498257d32c9",
              "ami-087cd70c8d7825724",
              "ami-0b7633ac397d9509b",
              "ami-0a1efdd9dfa26072f",
              "ami-0767a371cfcd76dcb",
              "ami-05cbd472790e73c13",
              "ami-0694fc1c319a32276",
              "ami-028feb15c83c21281",
              "ami-021fcd2b7a848c78c",
              "ami-0095f1f5b24a65e47",
              "ami-07874ee4136275866",
              "ami-0537e20ebc5f1ad24",
              "ami-05ef8193714a60dbb",
              "ami-09ba3a4fbdbafd81c",
              "ami-0f60211968cf4abd8",
              "ami-0c63e721c04485912",
              "ami-01ed9763798a00634",
              "ami-081fda711e2655390",
              "ami-07a96894aeaf6b2dc",
              "ami-0d420d808bf86a386",
              "ami-09b2b0f9f7ab37461",
              "ami-01a4092874b612b13",
              "ami-08e83e501c6592397",
              "ami-09b6f6be0ac9e9a68",
              "ami-08e00e3183aa831f1",
              "ami-06db87c059025fff3",
              "ami-0d77229c84f2d3b90",
              "ami-095b55bd6d6b0ab72",
              "ami-0e453a3da13723b4f",
              "ami-023bf6160de42b105",
              "ami-0f7e00758c9335949",
              "ami-08a00685ea43273a3",
              "ami-073073189691d6dd4",
              "ami-0a6fec5ec8ff65b21",
              "ami-0c09822a6f910cdbf",
              "ami-008b68c6d12fad026",
              "ami-01c3733db573877ba",
              "ami-0355ffe5d62b38e68",
              "ami-03e77386204e2612d",
              "ami-0b98ea6a25ead261a",
              "ami-0619e5d05661ce54f",
              "ami-03ad4add8602210a8",
              "ami-01cd8d2a7025431ae",
              "ami-0cddf090ad7cbbaaf",
              "ami-0b1253e0a1770f503",
              "ami-0dbfdacb1649d463f",
              "ami-0cf4bf33faf09184c",
              "ami-0d5ff7e5678703312",
              "ami-02afddc6defb5fa9b",
              "ami-021d6fbbbff05a86f",
              "ami-083d17ab7151cb6b8",
              "ami-04c5109389d75e815",
              "ami-04cc90aeff9413474",
              "ami-0f8793a1e96aa591f",
              "ami-074c6eb0d1ebd59b8",
              "ami-05b642858a8961d96",
              "ami-0d1fbc64d04adc838",
              "ami-02e0ce4b6d6a2e13b",
              "ami-0b9aea35a7d21b1e1",
              "ami-06c059d9a1541ac02",
              "ami-0ed5ee69d2bd2a05a",
              "ami-0831509a98849e8e2",
              "ami-0b23b3c58f58fae91",
              "ami-045342bc00b1cba1f",
              "ami-0b66b9880c44d9e7e",
              "ami-0db86c829830f3c93",
              "ami-0c6f4efbd5e4cbb1c",
              "ami-06c7556574a3be907",
              "ami-08eaca5d3bc5228bc",
              "ami-0c6d9ed299922141d",
              "ami-0ae302322147cbcc0",
              "ami-0068cb0b5748db967",
              "ami-02df87bcb78a085a3",
              "ami-0f8e445434747fca1",
              "ami-0c63617af916beaa5",
              "ami-0edd3cdc9df4cad57",
              "ami-0894f429609e75f59",
              "ami-059e95e88239d3b1b",
              "ami-016406aa65060cbb6",
              "ami-0df7f21d22a3a33a2",
              "ami-00bdc61ab106cdb2f",
              "ami-0cb1e18a653bb1b60",
              "ami-099ad28f347294db3",
              "ami-0b69cebac5ff980ca",
              "ami-05b0e7f90bdc731ea",
              "ami-06df4b0727e26267f",
              "ami-0aa6b744d17259efc",
              "ami-017e36e5611c8dd92",
              "ami-0b08749246beb4350",
              "ami-0949cad3965398eb9",
              "ami-0b9773bcf1efcb492",
              "ami-05dc1f0100f91ab4d",
              "ami-0825518059a8fd662",
              "ami-0985d9e4898ba0aa5",
              "ami-0fc3d1c8993b7084e",
              "ami-019982b7eee438630",
              "ami-0b0c5c48a5537f951",
              "ami-0c6bf1d8c19b17b0c",
              "ami-064c3a94c4c4d3e69",
              "ami-0a07c77ce79c89af1",
              "ami-06c4d1bdf14d1cadb",
              "ami-0769c85b6f46f6a18",
              "ami-0f6501742ac08b8c4",
              "ami-0668be3a52519fdf8",
              "ami-04ca8db32a98685eb",
              "ami-0f8c6bd2094d8469f",
              "ami-03db5f139de2005d3",
              "ami-067a3008b35fd1a98",
              "ami-00a6c0246314b8833",
              "ami-01d470b1f4ded3459",
              "ami-010f6f307876dec1a",
              "ami-05bf37c2ace6f4b8f",
              "ami-05d02a1c7b8f721ac",
              "ami-02aa542b0dc196e28",
              "ami-0c1b3cd0ca259725e",
              "ami-08e81ec761832fe59",
              "ami-0b21fd269ab93f017",
              "ami-0f0c7125f56b786a7",
              "ami-02c845319500581d8",
              "ami-0029f98804aa94ea9",
              "ami-03ee28e02ee5736ee",
              "ami-0d6fc5cca6f95d9fc",
              "ami-023ebcdf863aa5c1a",
              "ami-02463a5e97005c6be",
              "ami-017b4f4064fcb6377",
              "ami-0753afaf04852cfe2",
              "ami-04eb5f4a451b86dca",
              "ami-08f7af70a7b57fca7",
              "ami-0e5d6a5b049ccc40c",
              "ami-03a9f7fda2ba9e76c",
              "ami-080c9f33d56a75ead",
              "ami-082c31505f0f45996",
              "ami-0de1ea2d5f9561b21",
              "ami-05e8e0eacde01f266",
              "ami-03b3172263b14ff92",
              "ami-0b1e6fdb4c91b62a6",
              "ami-06a2b300ca597b989",
              "ami-0bf6eb53dcb13c005",
              "ami-00c9ba700003ffd0b",
              "ami-0c88020b6a40202ab",
              "ami-03698062bd5e520bd",
              "ami-00d425e411a2658d3",
              "ami-006f6471b5a8978e9",
              "ami-0d9cd212f8de9344d",
              "ami-0b86feb9dbb97249a",
              "ami-0b196664f8d0ff2cc",
              "ami-00fc6d7ffc861d2e3",
              "ami-03a6d13236829e2b6",
              "ami-0351f4567d4e86de1",
              "ami-0a8297b6e17f01d8f",
              "ami-0ef7abbdcb7a912a5",
              "ami-0a22c26193cea3a03",
              "ami-0d7b55545f514d7c5",
              "ami-04aef3b837bea30e8",
              "ami-048cdacc3c29f47d6",
              "ami-0b3b2667cbae98094",
              "ami-0ecaa6aae7dd056ce",
              "ami-070d6ef65fadf433d",
              "ami-0f2b885a67582fe32",
              "ami-044f883a287697e03",
              "ami-0465dff2dc0c62ac2",
              "ami-0955055483eedf757",
              "ami-0f8a4a1141d2754a4",
              "ami-0edfaac3ee63b395d",
              "ami-0f9f266fe960229b8",
              "ami-09ab7a16bfca70aa5",
              "ami-06d5395ed3a313baf",
              "ami-072a3f29dc8bc4309",
              "ami-0cb02f451109d5867",
              "ami-01cc48552437758a2",
              "ami-0a49719b88a55e644",
              "ami-024c773e35c664611",
              "ami-0cbd109c0c22908a7",
              "ami-01ede28718c982b44",
              "ami-0985e48df44c8350a",
              "ami-06b1ff66fb0a4f450",
              "ami-05c5ab6191a724e3b",
              "ami-072062a26724c015c",
              "ami-086eff41874b916ea",
              "ami-0b1425ff9eca16f92",
              "ami-04380862ab32a0025",
              "ami-0b06d088df97fc84a",
              "ami-0bb10d1b0d39844d3",
              "ami-091da81113aa38c9a",
              "ami-006fa1454224baaf7",
              "ami-0ded474eea2e628ab",
              "ami-032478f16184be77c",
              "ami-0d6ba8b3301f68185",
              "ami-024552dff388f888e",
              "ami-08f63fa7b9ade16e5",
              "ami-0db8ad436863f2a37",
              "ami-08501732da92a6010",
              "ami-04208c3cc7221fc85",
              "ami-0390c788560322f53",
              "ami-03b97d5afddd3299e",
              "ami-020ea9d3cb8f25e31",
              "ami-014dd136f344eaf48",
              "ami-033f2a96fd4bc65ca",
              "ami-026bc253934fe755c",
              "ami-02f75c002eef446bb",
              "ami-014b131469a90fa97",
              "ami-036c2361fb8c7bb63",
              "ami-04e0760986acb984c",
              "ami-02039c79d58ffa432",
              "ami-007ca0a249aaa9f57",
              "ami-0b499695f9debbaf5",
              "ami-0bf5aedb52796bf45",
              "ami-0495ab7b001569a51",
              "ami-04f895320fed5ac50",
              "ami-054c486632a4875d3",
              "ami-069d6f65d3edcb31f",
              "ami-0ba98499caf94125a",
              "ami-0a15df29cb5f442b2",
              "ami-0ce89069f7e44e576",
              "ami-0a6a1f0629529c195",
              "ami-05261dc86b218a172",
              "ami-011bf4fb6ea8084ef",
              "ami-000aa104bc3dcb590",
              "ami-0770eb50af59cdda0",
              "ami-02641266ab5d64ecf",
              "ami-01db8a0afc864ca0b",
              "ami-0137390f57a92f66e",
              "ami-004be38b70fc6688d",
              "ami-016524370ae37a85a",
              "ami-0945b21cd7d7f21bc",
              "ami-014afdb749dcce4e6",
              "ami-031003da1bca818b6",
              "ami-07f2c044c09e94279",
              "ami-06590f2c69395a8e1",
              "ami-0ca861d4d9c4b1115",
              "ami-0a1409bf94faa559f",
              "ami-02e3f4912ce7ff49e",
              "ami-0333802ef3a5ccd2e",
              "ami-05d69b19f160e142c",
              "ami-09a484c9d89797259",
              "ami-0983638b03e6e85da",
              "ami-0c232c5ec1697dc24",
              "ami-096553d0196fcd215",
              "ami-0219132b9d5caae05",
              "ami-008b2292c6ca4cbc9",
              "ami-09f66a4277948a0f2",
              "ami-082b4dfdf7104b46b",
              "ami-0ed2b5453ce355f03",
              "ami-0b6729727a16e2ab0",
              "ami-07a886586bdc1cf3a",
              "ami-0c441b4e6c00cb35c",
              "ami-0d03ba31b3efcfd00",
              "ami-0280429b06fc38cc5",
              "ami-0885cce591d2b2731",
              "ami-038e35eec08086336",
              "ami-05d4e2ec097adebda",
              "ami-0a361a2b4fb78aa13",
              "ami-04d8af66a618fee79",
              "ami-05f15740d8683d53e",
              "ami-04c7346ba987a4dbc",
              "ami-08c0f4544960db1ad",
              "ami-0494f1418a4415079",
              "ami-0faa929530e62e3df",
              "ami-07f2196e4e4530577",
              "ami-02acda7aaa1f944e5",
              "ami-0c5a7cb8cff98a572",
              "ami-055b6f612df486d8f",
              "ami-07e3f57bff6d64b49",
              "ami-08e0f17cc3b6cfb19",
              "ami-001d7d50aec83c55a",
              "ami-0fe579e50ce2346d6",
              "ami-0593470cbf82e6431",
              "ami-01941f7dd972309d4",
              "ami-08cc2cdb260a79354",
              "ami-0484bb9b471b4c66c",
              "ami-00edeffe19d7c9a20",
              "ami-03ae94a98ee9edf8b",
              "ami-06f292bae8ede7157",
              "ami-0c9ec6f334199524b",
              "ami-0fcd888034979ab98",
              "ami-0853d6c49ea8d3033",
              "ami-0ad955f11ef16a0b1",
              "ami-00def9d5d68359454",
              "ami-0a2b0974a5453e13d",
              "ami-0318e01d075cf29d1",
              "ami-08c79708896bdabc3",
              "ami-0677ed570923f055d",
              "ami-0f55d759a8f003a32",
              "ami-0b55d05cc0226947c",
              "ami-0b182619bf0028fd6",
              "ami-02e12cfccddb77344",
              "ami-0a8504374d8a9e808",
              "ami-0cdffe1a82267861d",
              "ami-03fa39f0e92266484",
              "ami-0e63160f1a0fdac4c",
              "ami-0a799eaf9a0d94c16",
              "ami-07f8d292cce86c548",
              "ami-044236929dd359d8f",
              "ami-0f6bf3fee8902ec35",
              "ami-0331f505064286356",
              "ami-014c7963cbaf0efdc",
              "ami-0ef29eb9602d3e0e7",
              "ami-0e2fff682d1662e11",
              "ami-0a644caf4569d01b3",
              "ami-09134259f71a31960",
              "ami-0421a42914a257c5b",
              "ami-0acad39c9e563e59f",
              "ami-02479107c62f969f1",
              "ami-0c49ca6422f0d4f8e",
              "ami-09fe34b86922194ef",
              "ami-0b48d17ce0c50709a",
              "ami-0d8774060046e939d",
              "ami-0ff735cc3cbfe62bd",
              "ami-03522ef0d95315fdd",
              "ami-0fb8ceed9822c5b5c",
              "ami-0348e58d38e262fda",
              "ami-0c482803968c7838e",
              "ami-0174c0ba56f047671",
              "ami-00e5d1a1fc1d40fd3",
              "ami-073c0259ac56add81",
              "ami-07abdf1072b05e3d4",
              "ami-09c7e2b54a9b5e7af",
              "ami-0a5f24943feb8e1b4",
              "ami-0686fda98e24470b0",
              "ami-048683db034ddceff",
              "ami-00482c18bf21a2fed",
              "ami-0a78f975bc3887b45",
              "ami-0cfead2cd82ffc750",
              "ami-0279b15ad945277ba",
              "ami-07faf8ad00c062b49",
              "ami-0e0939f5aecd265f6",
              "ami-09b1656ac2d6e82f7",
              "ami-0739da97e657a75bf",
              "ami-0d409a5da9d7b99d0",
              "ami-00c05d1e3369ca635",
              "ami-0baafabcf86f95f71",
              "ami-0a1ffc8042d352978",
              "ami-098f47f58bcfdff62",
              "ami-07c6bb68268967276",
              "ami-0fe2d856c8ba86014",
              "ami-00d0a119d9031e257",
              "ami-00dd7542d8b28a4c6",
              "ami-047bbe0d1ee0045be",
              "ami-0f2c7e48ba067a5f1",
              "ami-07d7ce934bd96ee3f",
              "ami-0880081f8ba4258a0",
              "ami-03ec36904c5d2a218",
              "ami-0491123bc3aaefde7",
              "ami-0a76bffe4f40d9cf8",
              "ami-0744eca7e07701de3",
              "ami-06a375bad3c2d912b",
              "ami-0e0e21568af255b48",
              "ami-004cd98dfae353cd7",
              "ami-0b7465e393f1647bd",
              "ami-05b7d2552dae7c7ad",
              "ami-00985c7a9ff5ba93b",
              "ami-0cc1e387abd475f33",
              "ami-051a8ca453e9e7a3b",
              "ami-06980207f16292155",
              "ami-0277091faf45aa677",
              "ami-09c5a88066dffebde",
              "ami-0a7d7500e84fe70fc",
              "ami-062de3a12b51f8b44",
              "ami-0bf4c927204dbdc08",
              "ami-0ab12be149d7a849f",
              "ami-07da46a2fb6da67e4",
              "ami-02b1313f198102cdd",
              "ami-0d061c529d17ed1d3",
              "ami-0f0b1b31d22a04543",
              "ami-082966ad6f6868953",
              "ami-0d30bc12f2c4c9b74",
              "ami-0a9d49ce246075d62",
              "ami-07720636229a28d4c",
              "ami-0cd27badeaaa8fd22",
              "ami-0c0d9f93d08e77d9d",
              "ami-02cfbe53079d6813e",
              "ami-08593658da8ab0cbf",
              "ami-0b4453d39eabf64cf",
              "ami-0c5d2d8684e14d6ee",
              "ami-0fd89e745ae130c20",
              "ami-05642b2d6a3f771e8",
              "ami-0878a7436d2517a3e",
              "ami-08b5dd86e4ce83a70",
              "ami-08e49ba1f562f26c7",
              "ami-00b05928dcf1a2fcb",
              "ami-0382848abc8de765d",
              "ami-0a097311363b535f1",
              "ami-0d02993853618ae4d",
              "ami-0efe744f1ae98cab5",
              "ami-02ec6cebe964c1b54",
              "ami-0f91cd153bff24880",
              "ami-047c7811419543a35",
              "ami-09b79fb7ea92e894f",
              "ami-0430bc33eaeb40c7d",
              "ami-0059dc187fad3c195",
              "ami-0226e6840e6da2be2",
              "ami-01b00b1c43340bb06",
              "ami-0b43b54d7111ca195",
              "ami-088aef754dece05d2",
              "ami-08d6aa4beff4e8877",
              "ami-07033c3a4ffdd9933",
              "ami-063f8e9ec37c00e4a",
              "ami-0d00739e05735a595",
              "ami-03a68e2028cf7f6b9",
              "ami-0a57582354853bf67",
              "ami-0a28c6aae87a1c28c",
              "ami-07183276901743556",
              "ami-0b60db0c87ce7ef22",
              "ami-050464ddfd4be78d8",
              "ami-0221793de90ff9252",
              "ami-073817eef3a1d8c64",
              "ami-0f8b92da3d39f7152",
              "ami-096ad4532ce0e7b1b",
              "ami-067ae3cc7bcc9f857",
              "ami-019e14a29af39379c",
              "ami-0a99bb8a28607bc6a",
              "ami-0a0557efde624d22b",
              "ami-04b26e5160aefda4a",
              "ami-031fdce4b34868f64",
              "ami-05a3b2b971bebc657",
              "ami-057ad5ffbc8a2c76e",
              "ami-002de4953878b4e89",
              "ami-06385bf03b39ec0ee",
              "ami-00ba1d82c9c6f519d",
              "ami-0c3c1f5bf79d9c98c",
              "ami-070ac13d1580b7d8f",
              "ami-0080775351cebf457",
              "ami-08e2196c447ac18e7",
              "ami-014e9d49e7e5fd98a",
              "ami-0ada5287fad824b51",
              "ami-0974b645b8788635f",
              "ami-06ffd4fe5cd6a8a12",
              "ami-02a6e6996fee6312d",
              "ami-0a57bfb536636a690",
              "ami-0aec2061da92b6061",
              "ami-03391f250ca8f168d",
              "ami-0f3b8f7fd9e7803a9",
              "ami-0d1c8db6505702893",
              "ami-0f9bb44ac1a0ca43c",
              "ami-06557dee0ccbea677",
              "ami-081241d16c0a34e97",
              "ami-0fc4ea76d789af3f6",
              "ami-0d195b14cf52f3d21",
              "ami-0ffa9c88a1ac8c21c",
              "ami-0cb70417cc2e54461",
              "ami-03087bdea12fcd066",
              "ami-060af2e94ecbab7b1",
              "ami-06525ee921869cbb6",
              "ami-03e25f32cbb07aaac",
              "ami-065c33e4a302015a0",
              "ami-0b40451f0ace27ee4",
              "ami-0ff14d50416c6239c",
              "ami-0d667598c32e257ea",
              "ami-007674ee790575fd0",
              "ami-0126ce6cad4a69792",
              "ami-01499600608a92f84",
              "ami-0cbb653fa7f335996",
              "ami-0ae8536f91fa66c51",
              "ami-035e666a8f4bb8319",
              "ami-085b85377df260c30",
              "ami-07bdf93a2878c3158",
              "ami-03f9331de55cdbc01",
              "ami-0c0a8e53f2885cec8",
              "ami-0f4527c10328f1af3",
              "ami-04669fa85fe8a9291",
              "ami-06e680e5d581ee7e5",
              "ami-084c3f1cff2556081",
              "ami-08ea49fb2c8a48da9",
              "ami-0c5f9008b194ad16f",
              "ami-0600df62ad20ad33c",
              "ami-0ee4125b96d89aa0d",
              "ami-0a9406b825474f337",
              "ami-0c47b3a6a9ef04082",
              "ami-01f664adbeccd94b4",
              "ami-029b3c9a11820a2f5",
              "ami-03d34722e238bde84",
              "ami-0f4e65ccd4d09e799",
              "ami-0b08a9294de1388ed",
              "ami-025807db61bd6be16",
              "ami-0acee57b1b284ceb3",
              "ami-0c712982b45af30ed",
              "ami-02a788e952af2ad5b",
              "ami-0a2a7e1e145cd7292",
              "ami-0a74ef8b439d73794",
              "ami-09c904c9fd44c3339",
              "ami-0ae2284686bf137ab",
              "ami-088189a3a4b324fb0",
              "ami-0ce6e0dc9b77e3af1",
              "ami-0f99aa4668eda0c3d",
              "ami-0fd4210079c8f8976",
              "ami-07f3401d5fbe0fe1a",
              "ami-07c3350fe22a69c30",
              "ami-0b24f97035f379a8a",
              "ami-032ba18372163010b",
              "ami-00d140b30932e1dce",
              "ami-047ce7b74111ec911",
              "ami-0553a5b00ac9a9a9b",
              "ami-0f60b6f107eabe042",
              "ami-03e4af012603610fe",
              "ami-0fc3f6232145e759b",
              "ami-078b1b6387dbf0b69",
              "ami-012d84bedcdce8613",
              "ami-0cb6bdd14cdd5a38c",
              "ami-0dd825d73418b984b",
              "ami-0833a6894a9f9703e",
              "ami-0db9e54146f541dc1",
              "ami-0a6cebd40f4173a4d",
              "ami-0cd083eb29f6abe5a",
              "ami-0020164595c178c14",
              "ami-07865a2979c8d53ae",
              "ami-06c6fbacd1ed86eff",
              "ami-0d1ca11999b1e42ba",
              "ami-097885644ead6304e",
              "ami-0e2128172065feab8",
              "ami-09d2e409e726a06c8",
              "ami-02871b1928bfcfc14",
              "ami-0c3d6c941929f0861",
              "ami-0d3d55442e5e1b08b",
              "ami-0f70f1858af9b2cd6",
              "ami-0afa59c9d1bccbb71",
              "ami-03ba1e611c33dd790",
              "ami-0f5d8638507e99986",
              "ami-02f539b19cf465552",
              "ami-00717ff72d49b0e16",
              "ami-04ac6aca5bd4003c5",
              "ami-0792f61cb72a05237",
              "ami-076c1f9b345e5fb5b",
              "ami-061176cfbb7257e43",
              "ami-0eb11f016d7d9e413",
              "ami-0068d92d7b81aab1f",
              "ami-071ba40c9827bcd68",
              "ami-00785d3938ac5fb39",
              "ami-013c46c35694facfa",
              "ami-0d76c042fd84d6cf5",
              "ami-07c01b469230a0fc0",
              "ami-0f230e7ef1a0b2702",
              "ami-0fb80a15c9c622e6d",
              "ami-0d9249c43c8c86cc5",
              "ami-02429d33a79b5bd2c",
              "ami-0e12b5ddfd4243fa3",
              "ami-0040e3c0691d50877",
              "ami-0949acf4565bce086",
              "ami-086fe11ba41c16f52",
              "ami-0a96cd57ca100d341",
              "ami-0c1c1dc0d35dac992",
              "ami-091e105349259527f",
              "ami-04e192288159dd177",
              "ami-078bb869d4b1e0fa0",
              "ami-0b191ba00dc87e478",
              "ami-0dc6ea470b86f637b",
              "ami-0abd55022b0c6b0bd",
              "ami-0b3a4110c36b9a5f0",
              "ami-0ac7d95a74c280aaf",
              "ami-01bf78671b0f59162",
              "ami-04008951c9ded5b67",
              "ami-01e92cbf9e963a723",
              "ami-008dbc1b88e20b9da",
              "ami-0bf6e2845617413f9",
              "ami-0a9112a9786fcfbf8",
              "ami-036ddf6b71c7e6b70",
              "ami-06ecb516e9d61343d",
              "ami-0dd8e442779089b08",
              "ami-05f696cd5cc79ef98",
              "ami-075f72b6d1c166cf2",
              "ami-015707cde6091435a",
              "ami-0844711570d0083d7",
              "ami-0be39155ade49c15f",
              "ami-000dd509ee178691f",
              "ami-012d9c8afaf3cfa50",
              "ami-0ec1255c2a77928f5",
              "ami-0d0549b906af3e59f",
              "ami-0de8c00db6522ddb0",
              "ami-0d8c12ec6c1db59a1",
              "ami-06537558f591a4449",
              "ami-09fb3c5114bd5f453",
              "ami-053ef7874575bd3e3",
              "ami-0867f2f0e7e53730c",
              "ami-0296b854a099384e9",
              "ami-09fe0f90c5c41129b",
              "ami-01374db812e837653",
              "ami-02719af9c653d8ac0",
              "ami-09f12d9747c91f9ea",
              "ami-070b7ab60de328422",
              "ami-0e8e1b0a5c7c09df6",
              "ami-0bcdc009f7b3c6068",
              "ami-09c5e2b7fc5e4fadf",
              "ami-0be0aabefaaed1981",
              "ami-0c624ba6742ce0c99",
              "ami-0cb22e1660d49edc8",
              "ami-02ca4c7c2b55de5b2",
              "ami-00ad9aa990d5187e4",
              "ami-01464055ae634c1d2",
              "ami-08d541f606dda8cf0",
              "ami-0990ee4b3300c2052",
              "ami-048da9e0e3b15cc73",
              "ami-0a5f918d3730e8b8b",
              "ami-09682748fcda9175e",
              "ami-0edb3087f21a4e49a",
              "ami-0ac363896dc78eb5b",
              "ami-043a8a6b2352b27c8",
              "ami-03e5271729f05dfa9",
              "ami-08ed939fa3f882fde",
              "ami-0f4d8a6ee8ec6f9cb",
              "ami-015f14d0d7d7b5aec",
              "ami-02764f8537b333f8a",
              "ami-03f7da46d131c101b",
              "ami-0f31481c6ce9025b9",
              "ami-0a7720a97631ef266",
              "ami-06f3be2c7fc0d8b41",
              "ami-0e0fc082448d87aeb",
              "ami-003047f1d9b1ff84f",
              "ami-0fe71cd4a2a195f56",
              "ami-03287823b2dfd5c5d",
              "ami-0347a75e2672b6483",
              "ami-03f0a246d83f5c0c4",
              "ami-0bb04258e8cb20fe6",
              "ami-006db1ad487b65622",
              "ami-0f947c3757192dfc6",
              "ami-02d595aa2de90cb36",
              "ami-0d9979f3d186d5ac7",
              "ami-0ac2beb8236de25c5",
              "ami-019065f792fda4e10",
              "ami-055641d2887ad3388",
              "ami-055ac18485fae97e0",
              "ami-03050ce00d377f408",
              "ami-02100cf35289a51d3",
              "ami-0cb59aa5f7aa27e71",
              "ami-052de9e6b947f2d50",
              "ami-0101ca8bb7a466214",
              "ami-073d60631969a5664",
              "ami-066360bf204ea1ed5",
              "ami-055c97224b013182c",
              "ami-06721785a9e6d6619",
              "ami-04c9a8acaf6e8649a",
              "ami-01cb9020e77c817e6",
              "ami-0bec35ddce77be1ef",
              "ami-041bcc559a1773c98",
              "ami-0ce78d180326bb8ad",
              "ami-0f1d614612b54501a",
              "ami-00b5ab8de8c29a63a",
              "ami-00c49a956ac235be0",
              "ami-0f679f6a706c8f58a",
              "ami-0c722ef763cc89ae3",
              "ami-0b20ed974b71bed7f",
              "ami-0d28df463f6140545",
              "ami-0a7def104888eff2f",
              "ami-05b3ba4caee6c99eb",
              "ami-0c458a689e522e1fc",
              "ami-065ca41771ca65f43",
              "ami-04b857be719c8c631",
              "ami-00b743e31facfb478",
              "ami-0545e54c835294cc5",
              "ami-0629d8c56e887dc70",
              "ami-0171616e4a74f7154",
              "ami-0c4f296591c737740",
              "ami-0ea53819ed5a8058a",
              "ami-0f091acea612bc720",
              "ami-010b5624d9da3a1d8",
              "ami-05490204b08e58b25",
              "ami-0cbc75cfb206c862e",
              "ami-0f9dacf43f69843a5",
              "ami-075828b669bf3cf64",
              "ami-0669aae4f6e459694",
              "ami-0c41c0ed6c2356610",
              "ami-0a70e981bd9e5bcac",
              "ami-06ca18c62aeb8de7a",
              "ami-0d3cf22fc700b6329",
              "ami-06aff579243a072d3",
              "ami-05f336db0e4606b6e",
              "ami-05e8a40e6eb486914",
              "ami-0468ec9ad3d9d2b22",
              "ami-0140970b64f0d5eb8",
              "ami-0a38df4703d35826d",
              "ami-09bfcd730053b0cfb",
              "ami-0dee0fe01956ebc97",
              "ami-05cbe3b615b7bd833",
              "ami-044fdbf21cf0d5249",
              "ami-066b7c871a1bc451b",
              "ami-036dd25bfe5738ce9",
              "ami-046aa31c2361a5363",
              "ami-0149e8565252d41e1",
              "ami-0681a13a8c1625465",
              "ami-0333aab5705a83296",
              "ami-0ed041f8c221ab9bd",
              "ami-007fd5db5ee9c407f",
              "ami-027fcd8fbb3606fbe",
              "ami-084f293529db15174",
              "ami-00ffe2794a9904fa7",
              "ami-0dd09fcb85f1ac8d1",
              "ami-06c837abfdfdc31dd",
              "ami-0ef7f112206daa0d4",
              "ami-03770b815fa7cc20e",
              "ami-0abc51adb1fe8be4c",
              "ami-0f45f7bda28638bbd",
              "ami-0616f1e8b38910565",
              "ami-08af97a2d8d685615",
              "ami-0412dce7ffe5ce2fd",
              "ami-0a2b4655ed2b5d85b",
              "ami-0a0c8f425c11af19d",
              "ami-0d86cfe49c781da80",
              "ami-0a6b98f474058ef6b",
              "ami-0c7f0be3276d22960",
              "ami-0344eb78b65da031a",
              "ami-084acda7a5f25411a",
              "ami-0a464f3133dedecd5",
              "ami-0f2f5510e881cae6d",
              "ami-0a493476c8b254f12",
              "ami-067f1a94ad7744d9c",
              "ami-094320e0cb076afc3",
              "ami-0e5dc7a5db2a4dcaa",
              "ami-0e2f33fbac84286bc",
              "ami-052af4739f28518e9",
              "ami-0a52676aec04c985b",
              "ami-0952eafef7788741a",
              "ami-01e923b28c8e77436",
              "ami-051043f171a7e9c85",
              "ami-0b03415fb4dac6489",
              "ami-089de039d75bea951",
              "ami-08467ad70e0f2173d",
              "ami-091708b0547aef03d",
              "ami-08f80cd83bfe4baa4",
              "ami-0c6af7438b13ac66c",
              "ami-0345de49b5d1a34fa",
              "ami-0e0e3c857721f05bf",
              "ami-03691cd6611c671e1",
              "ami-01f61875796a302f9",
              "ami-0fa0b21ee1017dae9",
              "ami-050a404670337d4d7",
              "ami-099870c6c5c36583e",
              "ami-00647cc55e6c48fa9",
              "ami-09dc8aea979fa0885",
              "ami-008cdf6b86337308d",
              "ami-014789fb33dd55713",
              "ami-07443e7335fad92d6",
              "ami-0a33e9f8ccee13539",
              "ami-0ba831613b742dece",
              "ami-0c9a4213440b27e39",
              "ami-0febc189a3356ef71",
              "ami-0b0f2bb7b1f1c45f4",
              "ami-0e42dd25f00f0ebb9",
              "ami-00196ba0571d18260",
              "ami-0217206cbacc86f0e",
              "ami-0e98ef3f4aad893b0",
              "ami-062e96f9cd6e5d113",
              "ami-06b6133356f24065c",
              "ami-00d9f281f97c63a00",
              "ami-0d84b4e1ef1337d17",
              "ami-03be591589cb023c0",
              "ami-016ca09d6a5887260",
              "ami-05d52d1480b5b60ba",
              "ami-0ee86ad7065d3ce45",
              "ami-05956e82ca0705739",
              "ami-063e1495af50e6fd5",
              "ami-06a711ac963b57df0",
              "ami-081912e6c472c7829",
              "ami-0b3585f7e59098316",
              "ami-0a4bf7f5342ca0ba1",
              "ami-009f8412b04e377eb",
              "ami-060915d4294e59667",
              "ami-04703a1508f1b2a2d",
              "ami-0064c3feea4e97df2",
              "ami-0ff20da098c3e82d4",
              "ami-01afb697f0ce32fe7",
              "ami-0cb584e55a13ce400",
              "ami-074d5dc8ec838f1f3",
              "ami-02e3c904f2cc6930b",
              "ami-094c51f84e6a84dbe",
              "ami-055af7f84f65a4ce8",
              "ami-0c6609bb25326b8db",
              "ami-05fd094b446821010",
              "ami-02c06ce5137b4888d",
              "ami-0812a7008b349733b",
              "ami-0232c7b85bd5cc091",
              "ami-04ec5516ff34bc9ad",
              "ami-03aa357e70827ff5b",
              "ami-0e040d51682f9a47f",
              "ami-097f98d53487654ea",
              "ami-0da5e330e9971b89e",
              "ami-02fdf78b72a83fe5d",
              "ami-0e9a6aefe09cb958e",
              "ami-062b39472bbfc4b02",
              "ami-070ddd2ac32831567",
              "ami-0480b14c01d3872a4",
              "ami-0b3adb219d2052285",
              "ami-09beff46c220538d8",
              "ami-06f257f147586111c",
              "ami-07e95b7f279b42ad0",
              "ami-0842c0e5f8c4892e2",
              "ami-0fade888f5f983384",
              "ami-026b53739a00467ac",
              "ami-0ce23cbcc76d66aaa",
              "ami-060ad3994408f61cb",
              "ami-0ed410e030cc642ee",
              "ami-05955776db5f2f840",
              "ami-015a1b6cc11d63077",
              "ami-00ad30af91955f823",
              "ami-09393c46bf411c8ea",
              "ami-0658045015db398b6",
              "ami-0cb636837b2167e1d",
              "ami-05ab26c7c5e3ee40d",
              "ami-04f0675fbc62b5f03",
              "ami-0fd2119494151a170",
              "ami-09220bc6585571378",
              "ami-0075ed7e19daca88f",
              "ami-06f2ac34b4c0bfca8",
              "ami-051236241a7aa056a",
              "ami-0f52b009993b28c80",
              "ami-0bdd74518e1b3f3cf",
              "ami-0caafb07018bbe4aa",
              "ami-0657dffe01147627f",
              "ami-0fd65202a1d832f40",
              "ami-0a825a7b7a9e118b0",
              "ami-0dec29e837b09208f",
              "ami-02129aa3a407a6c6f",
              "ami-06ac65cac4ecba844",
              "ami-02bbb1e7a532f8c33",
              "ami-0c1c1c479cff1b725",
              "ami-05263fe12234abe45",
              "ami-06fc4edb1fffdf7be",
              "ami-0c01b5ca82a1224aa",
              "ami-082b1e471cd3b6065",
              "ami-0a4b5caec9d00d8e5",
              "ami-0ed6d3b250cb8f119",
              "ami-0ad72915178e783c4",
              "ami-0b39d3a1a07fcc961",
              "ami-068f95bac265f9a7a",
              "ami-0b5f31e1106198829",
              "ami-0954dacd453c612b1",
              "ami-0c6b20230da5a9dd9",
              "ami-01ed0b9aee83bc03c",
              "ami-0823d8eeb02fae262",
              "ami-0e5a63950c9150b29",
              "ami-0e6054a67f79906bd",
              "ami-003c5be57e3370321",
              "ami-0260f1a3fd064eef1",
              "ami-0c1412628d335e408",
              "ami-0e70bc06aefccb56f",
              "ami-02b2e78e9b867ffec",
              "ami-031733dbf7f3b3bff",
              "ami-030c0821c8e110b63",
              "ami-0fa35f2ec602fa168",
              "ami-04c0727dc790ecdb7",
              "ami-03cd4c3be4bc5ed82",
              "ami-028b9ec3c47a815a5",
              "ami-0f58dda9853211834",
              "ami-0d64fe8ab57f2eaea",
              "ami-03f313a903304d6c4",
              "ami-056b35f582f6afbe7",
              "ami-0a74383d8798c0f1a",
              "ami-0d2e845907bebe90d",
              "ami-0c20762dfd76e3a9e",
              "ami-037e1d3fb1cf13468",
              "ami-00fb9e20af3064a30",
              "ami-046cb8c91bb8c72d6",
              "ami-0de91b0ff986962a4",
              "ami-063fcad1eba1112d1",
              "ami-0d7c992e291af8fee",
              "ami-0a5a4617deee9eaf7",
              "ami-0c65835e124344f0a",
              "ami-04a9470b17348a972",
              "ami-099fce0a70aea9b88",
              "ami-08a983a7302240695",
              "ami-08f91dafb62754e85",
              "ami-0ea0e22d8ef1c121d",
              "ami-056ef3d2a57f0af89",
              "ami-05cfe3012f8e6771a",
              "ami-0a4ef94142f0c20bc",
              "ami-0e2e678bd2314b7c1",
              "ami-060f79177a0feec17",
              "ami-0cde6a7eebc887793",
              "ami-0c1d63d152a8dd4af",
              "ami-04a6f7f06b4ec7408",
              "ami-048c495cbcb98dfa5",
              "ami-0417fbeebc7cffea1",
              "ami-0f47e7eeb777f7599",
              "ami-01c19e6bf3e0d47be",
              "ami-06a91fcc429c0a64d",
              "ami-0f4fdd780f14e482b",
              "ami-0c2dd625fa855cda5",
              "ami-07fc63a040cdfabb3",
              "ami-0a456f1aad282370b",
              "ami-0e84d218c0a34bca8",
              "ami-0c58f5cf4289449d9",
              "ami-0a4069b2d95712813",
              "ami-01704f734d9f83769",
              "ami-0bbab1fb92f3cac9c",
              "ami-064f2e9e8ee01d546",
              "ami-092772e6d5ee21e1d",
              "ami-0cb3a74750f99f41d",
              "ami-0afa1b9deeb7f87dd",
              "ami-0fec7f284a6c8f885",
              "ami-05cf2f0d37af6aca2",
              "ami-0e28ce9494c87c82b",
              "ami-09fe27b812383753e",
              "ami-0a73b9be12d1b6c9d",
              "ami-0bb32e024ab6f4cd0",
              "ami-03ef1223872072e95",
              "ami-02f43b32d18f75a53",
              "ami-0cdcb70189c86af88",
              "ami-0597c6bc7917708bf",
              "ami-048ea211b9397b7be",
              "ami-09a7441629fe71360",
              "ami-005dad8d23e27e418",
              "ami-0c233329b6e62d79b",
              "ami-09e8d1f6f161c207e",
              "ami-00bf85016e3b2308f",
              "ami-05be219233a07dd33",
              "ami-010032546faf8dce6",
              "ami-035e5f550a88be107",
              "ami-05a4e398a4bd78b66",
              "ami-00401c2adc433c9af",
              "ami-0e93c5802d4b90e16",
              "ami-0ef25c32723b4a496",
              "ami-08f0239317dedb412",
              "ami-03c0f0e297a78cab8",
              "ami-0d01bec45e9759c3e",
              "ami-0c06b64c1968910b4",
              "ami-0b1fd292fb8af17b0",
              "ami-0dd1e760a55b3f508",
              "ami-0c14c9f5e9e03d3cd",
              "ami-0310c92c5e23c3dce",
              "ami-08d4fd5142235de96",
              "ami-056e2e6059ded073f",
              "ami-0802960433daa512c",
              "ami-0d8889a4379d01f57",
              "ami-0a4f68146ce325f29",
              "ami-0bb648727a5776dd2",
              "ami-0d06193c01e6b7141",
              "ami-0c9a7d1507ee5c9a9",
              "ami-02d446cd89d41f08b",
              "ami-0c1d37cfd17583d3a",
              "ami-040eea720c91c8a1a",
              "ami-0fafefe2b86017fdf",
              "ami-063ad372a9fe90dfc",
              "ami-08edbf2eec5b0b772",
              "ami-07d594f581425b1bb",
              "ami-0f734e689b5bbbf09",
              "ami-0f8be392957b1b4de",
              "ami-029a20c95cfafd7f0",
              "ami-0f4f0538dc36cc83d",
              "ami-0332ff5bc628537b9",
              "ami-0dd3c53f4519d35fd",
              "ami-00ee2e2e7d36c3968",
              "ami-0070c14d7bc96b6f7",
              "ami-0ec48a624a3d36ac0",
              "ami-0f51f0f6e79cabc36",
              "ami-047b304b57cbb4479",
              "ami-00a779e76911a5142",
              "ami-0164ce74ec6eb54e9",
              "ami-062550af7b9fa7d05",
              "ami-0404bb0a4de09504b",
              "ami-003d5f7e9c17dfdd2",
              "ami-05af4a9b4eae744f8",
              "ami-09a22d6577178244e",
              "ami-0399d7d3faaf4cd9d",
              "ami-0936e9aa44cac2960",
              "ami-0042f7deb0104dac0",
              "ami-02ae2ef6a9e0b0024",
              "ami-0eba15b73279016ac",
              "ami-097ba2124cb468659",
              "ami-0f7fa42b782e26d0c",
              "ami-090e4ca80b7fdc258",
              "ami-0255247095ca4c6b5",
              "ami-06dc8c4a42904ba75",
              "ami-0d3ab6a04b0cdfbf9",
              "ami-0b124957cb2d94c61",
              "ami-0d25c51c1f9cbda78",
              "ami-043fa8aab7792452e",
              "ami-0a267633ec6619c67",
              "ami-055558f3ad2da03c6",
              "ami-0a33a0dad14757cec",
              "ami-06edf0faa9d1d8871",
              "ami-0555935f33cbdf6c9",
              "ami-00856daf83e0d70c9",
              "ami-047f6f4b4cbc05a55",
              "ami-0716af05afd39ccea",
              "ami-04b2ad9994cb02e5e",
              "ami-0603ae048e67a5dc2",
              "ami-0122470c3b6ec8a93",
              "ami-081a20c4ef268d325",
              "ami-078ae1b26d0ea99ea",
              "ami-0c05cb359a538b9d0",
              "ami-0d0d84252851c8f25",
              "ami-034c6af03591ffbaf",
              "ami-02580101ffdd843a2",
              "ami-07f4b0448bec23543",
              "ami-0d32bb079e61a69f9",
              "ami-09f64a1173b18ea73",
              "ami-030d67700d087bcea",
              "ami-0aadb2b90413c73f0",
              "ami-06369de7523dc3c4c",
              "ami-0191f3b047c71b173",
              "ami-0a7121a8f01f95a9a",
              "ami-08bccfef2e25a7d6c",
              "ami-082bd506167b06c0e",
              "ami-0bc2e1ba35f2bc2af",
              "ami-0a72af05d27b49ccb",
              "ami-0d4d63c6d3c0ef562",
              "ami-0856d1c068b736436",
              "ami-040d8770e071314a0",
              "ami-0b56ebc148bfea79c",
              "ami-0c8400e1ff37e0c4c",
              "ami-0e65b7750a7c4ce86",
              "ami-0dd9a3ef1118202fa",
              "ami-0392095a2ad026b34",
              "ami-0f19341da87e58ffc",
              "ami-07289b725036c8e75",
              "ami-0a20ea283cf53b325",
              "ami-01828fd068e55e490",
              "ami-06e01141056ccd77d",
              "ami-089c0ca0714b0ee44",
              "ami-0184d5c0306259a0a",
              "ami-046aeb4cc9ddc4537",
              "ami-017baa3205495242f",
              "ami-06e86f3e656e33afc",
              "ami-078283a7e9f935b6c",
              "ami-037761dbab84c8172",
              "ami-06d0143c7c1b1ac53",
              "ami-0a8dbd26104a3950a",
              "ami-05ead6a34cf2850e5",
              "ami-0cf7cc37509395791",
              "ami-016aaa83de00e7f93",
              "ami-0c69822a62365df57",
              "ami-09542226af6328d1e",
              "ami-0a4691e10ac2048d4",
              "ami-00c8086f5edaf9b3d",
              "ami-003e8d051c2d007ee",
              "ami-0b5b4e3cc7b51c3d2",
              "ami-021d85b228b78bda6",
              "ami-0f10e353f22f4a64c",
              "ami-0aa209e62f4372dde",
              "ami-030ab3dfbf8d9e75b",
              "ami-03125181fe9a9536e",
              "ami-0844352ca4a0465d1",
              "ami-0be0689f27f3e4b5f",
              "ami-02dcfdc39879d429c",
              "ami-0d51a6887a0f4287b",
              "ami-069b5eddd9629c13e",
              "ami-056c3b475c4d63b74",
              "ami-075f725f5b25119bf",
              "ami-0486be18511835608",
              "ami-0463c2a27329f6094",
              "ami-000e3c1953aef9f7d",
              "ami-08e903b5dfea71ee4",
              "ami-0b400a2ce5ae5f24b",
              "ami-0fc7f8f722dc235e9",
              "ami-00e2b3215fceb2c8b",
              "ami-015626d271847a2d1",
              "ami-0c3e0ef4c6b16b4a4",
              "ami-024a7a50703451efc",
              "ami-0fa3eafc53831e6f3",
              "ami-0ed50249e771c0b28",
              "ami-0c9afab6d161d0638",
              "ami-03f597352075e23de",
              "ami-0ab838e0423a9c22b",
              "ami-04772f01d5252dfb1",
              "ami-0af87cf8bd1471a46",
              "ami-0a2b4b968da9026c9",
              "ami-01a951759f8379aec",
              "ami-061a435442257d9f0",
              "ami-00bf89baa07733467",
              "ami-0aec0e645ab75cbe0",
              "ami-0a060b8a7e35967e6",
              "ami-0f101ffa7a4685a9d",
              "ami-060bffe86fab9412b",
              "ami-0825b5bd6c2cf9829",
              "ami-0ab7ce42a8e1fe55e",
              "ami-04c102efb8912b0b0",
              "ami-0dc6fb0d4bc0d650b",
              "ami-0832e54ea55e3d422",
              "ami-0cc72d89b8ce729a4",
              "ami-0fc3e1179edef57a7",
              "ami-0efa33e71c8be1352",
              "ami-016ebb9688afd0947",
              "ami-035b8b2a04251f06f",
              "ami-011c4227c44320308",
              "ami-048eb7c0fbb12ef2e",
              "ami-0d940da8922516b08",
              "ami-00ec79fb1fe7ab8af",
              "ami-05040e9b00ac4ff37",
              "ami-0e492793d5cd5dd1c",
              "ami-025264a6ff9579731",
              "ami-03a74b7e0605a04c1",
              "ami-00c0caaf0372fe234",
              "ami-0f9ab55271eb38af7",
              "ami-0637acce042808f92",
              "ami-0655e04a12c1f3514",
              "ami-0bc2c478b05162a63",
              "ami-0778e712e44a90db6",
              "ami-0cb560da39aa1eff9",
              "ami-0d589e7030ca2ebd6",
              "ami-00ad96437508ee1c1",
              "ami-035099b9fb8e57ee3",
              "ami-0b5ffc70f5d7ca5ee",
              "ami-0b36384db6e15119b",
              "ami-06d6f9fc09bc1fbef",
              "ami-047e6ceb227344ee9",
              "ami-0afd974385eaa292a",
              "ami-0cba9c090e502a644",
              "ami-09c274cfa258b5638",
              "ami-078faa5c1acb235c7",
              "ami-0e30aab710330b6e0",
              "ami-0f6b220856710903c",
              "ami-054ebc71b9f9e2461",
              "ami-0bd5b1806c457d075",
              "ami-0e627626e815ecf39",
              "ami-03c1a950b81f079d2",
              "ami-0697154e8c801915c",
              "ami-0663197cb60e27823",
              "ami-062378af6fa0dd32d",
              "ami-06a5d3e8650b4207c",
              "ami-0b377a6a6ea8dc264",
              "ami-0e971c9b3e35644ee",
              "ami-0b4424c7acf945121",
              "ami-09e450813d49ccb3d",
              "ami-09d51295eaa672f66",
              "ami-0efee137cc31a1c8d",
              "ami-0afbf470a23eacacc",
              "ami-0cfb09a66e2f07641",
              "ami-0b3020e5d40ccf01a",
              "ami-0b0b8ffa4a1a8347d",
              "ami-0ce792959cf41c394",
              "ami-0917e8e59d28ec173",
              "ami-0e577559acc99a3f2",
              "ami-0968d8c309285bfbc",
              "ami-0e5d448fc67a0d418",
              "ami-0619786179fcee782",
              "ami-0311f20e42eb7e213",
              "ami-0d29ebe69775a848a",
              "ami-0459de29d71149700",
              "ami-05efcb4e7e48ff986",
              "ami-09690d828d02df1a4",
              "ami-06bb2e4f407bbb816",
              "ami-0d5c3292cd77dc9bb",
              "ami-030d43ccecf422381",
              "ami-01d20ca4a8b436c37",
              "ami-046794ee58f9506ad",
              "ami-07715b631a09e0412",
              "ami-064015004578aca57",
              "ami-050e872a3ba32b970",
              "ami-0499157eda73e5113",
              "ami-0252c8b54a0d2115e",
              "ami-0fe46843493c3088b",
              "ami-0f8f45e500c8bb0d9",
              "ami-0f47b1501c9844808",
              "ami-02c91b054fa3a8d8a",
              "ami-0b6385b332f480e2c",
              "ami-0833a83b6e47dff30",
              "ami-04dda2e2bc8603f01",
              "ami-062e6ab65cd98b6ea",
              "ami-0aba0fc970ae19120",
              "ami-095dc2d1dd0ec2b28",
              "ami-03d3716a719373ca2",
              "ami-0a1cb5dd8679b4d7b",
              "ami-0ce402ba83e5daee0",
              "ami-063048c24f62a1c18",
              "ami-030c3ac0ec44dac0d",
              "ami-05363e2089e26a9c5",
              "ami-0f8b5dcaeeabb23e1",
              "ami-06792babd12f6f90a",
              "ami-027843008b8f9b1e6",
              "ami-0391daa2f46870587",
              "ami-0a1fa0539502e5615",
              "ami-0405716a266363a28",
              "ami-0edb094c8707dc9b9",
              "ami-0bbd526f86b4da10c",
              "ami-02056e821db6f214a",
              "ami-0567f52c3bd18fb86",
              "ami-031f6d87d88676ace",
              "ami-0918c55c363b40bb6",
              "ami-0886f1aa331098f08",
              "ami-08ccf4dd9478d3ee5",
              "ami-03cffa57fe44d1ba7",
              "ami-03f177befb4579cb1",
              "ami-036605865609b2ecc",
              "ami-061bcf4743641d4b4",
              "ami-05724803cd269a694",
              "ami-0c32e761377d260ea",
              "ami-000e680c06e6ad00b",
              "ami-0634a45793db5c06b",
              "ami-0698c370e0e937d44",
              "ami-0166941ca0f41665c",
              "ami-0ab86bb1c78b69aee",
              "ami-0f45a9cd234281471",
              "ami-09d74f9164dd249c5",
              "ami-0154dd99791519884",
              "ami-08360b1e7fa34b60e",
              "ami-0afa2ef6978f7fd53",
              "ami-0943fcfe4d06d43fd",
              "ami-009746e8d7c951ba7",
              "ami-0cbda7a723e7c9455",
              "ami-030df2e10d8a40a1e",
              "ami-0193f1ae441741e43",
              "ami-041bfc82bce72b661",
              "ami-0554607586c356dfd",
              "ami-08f63624b92a636db",
              "ami-05a3d95e837663cbb",
              "ami-07be265069f5dafde",
              "ami-0f66f6a4437e48f99",
              "ami-0f1c0aeaaf12d4a9f",
              "ami-036c4d0229b6578e7",
              "ami-0741248b4b5eff0aa",
              "ami-043d13250a049c379",
              "ami-086deefb5d6ea4519",
              "ami-094345da9e943b2b7",
              "ami-0303dfe70a0ae338f",
              "ami-0695a02d254a645cb",
              "ami-0b30b2ea2ff036085",
              "ami-079f11495edf64d43",
              "ami-0e0c9c52960901cf7",
              "ami-04fdcc8c3a5aa7ca5",
              "ami-031aca98ac82d73bd",
              "ami-0ed4ddaa5159dd9be",
              "ami-07fb6ca62cffa00d2",
              "ami-05b3ad20cf6f59206",
              "ami-0ecc7adea50781960",
              "ami-09869d225fcdeaaf6",
              "ami-05910de991bb59a1a",
              "ami-050b01700e609776c",
              "ami-08cdb5981982631a2",
              "ami-0a29b1644b9be3a23",
              "ami-0061312677b67ed89",
              "ami-0bed93c8b4094182e",
              "ami-0339f005b1c69c8df",
              "ami-0271139d949b89250",
              "ami-0317623d8c1d030e9",
              "ami-07d3340247fd0c9cb",
              "ami-012217cbf2ff4dd0b",
              "ami-0187d5f34c8f01151",
              "ami-04fd894cf7690e68a",
              "ami-06f508df7bb3c27a1",
              "ami-09754be1f3a56aecd",
              "ami-0319ac4949faf8295",
              "ami-014027db016d9dcdc",
              "ami-094db76c46484a679",
              "ami-0df2436cf87863ee8",
              "ami-032070b2e8fd405b6",
              "ami-0d1fd1ea20b0c979d",
              "ami-02d1581cb3a8682a8",
              "ami-0264187df867cea35",
              "ami-063760a4e5628bf7d",
              "ami-0ff45e12caa47bbaa",
              "ami-03fbd28c03edd0c64",
              "ami-0ad3e3507c2aaa14d",
              "ami-0927656d9be15abb2",
              "ami-026e9087ca32f3bb1",
              "ami-0190fafd6c20aa635",
              "ami-0ae3a833ecf3fc20d",
              "ami-005035c0a217cb62d",
              "ami-0b47be00a6b0c424e",
              "ami-03fe31b895cd93686",
              "ami-03af8e06eb9a98947",
              "ami-020ee52da93ed5919",
              "ami-0fbf5bc61b86a6a17",
              "ami-0f995a0cc4f52bb1f",
              "ami-0d8475b3203ede68f",
              "ami-0a1c0721edd877fa3",
              "ami-099fb67806538c874",
              "ami-09bbd9c06449a97b8",
              "ami-0beb9cdf3ec3d324e",
              "ami-0aa399b25e8255eb4",
              "ami-037f2ba25e94f9e31",
              "ami-0c84dffba7015613c",
              "ami-0790af6bd9d6db46a",
              "ami-0212dec66a62edbd4",
              "ami-05f4846148e38cc85",
              "ami-0fa6dfa10df1d1850",
              "ami-07803f9c359119359",
              "ami-09fe57743e707bbe1",
              "ami-01a6dc4321ec7ed82",
              "ami-056ef7fce0b83f5a2",
              "ami-0e30f98efa78c940f",
              "ami-0e4d61ad4347e7467",
              "ami-04ba270ccd8098407",
              "ami-08510a2cd06f96e9a",
              "ami-0f393f5796dd4ade3",
              "ami-057beea8093f52bda",
              "ami-0b9fb7657eca7f7a6",
              "ami-0842bcc66c30d9feb",
              "ami-09c6c9b19fc0a1ff4",
              "ami-0ed082a3d8a641699",
              "ami-044c0d9b94a2e57d3",
              "ami-0715b2f490d421284",
              "ami-0a63b3205eced0c9b",
              "ami-04552b621819e4f8c",
              "ami-0cbe64d805b9d3856",
              "ami-0e093cb0629967a5a",
              "ami-00460b6a8c8890dc4",
              "ami-04469b32e1047444d",
              "ami-0a894bfc9dfb1d24b",
              "ami-03f3d5e6b0e597845",
              "ami-02cd03445f5ae7204",
              "ami-0d303aa506016aaa7",
              "ami-07e21a663d81e0259",
              "ami-05f335c5a4f41329a",
              "ami-01aa3c9daeca6511f",
              "ami-0224b90a780d11372",
              "ami-019bce9e8f78333f1",
              "ami-0857dc08bc856bd4b",
              "ami-09307374d2d64d48d",
              "ami-0fc13ee415ad88b1a",
              "ami-0e4f8110c1fbd6ca0",
              "ami-06dc5d572e67d7008",
              "ami-007f523c66d5d15a1",
              "ami-0b9968d9e9099ad8c",
              "ami-08a1abd339cc68b42",
              "ami-009d27bd2890051ca",
              "ami-0316a198058eb5484",
              "ami-0355ce581abfc3515",
              "ami-0f5172f0f737f0003",
              "ami-0a21da25744fe7375",
              "ami-0ad3f75aa33cbfee3",
              "ami-05c8421ca77cf1663",
              "ami-0e5ca6c48e20ca916",
              "ami-0a0b790d81a106b96",
              "ami-02a34d63a0a061d2c",
              "ami-07767fa0796345b03",
              "ami-0154da09794697abc",
              "ami-017622899175791bf",
              "ami-0f25b6b78e4c2b440",
              "ami-0388c6daa8255cd7d",
              "ami-0d2244de28c415b6e",
              "ami-0dc8f646930e31507",
              "ami-065f4bb87ea97625c",
              "ami-07bd9e7f87c00ea1d",
              "ami-01eecab34968ba30f",
              "ami-01855dec62ef66aac",
              "ami-0affd329441e805d1",
              "ami-0df558b3fe0ab88f6",
              "ami-00889173fb6fcff02",
              "ami-066ab6efe39d4c199",
              "ami-08314202b0abb7189",
              "ami-0a9a0c80709dc0a73",
              "ami-0f7253c7467493929",
              "ami-0317f2eae04139ccb",
              "ami-0c594fba8f01e3586",
              "ami-00fab1317c99d9001",
              "ami-050e1df9abdc10dfb",
              "ami-0155870dee3479f80",
              "ami-0ff40fc07cb57c7db",
              "ami-0d316654833d504a2",
              "ami-0e82a582e6d3be280",
              "ami-01a96e62097646ea0",
              "ami-00233a9a712be8dea",
              "ami-06ec0f9fc49dd58ec",
              "ami-04b414ee0c4c74489",
              "ami-041b86e7cc5818b40",
              "ami-0e24727edb4a8c74d",
              "ami-0cc6ff0aa20de356a",
              "ami-0cb5db112d5b504cc",
              "ami-000dcc35af1b72f3e",
              "ami-03126fcc798f0d302",
              "ami-036b8d4a4caa38819",
              "ami-03fa62e7b23336a77",
              "ami-07fc4d403db5f62a8",
              "ami-01ab2573bb9c3f684",
              "ami-08f95de56b2b96959",
              "ami-08c1d72fcfcac6c33",
              "ami-047c9421f998bccca",
              "ami-0419342d268eaaa62",
              "ami-0e4848bcbd717ad7f",
              "ami-09a2314db15f660e8",
              "ami-00fcfa30557d318cf",
              "ami-064eb0bee0c5402c5",
              "ami-01724f2a099cff41a",
              "ami-048cb3b73320a04b6",
              "ami-09535ad6b48711f78",
              "ami-0252bdaac286b8b7a",
              "ami-0b7d6678a69e00148",
              "ami-0974696b8540d7f75",
              "ami-06d993bf69edae76b",
              "ami-0ae56cb0d4359c7cb",
              "ami-0912662e4de7855a0",
              "ami-0442f308bb3662ee9",
              "ami-0a1222b2b96f7850f",
              "ami-0036d45c88919a632",
              "ami-0efb180beac8da82a",
              "ami-08ae957644a46cdc1",
              "ami-0b2f57645a83f4f06",
              "ami-04f79e6682ab96b29",
              "ami-094686523c2f093fe",
              "ami-02f0855d0da8f200d",
              "ami-0ebd5e8e87ee96cc4",
              "ami-0b1fd0deba27b3880",
              "ami-0aaddbece3ac590f7",
              "ami-00bf89273b204741a",
              "ami-060cb07deb006403d",
              "ami-0d42de728f5c14e39",
              "ami-0a98261168559d6e9",
              "ami-0d49aaaa9345bdf3f",
              "ami-006d7a6f1fe5fb6d9",
              "ami-0e7755955cdcf16a8",
              "ami-09c9c13f777d5bc5d",
              "ami-02d9509bfe2958612",
              "ami-0e7a4c34549f3b70e",
              "ami-0b50e0cb0075da716",
              "ami-04ac6f5cddd417b45",
              "ami-04f667863d922cfe3",
              "ami-000ef02a76a8e6f5a",
              "ami-0226a025f983722f7",
              "ami-0cbb4553e47d1c8ee",
              "ami-0a7b10f39db4018f7",
              "ami-07d54017ab949de9d",
              "ami-04924f8f26d32eb8c",
              "ami-039e33e0646dc115a",
              "ami-09d8280f0352cf1dd",
              "ami-061afea27d738feba",
              "ami-0df45f13978fbdd43",
              "ami-0ca9973214095bf42",
              "ami-0b8d0d973d4723d5a",
              "ami-0d51f843dcdeccb9b",
              "ami-0d9a6910842414d4f",
              "ami-0e5dfd53ed8cf4272",
              "ami-033ca1a1a1e57d186",
              "ami-0b5c4dfd30ff2b69a",
              "ami-0b2cd5b369bc6a9e2",
              "ami-01078747e7624927f",
              "ami-0930dde636c3ff8c6",
              "ami-02f671a5216506f7b",
              "ami-09e84fac5561f5adc",
              "ami-0d07a330a284fbe49",
              "ami-083bcc008a2c5f362",
              "ami-01a82a12d99a10873",
              "ami-0dc573f5ea6a5f453",
              "ami-0ee4db5943b594e64",
              "ami-0f1b9e271bb168f9e",
              "ami-0d55fcddebb34369c",
              "ami-051519e4873efa0b2",
              "ami-0bd61969821540f97",
              "ami-0defc099266a0997f",
              "ami-0bde8339acf1b0bf9",
              "ami-09df630cc4e99ce0f",
              "ami-0809e9bb32d947d14",
              "ami-051fb9ba0789eff4f",
              "ami-05b3083b83311bcc9",
              "ami-0b4dc0bd36ac50465",
              "ami-003cf27bcbd310c72",
              "ami-0eab7350900e8cd07",
              "ami-0ae4d52bb0867a68c",
              "ami-09e717fa345858875",
              "ami-0ca749c0f7eb18dda",
              "ami-0c73cf2442d0f466c",
              "ami-0e8d13ad639d08f5d",
              "ami-04f7ee60eba9e81fe",
              "ami-025fdb564cea0f633",
              "ami-07077277227e795fe",
              "ami-0ddf653b57c8a7e13",
              "ami-0c36ac9f624c4aa9e",
              "ami-0472d4f9830eabd6e",
              "ami-08e6520e9cfd877e7",
              "ami-02e8fb56e247f150f",
              "ami-06a5ffeac2cd2315e",
              "ami-015525da20078fccb",
              "ami-0f22e04833e3d687b",
              "ami-07fb05292a9a03102",
              "ami-04c6ebf3b90d4704c",
              "ami-00319553fdc253377",
              "ami-0e3ccb7445fb0cd3a",
              "ami-09cee6241c614177e",
              "ami-0fa823ea4cf693214",
              "ami-077b8f556ee13ede1",
              "ami-0586ab764832d7384",
              "ami-030bfa44390120913",
              "ami-089c49e4ec19033e9",
              "ami-0608f0b30f6200915",
              "ami-04d8c8d9fbb1d66fd",
              "ami-0407394dd9087ac34",
              "ami-064581487787806a5",
              "ami-07da9a9052fb97eda",
              "ami-0b711206282199869",
              "ami-08bf1da6274c3da83",
              "ami-094efc2006f9511f1",
              "ami-0434196a03595d088",
              "ami-0dd28c803f9318319",
              "ami-0e049b7d8ceb7b5ff",
              "ami-02d1ae4441b01f230",
              "ami-0f8488f0bcf8a0c1a",
              "ami-07d470ec10172ea6d",
              "ami-0febf1a9300b492f5",
              "ami-03a836dbc7aaca8b6",
              "ami-038679e03af2257f5",
              "ami-0f2e2211573a45f0e",
              "ami-0bfd8559b5ac27241",
              "ami-08a205c452af71cce",
              "ami-02429057d7f5f1976",
              "ami-0fd1ee6c8b656f020",
              "ami-0e34d60df4a73630e",
              "ami-063b3ca32e2e7bf7d",
              "ami-02dc5e001da9224f5",
              "ami-0cbf545abcee55f3c",
              "ami-07cd6551e6b101c99",
              "ami-028811e124f1f1f95",
              "ami-0a0e493bae5f9a41a",
              "ami-096799319bb024ae9",
              "ami-0be02fde7ad3622f8",
              "ami-0b685aa934aec5f1e",
              "ami-00c7880d387724b79",
              "ami-0e9f2f0b66bc70bf3",
              "ami-0dba0c70bf2e5abdd",
              "ami-078c3b3ff8e5ee925",
              "ami-06bbcd1e55063ad41",
              "ami-0a6d589f064a19661",
              "ami-03a90e93537fa2acc",
              "ami-081f010e4b6c28604",
              "ami-0cb330e2c8eb0de6a",
              "ami-0c2c6f84bb8f1e4ff",
              "ami-058b013722d457c1a",
              "ami-0bd8f8be166e9829f",
              "ami-00bf605087f252d63",
              "ami-062f5d6c52fa14aa0",
              "ami-0cc5f211380954d29",
              "ami-05304bbf718368d46",
              "ami-0f7fd0f73e5fd6d1f",
              "ami-0010b843a33424f75",
              "ami-04664639f4f24ad34",
              "ami-049ca57914e186916",
              "ami-0d7cffadc64fa56e8",
              "ami-07e0b30e13385edb7",
              "ami-01e913663bb361e36",
              "ami-03450a759bec2fa73",
              "ami-01a55761e484c1fb7",
              "ami-0df1005b2076222f5",
              "ami-0fc04a8aabc137ea1",
              "ami-02279e03ddf13d3ec",
              "ami-0ee36bfa2945768c2",
              "ami-040cbaa8ae7e60e30",
              "ami-024e6a1a20a3e4454",
              "ami-0a25e90bb4535dc0c",
              "ami-0fa7e06b45ca3b33d",
              "ami-018243248e9f6e8c5",
              "ami-0f3a76c6342bc8413",
              "ami-055dd4a4791a5bb2c",
              "ami-02c8ade7ab62a230a",
              "ami-0c76c89a31bfc1a37",
              "ami-0007d6ddb69a17284",
              "ami-0b9a1856a4f466fc7",
              "ami-033d9307ad4d76557",
              "ami-01757dccd611b9aad",
              "ami-05c64458ba941435a",
              "ami-0ec1dc376d728b21e",
              "ami-0bd5910b4cafb912a",
              "ami-09c76421be2bb06dc",
              "ami-0e9999723eb35cfb2",
              "ami-05cc0b9da27645676",
              "ami-0000c3e591e288b97",
              "ami-0f2abdfe755e21033",
              "ami-0ea194d2d150f5479",
              "ami-02a8f0ff3fdb9f70a",
              "ami-05c8efffacb3c76aa",
              "ami-06d3e34841c1e73ab",
              "ami-03f6a11788f8e319e",
              "ami-0680878b00e628ef6",
              "ami-0a5ddeedf17a464ef",
              "ami-02e60e0930ecb38d5",
              "ami-0e5145650cb9fdacc",
              "ami-059462161a728032a",
              "ami-07bc554bef91e7819",
              "ami-082f6d4c4a1b78fa6",
              "ami-08ce93b34a55c01e8",
              "ami-01cdaf80650d25033",
              "ami-0ee1a0ba3f13b9132",
              "ami-043916af4699bfba2",
              "ami-0d1f3b04df583fd6f",
              "ami-0ffd231eddf311b5a",
              "ami-0a3c9400e6c80e1b4",
              "ami-088f33dd9f4338d07",
              "ami-0ae283b2f1d03d70b",
              "ami-09e0f20da94bb2526",
              "ami-0d2a5bc3eaccb0a5f",
              "ami-007f52e5d4aeea852",
              "ami-0a68526e483117cb3",
              "ami-064da86e8fba6a48b",
              "ami-0b4b4e9d88350e18d",
              "ami-094b730f4a5cad38e",
              "ami-0921a20a9e779cce6",
              "ami-0700d32e9fbc9063c",
              "ami-0005a58cc2283bc04",
              "ami-03c2089e278ec1932",
              "ami-00663bb11174d3ea7",
              "ami-05421e3935ac28cf2",
              "ami-0d9015d54e8770198",
              "ami-0ee1b4ba55dea1ede",
              "ami-0a23a5c49a7c3ccde",
              "ami-03aa15aac6819087b",
              "ami-045c7d0b31ac504b2",
              "ami-0064784a0359bab58",
              "ami-03080359b0c057bec",
              "ami-01f53296e80bb9ed7",
              "ami-069526929d62cc46d",
              "ami-0680474d85f5b4acb",
              "ami-0b287f464eff9e6e0",
              "ami-0ec7dd8f870a8eea0",
              "ami-0a31ee39c006ff520",
              "ami-0ec94b49e98fac3bb",
              "ami-0c90564d40ea9cbd2",
              "ami-00dfdcb86cd19afc3",
              "ami-0784c8dc941130521",
              "ami-05006a1aacdf360ce",
              "ami-07875d9a516c7be2c",
              "ami-03c7f564f9a44d573",
              "ami-07bec3a1fb99840f9",
              "ami-066cb2a975b3e83f4",
              "ami-02f7751d0bf541d65",
              "ami-08fcda47c4fb743a6",
              "ami-02aeb7a59d92a0ece",
              "ami-095924d78f11c8147",
              "ami-0f72998f278829e87",
              "ami-048048c7ac2f2a3c9",
              "ami-0fdfd6e654b3b9255",
              "ami-0047be8e14bc1118b",
              "ami-07b40b8ded9bf6bf5",
              "ami-0c0e55a7d26a4008a",
              "ami-07718900ea1f5518b",
              "ami-00ef5e5d4371b25c5",
              "ami-070a98b0364df3a9a",
              "ami-0d05a44c9d9997002",
              "ami-0f1e6b3d0de4ac73d",
              "ami-063dafe3a34ad000a",
              "ami-09d570f32f7706538",
              "ami-0e2ac546dbd25e371",
              "ami-01b0b1ff88d5e0ee5",
              "ami-05ac4342a7cd3bdd6",
              "ami-0473a0ead803ed581",
              "ami-0fff0a429ccb1aa85",
              "ami-0702ff9726837eeab",
              "ami-0926c196d2f3925b5",
              "ami-009e6cb6d9600e1a1",
              "ami-0f5aeeb4e0f02a94a",
              "ami-0edf8abbcc94c2f67",
              "ami-04e766fb2d326c919",
              "ami-0368f969202db448f",
              "ami-019ceadfda1ba49f0",
              "ami-0a0610b300807cd89",
              "ami-08fbb0d88d09ee4f2",
              "ami-025c0ea2676ef21b8",
              "ami-03017815d5e14284c",
              "ami-0468047f972420f58",
              "ami-04bf56c05448fe453",
              "ami-0f38f76fdfa16bbe8",
              "ami-0cb4a2e23a5fcfc07",
              "ami-0d218626a9c70870d",
              "ami-065c98d61998481ce",
              "ami-0270c73ad8606d0c9",
              "ami-0c3b5f1f7f81694ac",
              "ami-0181df50249700099",
              "ami-0b0f5987bdf055e30",
              "ami-0190ec36349ab7dea",
              "ami-00cf1a2e4e9a1aba1",
              "ami-04ae444b4af361d58",
              "ami-0bc674ce5953f05b3",
              "ami-028f16d9b5c0a7c7e",
              "ami-0c3d159d5e15aaacf",
              "ami-0176ac6b7a7537205",
              "ami-0cbbc5b46d51a0f37",
              "ami-0feec046413956fb7",
              "ami-0c956485c0e551719",
              "ami-0aa0e9df8a61e48e5",
              "ami-0fff9c7b4fb75ccef",
              "ami-0d7932d6e35fe595f",
              "ami-03169c4f625b4ea3e",
              "ami-08df4b79db96675cd",
              "ami-048b43836b0efcedd",
              "ami-07a943aeddc652d90",
              "ami-059765b2fe2877587",
              "ami-0da6e1ecd1d0130c0",
              "ami-017773d570940cbe9",
              "ami-0c332e34ca3f4e881",
              "ami-0c3fc8ad73f129df3",
              "ami-026a3e434b255e086",
              "ami-01df7080cd412cc23",
              "ami-00fc783a37665867e",
              "ami-0435fe949f3a58bd0",
              "ami-092926ae1627a0e58",
              "ami-0b0c5546c2bcacf8f",
              "ami-070a3dd3962e6afcf",
              "ami-036284bbc2d8ed470",
              "ami-06bc83a3dca18e5a6",
              "ami-069c17c659aaad3eb",
              "ami-08bacbe2ea2a93efa",
              "ami-02b6ddb3f8fa54750",
              "ami-0f060e3520d467bf8",
              "ami-00d505765da0ff015",
              "ami-024cd622cb4ed3e83",
              "ami-082ada16cc9d49bcb",
              "ami-0f3a6870b827ef964",
              "ami-0af3d018eac50d5bd",
              "ami-04daa581abad4c165",
              "ami-0dfa1cb158762cb98",
              "ami-0cc34bd22f92d67bd",
              "ami-0c1e806df4e6c5a56",
              "ami-0dfcec75d21d2567b",
              "ami-06375e375ef7169d1",
              "ami-034c1209d2196c067",
              "ami-0284e57aa4a4a40b4",
              "ami-0799d0f969a831bdc",
              "ami-084cedf1ce2a9b5b6",
              "ami-0c1ac85655d3353ea",
              "ami-0756c4762a392dc74",
              "ami-09b458635d33f867c",
              "ami-0e5e1cca5869f0469",
              "ami-013bc7e6071f569b2",
              "ami-0270dfd22b2c08a83",
              "ami-03a60e3b8d5f534d5",
              "ami-04e11fa9cc7924f1e",
              "ami-0ef73bd450e329486",
              "ami-0e1e7e679288f8194",
              "ami-0d0f8624422b37d59",
              "ami-0a68d2adda8eff48f",
              "ami-0afd7181b7b15b519",
              "ami-0cc919dc81a0c8565",
              "ami-0826a297ef619e700",
              "ami-0f317c6596660de37",
              "ami-0b8e8d3b2046a75f2",
              "ami-0075a67de5ab4fa5e",
              "ami-06f01a09e4d6bcfb0",
              "ami-0a009dd81dcffefc0",
              "ami-0617fe009158adf52",
              "ami-0710c063f2de060b9",
              "ami-09f0223ea66cbcf3b",
              "ami-0227345fff80be52a",
              "ami-0d4001ed4d45216a6",
              "ami-0bc998070d7d37e1c",
              "ami-00c75ebc78b4263e5",
              "ami-0a5df5cca3b475786",
              "ami-0e44693860ab414e4",
              "ami-0dec1ebcd6b33f30c",
              "ami-03bfd264af9eaa17b",
              "ami-0b7286f32a229ddb9",
              "ami-04cbfc632ada36f27",
              "ami-07af0e67d68ba6597",
              "ami-08f15d17147b0f0d4",
              "ami-076cd4ec665ab9762",
              "ami-047e35936fc97a971",
              "ami-0c97bb92cf37fc2d0",
              "ami-0538bf54a550a4849",
              "ami-0102e0d6af16cf138",
              "ami-0116d29f7df1e3580",
              "ami-0b61a4c9849748579",
              "ami-0330b6b06d0bdec88",
              "ami-0b90153233c8811a3",
              "ami-0ff0ac0a96df136d6",
              "ami-06463418399e30a91",
              "ami-0f202a708abb34dd2",
              "ami-0529c64aa87a78194",
              "ami-038d1dab477c1bc8d",
              "ami-0004d59ea3d7f0fe3",
              "ami-02816ba199fccfa57",
              "ami-0dd97437bb9d16110",
              "ami-028c3c288a9fad5a3",
              "ami-080db84be250087af",
              "ami-0e14af30387278d3b",
              "ami-053aa6f315adfcd46",
              "ami-0110d08ff905ca1bb",
              "ami-0adb081d9dcc2d4e3",
              "ami-095d4dad112f4ee4d",
              "ami-09cd583df90e7d421",
              "ami-0f10d8eff3af1d189",
              "ami-06803c995075bcbaf",
              "ami-02625fa987a246214",
              "ami-009122d67aa62493d",
              "ami-05a6f08a8679f9c94",
              "ami-0b6d6bb36ea9de518",
              "ami-03f623f40714ad66a",
              "ami-02130a0d56b3a5bc9",
              "ami-07c8dc13cb8b474e9",
              "ami-077fb691ad6f3d155",
              "ami-05906276d15cbd21b",
              "ami-0c91e1517b13f17b6",
              "ami-04a702be0927d7923",
              "ami-0b3186a130d5cf5e2",
              "ami-06a08983b1784cb17",
              "ami-0ae7205433b87a84a",
              "ami-02a200405175969ef",
              "ami-072b0885d657c49f2",
              "ami-05ddb55062e9666e1",
              "ami-01d43acba13e779c7",
              "ami-0225bf103351153d7",
              "ami-03ec2effe63ead8a2",
              "ami-0f2eac25772cd4e36",
              "ami-0ee64731468c8c09a",
              "ami-0409b67925493d8b8",
              "ami-01ee731e7ab9bd943",
              "ami-0631f8c7f15c44a5d",
              "ami-025c96500d63b40f2",
              "ami-0c5c3e45a2f102e82",
              "ami-071a96f274999fb02",
              "ami-037c00bf931ed9067",
              "ami-0f59c74b8e84339d4",
              "ami-027d91d30a21cef53",
              "ami-0e1913ea2d0438155",
              "ami-0656fef3b9e3d7656",
              "ami-0626783426ec31a8e",
              "ami-049a3cf33172f0d34",
              "ami-027687c0578e7320d",
              "ami-0c7620b27b49e00d7",
              "ami-0cc18d25af57fa05a",
              "ami-02a17b39877fff399",
              "ami-058a11dfa4ed8e124",
              "ami-09b95a4bef091a07c",
              "ami-09a596c63f08ff7f6",
              "ami-0dadb1d090d832a90",
              "ami-0f39d50063f39ec71",
              "ami-08c8afc9e09dda49e",
              "ami-098dfb3e73b8285bf",
              "ami-0c09e3435ab760402",
              "ami-0a92f17faa3a6b301",
              "ami-081181c9b73bd873e",
              "ami-06ab9b1952bf22f21",
              "ami-05e6e013e8221af6d",
              "ami-0a211702cd7049864",
              "ami-0de582c86dcb93198",
              "ami-0287c8687bca5e2d3",
              "ami-02583370cf1183ca3",
              "ami-006a5318af451f7c3",
              "ami-0784fab1b4c876c46",
              "ami-0e9c771ab9517d20c",
              "ami-0fdfaed1d5e390024",
              "ami-07e8a5aff4565c5ab",
              "ami-034b57eb874d3400b",
              "ami-035dd07b69d335c18",
              "ami-01e701bf59b99ca36",
              "ami-030979d91bd72ae54",
              "ami-0dbb22a253fa1ae34",
              "ami-07614f1deced4c671",
              "ami-03f71b3afa6c708cf",
              "ami-0bbd5f413305893bf",
              "ami-0729bfc06f6b317ba",
              "ami-02e6e24b51515daf6",
              "ami-069ba835bc454c1d5",
              "ami-0bcb441c996a3cbe7",
              "ami-0484dcbfac93b80aa",
              "ami-07270f3ca98ac1f26",
              "ami-082b1f4237bd816a1",
              "ami-020e93f073d2d377e",
              "ami-097cbfaaf933a3fdd",
              "ami-07620b43f32779f9e",
              "ami-05c8486d62efc5d07",
              "ami-0eb4c1c41b472804f",
              "ami-072b662eb4fc47663",
              "ami-0d9aecee5113909e9",
              "ami-0db0a3627eb13e57c",
              "ami-0cb807888c60ef17d",
              "ami-072f48a9ed4f1bbda",
              "ami-0d5d6c180880891d6",
              "ami-0c1ca744b9a0e0889",
              "ami-04b6020abca01a45c",
              "ami-04718d81c8fd080cb",
              "ami-02c5aecdecfccd1e5",
              "ami-065b818cfd32dc9b5",
              "ami-04847b877239373c0",
              "ami-0e6741f010c8c0878",
              "ami-069e9cf1a2b114eee",
              "ami-06ede8744c0650c1c",
              "ami-0ef56e116c130a44f",
              "ami-05f3b8f8d5fa089e8",
              "ami-0120581fb6717509a",
              "ami-04af44835507d006b",
              "ami-07b433db0133cae1f",
              "ami-0e937b204fec03f37",
              "ami-0ca6a458c6ffaeba4",
              "ami-095c83fa069ecff29",
              "ami-0da2b4d849103c5b2",
              "ami-05d0d54c3b08f01c2",
              "ami-01a9e9f3b17959d27",
              "ami-01cc72d10152879ad",
              "ami-035e9c5f922d400fb",
              "ami-01adf3a814fd09780",
              "ami-00d92c33047ea916b",
              "ami-0d0f859db42f5941c",
              "ami-0b5a76ef164031763",
              "ami-0b9a33965bce6da4c",
              "ami-0c867e973678ea1af",
              "ami-0a132e4572e0f0152",
              "ami-0143def2d1d837109",
              "ami-0bd1da08d1809dd57",
              "ami-0fb14346169511cf8",
              "ami-0991f354fd0c645d1",
              "ami-077979eef938a2d24",
              "ami-093498c60d67cd5d7",
              "ami-0bd2b8d1efbb57dba",
              "ami-0483e5208668f4d91",
              "ami-07b254e525d84ae67",
              "ami-0b5bacbdc38cc903b",
              "ami-0c5ca73c2f0f144c7",
              "ami-0c25128b0bb96a9b6",
              "ami-0a006fbe98924c250",
              "ami-035e572d63b1b760f",
              "ami-0786d5545592599f1",
              "ami-041b7239569e4cf05",
              "ami-03346c7bbce823463",
              "ami-02b8a57706bba6a78",
              "ami-0b41ed5a912cb4b8a",
              "ami-000d6708dbe448252",
              "ami-0608ccbcdc638ef5f",
              "ami-092cca006a7818a06",
              "ami-01bcd28ad14bf8707",
              "ami-0947d67fc21efed8b",
              "ami-05101bdb823b8fc40",
              "ami-06ddc9b80da6ef445",
              "ami-08f98c26d72931431",
              "ami-03174ffed2fd25f3e",
              "ami-0a648be5885deb1bc",
              "ami-0b1d4a6717705eec9",
              "ami-06917d4437659e48f",
              "ami-03c352a7d9d8a3f8a",
              "ami-0af0b43e1cbc181ba",
              "ami-06292ffafe4773f6c",
              "ami-0cc70a23820abc713",
              "ami-0f25486fb8f45da4b",
              "ami-012f9d4bfaaddba91",
              "ami-0921f63589753c25d",
              "ami-0aafcfb6bca9cf883",
              "ami-0f51d36e3ed67130b",
              "ami-05a7f3100dac953d8",
              "ami-0ebec0eb69a792aa0",
              "ami-02fde6479e78576e4",
              "ami-0fbb441794767047b",
              "ami-0a225c9b0f11e9baf",
              "ami-0e5550d186ff2fd26",
              "ami-0636030ba3681c174",
              "ami-0453ad76d45a059d9",
              "ami-08518dbb9b6b09b28",
              "ami-0bb6874f9524c352f",
              "ami-0eabd5c050bd3e693",
              "ami-0319ac76374b9fe74",
              "ami-03c6b3d901c84994f",
              "ami-06803096834b68a2f",
              "ami-0b412a50622808295",
              "ami-038f76d6028dc206c",
              "ami-00b1186dac9226aac",
              "ami-06b99b32d3c74575d",
              "ami-00dbd2def0865b0ab",
              "ami-074df2af29dad12e5",
              "ami-0869415c8417ff302",
              "ami-0268805410e1565cd",
              "ami-0384c8024930af788",
              "ami-0f590d66d16545a30",
              "ami-013bdac5eb298410d",
              "ami-028ae589e575709fb",
              "ami-02e8a6e0170d61636",
              "ami-080ec3956010cfdc2",
              "ami-0e212be7ea134b890",
              "ami-07a8180d4f5289722",
              "ami-03c8cf97c30ec1328",
              "ami-06376b72d284d1371",
              "ami-0e90b48e535d85fa2",
              "ami-0741d5b642e74bc6c",
              "ami-02c0e0baa7d64475c",
              "ami-0c01f486ff3f7e51e",
              "ami-05fa1b1b46f284bd2",
              "ami-026df03f4df05af71",
              "ami-0f2c51c07712571e9",
              "ami-03d75df9298b1eaac",
              "ami-07fa8048ce5b50c3c",
              "ami-0111e9d16bd4f9fbd",
              "ami-0281f6aba306fac2a",
              "ami-0ffd5e6d7d579aeec",
              "ami-0003e761abb7af004",
              "ami-080abf6c78fc1e7be",
              "ami-062f32c785f15470b",
              "ami-0267bab5f291693f0",
              "ami-064d3428beddfc80e",
              "ami-0a88084a70b3e12bb",
              "ami-0c36028e30436ee96",
              "ami-0282940061098a428",
              "ami-0a1cb29dffcefc9a9",
              "ami-0761bcc0504219b4d",
              "ami-0fd594b0b299cacc8",
              "ami-01f26a35ccffe85c7",
              "ami-03fde53d787a6350c",
              "ami-0978a82b101e1aef4",
              "ami-039eb84b77fbf39fa",
              "ami-060ef085cab1ce235",
              "ami-0ef1afc86abf63825",
              "ami-0473aaefa34296909",
              "ami-0d834fa2149eaecb3",
              "ami-0549d18738e4bda62",
              "ami-0bdfa55c6679c8352",
              "ami-043c4c6f5256af857",
              "ami-0057b5a57910cdcb8",
              "ami-0ad6c9f83ac99fd8f",
              "ami-0bce5ccfba3712195",
              "ami-03f32cc41b4a5ca7d",
              "ami-059cc6eb1adc9bb29",
              "ami-044d7d2efe6b975d2",
              "ami-0695b862c585a60a7",
              "ami-0fb2f160ea832a7c0",
              "ami-0f8fcd4aed26c5de7",
              "ami-04512828fd11c2e4e",
              "ami-0f525fbc23164575f",
              "ami-0ba48baa8c0ae004f",
              "ami-0b30953d5d6724602",
              "ami-01a033b3b9188d4fc",
              "ami-0bf67ecd7636e56d9",
              "ami-03fbba13f3a794e21",
              "ami-08f6ec2554e6b805b",
              "ami-0bfb41e701a2c69d4",
              "ami-02a33361d7cf69f73",
              "ami-00cd808827c7ac599",
              "ami-02bb55ea2189e7155",
              "ami-01320fded9c6ef4d2",
              "ami-04b6ba3a37b5cff1f",
              "ami-05d7fd69210fe598c",
              "ami-0753e0e42b20e96e3",
              "ami-0469febbc8f0f3f59",
              "ami-041c37c33d94e28f6",
              "ami-04e6897ac54e2870f",
              "ami-093e02a99f2c1ea15",
              "ami-05ab8cb8e051b3d6e",
              "ami-079055d8f11ba4e4f",
              "ami-0f68faa20fab152b4",
              "ami-0d4a88b575a7dfd00",
              "ami-06cfbb8abc97041fa",
              "ami-09e988a77332f5df9",
              "ami-0409263684d042bf1",
              "ami-0532ce8083b9fdd36",
              "ami-0e112e5c7ead7781d",
              "ami-0240eb2ddb675dded",
              "ami-01c250164e976ced9",
              "ami-0795f0713287831c9",
              "ami-0275ae2d429ababa8",
              "ami-051970255852d95d8",
              "ami-081e3bc9ccd0aa4a6",
              "ami-09f7852b558109cc7",
              "ami-01045e6fd80b7f38e",
              "ami-0dbc2068295a60c03",
              "ami-07c2db74761e377d6",
              "ami-0f4d6f15b154ebb10",
              "ami-033655fe5eda90cc5",
              "ami-088b67dc4ca4c26df",
              "ami-0c5c441a7e32f314b",
              "ami-090cfe85f4411bc19",
              "ami-0016c617ea485388d",
              "ami-0d799a98efcbac578",
              "ami-004c8ca1663e9310a",
              "ami-0b15f70482b6e39a1",
              "ami-090c2257ba90ed2b2",
              "ami-09f85327b445b2b36",
              "ami-0cf34852a98f3eabf",
              "ami-05a08cf9bd91fe163",
              "ami-08e6a80c419ecc7c9",
              "ami-069f861ff7a052a9d",
              "ami-0ddaf6d2b2027b67e",
              "ami-0cfacd977726243db",
              "ami-036130b77d5ab1470",
              "ami-07f7a2d70ebec1295",
              "ami-02c6a86ed41e8e9b4",
              "ami-0e72dcd7f161e48d6",
              "ami-031f4269245ff15bb",
              "ami-06a75bd57dc8b13c5",
              "ami-00039c69a472f4aa0",
              "ami-0076ac6f47beccc0d",
              "ami-04bc6caca307e18da",
              "ami-08203be8b8a92d66f",
              "ami-0aa975fa51a8034f7",
              "ami-04c2ced10ffd7d598",
              "ami-08fcdd950b67b0b0c",
              "ami-03d759d6cfc5e71af",
              "ami-09ecb168d7dfe6729",
              "ami-06cdee1ed92f94f40",
              "ami-09e8946e2a939b291",
              "ami-081060749ff18d7e1",
              "ami-07a56a0b8a93e788f",
              "ami-05ba5f396ba33e730",
              "ami-0dfc92fb574beb26b",
              "ami-0edd9aa7363e541ea",
              "ami-0e329eb89bcc7ec58",
              "ami-02c297f79d1528a7f",
              "ami-0ede6380d35a659e5",
              "ami-0052d900daaeca35a",
              "ami-026345b446958a6d7",
              "ami-061931ff2de6c78a9",
              "ami-0c8173fa2a56e1806",
              "ami-0a000123a56188265",
              "ami-01510445a2510b000",
              "ami-0074a6d32a3ba1fd9",
              "ami-09e916ef142fc2859",
              "ami-06221038027cb00ac",
              "ami-0e5c1167b6500a1c8",
              "ami-05d860899a2e41a18",
              "ami-0bab70759b8e16627",
              "ami-08f1abe4c2eb989a0",
              "ami-0a6bead117d34cf8f",
              "ami-0c396074fefd87c74",
              "ami-00aa8a072b1faa0c6",
              "ami-0e89a4d5eb472cd32",
              "ami-093927e17be5dd7df",
              "ami-069492fee2d3d0f1e",
              "ami-05e96634f3e95df4b",
              "ami-0a6a13aa334ad308a",
              "ami-08a156a35d0da0b62",
              "ami-093268e2e6db15243",
              "ami-0714149e0bbacb89e",
              "ami-047774f0df66a6002",
              "ami-02456a2d92533b192",
              "ami-017b79a573699fd6b",
              "ami-04050ea3b7922e98c",
              "ami-02d25186c5e371c3c",
              "ami-0a370eda90fd8cea8",
              "ami-0c6e8e8434ac87382",
              "ami-0a7face87534f34cf",
              "ami-07089533102adc07f",
              "ami-09653959313e96199",
              "ami-0bb0d96bdcf6f1daa",
              "ami-091493a56ada16024",
              "ami-044bd67f76046cfc4",
              "ami-0c567853826c70ab6",
              "ami-076631be79087489b",
              "ami-04b19e7a339a706e2",
              "ami-079f16a65eef925d3",
              "ami-0505a34bc76ee9fbc",
              "ami-0d1966bf889204052",
              "ami-0e1404585b439f166",
              "ami-0e56df35aefe75568",
              "ami-0c43c8e61a2150927",
              "ami-02cc549edc5a19898",
              "ami-0d67d2e4a035e404d",
              "ami-0f5176df959aa9e39",
              "ami-0f5c1a9ede4ec1eab",
              "ami-0464efe7cdd40a343",
              "ami-0bd2280221b82c63f",
              "ami-0d0fe42389b5b5067",
              "ami-08d6eca3a32532a96",
              "ami-066231b790d2440e4",
              "ami-05f7866dfbf764436",
              "ami-084a12dcc108adbfd",
              "ami-0124fea0eeb7c2769",
              "ami-085ecfe4d567e153a",
              "ami-0fd86f407b0997d45",
              "ami-05265ad2e843472f5",
              "ami-057e2230f76300cda",
              "ami-036178981628e0e1f",
              "ami-00bb1c5814cc87874",
              "ami-093555df1ae6f2301",
              "ami-0d5a78ec147fee713",
              "ami-04f68ccbd90cb1abd",
              "ami-0d9ffbd062a09f1d7",
              "ami-08db6859255896790",
              "ami-0319fccaa241fa417",
              "ami-06ebfb928e68fa4c3",
              "ami-0b7e55206a0a22afc",
              "ami-0e174f096a01ddd97",
              "ami-0b311dfbcba3aea21",
              "ami-06155c4c38b139073",
              "ami-0e6aa2b486835ba25",
              "ami-0643efb2a02d626fb",
              "ami-0874fdffdda3bd5b4",
              "ami-0b6d234a474b75a56",
              "ami-0646abc1b81df7ef2",
              "ami-08be951cec06726be",
              "ami-04a46a6d4dbeb5fe0",
              "ami-00d29ad881026077f",
              "ami-0897ce3d926365d87",
              "ami-09a49ef7d6dde8309",
              "ami-05b606053f6dee373",
              "ami-0048b5ac46d7ce5dc",
              "ami-0eecc3825826c26bc",
              "ami-0c11556a607236dee",
              "ami-04e4d910db4e50f32",
              "ami-0d118321c29e69973",
              "ami-071f31cd706317f3b",
              "ami-08330ec047ceadf64",
              "ami-0973b2dcae8c84862",
              "ami-0be774350de1ab0b1",
              "ami-0a39628efdd17536c",
              "ami-0022bf6b89915fb01",
              "ami-0d4d909a5e347c5fc",
              "ami-02b2b0f150fbf6fd2",
              "ami-022b83877f7f904c8",
              "ami-0e9a0ac4214f2ebe1",
              "ami-05e181feb36b1014c",
              "ami-03a195580261f40db",
              "ami-001dd0d6a704d4ce8",
              "ami-0d96b327f5214d7ad",
              "ami-0047630742f17995f",
              "ami-0ec7ce9a1dd22d627",
              "ami-09be5a5f0d10ddd82",
              "ami-080b5263a2b34ed58",
              "ami-0d870986c0edae707",
              "ami-0e49b939b1f52f466",
              "ami-038b5f1e1ace39ada",
              "ami-0202164b918d019bc",
              "ami-0694a916ba588c86d",
              "ami-05d7f6bd85dc86b71",
              "ami-0293db9fe23862898",
              "ami-03731bb29881aeca1",
              "ami-01546d520af6661cb",
              "ami-02bb363703fa0fcda",
              "ami-0cfe4ad39a71f0cda",
              "ami-01eac97272add2814",
              "ami-060fdf98357394af6",
              "ami-04b2fd1be2f3007eb",
              "ami-02c207542a6f3dab8",
              "ami-04966ecad133e5efb",
              "ami-02297fecbc0e48785",
              "ami-08a7c79b0050c2978",
              "ami-0c2d411ef459e5a9c",
              "ami-0135a5c27f067e735",
              "ami-005e49ad3180f6390",
              "ami-001a000f75a2fa8cf",
              "ami-036d46ee5583632e9",
              "ami-087d4a6c437f072de",
              "ami-0562cfa62f1291fee",
              "ami-0a0b62dfa107719c0",
              "ami-06489fdf11fceb107",
              "ami-000b322a220016c6e",
              "ami-0fc032a817c1e84a6",
              "ami-0fcc2ce266d246d29",
              "ami-06484d15f4b868556",
              "ami-00b4a461abdf7c41f",
              "ami-0f0e40a75bb685782",
              "ami-03b8c09210d4d0d53",
              "ami-0b1ab1a9167bd7266",
              "ami-0863be5c3f48da1cf",
              "ami-00d89220e934a28db",
              "ami-03c5476a01b42e59e",
              "ami-014e10f3c7a275f16",
              "ami-0c36dfc94299ec610",
              "ami-05377d936a530b138",
              "ami-0cf65454daece7b9d",
              "ami-06a8d97b13e614945",
              "ami-0aad45d8199457075",
              "ami-075a38ce5e966a8d8",
              "ami-0104727bda111ce86",
              "ami-0719a86001307441e",
              "ami-02edb179c50537d84",
              "ami-0922ea5d713667e03",
              "ami-0423bfe4c70639a2c",
              "ami-027db5fcc18a3fab4",
              "ami-07ce16cde3cbe35f6",
              "ami-019e3a686ed7f4c82",
              "ami-01cfdcaea8f473c20",
              "ami-05b90820fdbb366c8",
              "ami-08964f6108594514e",
              "ami-0d950bd76128514a1",
              "ami-01c56f5c7381e32cc",
              "ami-0a462cb86cb875c78",
              "ami-093f62e92f4aa47e2",
              "ami-016a7edb1f832d890",
              "ami-0783cccb7d887ddc2",
              "ami-09b8f35b71d6f847c",
              "ami-0b942ffedd53d3ee5",
              "ami-0c1f9299aff44a993",
              "ami-07c4066c9f5fc426a",
              "ami-08380d3dba70588ab",
              "ami-0ce202bb88544fc94",
              "ami-0030191060d56fffe",
              "ami-0d58ba12935c681eb",
              "ami-058e0883416fbf604",
              "ami-0f801ada489871e43",
              "ami-0071f2e1b339087ae",
              "ami-0abf04b1e516d5f87",
              "ami-00c35a8474b7e7138",
              "ami-07583ab6e2ed8b3ed",
              "ami-0d2ff412703466dff",
              "ami-06dc88af3c395377a",
              "ami-096b25305b1579d5f",
              "ami-0d7cb7561e52cc520",
              "ami-0ed5b244ec9243bb6",
              "ami-007c25d14e25fb467",
              "ami-08a38c9f83990b550",
              "ami-0d015e37fea8dfbae",
              "ami-0b3c2e93f1e4dbb64",
              "ami-04f65af85723ec616",
              "ami-0f1882af060f6ed2f",
              "ami-043f17c0300716d55",
              "ami-0b3e5d95bf6fba196",
              "ami-0c47e5dfec4423cb8",
              "ami-0fb7999e80111be40",
              "ami-0b38043d286bd96dc",
              "ami-078b3c7c73c5a2ff4",
              "ami-05e1e05a7b5d41e5b",
              "ami-0f98357ac5467ea56",
              "ami-02df8b25f5176777e",
              "ami-079189fec0b520834",
              "ami-0e59cfcc811d4c71e",
              "ami-0496e5ad03b9f266e",
              "ami-0829c39b2c90f1b00",
              "ami-021d377f2730fda6c",
              "ami-09fc9f8cefd35290d",
              "ami-02dc348985a6c6c49",
              "ami-0f24977ad7e5d2052",
              "ami-05e235a75a1f65d86",
              "ami-037b403a62362b9e3",
              "ami-0d9005e6164a054cd",
              "ami-0ca008df0779ebf3f",
              "ami-0f339681a2430e0d1",
              "ami-0447be05a2a6ae559",
              "ami-0bfbd3f66346ae5dd",
              "ami-02614cb1bd071818e",
              "ami-0772aa44f4ff425cd",
              "ami-0bbf85e556068fefc",
              "ami-018994324e357d607",
              "ami-08e81061be3b1fe38",
              "ami-006a68616bd6f474d",
              "ami-04d81d44cdf21e1a3",
              "ami-0da7bec50f48236b8",
              "ami-032415793ab720c15",
              "ami-0e8c307a1035c7a8b",
              "ami-01060efb7a243d029",
              "ami-09c9df706289d1b50",
              "ami-0c7b0036eeaa36d07",
              "ami-03000dfd1da5b65d8",
              "ami-0966d037b223429c0",
              "ami-0e110c4b2f2b09550",
              "ami-01dd5e87961d7c259",
              "ami-01fcc5825b63ca4b9",
              "ami-03448c3d0639c8f45",
              "ami-088a029006ed69d92",
              "ami-07b7f69a5024f24fe",
              "ami-08d603b38812d0a31",
              "ami-022741151418c874d",
              "ami-0803019c5daa2cc79",
              "ami-0ee39036464b9a87e",
              "ami-060c76565c34c4138",
              "ami-03dd703c47340ac6a",
              "ami-0afe77de5141a9c17",
              "ami-019dd01214c26d3b3",
              "ami-079ed45e1b39680eb",
              "ami-00d78f9aa24e141c2",
              "ami-0053af8a857221b84",
              "ami-0c7a0b16ab6e18264",
              "ami-09ce3f0d258293e9f",
              "ami-0f88e02a6ae03df95",
              "ami-0a26d3542e36bcf73",
              "ami-0f5089ea3b6b32006",
              "ami-0d5ac8140bd37a0b0",
              "ami-0b65d4ee1f6e9d6b8",
              "ami-04c2f261161534593",
              "ami-066387342609c0173",
              "ami-072c9934cf2c220b7",
              "ami-062cedd0b598fc3b0",
              "ami-0470fbb6043e8a790",
              "ami-068bea9d9bb48c7ed",
              "ami-0bc57c20c61681aa8",
              "ami-0fb31819c3a2b7e54",
              "ami-0b0418d62420f5d01",
              "ami-068475a6eee00f6f4",
              "ami-0639109dd211988ae",
              "ami-097f73bd14efd467b",
              "ami-0088ba7b68e89c0c3",
              "ami-082244f8747a9e9b6",
              "ami-064a741ef46797a0d",
              "ami-00fe1db679b740a56",
              "ami-0cb71f6a43a7e1c9b",
              "ami-0977bfe071d0ac2f9",
              "ami-0bd732701a8723aca",
              "ami-0432454e163d7c223",
              "ami-05cf5b4967d0e4f72",
              "ami-01643365e55349d13",
              "ami-01a2386b5a0ccd7f9",
              "ami-0c1013d6b4d83ef3c",
              "ami-003686359e71cd103",
              "ami-03c2d0fbb2484a7e6",
              "ami-03d303eb1e72f7abc",
              "ami-02f7d4bba0fb592cb",
              "ami-0cd9e22691ab8a402",
              "ami-0697724f32ad17b05",
              "ami-0df77b1872421cce9",
              "ami-0d2510881d48e18f6",
              "ami-02c6f4c88375ef96a",
              "ami-032436e878b686d96",
              "ami-0040e91078cc09b6b",
              "ami-0f3aebe43263339bc",
              "ami-0b088c7e30a1900d2",
              "ami-067d39a869ec70b87",
              "ami-0f06e7178103e7d5c",
              "ami-0c4a5135c572bff00",
              "ami-065d225d46559ab96",
              "ami-0e451984a795e7ad6",
              "ami-0d21e473205599ac2",
              "ami-05c4a1c5b33299762",
              "ami-0f7c42c0ba4e84a19",
              "ami-075fa2e2dbb53198b",
              "ami-0a1218032f5034170",
              "ami-0195eba425b812a23",
              "ami-0ccab1967d57bb269",
              "ami-04b9c451219e0ba15",
              "ami-0611d386fbf434025",
              "ami-04e752f9ac436848e",
              "ami-0b34d06142a60d9d5",
              "ami-0d857c384ca7a2620",
              "ami-01cd5033708e3ce7a",
              "ami-0c00800f73f95694a",
              "ami-09c3adb5b85813f30",
              "ami-0a249008c36780fd5",
              "ami-069986ed9b2760fbd",
              "ami-0e1999bd847c888ec",
              "ami-08c8c4efdfe701350",
              "ami-0262b8e800e3e584a",
              "ami-04d048f3893bf6c17",
              "ami-0ad0a5ce832256d80",
              "ami-08468a300ff4d8368",
              "ami-04b99acd5a1ef8eb8",
              "ami-0f6d609706f5d7270",
              "ami-0cd1064d1be4b9237",
              "ami-003bf061cbd529975",
              "ami-0d0e2732f6beb4803",
              "ami-031e61221cf13d9ad",
              "ami-004a0a2f7a49fe066",
              "ami-0d1b38225491e3525",
              "ami-083b39e33db00caa9",
              "ami-06b2279fc5bc13c05",
              "ami-02f432fc2a3993ae6",
              "ami-044bb6e633520bb11",
              "ami-06776570bba684acf",
              "ami-00b425796a994ca12",
              "ami-00e1f77aac5cba200",
              "ami-0674f0055ca144ac6",
              "ami-05807ca33200ca89f",
              "ami-0b09c1dcf213fa586",
              "ami-02bc4a6674a7cb6d8",
              "ami-051585b44a00e8443",
              "ami-0279c7dea5229ad60",
              "ami-0931e0afec1911c9c",
              "ami-0936cafee06278dee",
              "ami-07ac0a74d21a3174c",
              "ami-0f92eb1946622f1bd",
              "ami-02a0e94e90b43b440",
              "ami-0997ffe5c83c67edf",
              "ami-016beea4b69d2db85",
              "ami-09fb7c418b27c76eb",
              "ami-0972757a4ccf96b6f",
              "ami-018d29ba42690f33f",
              "ami-04b6650efabdb4239",
              "ami-0755eabb425865ace",
              "ami-005835d578c62050d",
              "ami-0ee678ff82c6bb8dd",
              "ami-02c7d3513f9fdf3f6",
              "ami-059eb1cd620cd621f",
              "ami-07fb698fef934b002",
              "ami-0c36eab0337aed544",
              "ami-0cbf0aa2e7b1d1c12",
              "ami-01c8296d266f5def6",
              "ami-011cb4979f9a188f2",
              "ami-08fdc968669c3d274",
              "ami-030c8352380faebc4",
              "ami-0820ac53c4fa868dc",
              "ami-093cec5704028f405",
              "ami-05448cab00ff68bf3",
              "ami-0fa78287d4a6c8689",
              "ami-05e339de3d4525a75",
              "ami-01d725ac5d1ed289e",
              "ami-0403ea038aedbbaea",
              "ami-0af5e5e185c4ebd21",
              "ami-024a6d4ee7931fca0",
              "ami-09b548c4bc3f89c1f",
              "ami-0a7f0ce5f3d7f07b3",
              "ami-0b0f2f5057b77e6ba",
              "ami-0dbd80668f8eb5b9b",
              "ami-0a84340c5826a8d06",
              "ami-0b91e71306bb473b8",
              "ami-0f7fe3b001f82b2b9",
              "ami-08fb23a9ab2bb6ed5",
              "ami-0b6c537bac50bac75",
              "ami-03bea689d0eb2d238",
              "ami-06c429e326acaeb73",
              "ami-030386e1ca904124c",
              "ami-039c18457788e7b4b",
              "ami-0b68e36c4fb96dc71",
              "ami-0f064e7ce3c8eb40e",
              "ami-032d03da57c9a5a25",
              "ami-0a97bb80d54a27de3",
              "ami-00fb7d48749aa16b9",
              "ami-079dc6e8848b1d513",
              "ami-058b0bb7ea85502a4",
              "ami-0dcf5dd8a34d66529",
              "ami-0fcc44657fafb39e8",
              "ami-0ae70164999ed87d1",
              "ami-0972686701752c57b",
              "ami-09853c01e685de831",
              "ami-0e4c1433fc6f52786",
              "ami-0c7b0010de9d1a9b4",
              "ami-0c48db0e0cf4c571e",
              "ami-02605aba6f851b77a",
              "ami-0326ebd78cd0d8318",
              "ami-04fac5a12e5d4c285",
              "ami-01a02d479eedb6439",
              "ami-0b0b1e0dc58513b1b",
              "ami-04ad611f4ea834b27",
              "ami-0c54a4ba9dd88bc5a",
              "ami-0929e1ac86fd58583",
              "ami-076dba4e313dc793f",
              "ami-0b75b16fc431d7f7e",
              "ami-08aded9ee3e6407c3",
              "ami-0e1738540c453dac7",
              "ami-0b798da2ffb0a1065",
              "ami-01bc460041c555fb6",
              "ami-03575399d7cb7067d",
              "ami-0dd3fb26669e377bd",
              "ami-042f9c05d8fff6ccd",
              "ami-076169a1614fb8cbf",
              "ami-0332093eadc410fdd",
              "ami-05b82d970329af681",
              "ami-0335bc2d3c10d8427",
              "ami-091b9a30f7ef8c8a2",
              "ami-02c045ce787754e77",
              "ami-0aaa037151c5e6260",
              "ami-0dca95925371b4e9f",
              "ami-0ec7ce069c5354b3b",
              "ami-0cfa142fa9af94a26",
              "ami-01b41aa338e2f8ece",
              "ami-0d2bb46237ed296af",
              "ami-08c90fc2d7dac7bf1",
              "ami-0cf58ca797fd5428a",
              "ami-0e9b17c2a5411ea2f",
              "ami-0d69f412f3e66c2d3",
              "ami-096055941387292b5",
              "ami-0c123916e32062a3d",
              "ami-0a172a0ae1ce5afa2",
              "ami-05fae84157b1bea59",
              "ami-042647d3ee50e2d57",
              "ami-04f28cbe97b4eaf5b",
              "ami-0977d4f0b6d568810",
              "ami-01a95a336083c416f",
              "ami-073915479fd061cd8",
              "ami-060836a698c0e091b",
              "ami-0be54d44b34f0aff5",
              "ami-081d74436134cd419",
              "ami-02e8faf716009fcd9",
              "ami-04c1dbcb48d095797",
              "ami-0625fc2b91c16917e",
              "ami-0f44b255c8f7a3114",
              "ami-0e736f78d9a30195a",
              "ami-06e0a797c0ef0a3a6",
              "ami-0be18a39c51b49115",
              "ami-09f03fa5572692399",
              "ami-056f5d6bc8e68f2af",
              "ami-04e6c1a1dc367eda5",
              "ami-04738baa5341eb098",
              "ami-0c36d16ae5ae89000",
              "ami-09d816ccda41ccdc3",
              "ami-0a2269dfdfa58ea38",
              "ami-0d2fa3b7e418cc09c",
              "ami-0ab39c2c6c5303905",
              "ami-0393aadde1a83299e",
              "ami-05b71248cf601c7b3",
              "ami-0b785f27eebdc49e2",
              "ami-04bd95d273327d4df",
              "ami-06b5d2185b5fe58ca",
              "ami-00278804efb76f101",
              "ami-016f8f13f93b79237",
              "ami-0d6e5549ed90fc3a9",
              "ami-095d0f1be2f2e82dc",
              "ami-0041edf24e34bddc2",
              "ami-0913c46b6167953f4",
              "ami-0404d56da20f139e2",
              "ami-04cca255f2861026f",
              "ami-03a2660ab31adee97",
              "ami-0434381b79f10c4cb",
              "ami-0aea69fe27a30226c",
              "ami-06bafc104bd580a32",
              "ami-070d3cbf67d3754a5",
              "ami-00d37842ef76cd4ce",
              "ami-0c45382841b8d21fa",
              "ami-05e176533acc04387",
              "ami-08cb2e4eb7fed0d22",
              "ami-072b463ec93bc9cd9",
              "ami-020e2aaa35f628ff4",
              "ami-045091003a3f42629",
              "ami-0f8e90385a6072fd7",
              "ami-04c07e6bd61f25380",
              "ami-0a70d3886853a388e",
              "ami-037b56d7df140686e",
              "ami-06e4b0bc7b2355573",
              "ami-09c19c3fd6609bae6",
              "ami-0769357207392ba25",
              "ami-03e3ea972318bf77f",
              "ami-0298b80b630effab3",
              "ami-076c2d32c11fe628b",
              "ami-0a89f4a10a35de036",
              "ami-0212deb2f3c820a50",
              "ami-04e43943ab8559160",
              "ami-0b5f0303ea12e37d2",
              "ami-088714e96cd223f3c",
              "ami-0fcda0d02f365db68",
              "ami-0a4f9db1ec05d43c8",
              "ami-0c6b5fd85b0966304",
              "ami-049229c0d2ed64f5e",
              "ami-046b1cbc67d6b417f",
              "ami-08476a3d16eafc048",
              "ami-0cdee29fcd93f4a6e",
              "ami-0daab4d853b7d7d54",
              "ami-09217144d1f87addf",
              "ami-000833987281f2602",
              "ami-0817a413ab07d0800",
              "ami-0430f3a39c6daa4ca",
              "ami-049c3c9f82fc67044",
              "ami-05dba4e240a6cc3bd",
              "ami-016b6d6215b62852c",
              "ami-019b1411699db82c5",
              "ami-07e799d986e9e2409",
              "ami-088c834a6da102dd2",
              "ami-03f820e2765284c1d",
              "ami-02bd392700bb423d0",
              "ami-036d227edf9f0909e",
              "ami-056e416f4e912a298",
              "ami-081dcd9c74372789d",
              "ami-0b33c4b6eb35a350a",
              "ami-098325062dd2adf8e",
              "ami-09fc5ef1e0474c3c7",
              "ami-05ac19924d9072225",
              "ami-07b20e148a93d98b6",
              "ami-001717a1c680ab1e8",
              "ami-0cdc82773f114f8b9",
              "ami-0ad365b26132f2834",
              "ami-0ba82850cb18c7c47",
              "ami-09d39a91e778a5464",
              "ami-0eee8ad60efae5e6f",
              "ami-0eff0e24fffd377ad",
              "ami-04d3709aaf536559b",
              "ami-0c1bdd101f6c826aa",
              "ami-072ecea1932a99863",
              "ami-091cc2c830bfec6e3",
              "ami-085b4a762b5036aec",
              "ami-02a14804591fa4085",
              "ami-039f819477a1d2742",
              "ami-03e0b9325eb4d764a",
              "ami-0e8bcd605ca080562",
              "ami-029562ad87fe1185c",
              "ami-06dbd4e7bdbb716da",
              "ami-07ffa02cac7ede247",
              "ami-05df7a0413ee3e4bb",
              "ami-0aa51c59d00ba919b",
              "ami-0295c75d2dafd5e93",
              "ami-0ee0e3d88d8efd97f",
              "ami-0e62ded30c8717788",
              "ami-0cb0186e67365aec2",
              "ami-0642a2bbe17383135",
              "ami-0cc3aba898d34a095",
              "ami-0867a0b1ddc667983",
              "ami-0010797381625395c",
              "ami-0cef09028e1415286",
              "ami-00d597adafc016c1a",
              "ami-099baaa2640204dcf",
              "ami-0662a1e703dc6854b",
              "ami-011dd73dba52de3c9",
              "ami-0cf941902d074a0fb",
              "ami-0e20e79156676118b",
              "ami-00c4baf3d6f8a3c7e",
              "ami-05b726e18e266ab7a",
              "ami-044835915e139fea6",
              "ami-0222c85309eb55496",
              "ami-099c72060d1b09e4d",
              "ami-0d4936156797b1cb2",
              "ami-0adaabba8d08d6f8c",
              "ami-07de6420cfe800e91",
              "ami-0bf20945f8cdb6171",
              "ami-02e14187ff9eba819",
              "ami-0d6c5a39f2ab3414a",
              "ami-06a801acbab75b8c0",
              "ami-09882ffdee1c5fcbc",
              "ami-0feabc62915a1fc1b",
              "ami-097d1bc9c3e99df61",
              "ami-04f04e7fd5838b99e",
              "ami-02534880ddeb454f5",
              "ami-0b735a3a441bd9d48",
              "ami-06df38320cecdd700",
              "ami-00a8a3fd2ecfe2d48",
              "ami-0271f14683d41131b",
              "ami-08ae408ec8ca9f4e3",
              "ami-068682914274b8736",
              "ami-0193e2862596c6da3",
              "ami-02045ebddb047018b",
              "ami-0a0a2794902e91998",
              "ami-0a540adc815a457df",
              "ami-0bfb33765a3da425d",
              "ami-0c9a435715426c384",
              "ami-0324edd634c7208b8",
              "ami-03a38ba82fa249168",
              "ami-0ad1dae94c49d4236",
              "ami-0134457280961564b",
              "ami-06e8d4db5028ee3c1",
              "ami-0196fa2de89f6b53b",
              "ami-0c17526f9889805dd",
              "ami-0ed7d65f80d1220c4",
              "ami-00c36d9b7be40e68f",
              "ami-03b92cb6a55969998",
              "ami-086d0674d5a4e38b1",
              "ami-08bc16240322f75fd",
              "ami-0ea3f71b4fd7d5813",
              "ami-03cc2009349c5df62",
              "ami-0e75719d6f8cd6448",
              "ami-0ba04d9a56355c882",
              "ami-03cf02922c0d35fcd",
              "ami-00ea9130471c45a0d",
              "ami-02be6cd875396d5b6",
              "ami-0c7e486e0eead1166",
              "ami-07c2dd4e851bdc697",
              "ami-06c17951a8f07c8c1",
              "ami-0389c59c66c225a28",
              "ami-0b7f1776c2c50d2e3",
              "ami-016e89720a1efeecb",
              "ami-0506a615813341a9d",
              "ami-00d70a48cc1baf261",
              "ami-0a08a2e1e9e78d560",
              "ami-0a26121090f552fff",
              "ami-05b15a4affce39333",
              "ami-0f7ca9ef2daeadb75",
              "ami-0b11fd304d5304481",
              "ami-06510745fef4aa0c4",
              "ami-02adc7372e7f58c37",
              "ami-01205a5786b13dbe4",
              "ami-0e6c614cf2f29cf4d",
              "ami-0f9787d6458439f00",
              "ami-0bb8f3b601de2dbc0",
              "ami-053587969636fea6a",
              "ami-03b2d23256a8cc866",
              "ami-002d0210e751f46c5",
              "ami-0c1f22180da41fbf0",
              "ami-0a5493f244a901164",
              "ami-0c611422f54e1b3ec",
              "ami-083c972401e4ee1cb",
              "ami-03093524a50849207",
              "ami-0785fe384a968e851",
              "ami-036c6f7e6c88a50c8",
              "ami-03dd0f71767b4389f",
              "ami-04af7b9cf2fd4141d",
              "ami-0c8cf21c998f4130e",
              "ami-0d9ad9d75968f7103",
              "ami-0f2382ff7ee6ecd5d",
              "ami-0b10cfc16632448e8",
              "ami-01b4f3e09abc12cfa",
              "ami-0852ed9557b04d272",
              "ami-0c992299510513754",
              "ami-068f516796a0f457a",
              "ami-076bc5fe4f2157bf6",
              "ami-0f939845db805d35f",
              "ami-0fa1ce9f89d77188b",
              "ami-083f8adc4541c0061",
              "ami-0c0a16184ebf6cffc",
              "ami-079fd230ab98671a4",
              "ami-0f956b7b3ca66cab7",
              "ami-0af4d700703fa4028",
              "ami-095bebbd7e24ffc01",
              "ami-0788808e9cb6bd973",
              "ami-0db05922b315d527b",
              "ami-05a0c28483cd411e7",
              "ami-078b57f3c3ce8154d",
              "ami-09e898734128b6f4b",
              "ami-0b15bc0ddcc793876",
              "ami-0983cbca26116042a",
              "ami-02bc1f1f44c45994b",
              "ami-0a374f70d5ab65143",
              "ami-0a2e09d09a1430e39",
              "ami-0d01dbd11ae59d83f",
              "ami-09a9a365f19891cb4",
              "ami-05fc6194f2e617672",
              "ami-07b3b0fe1403aab26",
              "ami-0f563a1685f220afd",
              "ami-0ce96d0c6fb6b7229",
              "ami-00351cc5c30d9155c",
              "ami-07de0a166df54397f",
              "ami-020358da8e10f4545",
              "ami-064bd7bcac9350c0e",
              "ami-0ab34941e33f598bf",
              "ami-08996da8599f8497b",
              "ami-0aa8edc9e705d2a54",
              "ami-0944c0b4ba6302857",
              "ami-011eecb278bf41c93",
              "ami-08780d19ca1efcc79",
              "ami-09eda79d068a879c0",
              "ami-0d35e94aaf041daa5",
              "ami-03faf5eceaea16e9c",
              "ami-0c57505992c6b368a",
              "ami-060464eb31ac7947a",
              "ami-09eb5c782376fafba",
              "ami-0a8a63aacbcb3ea79",
              "ami-0f1f73e166b66b3f5",
              "ami-0c25ba8d8680f76ad",
              "ami-029793f0318fd7558",
              "ami-03d32ea9f8e9d4d68",
              "ami-04c0d2a1709c1b480",
              "ami-0a5d18a2082586ffd",
              "ami-0a12185b9f1aa9f4d",
              "ami-00cb81dd88b1ce131",
              "ami-0fb57bc760044cf4e",
              "ami-0370427aca55b362e",
              "ami-062237796474d9b66",
              "ami-0609ae673c081227e",
              "ami-0590182281fae541b",
              "ami-08a5facfc068d86c8",
              "ami-0500e4dc2f942c2fc",
              "ami-0c6ebf4e6fe527243",
              "ami-0de6f8f5b0fe2a25c",
              "ami-09b2b9bde2ffc8a7c",
              "ami-0d0422709eb8ead97",
              "ami-083bcd3d01a2c4be9",
              "ami-00ea5aa78bec94458",
              "ami-0360d829c5733f17e",
              "ami-045d0e3ad9d672b0a",
              "ami-07012db125f76393e",
              "ami-055b5f9a90dfadea4",
              "ami-074f9f25c4409c8be",
              "ami-0b91f3efad17de577",
              "ami-0350be96935bf30c4",
              "ami-0fbb9878862bbbca3",
              "ami-0d2c4c08f84c3ca7f",
              "ami-04f894b1c21d94416",
              "ami-00ee169f08021184f",
              "ami-0ec559e18e8ed6466",
              "ami-05feb97cc92295e14",
              "ami-0a7d72d505740f789",
              "ami-082c6a66009b1c415",
              "ami-09d513e18f053ffe9",
              "ami-0db5b1c45d5e1ed1e",
              "ami-06c23bb35860b2bae",
              "ami-02a37ec36708f2c85",
              "ami-07840db94d652edd9",
              "ami-0370865607a59aeb9",
              "ami-0507be656c8f0a6f0",
              "ami-0ad2baccc559467f0",
              "ami-0c5a35c6349447af8",
              "ami-0d42e88c43a468758",
              "ami-02ebfc1db418c06b8",
              "ami-0a119c29d66bcac3c",
              "ami-07101f39190c7f383",
              "ami-03d0ced61491e2383",
              "ami-0c4305402c3c796cd",
              "ami-0e9e3224ccbe4127e",
              "ami-09d61a8dd20cbbe89",
              "ami-03fe7a32e34bdda39",
              "ami-0fd05a9172d625161",
              "ami-0b75ccd2ab878098c",
              "ami-0f7b0e8cee7902636",
              "ami-0a4abe86671d775ff",
              "ami-0ee9d43087f461f31",
              "ami-0c87a1cc34974fc62",
              "ami-09268974e42e2a0d9",
              "ami-077df7229f2a3cce9",
              "ami-0f0aa0b325df011b9",
              "ami-0856525d65af5bc83",
              "ami-071f22b84133c5677",
              "ami-04482f1dda3afdc9a",
              "ami-0cda1286c47a6c004",
              "ami-045268d1de7e4237f",
              "ami-0c3c44d526c39e8f6",
              "ami-0b9c933b2d8033b1e",
              "ami-0b82cc00e69b842fc",
              "ami-046f51957be3a0fc2",
              "ami-0cc9cd58b0dd4541c",
              "ami-018e8dc1815d96a0f",
              "ami-0593f373cf5146e4c",
              "ami-039e9fe87889a26aa",
              "ami-0f13864161453d829",
              "ami-0809965296c3e8b1c",
              "ami-028b35e9aeb2d2a4f",
              "ami-05754d0da7934533a",
              "ami-09551027559ce01bb",
              "ami-0756abd7fb7d03126",
              "ami-071e90e9649960ea4",
              "ami-0f32d6930ceaf214f",
              "ami-04d1a2404e698ff70",
              "ami-01886ec15621d9fac",
              "ami-02eed72e5dcb50ac5",
              "ami-0781051f55d25b14d",
              "ami-052a4b34244b05aa6",
              "ami-04580ae8cbbfcf100",
              "ami-0b1096b640d88364e",
              "ami-08ac8959895b4f9b0",
              "ami-0e564c139a1b79626",
              "ami-0b78a56df8bc63a25",
              "ami-0a2379f52282fe22e",
              "ami-00918bf80489d7566",
              "ami-0b291e8b86f546d45",
              "ami-0eece3d5e03d82c80",
              "ami-083b61044022444e0",
              "ami-0835b44f8c345bf55",
              "ami-03d4b39cdeb4b7339",
              "ami-0e6e18cc4952d4622",
              "ami-0fe00b7c5718fdf1e",
              "ami-045072b7ebd2e0339",
              "ami-00ae9cbb6bf5d4127",
              "ami-05d2fb9736b7fdd0e",
              "ami-029cb08cc09b9eba5",
              "ami-06d924b7f448497b4",
              "ami-0598c3ee6536ca894",
              "ami-076f62bb8ab777fb4",
              "ami-09ff3a0eced92d5ca",
              "ami-0af2f764c580cc1f9",
              "ami-0ff93cc261edca086",
              "ami-01f73c19d513dddcd",
              "ami-009c33adf2a03baf9",
              "ami-0786899d6dd5a6f33",
              "ami-0121a2803d4df7c2d",
              "ami-00c19932db959235a",
              "ami-0404d25daac16f674",
              "ami-003090c2fa6bbd131",
              "ami-0e5f2bb58fcd00cea",
              "ami-0d4f32544d4c60a17",
              "ami-06359701d48fcca4e",
              "ami-07745260e0519d488",
              "ami-006fada10c492cdb1",
              "ami-08214dcea431f2880",
              "ami-0e1845a6afa1a4a4a",
              "ami-0781f01928dadae26",
              "ami-04893e7775d8221af",
              "ami-0071215a86fc69d89",
              "ami-015f40b8071131371",
              "ami-026d839d46be18286",
              "ami-03565892f98868e7f",
              "ami-06eda305638eba7ff",
              "ami-0c94b5eaf8fe499cb",
              "ami-095096d807a38046c",
              "ami-02c432d96f51e5832",
              "ami-039ca7d6311109bc6",
              "ami-01bb732da5029d896",
              "ami-02936ac40a99a1c40",
              "ami-0fe29f3bab9ecf327",
              "ami-088db2989606d80d6",
              "ami-0c7a8bfbf8cfce115",
              "ami-013a831dc4e188cd2",
              "ami-01ffad15a67686321",
              "ami-0492847ca17fc781f",
              "ami-092d7876f94d299fb",
              "ami-0e030c22b3fbfb893",
              "ami-03964243fa4ed02a4",
              "ami-082818f22a4dafcc4",
              "ami-03a2075bb943dd3ba",
              "ami-0fc96db38c2dcfbb9",
              "ami-048620c57f9c3c6a8",
              "ami-070af72184065f357",
              "ami-002550c8bfe105080",
              "ami-00e4f6bb479766bcb",
              "ami-016b707c224baed06",
              "ami-08a6f8618fbfe7bb0",
              "ami-03f79c7a72c746c1b",
              "ami-0e0c9a7c2f4e39809",
              "ami-0d5a7e9aa72b18f56",
              "ami-023ed41724eba858e",
              "ami-0fc30961bce5ca469",
              "ami-094741feb63aa0cf7",
              "ami-06e1ea187452880f6",
              "ami-09d547ad047b577ec",
              "ami-0b71a1e20aaf3fd54",
              "ami-0d204756c5fa4875c",
              "ami-0ea765142b4a5be6c",
              "ami-0f145faede0c3a579",
              "ami-0238e5595b4ae9b63",
              "ami-0511e776268ef6112",
              "ami-024f53c84726a229d",
              "ami-089c4f45f1e893d41",
              "ami-0982b52baa74ab2b6",
              "ami-0288ec36933582d15",
              "ami-039fe6b84691d1811",
              "ami-0dbd97b2016324f18",
              "ami-0a52e1c6d74e5792a",
              "ami-01377db8b8c5e055b",
              "ami-00436d4fb5abc5120",
              "ami-00442813485dc4730",
              "ami-025ed8ed4210c01d1",
              "ami-0fa7aee1aace78ee2",
              "ami-0da0d3ca6f82d95db",
              "ami-0553b06d8134c2b1a",
              "ami-0b67930faf9ebd699",
              "ami-044b8fe71b908f292",
              "ami-028c377a8e34be063",
              "ami-0f8ef30cc19096438",
              "ami-09ac05b2b1a9b75c2",
              "ami-09a7069553319a78d",
              "ami-0650332016f0340e6",
              "ami-0593e8f165360d059",
              "ami-033a8e0c8e491a32f",
              "ami-079d0e21c9c2803e4",
              "ami-026bf35c6e6479e1a",
              "ami-0fa3ea28c1cbf4a44",
              "ami-0e3c2954733d110aa",
              "ami-0c44a9d51bc9aea59",
              "ami-0a84926d8691e27ee",
              "ami-0fafedded0f3e205d",
              "ami-049510972b5fc3b98",
              "ami-0dd75ca1a47046016",
              "ami-03581c4584ad3f2fd",
              "ami-06f6c6423b0e4235a",
              "ami-03825c7c479c04cf3",
              "ami-011ec6f7f5aa66549",
              "ami-07410d058064fecfe",
              "ami-0593ad834b56ddb25",
              "ami-03c0c00d093c013dd",
              "ami-07e952ec8a658c0db",
              "ami-064cb63c2efbc46dd",
              "ami-0f09549a6c2c19ed7",
              "ami-0c0a4206ef9668b5e",
              "ami-02a8c9a8d7fe3dae8",
              "ami-0f94db2e758d33426",
              "ami-08ba489500340ba0d",
              "ami-0801a7ddcaf3d7fcb",
              "ami-04cdd047d466b4ae4",
              "ami-03fcbcfe7639f371e",
              "ami-06133627d3aca2563",
              "ami-050bc717231d10dde",
              "ami-0597c593170eea28e",
              "ami-0b1b8eb1a90bc76ef",
              "ami-034699f33161e52f4",
              "ami-002c1e8c8080f5705",
              "ami-0b7a649804b3e9efc",
              "ami-072b5902724f46c32",
              "ami-09575bcec2d8a058f",
              "ami-0c2980d431e57c37c",
              "ami-0212aed76a62f5ebb",
              "ami-07bd3e288bb11df80",
              "ami-0e71f170042f0f61a",
              "ami-09f084ced4b877e06",
              "ami-0c4cc5a5ce5ed2761",
              "ami-02cf8779ac02edcb0",
              "ami-006428d66ae04842f",
              "ami-00333c55d8e54952e",
              "ami-0443961db81bc79c0",
              "ami-0bf7dbc8a48d9e00c",
              "ami-081052a570cfeee6b",
              "ami-0f6bbe71b7f1114f2",
              "ami-0b0233ebe4cf83e63",
              "ami-032dd37a77a781a9a",
              "ami-03b6834b5792d5a16",
              "ami-00231a3651fabacda",
              "ami-01ff5abc6eb0412e0",
              "ami-0d407a5f1e8e45d5e",
              "ami-0684cb4691972bd2a",
              "ami-0fb4ee3bfdcc87ec5",
              "ami-0ce68da1354208553",
              "ami-033c5dbd7cbda7da5",
              "ami-0fec1b2c8353dc0bc",
              "ami-02a67cb5318bc694a",
              "ami-0e1fff74670fdd2d2",
              "ami-0bcec595d05f6d994",
              "ami-010d564ad44bd1912",
              "ami-08e4a56e261051dc6",
              "ami-082e18a51302ba311",
              "ami-09f7629531f2ceb6a",
              "ami-019a1a5aea53932b8",
              "ami-09fa5717ab0cdfa7a",
              "ami-0400b24c4a4c61e2a",
              "ami-0423d7d5b27fc8176",
              "ami-0db24d40a251b112f",
              "ami-0a87a2fd5a2fa600a",
              "ami-0aec5c3761c1028e9",
              "ami-02eb502e51ef829b2",
              "ami-0caada4fc68acb1ec",
              "ami-02d31c44b52e8eff9",
              "ami-064225cb79e752406",
              "ami-0bfda5f7179ffbd41",
              "ami-01a89e463cf5c752d",
              "ami-0439ffff4ca4cc1c0",
              "ami-0f5ac06ce24d754c4",
              "ami-03e53ecbc6b3fedd6",
              "ami-03e70a70c62909ced",
              "ami-05f8ee510e9b5cce4",
              "ami-044fb449ae2376bc0",
              "ami-0268ffb017e776baf",
              "ami-0a6ddceab341932f3",
              "ami-05770603a40b9480b",
              "ami-0fa900df8f6bc5468",
              "ami-01a70845dd926e3eb",
              "ami-07ec4638e9c592782",
              "ami-051f240c806d8c2f4",
              "ami-007740e84a5452160",
              "ami-0c3f3786747232b08",
              "ami-0fd3d417c74cd278c",
              "ami-01757a2c74f3fc409",
              "ami-00b6183d9abebb1bf",
              "ami-04e3d945b5ce5ed2c",
              "ami-08b5ee59977b985a0",
              "ami-08f9ea643069f6397",
              "ami-077c9ed41419a5c28",
              "ami-0df8ca022026d236f",
              "ami-09dc68a101c22d057",
              "ami-0c3c191660f8a1ec9",
              "ami-027ceada28bc1f562",
              "ami-068033d3996e17a71",
              "ami-075db6312da405012",
              "ami-0f9dcb0fbaceb8e43",
              "ami-0df19622a9eee3e63",
              "ami-0cd6c6e2d12874303",
              "ami-09fcdc6ecc1dd8c0e",
              "ami-0ad2045a43866a4e1",
              "ami-052ef716a59d08594",
              "ami-030e1192b840c0965",
              "ami-0dbacef8b26fc6b09",
              "ami-05d9c910c27f788ec",
              "ami-08fff67f0e12c187c",
              "ami-05b4e7e304897c3bc",
              "ami-08cf83fb144fdd53d",
              "ami-09989e48abc0d9ec9",
              "ami-010a2dac2aefc1ba1",
              "ami-0e73abe8ab17b56c6",
              "ami-0b2aec26bb1a5169d",
              "ami-00287118e17ea1ca7",
              "ami-04c5253247664e9f5",
              "ami-08286412bdc151665",
              "ami-035e386e4c4a6a500",
              "ami-08e4db8211079eeee",
              "ami-086b1b23022e8fddb",
              "ami-0ee85d848c6f9be18",
              "ami-04bbc08844f2c725e",
              "ami-02c27811e301ee8c7",
              "ami-0b3a45403fb2888ee",
              "ami-00daeb48015929fbd",
              "ami-04664ab2a1a4e9192",
              "ami-01bc8c667b35f8552",
              "ami-09b4441368e4286e2",
              "ami-08e65875fb5b38fad",
              "ami-00505f87c5f9e4c76",
              "ami-015f6c850d7bf3555",
              "ami-04a324e6087d5d6bb",
              "ami-01ed1c36a852a165b",
              "ami-01e7bfdbae6fd2e7b",
              "ami-0a03bf7e8cbfdd4af",
              "ami-0f6c0f0cf8d6c2408",
              "ami-0426ca9981cc0035c",
              "ami-01a7b97827715c6aa",
              "ami-025cda05a9ab2631c",
              "ami-01c5195a5b18240fe",
              "ami-0849541f64de31b4b",
              "ami-066de86d4d4644618",
              "ami-098bcf5430c082856",
              "ami-04aea7fffe2ee24e6",
              "ami-055f853a8b5367c41",
              "ami-0b39d8e4d0f3a4d64",
              "ami-08eb1f3e3864b7cfe",
              "ami-0730447500b46d78d",
              "ami-0e2b11ccf326e8f12",
              "ami-08932dfc7259bb795",
              "ami-00d519d9d51037af3",
              "ami-023b9185e4105ad03",
              "ami-0cadcd81d05659598",
              "ami-04ddfe5b661e57faa",
              "ami-01b4d18f7d62679ec",
              "ami-0befad3e3094d1c45",
              "ami-0cbcf91dc2a9e2889",
              "ami-0ed87583bcfa5938f",
              "ami-0bc58e5e729ca39ba",
              "ami-058eef3fdb49e1194",
              "ami-0c2e0a3740324a262",
              "ami-01c272b15745d483d",
              "ami-05e3910394c3f73af",
              "ami-0710bf37667894851",
              "ami-0f5d1c1fd0d7aa7b8",
              "ami-0523f261d2fc00f1b",
              "ami-0b2a6bf4689ad3bc7",
              "ami-06452c138a82dd0cf",
              "ami-058c7fdc0dab4342d",
              "ami-0e2d4662b50545e87",
              "ami-0831f043099546fd6",
              "ami-00d5d7ef44c5dba8d",
              "ami-07285cbfa5166dcc2",
              "ami-0038105985c1a4891",
              "ami-02da2ccfb6e7db38e",
              "ami-0ce0c3a10417f5a0d",
              "ami-0e3c19703cd0249a3",
              "ami-06df2314ccfd6d5fe",
              "ami-0883712f4e7f557f7",
              "ami-07daf6f70c82cd3c3",
              "ami-048e378aa0d54eb58",
              "ami-039a626f76f82c5cb",
              "ami-042f517944ccf6696",
              "ami-0626f5b9e1f983858",
              "ami-044d7249ef21fff11",
              "ami-07d696450307bb295",
              "ami-082629e3e36b263b9",
              "ami-0e930fdd516639f81",
              "ami-0c449915c381299f9",
              "ami-02652584a37550b35",
              "ami-02b8cb91bbd7bec7c",
              "ami-0e5901a500c3131fe",
              "ami-0f9a37168e897b58a",
              "ami-08562df827666baa2",
              "ami-06ea3fbe21f6e9500",
              "ami-026bea1ec40145ef2",
              "ami-0c1f61f53a682ba98",
              "ami-02920e7c032849731",
              "ami-06245910faa46e42b",
              "ami-05b5e6831232eff15",
              "ami-0b0894d0c5be28e73",
              "ami-0a8db11971bc70c1e",
              "ami-01ada18efbb69e69c",
              "ami-0cb69e9773b45ba17",
              "ami-0671a91270a39ed4d",
              "ami-0a33ff73a85bcf0f8",
              "ami-05b2e160fe167c325",
              "ami-0052b0b58ab0ff640",
              "ami-0194f16c22d241bcd",
              "ami-0370ec92cd1d9bfbd",
              "ami-0514790906458c6d1",
              "ami-0bdedbf489ab56ca8",
              "ami-0ab54935d5edcab51",
              "ami-0d0d3e31f2154ae41",
              "ami-06867d294b28b546d",
              "ami-0647c37621b9236e9",
              "ami-0530e3b1d2aa6ed3c",
              "ami-00ba39a9b299823a3",
              "ami-093bead4574565b69",
              "ami-0d621d7057731c0ab",
              "ami-0ca008108c68e558f",
              "ami-0c239e73ba2621495",
              "ami-0a85359d939d89b19",
              "ami-0c2d4914ed0f7c8d0",
              "ami-0ede0f9f61bd4b8ab",
              "ami-0d5f406c9e0cb5b5f",
              "ami-0815d6845a79348fc",
              "ami-08121094fb02ed593",
              "ami-0be2028f5c63677a6",
              "ami-0720a5ea8181d7788",
              "ami-063ddbe26d4e020cf",
              "ami-0a08627a3b82eceb6",
              "ami-0cbd689a073a54126",
              "ami-0c6f3116cffe78412",
              "ami-03c5171a2ab579f11",
              "ami-04bf05659587c5d33",
              "ami-0ee525136e0f54d17",
              "ami-023b22ab063d0cb58",
              "ami-0906a475680aee47f",
              "ami-01c7deadd94c9e464",
              "ami-097f672ba86e33e4d",
              "ami-03bd8b3c0b4af179c",
              "ami-0128e2877373defd5",
              "ami-07e90fb486d755d04",
              "ami-08dfb9d44f80c31b5",
              "ami-04c0353f2366ee1c2",
              "ami-02dcbc0ef87af2c76",
              "ami-05e1fd088e77d0401",
              "ami-02e4236da7701ff2e",
              "ami-0e45d146f0f8f2695",
              "ami-0b5ce285225c528d2",
              "ami-040fc6b8b81c25df8",
              "ami-060147145edf2dc83",
              "ami-04603e75beca6c3da",
              "ami-06985a6ddc2393edb",
              "ami-086a337ca3e066e13",
              "ami-0475961c6943778f5",
              "ami-0f086af16c4044291",
              "ami-00a5164ec93088eb3",
              "ami-0b8fdf2242d5076d7",
              "ami-023049d015e42d807",
              "ami-00a1c44d6346a3c93",
              "ami-0c92198cfe394fa09",
              "ami-0a7df55d159446052",
              "ami-0748528f33e7f0938",
              "ami-0eb6d40c0a69c13c1",
              "ami-0870604f13c783e41",
              "ami-00acb198bcce355d2",
              "ami-06480113af98da167",
              "ami-0d9c3d3dc3b0ab32f",
              "ami-08574056f9d835c88",
              "ami-09d195b49f03ca2ec",
              "ami-007a70464e147da55",
              "ami-05265b73d1da24453",
              "ami-00bb1723b918da9ed",
              "ami-0a544a8b125502535",
              "ami-05c65f5a89cda937d",
              "ami-0f85a7275a0d8f7c2",
              "ami-0f54ea472521d4345",
              "ami-0c81a6746706fb763",
              "ami-0505cb97f5e40a98a",
              "ami-0032c7737d77904cd",
              "ami-0109de2499ff7631e",
              "ami-0922d5cfd9589127a",
              "ami-07338861cb83475d8",
              "ami-0ad6499944ecdd8d4",
              "ami-0f540198fc08bb57a",
              "ami-0a1e8403d3fb2bbae",
              "ami-0ae24400a40c2fd60",
              "ami-04d5bd062f44c5de5",
              "ami-0cef492c7dad83888",
              "ami-05ead6db39ff2a39a",
              "ami-0523dd6397e6ec254",
              "ami-05169beeaf82cd627",
              "ami-0220ee9d46c268fee",
              "ami-0cffeb8e804fc84db",
              "ami-0cc0804f060a203fd",
              "ami-0f98ef298c8ea082b",
              "ami-040ad95920fbde5f2",
              "ami-0525579f82147a22a",
              "ami-003ff41613f8c6804",
              "ami-002dd1db8f180efe0",
              "ami-01caf275f9c89ec36",
              "ami-0ac53cf95803b477e",
              "ami-09ada7806bd97edcc",
              "ami-0fd9a026731b05e1c",
              "ami-0ce90eed14257fa9e",
              "ami-09c0a7da33af27f0b",
              "ami-0a20224b6d101f4b8",
              "ami-0fbb51b4aa5671449",
              "ami-0fdfd7a5e2a0eaf4f",
              "ami-0bee6b4258f1faee4",
              "ami-0fc5846e4e95f44a1",
              "ami-00ffae477bd8d3ba6",
              "ami-046a10cc07e6ab814",
              "ami-0af8fec5629861317",
              "ami-03d7126119cac2425",
              "ami-09af18d298dd6aa8c",
              "ami-01722fd36b570385a",
              "ami-09c1bed82aeb8073c",
              "ami-035f35d97ff8bd4e5",
              "ami-0094b35dc7f5b33a7",
              "ami-0962c63a4e352fcff",
              "ami-00d351c359c178075",
              "ami-06beeddd6e6511c0a",
              "ami-0644a3ce7f6361f81",
              "ami-00df5ba80b1a65ee1",
              "ami-0bee2f0cc26cf4f8c",
              "ami-05b21a850f1fccf75",
              "ami-0652aa21ba859fed9",
              "ami-0c3f1ec82d70a1fdc",
              "ami-099b79b5fd918ecbe",
              "ami-078b7251c3ce5e710",
              "ami-0b23b5f00efc7a8c3",
              "ami-04e3177a07486b11e",
              "ami-0da9c757cb756774b",
              "ami-0fa441a6cf06fa19a",
              "ami-0a0d920f93a50c87e",
              "ami-00eab542a0ac25a2d",
              "ami-0a4ec6fd1b031d27e",
              "ami-0c21d8eb18c1af45e",
              "ami-00f79edd861ddc6c8",
              "ami-094bbd9e922dc515d",
              "ami-0eaf87dffccbddc9e",
              "ami-016e7f598ecdf4255",
              "ami-0d46390da1dfb8792",
              "ami-0444d1ce29072033a",
              "ami-043a05d589638dbd9",
              "ami-05b2dbde43603d503",
              "ami-00cca5c58f9839f73",
              "ami-0f71e1253f7e998af",
              "ami-0d089aeeabef7d535",
              "ami-08cc10ecfd49a551d",
              "ami-02e1e98be0c632cfa",
              "ami-0996cfb3acf118b24",
              "ami-06e7cce9fe83ba850",
              "ami-057f1819339e1de1d",
              "ami-097f6a929026567a1",
              "ami-0889ebf92447c7845",
              "ami-06415f81adddb4b5b",
              "ami-02029035c49295fc3",
              "ami-0b24e0d2b43703999",
              "ami-03caa5276d4e7493c",
              "ami-079dbcb3868d0a628",
              "ami-03f8c0564e1059c0a",
              "ami-0e0eb8dcc2bedab2c",
              "ami-049e7d4d040c5cd14",
              "ami-0d274bb6b9e5e40b3",
              "ami-09759c1adffe28a3d",
              "ami-03473c1e66512c9bc",
              "ami-0fbbdb14e72fb68d1",
              "ami-057b070e938d1ebc0",
              "ami-0ce0a43b9c3a3a484",
              "ami-03b94b4a64d8068c6",
              "ami-01a1ab75a03847006",
              "ami-0adeda5603b947b6f",
              "ami-0f53f00bf8b55a332",
              "ami-0bc9dba5e3cf86c65",
              "ami-08c37c678b6c5bd97",
              "ami-04d5d29e1fef655ac",
              "ami-089a1fb8c163f6800",
              "ami-03441f18f89b4275e",
              "ami-0607ee1453ec3a116",
              "ami-03c747161a3a680fd",
              "ami-0d30333e1051fab78",
              "ami-05406642de61c8c56",
              "ami-09486ce96930a54dc",
              "ami-0ba53658db86eaacf",
              "ami-04a7a1747db751cec",
              "ami-071bbc69923738306",
              "ami-0f96e3f027e1a6f80",
              "ami-037547ab17a1bb12f",
              "ami-0d9b377de456e6da4",
              "ami-0ae44b6bd165d307a",
              "ami-032c1470e76257a7b",
              "ami-07a79f57fc72bac44",
              "ami-0e2994705801a3efa",
              "ami-045ca10dfc4919a90",
              "ami-05e70c58eb38ec848",
              "ami-05f4654a0837fe397",
              "ami-0b3ad71d71751ee4a",
              "ami-065d740ccca747839",
              "ami-044ff82b5e8212cc1",
              "ami-0581503e77ea746f1",
              "ami-044d2bad0eb25a4f9",
              "ami-0a6b02e4d8e54911c",
              "ami-01c90755f0b10bc97",
              "ami-060f310672df909a2",
              "ami-0759ec5c185c64434",
              "ami-0082095d59371c880",
              "ami-0639147635fb52072",
              "ami-00d3d3306f3e7dfd2",
              "ami-0cf996ef94619fab5",
              "ami-00448101b0e322275",
              "ami-0d9d1444a467ccf0b",
              "ami-0dd8bba9afb6df94b",
              "ami-05ecf1fe5e2868dbb",
              "ami-02627cc057f129e0c",
              "ami-025bad4e3e1efb67c",
              "ami-0c7c1f046ecf18e40",
              "ami-01ddeb92bff779c39",
              "ami-082ad3ce7e7eb50b5",
              "ami-0197ca234bbaa3fa1",
              "ami-0aa30e9fdf5b46be2",
              "ami-06fba405f4acd2a7e",
              "ami-03ce7372585a21a02",
              "ami-02ba8696d132a8261",
              "ami-0976208b7f5d56d9e",
              "ami-0ea1f802233e92a85",
              "ami-03921b1a4f2795231",
              "ami-024c002cfdd5a928f",
              "ami-032e08f894f87e3b3",
              "ami-0949ef219bb1f6b43",
              "ami-0d8ff20a4c9cc90e1",
              "ami-02d0de1cc556e2d8c",
              "ami-0f39eba5db8fff336",
              "ami-04a04bac0b07ea056",
              "ami-0a2c4116bbf783ddd",
              "ami-061d4e33dca1ece0e",
              "ami-065340c9a51d92d8b",
              "ami-02166942fabcfa3a7",
              "ami-0b0c8dad71d98e338",
              "ami-07654e0c364ba6295",
              "ami-0547601426ca926b1",
              "ami-0f350ef060168363c",
              "ami-08d36f45218128a47",
              "ami-0bad9ef7b7bd9f70c",
              "ami-0e8c28b2a80a394d3",
              "ami-01b5534d0c1450b94",
              "ami-078ba75dd13e3ec43",
              "ami-084fc5eb7c0dffe26",
              "ami-0fb34c463c02d03c0",
              "ami-022c2e26708557df4",
              "ami-0599f4cc7e05764a1",
              "ami-0939f9767fcaac0a4",
              "ami-05f14f7e8df0a3dd9",
              "ami-02651f805295e9608",
              "ami-0a7dc932bd519c7f6",
              "ami-0620570185a2311bc",
              "ami-027670ef0912e6432",
              "ami-0fa636432c540bce5",
              "ami-03981de4784056438",
              "ami-0ec4319ded82220d5",
              "ami-068be656bc5dd8c7b",
              "ami-091dcdf5f07d40691",
              "ami-05778875765983327",
              "ami-0008fb74dbec59bcc",
              "ami-0c021e838c0299455",
              "ami-0afea5bf3d9d5b77d",
              "ami-0922ce2506251bf36",
              "ami-0ed94b0aaff153556",
              "ami-0f3c160c11af341bd",
              "ami-037b9c17b34f523be",
              "ami-05d3e91eb7a7902cc",
              "ami-044ae49f192e986a2",
              "ami-07ef91f2045daaf59",
              "ami-088ffdb92758a62ef",
              "ami-08e54de2f99d9efbb",
              "ami-0fd4b0365f1ee6f85",
              "ami-07a6ba3367e697670",
              "ami-036b8f0a4dfc5a29b",
              "ami-0e3b753421378f65e",
              "ami-030cbfbd73a6dfe10",
              "ami-0658f616bb17016fc",
              "ami-05eb17e1a14a94164",
              "ami-0ce46ffbc86d2392b",
              "ami-0c44690f8c6e47fa7",
              "ami-05575e8eb586f3a83",
              "ami-079ba916481194ad6",
              "ami-0f9a1e44316a6d12e",
              "ami-0ad2dea327ca405ce",
              "ami-0e236ec4facd87ce6",
              "ami-02654bada730ec9f2",
              "ami-00885d84c95de63f8",
              "ami-030681a94ef573e67",
              "ami-0005c48faf16f0b03",
              "ami-0cc86713af950f9fa",
              "ami-07f376e2c41facd31",
              "ami-0c6b1a76493b71a0d",
              "ami-01716d5c4dce22479",
              "ami-0692483edf246c561",
              "ami-051be09ccebfe62f0",
              "ami-0f47a5452939ebf4c",
              "ami-0ef197ae532052098",
              "ami-0d8c3bc140a9d5672",
              "ami-007e27db608f16260",
              "ami-0690bc9c1cd155b4f",
              "ami-008a7e862b19fe09d",
              "ami-0b28121b95cddbe31",
              "ami-0907a896a1e11d583",
              "ami-041541126755f8ac7",
              "ami-00d45ad62d8407c0e",
              "ami-0a88d8e654c695652",
              "ami-09a026445b1a416aa",
              "ami-0b362807f60300f6c",
              "ami-0db795a0d5e980cfc",
              "ami-0fd4fa3e4246c327f",
              "ami-01a8f4fb759dfaa39",
              "ami-03df7d604804a79d5",
              "ami-0d0664475d3ce4d24",
              "ami-0190cb085d6a42cb9",
              "ami-0c0ae03b26231f27d",
              "ami-08ee34826a5828747",
              "ami-09a632d1cd41e34c5",
              "ami-0eba9f65ffe4ba3f9",
              "ami-0e7f09b502dc9d6d6",
              "ami-07eaf549694ac7699",
              "ami-05a6f5d379775501a",
              "ami-02c836fe9f1de52b9",
              "ami-026f6ccbf1ccb8151",
              "ami-096c641f6c5436beb",
              "ami-0f55bff1fd7f6d655",
              "ami-0e89af82599035c4b",
              "ami-042f7587a1c419e83",
              "ami-0e7b9700ebfb8e73b",
              "ami-083b1f6b36c051ec6",
              "ami-024707299606b9198",
              "ami-0927e3f0b89c96e8c",
              "ami-02bc7573f12cbc0a1",
              "ami-066a0c7a09127e3ba",
              "ami-03bc356da1dcdb99d",
              "ami-06fce20b17a36f439",
              "ami-012d1a52c223ebad4",
              "ami-0df95a7ed56391bca",
              "ami-0ac85b253ad8331d4",
              "ami-028bb482a1c020dfb",
              "ami-0aae79f52d8dd878e",
              "ami-0a5a1fb752aaee960",
              "ami-0c623e758f5ac79cd",
              "ami-0cd842dea4f7dff4e",
              "ami-092ecedffe1acba9d",
              "ami-05c883fb45351576c",
              "ami-09d05addcbf9e96f7",
              "ami-0191f1a7060fbde80",
              "ami-0378df7d56bed6d99",
              "ami-070d4734e4538a783",
              "ami-0faf208d34ad08887",
              "ami-0611bc5ec37b092b3",
              "ami-092a359e1260c7162",
              "ami-09aaeda767f2994bb",
              "ami-072f8adc90d3dafe9",
              "ami-01df56e5a4a85ed12",
              "ami-0a3337104f40db7a2",
              "ami-065176c53797f6116",
              "ami-015cc2b56b80cb552",
              "ami-0f8b535e9d11a44fb",
              "ami-0477d56086606d31c",
              "ami-0eaf25b6c46673286",
              "ami-093a01fda918fcdad",
              "ami-00c991d2503d865bf",
              "ami-0187b5ae8c1e39a5e",
              "ami-06e471cff045e1bc5",
              "ami-0e1d1dcedbcd91d96",
              "ami-054da2b85104f89d2",
              "ami-0d4a10859a9b9c30d",
              "ami-0d8cb38f576be4c3a",
              "ami-08c1f5d2fa068bd9f",
              "ami-00bdc650a1d78e1d8",
              "ami-0b56ad2b9f8b5ad52",
              "ami-00b2ff3b68b0ce98c",
              "ami-004275798a0c99147",
              "ami-04cd5a7648c4e51ad",
              "ami-0cae06d4a00549fc9",
              "ami-0403b254909b0cb90",
              "ami-099c20f48c44b78b2",
              "ami-06590cccc26c50f73",
              "ami-00fcf9824394047d3",
              "ami-017b0ceabe660beac",
              "ami-05bcc8e5d600c9554",
              "ami-094b3b7b6a69fb22b",
              "ami-06a17cc7bd0f5ca68",
              "ami-00778e40c4bdd9e83",
              "ami-0dbfbd796a3255090",
              "ami-0b284db4f6b4a7a73",
              "ami-0c53f4fdcab5ea786",
              "ami-0944f98ff93c3ad8c",
              "ami-0791beea5fe62da27",
              "ami-077302e5a1f23d3eb",
              "ami-0e7e8ac61d1d185e1",
              "ami-07550c533ca694205",
              "ami-046bbf3e55c4b9d02",
              "ami-00e54e6b2b88da14b",
              "ami-0a3cf19d464a95515",
              "ami-0b278a743cf96c902",
              "ami-035da95d04dcc9c3a",
              "ami-054f1d1057de4e504",
              "ami-06beaa53bd442ef58",
              "ami-0628c2681ae7ddf21",
              "ami-0354f2226fdacb904",
              "ami-04a63b7c9d7b64fd9",
              "ami-0994e1fd7d88ca41b",
              "ami-05d7ba184726efe9f",
              "ami-0d8173842eb9ddf8c",
              "ami-088136ce71a46f847",
              "ami-049fc49a4fa0398d9",
              "ami-01217c303ce4802a3",
              "ami-092b0cbce22123e4c",
              "ami-03ef494b40063f812",
              "ami-011632d2df40006cf",
              "ami-0b27d08eb90276977",
              "ami-0f5a7b2a67066939f",
              "ami-06f260a58e539402d",
              "ami-02b94a304b3bfa084",
              "ami-007cfa135d2f26f76",
              "ami-0e66f32cf7574f3b3",
              "ami-09ffe7f7ede4fd85b",
              "ami-0ec45eefb3e05c83f",
              "ami-050342acb1725ab58",
              "ami-01ddbfaf854b7a093",
              "ami-03efd35286976d73e",
              "ami-0c1b41738a8f7d414",
              "ami-0a37ce163e4c25428",
              "ami-09c5f9ff085031a99",
              "ami-080f23c7266c0f7de",
              "ami-07404c15321250f1b",
              "ami-032b35b41ed1e1791",
              "ami-0346ca3e935662f43",
              "ami-0199d78f4af0315a2",
              "ami-0a54dbfd5de576bfc",
              "ami-0811ec9272315edb4",
              "ami-0534418eb5a2b6eb4",
              "ami-01dfb91d8ec6679a2",
              "ami-02ed4405ab8883d0e",
              "ami-073204e56281d06a3",
              "ami-00341fa94b06f91a0",
              "ami-0bc21d8287819b0df",
              "ami-0993106a696098805",
              "ami-0f3b49a5c0a4e180e",
              "ami-0d8ecbcaa8e1f40a2",
              "ami-0a5f6debd48752123",
              "ami-097b920c92b6c935b",
              "ami-0fe725132938bcdb3",
              "ami-03b9ef6c5d8589113",
              "ami-033477246da754b76",
              "ami-0001f3aff1618dd16",
              "ami-0b8daac939ebab0cd",
              "ami-09bd7a128160a4322",
              "ami-0ac6456c578561329",
              "ami-008dfa8c007170695",
              "ami-0b02a31c96f8a5a49",
              "ami-0a5672f81bf08445d",
              "ami-01641e53d51e51400",
              "ami-02578b129ca8dc772",
              "ami-0fcfc167052cd78cf",
              "ami-097ac8b3d0459b5b4",
              "ami-0f0c196d4eec1c4a5",
              "ami-0bd2b91be5edb8720",
              "ami-0a87e0b178df489b2",
              "ami-03c28018693a1739a",
              "ami-0d211a315c5a13b30",
              "ami-05c3f94110682259a",
              "ami-05fa6e1908dedcbc0",
              "ami-01c8a78f8514b64e6",
              "ami-0960d371b53230e6e",
              "ami-0e6bf38b72e00b193",
              "ami-0a61dcf39f8c5f59b",
              "ami-0d5e6b9d31b560eca",
              "ami-054a6fb6980eb8fd0",
              "ami-00938a7172f62b5ba",
              "ami-0855712a34b3f2bf5",
              "ami-08049b75211059dac",
              "ami-07553fdf477f3c3e0",
              "ami-07e9182c35ac44470",
              "ami-054e3ff0063ada900",
              "ami-098579a2808e8ddac",
              "ami-088051e35b0cab9c2",
              "ami-0284a2841fe383a0e",
              "ami-00e03f921cac09767",
              "ami-06b1150af66949cb1",
              "ami-0d7c27a33c993c839",
              "ami-09b054c1c6146af16",
              "ami-03115ae820af921de",
              "ami-0e4a77419f250d0e0",
              "ami-0be43c3f2c8e54d2d",
              "ami-0f3d8b1fbcbe7a934",
              "ami-0190523eaada4602f",
              "ami-06bce75f8295c0f36",
              "ami-0f73ef795bd96d9ef",
              "ami-033f6513494018bdf",
              "ami-0a4cfd8618d9d4eb9",
              "ami-0dd90f897047914f2",
              "ami-00e6f218cc2fed614",
              "ami-0faccaaa188510cba",
              "ami-0695c34bbcf27eb71",
              "ami-09236bb4c7f8e3c30",
              "ami-092d76a6542fc5463",
              "ami-0df440870b4766a1d",
              "ami-0fc99f1ef727c1ac4",
              "ami-0ed23728359ed3cfb",
              "ami-027edb8096963e9d3",
              "ami-075a29ec88ea4198c",
              "ami-0665d19eca9092a55",
              "ami-07f59917bbfcfaccf",
              "ami-0fc4cf4f8177e9f63",
              "ami-0fa387d953eb574c2",
              "ami-03d3f0e32de10ef30",
              "ami-01638ce934f6a49c6",
              "ami-0aab45a94f4dedba4",
              "ami-065d35d9ea0f3e1cb",
              "ami-0c33018d6dc1c7e2b",
              "ami-0481414e47901bd28",
              "ami-02a5ae45948b62837",
              "ami-0fea5861cb11fae4c",
              "ami-0ee439a1fb0121aff",
              "ami-0b699ac86edc1d24c",
              "ami-09ea879b07ad6a6c8",
              "ami-014fe53b29ff1b895",
              "ami-077695a93535d9a12",
              "ami-0ee00f927e98203a5",
              "ami-0740fa0123d817754",
              "ami-053e52dafa0359d92",
              "ami-0c54411e11da72678",
              "ami-091d0fb239d755541",
              "ami-0ad2e0ec0ba36a731",
              "ami-0ebc628f4f9cc6abf",
              "ami-0b6212929c5e632e0",
              "ami-0386b77efb5c5250b",
              "ami-0c08dbd8aac9571a2",
              "ami-0611e47c3d9baaecc",
              "ami-080e0a0246e521e52",
              "ami-08ee4099fe710639e",
              "ami-0a25b81c3f2981ecd",
              "ami-02bbdc86f08617374",
              "ami-030fe3cda79a57b53",
              "ami-064d4bff7be5ed648",
              "ami-0edf8288e6faf852b",
              "ami-0c89f593d507cfba0",
              "ami-0c891c616902979f0",
              "ami-0166533be55fe74fc",
              "ami-05b06dc8b7e2ed433",
              "ami-065f8bb1b5ceeb5f7",
              "ami-0e03ed074870f7e04",
              "ami-03f32f2a54a672473",
              "ami-09aa248daa224747d",
              "ami-06060aaba6daa442d",
              "ami-0deab7ea1bef67548",
              "ami-0fec51418f42618b9",
              "ami-09f420822a0ae6a9c",
              "ami-00ba6aea0b55e4449",
              "ami-0cfcd17f6c3c50cbf",
              "ami-0f92291ddf2d9c305",
              "ami-0e59825792f847e4a",
              "ami-044b7bdebc4840c22",
              "ami-05a2dce62640f4feb",
              "ami-0f7321769d04a65cd",
              "ami-036b860c2a9f6e929",
              "ami-0f72b429b0b20525e",
              "ami-02e41d0837436fc55",
              "ami-00ecdface8808a7c1",
              "ami-001a7e7d69cce504e",
              "ami-01dc949adbf24a508",
              "ami-0a5a0747d12026a69",
              "ami-01f6213fcb85515e6",
              "ami-0c57cc3c7c4ebff2a",
              "ami-097e884cb2a3611f0",
              "ami-00de1606f39bcdcb4",
              "ami-068162f1b83ee964b",
              "ami-00899e0417bbff4ae",
              "ami-07a4a8c06419e89fc",
              "ami-0a23761dfe6087519",
              "ami-08a4cfa5571b6b24a",
              "ami-011a11934955f42d6",
              "ami-0ac3ba6c49967d853",
              "ami-0d7caea772acf7c1a",
              "ami-0713d55567b1bd662",
              "ami-0db5b9c62da206b45",
              "ami-06c79a13078ccb7a8",
              "ami-03ec44a9b90d9517e",
              "ami-0e513b2f9c30f36fd",
              "ami-0f62d9254ca98e1aa",
              "ami-008bd4e2ccce5b731",
              "ami-030dfbdcc00b4b059",
              "ami-08326d8b49f61f528",
              "ami-0ddedfc3bbdc1a580",
              "ami-0377311ce2cdf43dd",
              "ami-08d3dadd770d42821",
              "ami-092a9edb99da56077",
              "ami-00e912d13fbb4f225",
              "ami-0c6a29a3e648982d3",
              "ami-0b0c8b900959e73e3",
              "ami-06af5aace47a835e3",
              "ami-067323779e659c5e4",
              "ami-0c55713430d768db0",
              "ami-0d276e85a75b7731a",
              "ami-0275262482d9d442c",
              "ami-06ca0b12329eee65f",
              "ami-01b31e6b3eb23631f",
              "ami-0f034b04a8cf2315a",
              "ami-024fcd7fe96b7c162",
              "ami-018c2d6d1000847bc",
              "ami-08d5f89e686fd8c1d",
              "ami-08f3bdac5883eb509",
              "ami-0afd00f204c6ae6f4",
              "ami-04d8afb4fc4828f21",
              "ami-043618e55ca65e0f8",
              "ami-005427c3e26607c24",
              "ami-0f8141613d9fc8b4d",
              "ami-01d968e8e2c8ff4db",
              "ami-0351c8a7750f68b4b",
              "ami-0dbaea5bb0b6b4032",
              "ami-03d906834463fc639",
              "ami-05c380f3b6c9fc8e5",
              "ami-02c15f5c34463ce41",
              "ami-0e0d37ddee44feca1",
              "ami-047961f484ac1403a",
              "ami-04ab47815ecc58e48",
              "ami-08cb0c6928ba4544c",
              "ami-0f1f5d63e1a6e1e94",
              "ami-032210af0f3cbe55e",
              "ami-087b5de743ca4182f",
              "ami-01678af0da87fca1c",
              "ami-0ea32c95024210155",
              "ami-0262c8d6df73ac4dd",
              "ami-0af863419dd6d119f",
              "ami-065d099ba716803d3",
              "ami-04ff9f12541638cbe",
              "ami-08386cb33d9b2b6ae",
              "ami-00bb7c8f8a2e933b5",
              "ami-0768b2d360e12dd90",
              "ami-0edf48cd28c86f8a2",
              "ami-0d43b5bf95246b21e",
              "ami-07651f0c4c315a529",
              "ami-04212619c344e7f58",
              "ami-0012e1f1705c88672",
              "ami-0025ac698e719ef70",
              "ami-0b15af56f61e53859",
              "ami-082f709553994e543",
              "ami-0271cf70a3e51d5c9",
              "ami-07dc2beffdc17457f",
              "ami-0bab451a6129b0154",
              "ami-0f9d72d2b91218008",
              "ami-0c4fee2741e2adb72",
              "ami-03c3d32b8ec0d7f89",
              "ami-0a8c51e272e0de5f4",
              "ami-0261967232106e795",
              "ami-0e4f07957a111f504",
              "ami-02105d3fd03be8277",
              "ami-02898b9dbb9da0bc4",
              "ami-0661ee5074cffb02e",
              "ami-0da4f0f16ccf82cb0",
              "ami-0f21f56e033b31a6a",
              "ami-0deeff537402e69da",
              "ami-03e52dad88f764dae",
              "ami-0537ae8ec90666313",
              "ami-07a33ce4858f082bd",
              "ami-0c4c2aabf1a0c7dc5",
              "ami-07963ea8fc2491d0e",
              "ami-080c9de3a82bf9799",
              "ami-0513c1d6d36dee3eb",
              "ami-0eda1712c3e08314c",
              "ami-07a277f4424d89d29",
              "ami-09dc395049072b035",
              "ami-0762e234c4a18025b",
              "ami-00ccdb02140023874",
              "ami-0a1b951b358132e7f",
              "ami-02cc26e88c0006f50",
              "ami-0f373eff9f9cef223",
              "ami-0a17c9621ccd8c182",
              "ami-08abb17c6f0e4de2c",
              "ami-06ed960062c6d84cb",
              "ami-01dce3e637992939c",
              "ami-0b08a0838cbcffbb8",
              "ami-0dcbe9d9200bad374",
              "ami-073997bb692226bb8",
              "ami-0305511616f12cb15",
              "ami-0b1f31681ae9851d7",
              "ami-081fb6b3cf06c6cf6",
              "ami-0386bac275c30f4e9",
              "ami-009c3cfc97ce1caba",
              "ami-037e639a70b2f1ac2",
              "ami-0713e77610ed056cc",
              "ami-074c907fe6510be88",
              "ami-039a185924d55ab20",
              "ami-005d62e4afd8f6e0c",
              "ami-086212dd5dd68c9b7",
              "ami-01d8208ae6fd4cbad",
              "ami-06913fe3825aa71c7",
              "ami-0a925a39f07bd77b9",
              "ami-0eb252efdcf2199a4",
              "ami-071562a9f886dbf83",
              "ami-031b15fc0d7ee2414",
              "ami-0bfd8de4de22bf273",
              "ami-08362800ec035c353",
              "ami-06989025ab0b11c5b",
              "ami-03b753464bd513496",
              "ami-045bd045f0e68fee3",
              "ami-02a7a8d39a3653ce2",
              "ami-06b312dacc084d379",
              "ami-045caf2c5746a62df",
              "ami-03beda9b0e197fdd0",
              "ami-0fa3418b867b40956",
              "ami-0ddb8cfa25bb9446e",
              "ami-0ae018479c2f610de",
              "ami-0fac4458d00130122",
              "ami-0b32d66e13ef7cef2",
              "ami-0fcd2e9ac9a168217",
              "ami-042275e61062d7d86",
              "ami-0fcc152100ed9c4a4",
              "ami-0753c3204f0686e67",
              "ami-08794ad3f2f72a83d",
              "ami-026c70a35138a1088",
              "ami-022ff0a3db0adb5cc",
              "ami-042f04a9fa299b39d",
              "ami-0c2578065cf64fb36",
              "ami-02ff98677c14cbc0f",
              "ami-009cffa65b282d71d",
              "ami-0cef517cae0c8dc54",
              "ami-006587a7449924c90",
              "ami-01538c980ef9505a9",
              "ami-09f992a89f3ffe3e7",
              "ami-0ef0f476a7ca8176e",
              "ami-0ca708a65b26fb220",
              "ami-0e427d7a0f12a5625",
              "ami-0bb4728f75e0028bd",
              "ami-06306abd39fe332bc",
              "ami-0f9f64842f8b60b07",
              "ami-0550494a42a15d750",
              "ami-0e6a101f81b6fe2c8",
              "ami-0af39b80bc42e863f",
              "ami-03799e56f8ab9a693",
              "ami-0d8fc03dc185957f8",
              "ami-0772622f4eef31869",
              "ami-0c0ef769af36cfb87",
              "ami-055e60300a09cf56d",
              "ami-0fb06837d15a09f3e",
              "ami-056191c1d55d7570a",
              "ami-0cdcf34fa6a894ece",
              "ami-01d240fa027e9bb32",
              "ami-034a9dca04c1abf24",
              "ami-081eba1582fc35a4a",
              "ami-004dbbd5f48019c76",
              "ami-0e541105a67d7b3f5",
              "ami-0ae54b2595104fe51",
              "ami-0c2d64f113dcc7e01",
              "ami-0151a19daf20ae631",
              "ami-0b8f60a3a58e732b7",
              "ami-05efd88de64b18154",
              "ami-01ce57274a4e86a6f",
              "ami-016b6fc0176d8b4bd",
              "ami-07a5b42ee01969490",
              "ami-031fc30f8836107a0",
              "ami-0d3951ba249c8c470",
              "ami-0b62433735d99025a",
              "ami-0e008a10369ed32e6",
              "ami-09f5c49e70306e5ba",
              "ami-07e56b0e08f4b8b2c",
              "ami-092e95719c1413dc3",
              "ami-0f1b1f6499000b4d0",
              "ami-04c58f92bbc1de6bf",
              "ami-087c736ca1f0ebba2",
              "ami-086f19298a0e464e6",
              "ami-0471d424e4a71a18d",
              "ami-0d81be241de64c468",
              "ami-0bc84f1c214ccacea",
              "ami-02f1b0b400ccee379",
              "ami-009a7bb2dcf010a97",
              "ami-034fa5b845b167841",
              "ami-03e8de39b6acce818",
              "ami-0c57518e6f3686e79",
              "ami-03611b2aa928b0d4f",
              "ami-00a97cdf6823a425a",
              "ami-022158a17d892957a",
              "ami-0cee71f9b3a3a5ed8",
              "ami-08507ce9d0ab48f0e",
              "ami-0180e2571cc895cac",
              "ami-0a6bb62c5835b1cc4",
              "ami-06bc2ff36cd98eaa9",
              "ami-07fa200adb7882cfe",
              "ami-0dc972f71f32dc2d7",
              "ami-0791d7cf86c2161c0",
              "ami-09bdfa76388895d38",
              "ami-087f77fd2cdc6da06",
              "ami-04ee232c8417a1b2f",
              "ami-0520f970d823225ac",
              "ami-004be846b32291a72",
              "ami-0019cdadf0a2d7eb3",
              "ami-034afaa5ba00ddcfd",
              "ami-0b4651bc9c7abebee",
              "ami-092e7c4d4d5674dc8",
              "ami-06cc1b8878b1c0704",
              "ami-025bdce68be41cad7",
              "ami-0d3c7b12b96e39050",
              "ami-08969dfc58559eca0",
              "ami-065efa58c169395d4",
              "ami-026e8b7325169c7bf",
              "ami-07cb92e76fd99e134",
              "ami-08bc5a8db48a812cb",
              "ami-073588ae5f76de82e",
              "ami-054e407be05c1014d",
              "ami-0405b155ae95d2291",
              "ami-04412717867c7e0bb",
              "ami-085b3a99be7041b8d",
              "ami-04c753841e3eac389",
              "ami-0d51340cfa18800a6",
              "ami-03f20bb0e7b27139a",
              "ami-053c16074b826cbcb",
              "ami-0e0f4d7d4719418f1",
              "ami-010986c9926490945",
              "ami-02f50797a307f9142",
              "ami-080781527ded64dc8",
              "ami-0a82617f472d41ade",
              "ami-0b0596ef788994f94",
              "ami-01971d1d086aefb5d",
              "ami-047363ad03c7efa98",
              "ami-055de2980e9e7ce22",
              "ami-084f649ed4c1b272f",
              "ami-0963384666a7fa55e",
              "ami-00cd1a44e82fbb4fd",
              "ami-05bcb5a4d6fdcca46",
              "ami-049af348a45e43230",
              "ami-053fed69481cb92f1",
              "ami-0ebc151afceca67ee",
              "ami-0f29d4f7868a4875c",
              "ami-079434c2e60ab1025",
              "ami-0ad605ea995bf0810",
              "ami-0cafbda6cdcea8f79",
              "ami-0d4924380ecc919b9",
              "ami-0b1cd45065b4f6c5d",
              "ami-0d84b864a4df5f044",
              "ami-0a72f78b0a494d33c",
              "ami-012996aae2f46e65f",
              "ami-0217939ec19f76736",
              "ami-0f984443addea2b0e",
              "ami-0fc90e887423f7644",
              "ami-01210300001446f65",
              "ami-01e8e0ac42ed0b8a2",
              "ami-016b666a324e3c936",
              "ami-0c67a5e6a4d0f674f",
              "ami-01b4f15eac0d7747b",
              "ami-04e856eddd9aef810",
              "ami-0936031e156e9da3a",
              "ami-01a037f0109707969",
              "ami-08d9c6c9162476d88",
              "ami-05dc1b689ab144ea3",
              "ami-0b68b1af01b6c1a0d",
              "ami-0c3c403ac1cdbae5a",
              "ami-0fcff2d9802cfc06d",
              "ami-0d7caab37b55a987f",
              "ami-07b8c5ddc3a9c1505",
              "ami-0b2f75ed324cc4e54",
              "ami-07f1de83f96921c73",
              "ami-0790b230256e8322f",
              "ami-05b0973acf88ddd0b",
              "ami-037e3550e30550900",
              "ami-08b09a9bcb22fbc97",
              "ami-0e6fe3ad1c9d0a841",
              "ami-0d3558e4bc76ff86b",
              "ami-0f1f8841ba8d91789",
              "ami-087a4d16804c02330",
              "ami-0d3d7ff3c0a5be765",
              "ami-0302f47fad67b6dbb",
              "ami-0c9d3234317a56614",
              "ami-06aae6f036dedfee0",
              "ami-041d9e0ee63520d26",
              "ami-076a815c85adbb631",
              "ami-02af48a8a16acfd5f",
              "ami-08031e643c52754bf",
              "ami-0af657f6c8aa279ff",
              "ami-06588b455aa81a2f9",
              "ami-019158b168d1c438d",
              "ami-0ed3ad8c0eaedbc28",
              "ami-0d182bb62e911c3a8",
              "ami-0f7752c4b4fe3ef87",
              "ami-05d9e30b63e91c729",
              "ami-0563a4aa2657a2ae6",
              "ami-010962219ed0c5362",
              "ami-0353a293f5da1eda8",
              "ami-0ac5c7ab6f0eab7c8",
              "ami-040da034669b99f6a",
              "ami-09072dd572d19b20b",
              "ami-0fb5f2abe4d60adf2",
              "ami-0f96f519965632d21",
              "ami-073c207efc87845f7",
              "ami-0dadfcaaca81ef097",
              "ami-0e7277b81d33de11b",
              "ami-0af1694c0f98d5053",
              "ami-0cbf1e47929b4c2f5",
              "ami-04a5e47e95128d740",
              "ami-02d993299d218cfaf",
              "ami-08a3bdb2fe4366635",
              "ami-0949c01e33373d714",
              "ami-05f55ef0d3c2a7f7e",
              "ami-033ee0541d2b36247",
              "ami-065fc7874d909b966",
              "ami-09872a2613d18c2cc",
              "ami-06c7b39ebbced354f",
              "ami-0f9c5b3c752321289",
              "ami-085bb7db2c4f5bdae",
              "ami-0b689bb3bda8b8cac",
              "ami-06161f002d4adf90a",
              "ami-06483ee09a396d994",
              "ami-05904f381d3831ad5",
              "ami-08a55dd1de5891341",
              "ami-083bae2f3580f6e69",
              "ami-081bf08722c8562b7",
              "ami-01018698d34d5809d",
              "ami-04230518c48c56dd3",
              "ami-0ad6e1be4e485f742",
              "ami-0aaa23df55167df72",
              "ami-0d5dc2867ab4ce240",
              "ami-09b1f63949180aecf",
              "ami-03fb4fd4b22c79fb3",
              "ami-06830ac277b5d55fb",
              "ami-0d856287d74472398",
              "ami-031aefc56e0c6cbc6",
              "ami-08118cf1746f3435d",
              "ami-068c563dcee662195",
              "ami-0050376e9a804a9b7",
              "ami-03cb85bb88d736755",
              "ami-0723378762b04ed25",
              "ami-0115c8615bd4884f7",
              "ami-01f890f0ede139c03",
              "ami-07d45ea1ee0ec3754",
              "ami-02c2906927060d011",
              "ami-06597181a20a3eed7",
              "ami-04c0fc3c42239e978",
              "ami-07d9f0fb9fc5d1dfc",
              "ami-06fa853b3f0f5f2ad",
              "ami-09aec320edfd35953",
              "ami-0e79f3464c5ba9bf2",
              "ami-0d92188fd186c7111",
              "ami-06fb68d54b9af67b2",
              "ami-0abf55c12e1b4f42d",
              "ami-0e1aa8829a184cdb1",
              "ami-073e4239deba7a51c",
              "ami-02f73fc5bc4df15e6",
              "ami-0028f595afe387493",
              "ami-05c751e7f8ddf3247",
              "ami-0b89f7b3f054b957e",
              "ami-0aefafb4fb54882ac",
              "ami-034280bd4570c3c6d",
              "ami-013586750d303f89d",
              "ami-00bc9ff22673aa25b",
              "ami-03c3ea8440c51b201",
              "ami-0e64281826ea08b9e",
              "ami-05465ed4133f4f04c",
              "ami-05a6170030a52e0e9",
              "ami-096d889a8e8d688d0",
              "ami-0e9207f26da3e3991",
              "ami-059fde4c8d9981094",
              "ami-0f5d4f1bd087b7703",
              "ami-0700286f206c841e0",
              "ami-07e7808073bd00c56",
              "ami-06ed651c8806924a4",
              "ami-0ce22e73b08765907",
              "ami-0111bc3ff380df567",
              "ami-07801cda64b876c7f",
              "ami-01d0b0c20a2e1b2e0",
              "ami-03a262bb1b916522a",
              "ami-00dcdc4543a390e91",
              "ami-0a59da3c148708682",
              "ami-0761b19fbd4c4628a",
              "ami-09406328f7f706ac8",
              "ami-08142bc2a24513510",
              "ami-0e2774c9fa1780f01",
              "ami-0509b4950f5fb32b3",
              "ami-092d366f46196144c",
              "ami-0b73cf384fc0fde4f",
              "ami-0e27dbbed867c66a2",
              "ami-0ac0684ed37313f6a",
              "ami-0f3eb2f6f260a1c27",
              "ami-047a30e040ebda5e1",
              "ami-033d752cc1cab8fb9",
              "ami-06bb4b7d8741af4ee",
              "ami-04c60f9e9a35d8731",
              "ami-01284e405975d6515",
              "ami-091eaaba77d06e81d",
              "ami-037efb49f11d84ddf",
              "ami-08011e79821d72520",
              "ami-0a4fc7d8756889c20",
              "ami-0f4feac3ae6b63940",
              "ami-0e343ebdff5af15fa",
              "ami-0406c426e67041707",
              "ami-0c94a556a49efdb64",
              "ami-07ccc3814efa84ad2",
              "ami-0e4d9d453f64a4d08",
              "ami-0783daac2dc8f3c7f",
              "ami-0c0cba88a2868374a",
              "ami-0a20bbfe2814330f2",
              "ami-0d384fedb5bb8e22a",
              "ami-036e7c383e5f1ca30",
              "ami-0c18d0e7afb25e17e",
              "ami-03f24921384aebdaf",
              "ami-0a999762a9f2567b2",
              "ami-0b864f39804ef546b",
              "ami-018ecb85087b08634",
              "ami-0571a61f21d224fec",
              "ami-0befc0fb8d8c90b75",
              "ami-09f5de82f23baac10",
              "ami-072bb19dc903730b6",
              "ami-0df32b6becc07cd19",
              "ami-0a3b4253314c5b8aa",
              "ami-00dece352acd1283b",
              "ami-0fa213b6146184add",
              "ami-084775e47d5a5b85a",
              "ami-073edabb5382447de",
              "ami-04a491f635aa7eb73",
              "ami-0ddbb9f51f86b24db",
              "ami-040c36e6158040aaf",
              "ami-08502c7d9eb851607",
              "ami-02d8679b68b421c87",
              "ami-0d72386000b1f5b92",
              "ami-03d9d62e920be1193",
              "ami-077640972b17421de",
              "ami-0452d3cd8c67295ad",
              "ami-006d7fbf2a8b3250b",
              "ami-08ac8e8a1592e736c",
              "ami-004dc7a31875b73e4",
              "ami-008803778f20abba9",
              "ami-08f02419c55387614",
              "ami-0746974430e590fc4",
              "ami-09d4008e35fefef41",
              "ami-0273691e96605412b",
              "ami-0ff17cea9911cfa1a",
              "ami-0a8422d0b096edac2",
              "ami-020bb8d0e422e23d7",
              "ami-0dd1e66116f7975b8",
              "ami-089160ed8931db964",
              "ami-0a1c85425d3e7df7d",
              "ami-04fd9e5733b9479f4",
              "ami-068454c71229d9736",
              "ami-00070c60585f808dc",
              "ami-0eeabde60269c8a0a",
              "ami-08cb6d54f12a989dd",
              "ami-0bc950122a55f199f",
              "ami-043454b5664cc76c6",
              "ami-01cfe54d24459d93f",
              "ami-0f97fadff1b5f2c5e",
              "ami-004f1d0e0e75da192",
              "ami-06049b16ad135b633",
              "ami-0354b62865ba694ad",
              "ami-0411a91b7cdee12d9",
              "ami-016fc0008bc9dbc66",
              "ami-0e75493747f6865aa",
              "ami-04fdb8395447f3416",
              "ami-07c6e9295b3f2dac4",
              "ami-02369de85f6fd0eeb",
              "ami-0a20c0e8b3663af18",
              "ami-0a94013dbde17134f",
              "ami-0b51403654080c042",
              "ami-018cd92db227b86e1",
              "ami-0d663ce16157a90e3",
              "ami-0294896114b69806f",
              "ami-0059b7b9d522b7a0d",
              "ami-0008599ae05cdfeb8",
              "ami-096be21f47abccc2c",
              "ami-09f534826ba230b66",
              "ami-06ff0688bb09a8864",
              "ami-0644873e62669e289",
              "ami-0943d29a502683a9e",
              "ami-0ff361eb6177c7ddf",
              "ami-0d917203a0cee839d",
              "ami-0871114ca2ba15ce4",
              "ami-0b985d544bc264e40",
              "ami-076ba4b9103db0be5",
              "ami-0bcab9d06c78ed66d",
              "ami-0e925388bfc33c0af",
              "ami-04a4a643aca2fb749",
              "ami-00e5963fa861c27d2",
              "ami-0e190f8939a996caf",
              "ami-09378b9bc763b671f",
              "ami-061f216d271a880ce",
              "ami-00eb9db18db3beaf8",
              "ami-0f905fe4dc9d6dc32",
              "ami-0eda4705a3c65cc13",
              "ami-06119f71f71850014",
              "ami-009027db07d1e1f5c",
              "ami-01e0500d1b2e4cf38",
              "ami-02f8af9db80353685",
              "ami-0828d0488c3f3ac7e",
              "ami-0026a86e77d59224f",
              "ami-0e1a206a14b8cf255",
              "ami-0341e01c440b83825",
              "ami-07e595bc19a6f49a9",
              "ami-0c823922b3dc0221d",
              "ami-0de03b5292f3f520a",
              "ami-0bf9dfa23b1493b77",
              "ami-0279c43cbd94524af",
              "ami-0198c51e31ca31b3c",
              "ami-09e5d294c45e43c7f",
              "ami-0b9a634f18650b783",
              "ami-01c9c5c723efbca56",
              "ami-0fd930bb39cb0aab1",
              "ami-0578ae38f38a2b7a5",
              "ami-0aa33f40a2dae9990",
              "ami-0d9410fba029bbe09",
              "ami-0599c974aa2d8321c",
              "ami-04028ab01017c2a16",
              "ami-055bfff7740b5f67e",
              "ami-02c10652ec2efd806",
              "ami-0477e55c8a3006359",
              "ami-0f65f5e010617ca71",
              "ami-04948dc401f7ddf6c",
              "ami-0b4dc7b47c28268a9",
              "ami-0dfd53891c0f0e0cd",
              "ami-065e3d4fffc2aaaae",
              "ami-0881c40de6cf0ac62",
              "ami-07834a194d55d6df9",
              "ami-06b1e7089f9d4c1ec",
              "ami-03997708cf98ae807",
              "ami-0c2874f34654bd04f",
              "ami-093051cce1b86785d",
              "ami-08fa2a2db876e255c",
              "ami-0247cbd5f548375b2",
              "ami-0eb2296f2cdfa8d30",
              "ami-06e03758de996be9d",
              "ami-0a03ff8008da3347c",
              "ami-0a0bfb6fe87301d70",
              "ami-04d7aedd633b1ea6a",
              "ami-01ae1ed215f3d459c",
              "ami-00b0c00d94b47faca",
              "ami-027fd86420d1301dc",
              "ami-0626a1c43d1d6eda5",
              "ami-056d7134d8620e8d7",
              "ami-0b9817aefb73db64c",
              "ami-02c4324820254af89",
              "ami-0e41af91e02e943c1",
              "ami-02b6237405df995cf",
              "ami-027d3eef0e8cda897",
              "ami-06c830dc3ca5cc6f1",
              "ami-098fe6167f4bfca64",
              "ami-086628693da968ae9",
              "ami-056e42d26e00e52f3",
              "ami-06d60e90d01fad339",
              "ami-07e8c55a4e20fbd03",
              "ami-0b421fc624ec4d3c2",
              "ami-079e3397750a78047",
              "ami-07e8b24e858723d23",
              "ami-06555bf8f9a39889f",
              "ami-0c441d895e93f30db",
              "ami-026f9c56472d4f574",
              "ami-0978a7cab52caa3f6",
              "ami-09a291ad1534d80c9",
              "ami-0ff37dcb1f8bae72b",
              "ami-0ea436ac816615173",
              "ami-023572c0e6d6d06d6",
              "ami-0bae5c00c311a686d",
              "ami-0db725004f2783727",
              "ami-0bd17473018512a1f",
              "ami-0653440e8ecbf7764",
              "ami-0f2155fe12c8ae2dc",
              "ami-06e9d70a5981d783f",
              "ami-0331cf5fde7adffe0",
              "ami-08390505526346401",
              "ami-0e7c626a93c19a5f4",
              "ami-0d3f4d991dbc4e107",
              "ami-0858639f702db3cac",
              "ami-0b3d0b42902f9acf0",
              "ami-0e508151d2647cc72",
              "ami-0bc4bc12c51e972f7",
              "ami-0b08b8e737f8d101f",
              "ami-0ab19429ff78198b8",
              "ami-02d0650bdc36cf5b9",
              "ami-06ba3d767ee8c42e8",
              "ami-07f8a7546de697fd8",
              "ami-0b009c77245915bcd",
              "ami-01cbf5ec717f99433",
              "ami-02de7dddffaa99e3c",
              "ami-0475531b638578134",
              "ami-0824eee31af284c56",
              "ami-051f0e09373de160e",
              "ami-0c119a72dd89c9d6c",
              "ami-0cae28648ebcb7508",
              "ami-0ac5b28a8d97254a9",
              "ami-03d399aef1cecae34",
              "ami-0118f4f5a5b2112f3",
              "ami-088fd01e2a9d94ac9",
              "ami-02b9fba2ca0f6b4df",
              "ami-03b4cfa64557537f8",
              "ami-040ed53740fe76496",
              "ami-08a4fbc506428711e",
              "ami-0670a75c43ce2c38a",
              "ami-09688e19bffc8bb0b",
              "ami-0e052fc7a89c7e753",
              "ami-0c93f08a920531231",
              "ami-09793aae7cb5244f8",
              "ami-0b17bf5dc32ec22ec",
              "ami-051bc831151e73978",
              "ami-064377fc9db24f77f",
              "ami-0a6693979e8970d7c",
              "ami-06c8cf34b23b45c56",
              "ami-060b193773d25a6b2",
              "ami-0ebdf5adb6beaabea",
              "ami-0b210cfcb7493e5f2",
              "ami-0a402056f0d724e21",
              "ami-0baa61f65605898f6",
              "ami-03e459e518445a565",
              "ami-0d5fd63e59afe36f2",
              "ami-0690bf0db3518059a",
              "ami-01984c548a7d8c96a",
              "ami-024f7f7d3664563d7",
              "ami-0699e52fc15077fe5",
              "ami-0e40332039f62f6b9",
              "ami-0c6470db1d1397891",
              "ami-0af8348fd714f65ab",
              "ami-0e9f8955fccf473f8",
              "ami-03d459adba8d9af38",
              "ami-0d2a61e009693820d",
              "ami-060602e310c7166b2",
              "ami-06a59d5fa7519f584",
              "ami-075fe5e6352cd7af1",
              "ami-0d1c8c8703479657e",
              "ami-0cfc6a574f9bc2fd6",
              "ami-09ff2a1435a6859c6",
              "ami-064d2bf1e84ff31ed",
              "ami-0e13eb9774c4533d4",
              "ami-08c873702f09b6b88",
              "ami-0fb226609887c1666",
              "ami-07ded6b09ca325f9f",
              "ami-077bb21a9a5ff12c1",
              "ami-0b8dca99b3870d8be",
              "ami-03be04f242e7305b0",
              "ami-076ba84756d125173",
              "ami-06c675e4d7be4df67",
              "ami-0c5b9565cdf0b5ed0",
              "ami-06d8ab83a2e526618",
              "ami-0ba9323a5d7ba240b",
              "ami-0777b8b6d4d084944",
              "ami-0adfc8f83c180f518",
              "ami-0fe93508b2d9f3be8",
              "ami-0bda5a5faa6db1706",
              "ami-04d0addd0f285b1d1",
              "ami-07c25e4103cf3f716",
              "ami-04cb1590a28b54929",
              "ami-03ebe0956677e9f04",
              "ami-0cbe62761163445bf",
              "ami-0eee89fbb39d06556",
              "ami-0cc92b7fef63cc74f",
              "ami-028fa43772074a43b",
              "ami-0f33bbdc80ea34862",
              "ami-04402cde1520f8ac1",
              "ami-0f84ed93232b0f499",
              "ami-0613019682cefcd37",
              "ami-091edcbeb8525cd17",
              "ami-08a382bc1668179a8",
              "ami-05ceda5182cc980e6",
              "ami-01e6c9c59ed0d5772",
              "ami-02590141c34a736bf",
              "ami-0308ccbd4f4075691",
              "ami-07cab5a60aff77e76",
              "ami-022667d9f2036f399",
              "ami-0cedd27ad50dfe46e",
              "ami-0f57a19729ba80d33",
              "ami-031e2581ecdb110e9",
              "ami-096fbb5e2177a0e3a",
              "ami-04d8a78a658f4d63b",
              "ami-05a15732cba8698ae",
              "ami-0c1ad98f30c0cc2c6",
              "ami-027083771ec13e27e",
              "ami-0c3317875af6ab982",
              "ami-09268150b5725916c",
              "ami-05c5f5b174447144e",
              "ami-09b04a17573b5fe47",
              "ami-043b223c26f3944c6",
              "ami-0d4416d9a13d80196",
              "ami-030188f56ce6609cb",
              "ami-0ade4e41a64b37d17",
              "ami-082b4fdcdd095f07e",
              "ami-0172df9f121ccb696",
              "ami-04cb761fe60c974d7",
              "ami-09c7a161f0aab05a1",
              "ami-0368c8a2b243debc1",
              "ami-0749ad6661eff66fc",
              "ami-081c49e7ab61c6a46",
              "ami-03f0b04d03a42dc4d",
              "ami-0874181ba07e8a626",
              "ami-069bf233342900207",
              "ami-0a94d53450eb3b948",
              "ami-04c6844f49e1098b1",
              "ami-05bedc2d18e1fe211",
              "ami-0eb2730b83e29bb7b",
              "ami-0fa24e91f716f005f",
              "ami-0e5c90fbb24ee89fb",
              "ami-00646f8fe1f0e83ee",
              "ami-05f2f979afcf322a2",
              "ami-0007448590067ed00",
              "ami-0638d3f5721e04539",
              "ami-0edbc43dd70b96036",
              "ami-0680d610508b14d79",
              "ami-07b0497d8d6c8f916",
              "ami-0fd9b02920ff5a58b",
              "ami-0874985a3923ad399",
              "ami-0256072d337e37b2e",
              "ami-006f39ed894c67bb4",
              "ami-035977cc190e50926",
              "ami-0c97a6315b130e9bd",
              "ami-0ae22e9faaeaddda3",
              "ami-0938f7d8d812e508e",
              "ami-0084224129beaa558",
              "ami-021dfb18ce85bb28b",
              "ami-0c472416d7f894c94",
              "ami-0ef7c8560a0d369f8",
              "ami-0027c8a35fd43de05",
              "ami-0bb67e21093d3e8c9",
              "ami-01b0dacd4c0386a24",
              "ami-0ff89c4ce7de192ea",
              "ami-019bac9f62c3fab25",
              "ami-02b89ff7c87cadead",
              "ami-073f0a6c667dfeecf",
              "ami-078fd835767e29b12",
              "ami-0163c2161115a62fc",
              "ami-076712f71077c904e",
              "ami-0098dd09f8818784f",
              "ami-0deebb46e2b1dd0c1",
              "ami-0eac37fc148a9372c",
              "ami-09be949a1c9e9b1a8",
              "ami-0b35a5af119004220",
              "ami-0c2ba0e4ad22b3404",
              "ami-0a98e8bcc24adb1ef",
              "ami-08e9b32ecc8a4cf52",
              "ami-00c06b6728bb3f6a6",
              "ami-0d11e0b58fe12f9ae",
              "ami-05dec06af6868a790",
              "ami-04a12e751f0685221",
              "ami-07a69a15989ecfd4d",
              "ami-089211836c13e1648",
              "ami-01308a91ec9c12a80",
              "ami-01ebe36fbeaa92077",
              "ami-026baa51c4b429f5c",
              "ami-0dc5a4f1485c8a997",
              "ami-01f6791231ce42094",
              "ami-0fcae7fa88e5afcaa",
              "ami-0330a00347b0a774d",
              "ami-03646ba7884fd387d",
              "ami-01305c8fd9ad58fba",
              "ami-0173d9d1e3113942d",
              "ami-01789b8163134734b",
              "ami-064d938e19ad3c7bd",
              "ami-0e50464afd35c55c1",
              "ami-0f59edb8925921c22",
              "ami-08d6e1d51d4e7a325",
              "ami-0a8f498b9b8634f6d",
              "ami-03e2245d00bd3f8de",
              "ami-009876e7c4a9697e7",
              "ami-09139bd6c6212e773",
              "ami-012e2a7e4afaec764",
              "ami-08aef5a0b1553c574",
              "ami-01c2af6fabd225995",
              "ami-0f3325b198b8a3fe2",
              "ami-0d85146e8ebbd2f11",
              "ami-074f44cbfa15f1425",
              "ami-0d6eb12d9d2a05de4",
              "ami-01721130419ff9996",
              "ami-0c526585732e99be2",
              "ami-0a86f1b686b37e0c1",
              "ami-0b9793d9731802da4",
              "ami-0da58b45a1ccab32e",
              "ami-008f6537007d9d131",
              "ami-0098ba52e365bc787",
              "ami-092ac90d61b10cd71",
              "ami-041a37b723049d7ef",
              "ami-0a547924a10ed3ed8",
              "ami-07f30de83a8475366",
              "ami-08ec21a506fe067c3",
              "ami-053091e28a468c5cf",
              "ami-06b42b1bcddac8b55",
              "ami-0c8411ae3e0c25f28",
              "ami-0b7632bd99d688af6",
              "ami-0a2645e157bb45b42",
              "ami-000292bfd1c4ed4d7",
              "ami-0ef8f6332b6967134",
              "ami-02b87adcc224e7fb5",
              "ami-02d9b35044c93e77f",
              "ami-0d9ab93b5262ec9a2",
              "ami-072a1f9a0c6fe4a68",
              "ami-0fe3bb1698101b886",
              "ami-0ac50abb32923d2d4",
              "ami-0c9c033540236bfa6",
              "ami-04ca1f2490f780590",
              "ami-0118958266faedbd9",
              "ami-0715066f820b43e9e",
              "ami-0b8ae9592dc1a8f86",
              "ami-0a7a8cec88cc38def",
              "ami-0d87e772d64014b05",
              "ami-0a0650e096b0299ec",
              "ami-02e5f26fa114d3ad3",
              "ami-033316009961905c5",
              "ami-0bc2922088b8531dc",
              "ami-0e35b1eb78317ab1b",
              "ami-093a668ab3e1dece5",
              "ami-05ec1c5e9c7ec0782",
              "ami-0a8f5ca9e0cedbb54",
              "ami-0718cea27e96aee5f",
              "ami-02c716290ce7067b8",
              "ami-0cad99dae6bc28645",
              "ami-0fca7328daa380a75",
              "ami-097f875ce33c54185",
              "ami-04360d33eaee75dbd",
              "ami-0054fcef19ce5f7f8",
              "ami-0613e5b2e2beb488f",
              "ami-0455a60009b22f1fc",
              "ami-07a57c8e2a013695b",
              "ami-082a040d04ec58b38",
              "ami-02732e28a0b28d570",
              "ami-0f354ebac9da1a123",
              "ami-038cce4c11163c0c2",
              "ami-006b2a2e474c0252d",
              "ami-078cd0566f3b6f302",
              "ami-083689f4a841ee07a",
              "ami-03fb151571d299d4f",
              "ami-07acaa58cd0601755",
              "ami-0a719169cd65fc228",
              "ami-075bec7eb580137ca",
              "ami-0c235e287c7168706",
              "ami-077145ba8cb0eb48d",
              "ami-055497d0e592ef001",
              "ami-0d5428a2362c419f4",
              "ami-0ab149baeb51bf3d3",
              "ami-0482d083fd6f8380d",
              "ami-0303b89cea4e8b8e2",
              "ami-0fde5542d1c77e3e2",
              "ami-079fa5edf9973c7e0",
              "ami-047a0c741f85b927c",
              "ami-0fb0bedf5fc22798b",
              "ami-0ef97643a82201196",
              "ami-0bc1380fd33241305",
              "ami-0b792e270d78e4a12",
              "ami-0dc377f730a2a1c4e",
              "ami-0888eeebde2cb99f7",
              "ami-02aec9a2b6b3df298",
              "ami-0c207041affa83dfb",
              "ami-0f24af2cefafae633",
              "ami-00023fbfe750ce4ce",
              "ami-01d0f6d4638c62395",
              "ami-0e9c03b2f4181a080",
              "ami-0a8108b3cfa2854b1",
              "ami-044fed29c173919c6",
              "ami-0ff586bb7ad858b1f",
              "ami-0a00506c84b1e2b9e",
              "ami-091029f178a8fe08e",
              "ami-07a5448f6f818d847",
              "ami-01fc9aede05ef28ee",
              "ami-0aa3e2112ae06346a",
              "ami-0ee0324bb607f1b73",
              "ami-0c3b059e92fb4d8bd",
              "ami-01c7fee75aa2a07cc",
              "ami-08a56053e2c2e2067",
              "ami-0a63b82e15575bbe1",
              "ami-0acc8961166bf7130",
              "ami-03aec44227f28aef5",
              "ami-05c539903cd682c1f",
              "ami-043349c6c5a670ae1",
              "ami-0724c1c77a8704db8",
              "ami-01179e526ee2e9bef",
              "ami-0707f29477ba6850d",
              "ami-0d45d49b8e9db7a69",
              "ami-022ce6e44ab2ab813",
              "ami-04c9737bdcc82df40",
              "ami-0a9ea86f02906600b",
              "ami-02fbe9c35165f2a52",
              "ami-054f9269e4ba450fe",
              "ami-09594ce92bcd293b5",
              "ami-078ff6bb7738be303",
              "ami-0ada7442bda7d4f54",
              "ami-032d32ffb38212c7d",
              "ami-08e81e3bbe2e71619",
              "ami-0594a990fd54377b5",
              "ami-099e5023b5288846f",
              "ami-01b0a8b7d9bb54d59",
              "ami-033a2642daa4ef9a4",
              "ami-02cb581e9484b9313",
              "ami-0e897fdd50da71a4a",
              "ami-06138bb3a0e8fd637",
              "ami-074a17d6eacd74d2e",
              "ami-07e01092a1ba1e523",
              "ami-0bd72bb943161ee77",
              "ami-0dae1a4e3e4797528",
              "ami-06bfd0065acd65f4f",
              "ami-0f036d00b13f49148",
              "ami-07027d082ed8217ef",
              "ami-0087a8f3f4655f647",
              "ami-07798efeba7431506",
              "ami-089a86c76474e6342",
              "ami-0483c5d86be262555",
              "ami-0e6c6fc9a0217fe07",
              "ami-0087132c24f1326be",
              "ami-0522800819a215881",
              "ami-0426665d47b0147dd",
              "ami-07fc9206def061456",
              "ami-0149e97b1aa24bda0",
              "ami-06600659fc5cb2d6f",
              "ami-0b6165790a7173442",
              "ami-0129ad22e4e68e6ed",
              "ami-00eaad2b9e63fbf43",
              "ami-07c0fa8a5c054721d",
              "ami-01ede91fff0cd5e0b",
              "ami-0193410ad759beaee",
              "ami-0ed11bb0fb14d7ef0",
              "ami-0868aa3dfd305c7d0",
              "ami-03bdc09a4691293f1",
              "ami-0ded15091dd0a87e0",
              "ami-02aae8139c08e4954",
              "ami-0351464cd35e0b820",
              "ami-0e230b73ce3d4897d",
              "ami-0f6cb4f41c9bfec1d",
              "ami-0da81675882733948",
              "ami-049f980c044fc49af",
              "ami-0eaf04122a1ae7b3b",
              "ami-02776a8488d959377",
              "ami-01b9da019f45925bb",
              "ami-08eaf213bdd872442",
              "ami-0d6e2acf1ee736e26",
              "ami-0eaa953877482f2b9",
              "ami-0807ca843d20f195a",
              "ami-0b0266d6cc930ff4d",
              "ami-0ead2f724b0429ad8",
              "ami-057dadf6caae1ae07",
              "ami-0304d6228311a8d78",
              "ami-0b0e7ba38782c3a45",
              "ami-024f39c98aaeb221b",
              "ami-045a0ef1aa298b4d9",
              "ami-0b6e631c82c518426",
              "ami-01c8124ee5c39e73e",
              "ami-08ccbef02cc8c6c23",
              "ami-0002354e94d7d8883",
              "ami-05e0f88cc8d50d761",
              "ami-0ef61a6299de360aa",
              "ami-046cfc2fbb65fca23",
              "ami-03a028ed213d79218",
              "ami-06da2a5d225b54e4c",
              "ami-039bf74c1ce1912b9",
              "ami-09a34f69f15f2168f",
              "ami-017fdfcf12990055d",
              "ami-09b15f41779faf7f1",
              "ami-01c8326eea7babe1b",
              "ami-0de3329de5bad5794",
              "ami-0141b7132f17e54df",
              "ami-03c17041c852205f8",
              "ami-0f13a85a6ac65bcf0",
              "ami-09b763ad832a34ccc",
              "ami-0da3a0a0d82834d2e",
              "ami-057a72835395f7a9c",
              "ami-02d6d4537b771855f",
              "ami-08a635fd02e367868",
              "ami-01c8c7a9f162840e1",
              "ami-06c3ff8d075999469",
              "ami-0ce234fd8d7a6fb98",
              "ami-021d91efd8e8c8a03",
              "ami-0a04b0b0f425daec8",
              "ami-022e9164337bd1622",
              "ami-05043931501037083",
              "ami-077e6943bfca5910f",
              "ami-0ea5af285d4cb8e2e",
              "ami-0cdb0b49ae02fd915",
              "ami-0816fb53576e8e9f1",
              "ami-0834a426718f7a97e",
              "ami-0e433989d66d9c93b",
              "ami-0d0e10fc6f07a1fdc",
              "ami-0393546fcee458c39",
              "ami-047f26bed494ba058",
              "ami-00ed8aef07c2565d0",
              "ami-0a00c741eb332ddea",
              "ami-0202aa70a837c1d94",
              "ami-04e1491e48dabd928",
              "ami-0d2b170f5058c9e25",
              "ami-062a3a0db429f4743",
              "ami-0bdbe8625ee33a865",
              "ami-01fcdbe983b5e9bf4",
              "ami-06af7ff69eb5d01f2",
              "ami-0ebe630c76820ed1e",
              "ami-04b4dbcd0361f26a4",
              "ami-03192d450a06aef3a",
              "ami-0f2651a5ec2ebfbac",
              "ami-095b86f871ba535db",
              "ami-0d45afef121e10d5d",
              "ami-0c4f77d7fb990d78b",
              "ami-0202aae814502e628",
              "ami-0cb432c74e68068ed",
              "ami-01d0db5f2bf28ca52",
              "ami-0e8c2bf357b09d913",
              "ami-08222ba0572c64812",
              "ami-0a607811847c75505",
              "ami-0f82db98c3dda8580",
              "ami-0069fed60a17a611b",
              "ami-0672dc5bf1a2e6c89",
              "ami-0e93b2a6858a2105f",
              "ami-0c91f263442046a80",
              "ami-055d2a6d2489b6427",
              "ami-0c29940eaaa7d4903",
              "ami-0bec0fc37c069fdaa",
              "ami-0c86255a89b5c9958",
              "ami-0c3de982911804d07",
              "ami-0c25c116085452f56",
              "ami-092fc364035fb77ea",
              "ami-0079dee72de9d9dda",
              "ami-0c13c55a6c6b98937",
              "ami-0227a2ab8cc27b919",
              "ami-028eb041ede99d51b",
              "ami-0cb8f789fa66b1688",
              "ami-0204e1c8171002684",
              "ami-07d8a27101f0b6361",
              "ami-0ff89acf77779b4ed",
              "ami-02fb41e1390cd2b96",
              "ami-0ac2544a89741f9d2",
              "ami-06cf7a33c05184d11",
              "ami-093b340e1062375f8",
              "ami-0657f762a6ee755de",
              "ami-058ee7bba65d30378",
              "ami-06a6a91ce3cf7a29d",
              "ami-04b52662556da23bc",
              "ami-0334486c58419f191",
              "ami-01bf6a840581382e6",
              "ami-01ed77af2afe8169f",
              "ami-0cc971563188b2b80",
              "ami-0c5ff361a939a4dba",
              "ami-0746d7b248bae0c2c",
              "ami-05a1686fe8b7575a4",
              "ami-0097a63c2d1972bb5",
              "ami-0ad19ee01643dee85",
              "ami-06fc8984d437e6e2b",
              "ami-0facb1759fcad7134",
              "ami-09ae4d2ba1bd987d9",
              "ami-0835f03a4fa7bbc7b",
              "ami-0bf6786ae1ce575e1",
              "ami-021090c7aa9a08c5f",
              "ami-00cc6f29f0fe5098d",
              "ami-0f1d293f580dc8d2c",
              "ami-07e366b07662072d7",
              "ami-077f56b84e2f8fe45",
              "ami-00b25c757abfae9b7",
              "ami-0115be254893c8d86",
              "ami-0b0281524b9245dde",
              "ami-0ff528de9e4bbdc7b",
              "ami-024de9c8ad4ad480f",
              "ami-05721566320217b63",
              "ami-0d369bd939a2cf293",
              "ami-0136caa37e19634cc",
              "ami-085786a33656da36a",
              "ami-069673cca7093db65",
              "ami-04df5f3ec60f35a20",
              "ami-0d62e85df284955a1",
              "ami-0171f4acc8245106b",
              "ami-04afad3fbaff9735f",
              "ami-0a6bf3c38e1153177",
              "ami-0019b5f935ae80bac",
              "ami-0d361f646f2ec5367",
              "ami-098ab126df855c94e",
              "ami-00ad488cc2684f000",
              "ami-0c9828c1b1794f3b5",
              "ami-052a1eb3981b5e328",
              "ami-09f88fb6ac986bbf3",
              "ami-000ef1b3ebd6b8be7",
              "ami-09b6db70b55847573",
              "ami-0fb82efbdd63e9dea",
              "ami-02f01fa2aeb361abe",
              "ami-0c66b288fa1d4e793",
              "ami-09ddf7deff9e663bc",
              "ami-0da71847d62cedf53",
              "ami-0183d41e67a5fbd2f",
              "ami-08e8d11811d415a7d",
              "ami-0f89c56dc92f929b0",
              "ami-00a931106dcb69f13",
              "ami-0a19f88ddafc23320",
              "ami-072b3b0f4627955df",
              "ami-0e96dce42174bafd8",
              "ami-0140cff269febb4a9",
              "ami-0a67b76ea1e4d16b8",
              "ami-0b0dc74711e2e3a49",
              "ami-006813985c419d491",
              "ami-029c34365a1911cba",
              "ami-09fbe81905ec79ca1",
              "ami-025c6df0f78b2d8d4",
              "ami-0f7806ee45b3e18c0",
              "ami-00b2f29883c4021b9",
              "ami-081caba862938eef9",
              "ami-0bae39f0293940744",
              "ami-03813c783db35b9c6",
              "ami-024390dd39b9cd7d9",
              "ami-0e00094f0ef819eef",
              "ami-0fabbc6914dd74389",
              "ami-0bfa807c0a9ab6de8",
              "ami-0ceac873ee06c30a3",
              "ami-041d04014c9f7c820",
              "ami-04921bb9dce31d157",
              "ami-0d7fb12bdb94c1d30",
              "ami-02b8a643530ae19e8",
              "ami-06cc1447e3a8db67e",
              "ami-03fd28ddf3f052f5d",
              "ami-079d064dd1a15cba1",
              "ami-0a904c894114a18b0",
              "ami-0218c8fc1c009fac7",
              "ami-09b5f80b68f653d33",
              "ami-02dce1f50f37981a2",
              "ami-013e1d4bbdf263b6f",
              "ami-0ba076ee2477bbf3c",
              "ami-0d3f6080027b598fe",
              "ami-01a0a14401d1a031e",
              "ami-0486a148c701396df",
              "ami-072724d6bca90892e",
              "ami-0205c86052a6fc3fb",
              "ami-06f906ab3746074d8",
              "ami-091d6b454a947fa88",
              "ami-0b32611ca4bee9943",
              "ami-04b9018d2c2bbb7de",
              "ami-0e7576455b5c94194",
              "ami-03104767b4fae9921",
              "ami-03fd4a094228c5842",
              "ami-0f66a6a17a5709748",
              "ami-02471fbf6c57b18e8",
              "ami-03b6748681e17ffb8",
              "ami-0ecd970b6829957fb",
              "ami-0bbea04139b9139de",
              "ami-0197682fb32836f66",
              "ami-03fe3033ed08bedf5",
              "ami-027c321414a834774",
              "ami-0242384247736fb73",
              "ami-039dc97af500e4a25",
              "ami-02691119a39d8bb72",
              "ami-096120e95c399757b",
              "ami-0e24c6f244a04e0f2",
              "ami-05f48e021e5937b8c",
              "ami-0fe023e1dfd8169aa",
              "ami-02400ebb027ac02da",
              "ami-057e8602dbee795fe",
              "ami-079a13469171d1f9d",
              "ami-0ab405858a86c5597",
              "ami-0f85308948e72674d",
              "ami-0e2aa2bf22290c953",
              "ami-0250a46c0cead675e",
              "ami-03db079ca84253c0e",
              "ami-0c187c83f4e431bd0",
              "ami-0c5463906fa1dce9c",
              "ami-0d5ff26b1f39d461e",
              "ami-087751f6af91085da",
              "ami-0d86e3e5884722fb4",
              "ami-06d7a26bc46ceb240",
              "ami-0cc95bdf4b034d6c0",
              "ami-00400e7d4f97384b5",
              "ami-0d624c3f130ecfa17",
              "ami-0db7469afba2eeb4f",
              "ami-087b6c281cae36d36",
              "ami-0f4915b2abf5939a6",
              "ami-0557167cb98211d21",
              "ami-0d446a483bd99a280",
              "ami-02fdb573d6b147455",
              "ami-08a4c0e89e19e1c22",
              "ami-0d17961360fe2afdb",
              "ami-0998c005891da3fc9",
              "ami-03e80995284fe60b2",
              "ami-0c55ab8a8328606e4",
              "ami-066e9127c2cecea90",
              "ami-049344ca19fab7e45",
              "ami-0e38a197515e72d2e",
              "ami-0203ebcc0a38e21a0",
              "ami-0a6e844a54a888a31",
              "ami-0664a7429b184f980",
              "ami-03c842b24d1e9e029",
              "ami-045d65f69c2a235ad",
              "ami-08915600bd37ab491",
              "ami-0a6fb2d2a6cfbe02c",
              "ami-0194721b23ffc33ba",
              "ami-0f93cb15c3e14071e",
              "ami-0034b73ffafa7335c",
              "ami-06961ab2fe82cd64a",
              "ami-0df024511e6a72dcd",
              "ami-0eb8dea1d77915e34",
              "ami-092952f29f4e0d568",
              "ami-04295c7c99214f167",
              "ami-04264071266e1a800",
              "ami-04c35f1828d2e807c",
              "ami-00b247ae55996b9f0",
              "ami-054dce96cca4e74ea",
              "ami-0208c6f6aa42c963e",
              "ami-01c2f80d8849d9dea",
              "ami-09d066ada84539c8b",
              "ami-047dbce8e79af400c",
              "ami-026129111aa63e4e6",
              "ami-06b35c1ca0ddc31c2",
              "ami-00caceb8fcd2ff573",
              "ami-09ad4244e3888aaa9",
              "ami-006821bdff8e4bcb6",
              "ami-06e697498bfb4db2d",
              "ami-07a4d1b07a120aa33",
              "ami-0ecd369247cd93c4e",
              "ami-0765df12beae11930",
              "ami-05a7fed9f060c1b92",
              "ami-0bce6bf9e8918a839",
              "ami-0e48f93ff39c0419c",
              "ami-003d4c0db92e9a200",
              "ami-065171c397624de67",
              "ami-00c97a15ace5c111b",
              "ami-0fe5a5757a6838873",
              "ami-0c1854161233a9982",
              "ami-09d90ec7b5ff2e038",
              "ami-0034bdf65de22ae64",
              "ami-0c4e25d70a9c161db",
              "ami-00cf0c32787e294ce",
              "ami-0c3638d7d0ad2a9c5",
              "ami-06d5acba218205856",
              "ami-01768ff4951203665",
              "ami-0ab3e9bef08d8dbac",
              "ami-0009f021b0ce48dca",
              "ami-0e4380e03cae83661",
              "ami-0af1d95c9b5cf2977",
              "ami-0ac770189b90d80c4",
              "ami-033e78762c460ab33",
              "ami-0ae989f5b9701bd1e",
              "ami-0bd95d5acccf07e9a",
              "ami-0bf9435b386078e31",
              "ami-066ec9171beba44b1",
              "ami-0c5871fbc1d78364f",
              "ami-087cff68e86fd31a2",
              "ami-07c968df69c240cab",
              "ami-02f510e5b495a03ca",
              "ami-04dc2efc1a5c982d8",
              "ami-038fbb0ba89a2ed19",
              "ami-0dc0fd70b2c5270ae",
              "ami-0eba9ee4daab38107",
              "ami-0223732b47356c432",
              "ami-092de552aebe6753c",
              "ami-0407cfc7ea161262a",
              "ami-0da070ffd456c142f",
              "ami-0f4659169f9515bf7",
              "ami-06d442b18521ce077",
              "ami-0d97427af64e02c3f",
              "ami-05728980e26385b81",
              "ami-08088af7e58a8b228",
              "ami-06cebb27ec85f2d5f",
              "ami-0f06c4c23d6901547",
              "ami-0317f481ef3461ccc",
              "ami-0bddb650e728e619a",
              "ami-018cb344cdb82d055",
              "ami-03c30fcdc4153e8cb",
              "ami-06015d22f7be372f9",
              "ami-082eb577b29b70523",
              "ami-062ff2056e55492d0",
              "ami-0a8fc8e099890d20d",
              "ami-00592c2cdc3e486fa",
              "ami-04655f281f0b8b0ad",
              "ami-0bd1fed56467d091d",
              "ami-0309f57c5d5cd1fc4",
              "ami-0c1a12cd9deac96f2",
              "ami-06ee3c48043265650",
              "ami-0577756b77816d294",
              "ami-03b17ac16884c7d62",
              "ami-0df090a72e00592b5",
              "ami-03e7146733897c6eb",
              "ami-00af0d9fd334cbb62",
              "ami-0aa456aec6b72645e",
              "ami-02c34401235e981cd",
              "ami-05644cf92d1cc7a31",
              "ami-0b539b297b409bb92",
              "ami-03591f26135cd99d2",
              "ami-068144e64145464fe",
              "ami-057bf090a271a4309",
              "ami-0f156b3e73f7afa85",
              "ami-03042f8f8a383502a",
              "ami-0b858efb55e46ab8e",
              "ami-0377b7981c563437a",
              "ami-063b6149e2ce21624",
              "ami-0e11670f0f44f770a",
              "ami-0b98aa786fe9cc1cb",
              "ami-0757ad1b09aa24431",
              "ami-06b620921ce67ce0c",
              "ami-0ce47d483a5202e70",
              "ami-0da8a7dae93d1ec64",
              "ami-07dd115509093305a",
              "ami-077adc6cbd1190080",
              "ami-0c40357a52740ad35",
              "ami-0f9e677676618a3d5",
              "ami-0f3b9a532fb84a4b1",
              "ami-055f241b6a31e5b9d",
              "ami-0670b94a288f6bf41",
              "ami-094004415eb9b3e65",
              "ami-016e950488e07bf60",
              "ami-0efcd4b3c72a746b6",
              "ami-01148d0d2f2b17ab5",
              "ami-082b67f41050c9bc7",
              "ami-0572ab217cced6019",
              "ami-07ed3b029cc6ce863",
              "ami-009b0c2781ddd5a21",
              "ami-0d221966f6b2cc6e1",
              "ami-034c399ab5222c8ed",
              "ami-00c08c0d3c0a317e6",
              "ami-01369b6ec87711d47",
              "ami-09716d8055e9ed6bc",
              "ami-09ad9b8d45bdf7468",
              "ami-0d41675cc50165279",
              "ami-0f206c6581efe2f0e",
              "ami-0dce835fc4fbfa7d4",
              "ami-04b21b43696cb7952",
              "ami-0aad4d29aba4547bf",
              "ami-06e7bba2c7842b354",
              "ami-0ea5ffd770e25ae99",
              "ami-092c8c36731e99c7d",
              "ami-07e6c8f6814b0789a",
              "ami-0f2bce14c42f9427b",
              "ami-053b1036e633ad761",
              "ami-044d850baf018c798",
              "ami-017fba27daac6f2da",
              "ami-0465886e7dcef1992",
              "ami-0c802847a7dd848c0",
              "ami-0cf3d2852abbb0796",
              "ami-01aae4c63f60e6770",
              "ami-0adf622550366ea53",
              "ami-08ee3145eb8cdab30",
              "ami-0691e2662acf7087f",
              "ami-0ba00895a8997fcd0",
              "ami-0b9800433ca2a0b20",
              "ami-0381f7f3fa23aa620",
              "ami-0764c4c55781f4e0f",
              "ami-06a9b333e6c59dac3",
              "ami-081cfc11c71064784",
              "ami-0cd79d17841848e4b",
              "ami-073b01c23756b1fbd",
              "ami-0bc518269615e6f51",
              "ami-09ce7d5ae32aea530",
              "ami-0eababa3c022bb985",
              "ami-00d85ff46265b3348",
              "ami-02a0b73d38f225f9d",
              "ami-00f39565765dfad46",
              "ami-0781f2b9a44af9f48",
              "ami-0a25fab2e461c7ca4",
              "ami-0039b3f4cf07555f8",
              "ami-08eaf23cc20c4e4b1",
              "ami-0124aa68fe8651476",
              "ami-0779296bbcbce2559",
              "ami-02e9fb05869229f06",
              "ami-07e37aba17187a6cf",
              "ami-0c5e15c56bb9ac73e",
              "ami-058c31fe942c0af59",
              "ami-07cb4713e2b369557",
              "ami-058108acb0a5f94d9",
              "ami-03610ef7c513d0586",
              "ami-06317f42c0f0f345b",
              "ami-0144e9013ee18b86f",
              "ami-0d78e4616bc88b5c9",
              "ami-07fd801f6a977c8ca",
              "ami-0211d4d77072856f6",
              "ami-0ebc59679d348c29e",
              "ami-0155a62e8df4b7a51",
              "ami-0c23aaf2b24b30545",
              "ami-0373811f0a17e8d0d",
              "ami-01a027dfc808c383f",
              "ami-04a826fecdf96741b",
              "ami-0f2aa9e9c1e45dc1c",
              "ami-0cfde17d758bd340a",
              "ami-08e8c3e78a6b93b2e",
              "ami-001a06254d1e52dbe",
              "ami-03cdd3dfb97f63a55",
              "ami-0c790f3dadbecf20d",
              "ami-0c3239e6214373358",
              "ami-059a33885b72c9bd5",
              "ami-029aba8d28c03563b",
              "ami-02cd5f70ba478a8a5",
              "ami-07966b144af57e764",
              "ami-001dc6cc73b42859a",
              "ami-04f50a403f07cb073",
              "ami-0b742fa33f23ed720",
              "ami-02248c9d6ba0b9e12",
              "ami-0a8f5072b385cfff6",
              "ami-04ff9e9b51c1f62ca",
              "ami-0b405a114cc7c331d",
              "ami-0c790bfbfacea3708",
              "ami-0da49c7e940d36bc1",
              "ami-058920e0c7903ce73",
              "ami-000604a21358b680e",
              "ami-039c9240a0d82fd93",
              "ami-0ec68f14c05aa1c14",
              "ami-0a8d0d55e5b761e93",
              "ami-00bf4781dbfa37187",
              "ami-09029034dd1e27f22",
              "ami-0e2006f1a5b26c470",
              "ami-0743cc6b1ed9cb1d0",
              "ami-01a835d5f504cc9dd",
              "ami-0c6910f04d1741cb8",
              "ami-0c34dde8b69f81b58",
              "ami-054335828b16ef30c",
              "ami-026e6de3fbc5a1bb7",
              "ami-064411108a14de9c9",
              "ami-0cc68c09726ff666a",
              "ami-0820a1a92f7e9acab",
              "ami-0c5ce3f9a1b3aa864",
              "ami-0065e14a9afe6c0b0",
              "ami-03e03d5cf7c9ab385",
              "ami-04d1edb7ed863e80b",
              "ami-00fd7f4942237df71",
              "ami-0e0cecf1cc8b7f838",
              "ami-0818ae26fdceb0de4",
              "ami-0c08bbb39555e57d8",
              "ami-068322872c8ccd27f",
              "ami-040992c017d449902",
              "ami-06916db6ce5921578",
              "ami-0b5c9c111a0ad769c",
              "ami-023a2ca77e9eaebb6",
              "ami-0565a13a042d5eba1",
              "ami-07dcd7637428f3be1",
              "ami-0c2e049d0e18bb09f",
              "ami-05006b266c1be4e8f",
              "ami-08e9c8657ffb1039b",
              "ami-0be126f4022ab0326",
              "ami-0f369598760823407",
              "ami-02ee763250491e04a",
              "ami-064f84e836c56d101",
              "ami-070be298b3d5d0832",
              "ami-0490625c7ac1e3d97",
              "ami-046dc4b0a20528a5f",
              "ami-0af699f167b04588b",
              "ami-0450ec3b46dda714e",
              "ami-06bfff560b4f1e223",
              "ami-042a02ed452db5de8",
              "ami-08138d9a1aadfbdba",
              "ami-08089408bb72a59a4",
              "ami-0009cf2a3632deaf5",
              "ami-0de9d748eb15e24cf",
              "ami-0ab9eb50a00395afd",
              "ami-0a93b4add10083291",
              "ami-06750a109903ef6e4",
              "ami-08ab966baa1c64cf7",
              "ami-0e9b1e0bde525db8a",
              "ami-0b9ecf438cc70dc77",
              "ami-04e8a7bbc312e7fa3",
              "ami-02cb2c1095f5e8e72",
              "ami-08435084c784bbf0c",
              "ami-0ad22abfde2026a46",
              "ami-00a76b007365931f5",
              "ami-0751ac4a55eabfabc",
              "ami-0aecc3e269c80afa8",
              "ami-0a755c3ac080d04e5",
              "ami-01d74e2376d1dd629",
              "ami-0c2a44fb4bf415451",
              "ami-0cf459cf2d9dffa7d",
              "ami-03bae1d49f5f801b1",
              "ami-044856ae56a4135ab",
              "ami-0204aa880d327dba6",
              "ami-0e79dec73f9480e90",
              "ami-0245e3622b629f70a",
              "ami-0062fc7b7fb0e5790",
              "ami-080458a1f0e36c19d",
              "ami-089d7be5939a34c59",
              "ami-0d1634a7b7b13fd1d",
              "ami-0d3b2e26119a851ac",
              "ami-00eefb13b342446ba",
              "ami-060761d9129f18887",
              "ami-0f8e0ce69c021dd25",
              "ami-0f625f9bfb7303b20",
              "ami-06d31bae124726404",
              "ami-0ebb2b76135f19d88",
              "ami-0571dcecd7521c3e4",
              "ami-0f6be7ef6d3caae68",
              "ami-06ecd61e4bded3bfe",
              "ami-04c90db4294f1038e",
              "ami-07b5d8ec406539818",
              "ami-0855a1ca164f6f375",
              "ami-05a3f8f8ee66ed917",
              "ami-0309ab28be4bd7c10",
              "ami-0ce767986ddd6d1b6",
              "ami-0ebb8274653e42282",
              "ami-086862bec71f5d7af",
              "ami-0831a6bfe6220f3ed",
              "ami-03a9f0ac3b689d5e7",
              "ami-065b9b03a8f887139",
              "ami-065e542387015ba79",
              "ami-0ac6831caf4f01f2b",
              "ami-03588832a57653567",
              "ami-07e000d46a8403c5c",
              "ami-046444874b50ae7cd",
              "ami-09d3972e5153c593c",
              "ami-03aa0e5058175ed2c",
              "ami-0caf0958c620d41c3",
              "ami-0b85be7d14ab304d8",
              "ami-006abc189cf1953b8",
              "ami-05e2525d76cfbe5bb",
              "ami-01e17a89c599d6671",
              "ami-0f6e34a8c45821d17",
              "ami-0b25ed7758723ff2d",
              "ami-0dbf68e5aacb7559c",
              "ami-0377b8bda10661271",
              "ami-02c290c3a035fca90",
              "ami-0325e328ee73a2de3",
              "ami-0fd9a76a700542aae",
              "ami-01b9ef2f0778eacdc",
              "ami-0b64ac88d94648ab7",
              "ami-078353ccc13c7ef33",
              "ami-026c7deeea772f6a5",
              "ami-0475f55d3eff2ce13",
              "ami-0c1357770b6088f86",
              "ami-0f474d03681fcbea2",
              "ami-02fd6643c13be3530",
              "ami-0a6126c1b46441267",
              "ami-08c799978546e310c",
              "ami-08bb1b8b3ccce0503",
              "ami-0ca947606f499f7a5",
              "ami-07b272f2bac8bb9fa",
              "ami-0e4e1a97c97afb628",
              "ami-023b2c4b4e06ac5c6",
              "ami-02cb2a3406ee8cac5",
              "ami-07c7eb2df1c28537d",
              "ami-0579ebe7488f7c507",
              "ami-09229183653dca391",
              "ami-09a068505f073d8cb",
              "ami-0c16b78a8054e3350",
              "ami-0fcbcb84d8a71f636",
              "ami-0557c01311c7ca73c",
              "ami-069050398c1e8d38c",
              "ami-08ad2f49914ca0ba9",
              "ami-0612f76b86dc5ccf4",
              "ami-01d34bc2f62632691",
              "ami-09c32a190ac2e8af4",
              "ami-0d10b51dbcb6bb70b",
              "ami-02da5db6a14f133a2",
              "ami-0bb5ac607bbc3bd93",
              "ami-040baa97aa341bff2",
              "ami-081629b884d3d9175",
              "ami-084f6c775aa3c5c95",
              "ami-05b67369a48583334",
              "ami-0250e0711e771093f",
              "ami-0cd34c9458243f1f6",
              "ami-0807298e57cfffd6e",
              "ami-0b7e1d8485e65951a",
              "ami-0b6f577bda8862d73",
              "ami-036d816cc11ec59e1",
              "ami-042dbffdcbef9ede8",
              "ami-041d2a963d5426ee9",
              "ami-033ea186a04de4216",
              "ami-067d01eab659d4a83",
              "ami-0f229b9f300981ff9",
              "ami-03308220a367930d3",
              "ami-03d8173c4e183bca5",
              "ami-0336645975021179e",
              "ami-0c728475a6bc9d608",
              "ami-02ae8ab30fd91dfc7",
              "ami-00be022b8c427345f",
              "ami-0291e5f12c9bacd52",
              "ami-01ff5404b5656be83",
              "ami-0e08e1c2342966fe9",
              "ami-02d0f41327a102d06",
              "ami-076de057075c53cf0",
              "ami-06b46515d9c5d0ea0",
              "ami-0431fa4b3ba661b76",
              "ami-007f1a17591f692a5",
              "ami-0b681de8acc50a114",
              "ami-00311d5f3a4d853ff",
              "ami-0e73196e55e1f4218",
              "ami-04bd38aa77db4c2b3",
              "ami-06a973b68196767b1",
              "ami-010cce16550163b6d",
              "ami-02f834e154dde97c2",
              "ami-00c4d368d73f1c4d4",
              "ami-0c3a8cbfd03889978",
              "ami-064cec94f0ecd4d8c",
              "ami-027d461dc953e0f01",
              "ami-0908d220e427db707",
              "ami-0cc64550ceb3af1ef",
              "ami-021c9c8a431cd880f",
              "ami-0d036ae32f1fd6315",
              "ami-07700000bb55129cd",
              "ami-05cf9f9a226d3246a",
              "ami-0dd512f347471cd52",
              "ami-01a08117820b204b9",
              "ami-0701fd936e3e7298a",
              "ami-0de0160f2377a092c",
              "ami-041f8c3c708cd1461",
              "ami-0ae9e7b999eebd2d3",
              "ami-0c987ba2ff2cdc0fe",
              "ami-0fe63f0728dc97633",
              "ami-08d363ac5ef7fe74a",
              "ami-01fd0dfcdd2016326",
              "ami-0ab3414c8f1c0a95b",
              "ami-086698dc56a4b2cca",
              "ami-0ef16251abc078ed2",
              "ami-0816c1b87e9f9c45b",
              "ami-063f233df7f69ebaa",
              "ami-0c1ebfc60bda6bd3a",
              "ami-0ddb0f70fb06515bd",
              "ami-051bf982fb35d1cf1",
              "ami-0406d1596138ecc28",
              "ami-07eeb62e7cd29a0f6",
              "ami-082ecd8b960e69fe0",
              "ami-0ef72d39a6eed8c2f",
              "ami-0b47a2bf2ce3e789e",
              "ami-0f92753e7b34725be",
              "ami-0597168cf24d7c72d",
              "ami-08b04bf76dd71ae09",
              "ami-0910cac8810be4139",
              "ami-084c7d6bbf12f72f0",
              "ami-057bd220e5c26c966",
              "ami-002ea8858a6951b07",
              "ami-04d7e31b5f2c0600e",
              "ami-06c88d6b76f9755a1",
              "ami-0277101c7f17ff36e",
              "ami-029b3326a24fb9384",
              "ami-09cf45294d836ee91",
              "ami-08e7785b796e1b60d",
              "ami-09a3eadd6223b9b1b",
              "ami-096eeed0d25cb59a6",
              "ami-0eeb28439b5eb541b",
              "ami-059fcf742de12af88",
              "ami-033b88844ec20d70b",
              "ami-0d4ec07a7be8b9eb5",
              "ami-0871bea560145c19d",
              "ami-0697f68a2f2b322ff",
              "ami-047fd30c0e63f1670",
              "ami-0b2e212b991344ff1",
              "ami-05eacdfe10d0bb5b6",
              "ami-087eed74b76d33f70",
              "ami-04f84d48d5f271f1a",
              "ami-0e0babb372814139c",
              "ami-0e3af9642b31de2e6",
              "ami-0cbeda8729b3cb41b",
              "ami-0ce9faed5b0629b62",
              "ami-009f2ba8aba06135a",
              "ami-0ad062de249a1b9ac",
              "ami-011baee9eb0f9af05",
              "ami-01ee74760f3e1f1f4",
              "ami-0a6761bdc5dc95cf5",
              "ami-0645293ed882d5508",
              "ami-035b4b83402768e35",
              "ami-03c6eebe997b30970",
              "ami-08aceeafddfd1556c",
              "ami-094147e840f7849c6",
              "ami-0c5bc3a5efcf5e1e6",
              "ami-032e19877d6270522",
              "ami-054978f91836de198",
              "ami-02849228cc5f78630",
              "ami-06ab827c556292b2d",
              "ami-0969c52891fb6c778",
              "ami-07d638e373c54fb75",
              "ami-078652af63fe30086",
              "ami-01692f0ed95bc5706",
              "ami-07734fc88f9e9b059",
              "ami-0b7ffe12d62f4a608",
              "ami-0973ca048b89b5ca3",
              "ami-0a3d71abd8c8724bf",
              "ami-0e375463d036b327b",
              "ami-0ae7bd8b5f0e2a2da",
              "ami-0e23b3b2cc26c0790",
              "ami-0e3386e8c8ea3d046",
              "ami-0dc403d93e89bc7f9",
              "ami-0959a8a953c47004e",
              "ami-0ca3a2b26954ddff8",
              "ami-0b88b0858a7425d88",
              "ami-0904a4bdaccfcd6bd",
              "ami-029bb88418366772c",
              "ami-0785e6f3dfd417f59",
              "ami-00a7efb19686aff95",
              "ami-07d00923aba2afa4e",
              "ami-07af80de374658bd1",
              "ami-0e0876f7fdeae0d3e",
              "ami-0d72bd8b7ba583211",
              "ami-08564047cb48fd07d",
              "ami-0a71b9da4be03d90a",
              "ami-0fd89c03ac931e600",
              "ami-04d2aeb57cfec70dd",
              "ami-07b5534566a008eba",
              "ami-0fe4d62a8c8e43317",
              "ami-08464971f7d64227b",
              "ami-083e162a3d6887671",
              "ami-03732117a904d0406",
              "ami-079593540706487cd",
              "ami-0f2c8a2fba678530b",
              "ami-00a63a69db405206c",
              "ami-0d6e10798c1e99b30",
              "ami-02bbd0d60e7f9e414",
              "ami-042747b36d74e6199",
              "ami-05eed51131d14e516",
              "ami-0a29369712cfd1acc",
              "ami-0db3f8a2b93f010d3",
              "ami-0ae45a10a2cc0c170",
              "ami-0584704ef83ebad0e",
              "ami-03d1e0f47db5518bd",
              "ami-070ce6d9325ddebba",
              "ami-0ccdd83e467a18356",
              "ami-034baff6bad62b086",
              "ami-0032d52cc888ec903",
              "ami-0541c1cc45c96511f",
              "ami-0d5c284eda84eb623",
              "ami-01bc961b18f1e30d2",
              "ami-0e9e6b131cf370b03",
              "ami-0797c4190c7f54111",
              "ami-0e2280359d9abbccd",
              "ami-030e3636262a88bc0",
              "ami-0072aa0677b33bc51",
              "ami-0a169e470404cbce8",
              "ami-00eab1d9935fa4fe9",
              "ami-0a440a6a5fe49e21d",
              "ami-00a6af1558c71019f",
              "ami-04360672e7b90bdbe",
              "ami-0ce0fe2ff55c06042",
              "ami-0ee6bfca4452064bc",
              "ami-0d52078c730dbe178",
              "ami-03f1ef097e156a0cd",
              "ami-0c748f0aa96f9f2e9",
              "ami-00ede2260a7538f46",
              "ami-09139a246df0b3387",
              "ami-006aceabe08f15ec2",
              "ami-09692ae930ee310f8",
              "ami-041409f9c55786508",
              "ami-077fbe4e043be281b",
              "ami-0cd357ccb4312e3f6",
              "ami-052fe8e762ba600d0",
              "ami-0aa2c71aa0a37dae1",
              "ami-0f4d93a908f752b6f",
              "ami-0e8ef34b8c803a0f9",
              "ami-080c27ca838ddcfd2",
              "ami-0536cd8f4179d4d4d",
              "ami-0321be1243e0f26c6",
              "ami-07738c125e490aff8",
              "ami-05f897a97c2f82309",
              "ami-0263e08f67ae16a9f",
              "ami-0f2648e975d8518b7",
              "ami-039fec79a5fda5a00",
              "ami-0235b85a818f9a5cc",
              "ami-001e426bec6dc3bcc",
              "ami-0a997b48ab83856be",
              "ami-09e289da60f3c2c99",
              "ami-0f40c23a10800eac6",
              "ami-05b4bdd33e5592b45",
              "ami-0a8df881b6644ad10",
              "ami-092d1da5907b8c792",
              "ami-0c2e8f5e156faa3f1",
              "ami-08f7ec5c858d7fc7f",
              "ami-0f02a20f9265b7a40",
              "ami-0fc24123c4f339576",
              "ami-0e75469f0c3415118",
              "ami-07effdad21681a6b7",
              "ami-03e0c2fe7789d08a5",
              "ami-06ee4ff4170313817",
              "ami-0fff03ba15b4b1cfe",
              "ami-011fd11f6dd5b5b12",
              "ami-0f81e471459f50508",
              "ami-0d99acf4daf88ac00",
              "ami-0960cdfbe5bdef488",
              "ami-0b4c343f110a2dfcd",
              "ami-0fda9294986f5c61c",
              "ami-073f8f867656c2ecd",
              "ami-00ee5473285545d98",
              "ami-06f2e1bc1aefaf59f",
              "ami-06ad157fc04d11c47",
              "ami-0e5e3553749e36e44",
              "ami-050b99dd5e4abec13",
              "ami-07a79552200256856",
              "ami-06b7b832d1e15cb05",
              "ami-07981b50c66629fa2",
              "ami-040ace8e0da82e1a4",
              "ami-041b75a18afe24418",
              "ami-0dc143f69c9047143",
              "ami-074c03fa1cf62c016",
              "ami-0239c041bfad0491d",
              "ami-0cfc182f7f1fa7e25",
              "ami-0653f962b1460df0c",
              "ami-061893dcbf47053e5",
              "ami-0f8fe35fbe69eeb02",
              "ami-0a7c4fd5e10830c6e",
              "ami-07ad662a7719c917f",
              "ami-0a2c357c18ca5f141",
              "ami-05b9494ac4271864d",
              "ami-078832e8c55b5e502",
              "ami-0a37361d8a3a034ae",
              "ami-000449132aa6efdec",
              "ami-09817eedfa7b00f3b",
              "ami-0fc69fefd710f4aa3",
              "ami-0bf3e031e6858c017",
              "ami-0881fc44bb48e7566",
              "ami-095789182717d3f07",
              "ami-0e1683aec0daf88a9",
              "ami-03c9ad28767060c80",
              "ami-02f13a2293741a8a4",
              "ami-094461562f1b9ee73",
              "ami-0daec1a6dfed00ab2",
              "ami-094461c1bca3b7cfc",
              "ami-0fadab2a256b3f234",
              "ami-0d2127d7a2a8572f4",
              "ami-08a02547c462546d4",
              "ami-014e267efccf8f9c8",
              "ami-0654511cb678b7dac",
              "ami-0f3a48ec90f0bba71",
              "ami-05805aa61343e35dd",
              "ami-07bf67652d3a28819",
              "ami-0bf972eff9af1fc3e",
              "ami-016be40dc051dc703",
              "ami-01ef16fc7f82316f6",
              "ami-060c99516d5b222cb",
              "ami-0bd3bb02492bc84ba",
              "ami-03594f6982d287d80",
              "ami-0796bc800832dac77",
              "ami-070f264d11708b1e3",
              "ami-095e1a2185002b038",
              "ami-078c207c5c6524839",
              "ami-084cacb51637d58a1",
              "ami-05f5acfb12f7ee027",
              "ami-0e10c39aa1a173f9f",
              "ami-032c3fb080aebe331",
              "ami-04bdbc2d7a6c7c6dd",
              "ami-0b3cb4c9524d2826c",
              "ami-04e553bcef79638f1",
              "ami-0a4106caaa850a739",
              "ami-01105c9b9f96ac9b3",
              "ami-0d577cb9abd77ed6b",
              "ami-055ec3fa7596615d9",
              "ami-0aaba1906a0085001",
              "ami-018df85a4e73ad845",
              "ami-00255b20cc1af5c3f",
              "ami-0ff402e0a4850c03e",
              "ami-0fc46b68f26e253f5",
              "ami-0fa63422c3b137666",
              "ami-0a3e029495d9ea7e9",
              "ami-07b250f2f1f26c0a5",
              "ami-05234a4a4940555f1",
              "ami-0d84ff23cc77ac9de",
              "ami-00c76c78e78a3dcd4",
              "ami-092acf4fb6da6621b",
              "ami-0babaf7aea1666df9",
              "ami-0c59cffe0859680a2",
              "ami-02b40c781cf5526d0",
              "ami-0bba73634cd3d5321",
              "ami-09a63430f890683d3",
              "ami-05fa6f2b6c543ce25",
              "ami-0f5eb4df0ea806a55",
              "ami-063be15572155147e",
              "ami-01fc1afab554d2cc5",
              "ami-0347f1b89cb62c1f6",
              "ami-02e314c7e6e8f7957",
              "ami-051f0947e420652a9",
              "ami-061a9cbd5f393aed3",
              "ami-0fb1ff50b2338a261",
              "ami-0f6307c0e7bbcd5d5",
              "ami-0909447ff742c6619",
              "ami-0a99de57791d62869",
              "ami-0e8a11ed2fc97f1b7",
              "ami-004bb132ea6d0157f",
              "ami-00779e69b9cd25dc1",
              "ami-0662e3d65ecf85693",
              "ami-0650b72347c0d5877",
              "ami-0e7bb8f195effec19",
              "ami-00225b6b3dddd83c7",
              "ami-0d20e3666350e2d67",
              "ami-052564a1423a26c74",
              "ami-04cd34a7aefbd0664",
              "ami-05040e9b1cf07a613",
              "ami-016b9be3ac20747c8",
              "ami-0374aff9febed34a3",
              "ami-07001c84f3c53d63c",
              "ami-0bc219063542b4149",
              "ami-062a035bc3e63666b",
              "ami-057565a3b98607839",
              "ami-02f7db09b3b126210",
              "ami-035f6dac379dc45f8",
              "ami-065ef39daf64b4efe",
              "ami-0f3514fafa5c39013",
              "ami-0024cc9cb42261ace",
              "ami-0ac685f427ec9fd0e",
              "ami-06a1cb7921888ccd2",
              "ami-0e6e979a6f05662ab",
              "ami-0fec74c0d12efcb5a",
              "ami-06a0528594cd78315",
              "ami-01366da6fef3bce8d",
              "ami-041eec86c141e5deb",
              "ami-006126d1e7a834063",
              "ami-0b4003e54e490d457",
              "ami-0551341aa57ceb80a",
              "ami-03559ab27709f9180",
              "ami-014828bf5465b729b",
              "ami-033f96f7c592c6ebc",
              "ami-08342a7ef01440bd6",
              "ami-0a9da75aa048f730c",
              "ami-05a09dbc2f35fc4de",
              "ami-02fb077a0f0643928",
              "ami-06c1e1585d0d7bd18",
              "ami-0161df55e122d645d",
              "ami-058e43f488c36b59d",
              "ami-0e1f84190fd38b233",
              "ami-0eff718971401b6af",
              "ami-0a8c402156eb6fbdf",
              "ami-08eeef6cd4c828b2e",
              "ami-03998ffa5baf4164e",
              "ami-023ebe87c58b2aa24",
              "ami-09d5e84bd6bd99253",
              "ami-005f4bdd1f1354e8b",
              "ami-0ac321799c9b58166",
              "ami-0e58a8a76397f0917",
              "ami-08faf788813541120",
              "ami-061602713f22df731",
              "ami-09a49498206cac523",
              "ami-0dd56444628b71b55",
              "ami-0915df8925fa8fb12",
              "ami-0c296bf4d1fe61a6f",
              "ami-0f96780e57876bb4c",
              "ami-0ef29fa2454a4c64c",
              "ami-08cda350b0ec715c5",
              "ami-05da1e39f9e35b49c",
              "ami-0961b81bd406f6fc8",
              "ami-033fa10ba35ffcc1a",
              "ami-038c4ceeb6283cfe2",
              "ami-0af92ff946392ff2d",
              "ami-05e2d37518592f72b",
              "ami-0bfc91af2c8bb09d0",
              "ami-09cefd2e2a0c3128b",
              "ami-01371de99ea975040",
              "ami-08b1db49ffd30dec0",
              "ami-02a40e53af57ab26b",
              "ami-082952ce97516a322",
              "ami-07d2fd86c8a3ddb9d",
              "ami-0cb71f3ca66df7873",
              "ami-0c2bc13f3f85f03de",
              "ami-0eb1a07c59f146877",
              "ami-0adf9d7a2951cf292",
              "ami-08aa5ccc1e8d21927",
              "ami-010462f16c3fd9b06",
              "ami-092eef1f6e2f5db43",
              "ami-04338dc2677b28b22",
              "ami-0152748b69085853d",
              "ami-09b8d751dd47c321c",
              "ami-0b9023e65bad0cfdd",
              "ami-0bd6906508e74f692",
              "ami-083e9d871a820cac1",
              "ami-00b36455ddfbf1a8b",
              "ami-094213a1f093a3228",
              "ami-08d3c6fdb83b512dc",
              "ami-0335216e837828a9c",
              "ami-0568316ac006bf293",
              "ami-02475bfb1c6cecc65",
              "ami-0ed7f0f2fae2309cd",
              "ami-0b404894f3a1e6da0",
              "ami-0ddcb8314bc3dcf28",
              "ami-0adcc83ac10f9a7fa",
              "ami-0b231c75d25bfb60a",
              "ami-0b6a2068e735edc51",
              "ami-08b8e999c17995923",
              "ami-0e5a114790a1a45fa",
              "ami-0b71207b0f50a7e04",
              "ami-0772687e5d3e10989",
              "ami-02cac38bba14e92a5",
              "ami-040a29e2328425cd7",
              "ami-0f5d5388247cf0161",
              "ami-02e313a784c0cc92a",
              "ami-040096d4de11bdf7b",
              "ami-010640b9ab58015e1",
              "ami-0bb400504593794bf",
              "ami-089c4a9d62d485f3e",
              "ami-0ded5864f209cc56f",
              "ami-0fc919643040d71da",
              "ami-0888b9d76a5564f8c",
              "ami-053129563e6499342",
              "ami-02310a63a48f8cb37",
              "ami-07495203eeaffdd69",
              "ami-006341da70d6748e3",
              "ami-02d8fc398ffe42bfe",
              "ami-00884326d8084ccda",
              "ami-0c2898d35b22816f8",
              "ami-029db25099b110c6b",
              "ami-097512a98d0bf1936",
              "ami-030ab7cc35013d6cc",
              "ami-01f72ccb11058c3e6",
              "ami-0196eb2cdb9a3276d",
              "ami-095448e07c07414d3",
              "ami-0f4ac7c66105a78e5",
              "ami-0c6df0daae54da25f",
              "ami-0448800dbaedd287b",
              "ami-083624150fd3ca0cd",
              "ami-0cc4377b8937e2804",
              "ami-080affa7a8177927a",
              "ami-0d65d35419815be11",
              "ami-01c9c5a8e801491f2",
              "ami-0ac0285e8b3ec04c1",
              "ami-0dfd297e185ad9f83",
              "ami-03e4e9c9580a60967",
              "ami-0c107a225568728ad",
              "ami-0ef6431a02f96983d",
              "ami-04a927e3c2ea5925c",
              "ami-071fc3f847a86cc74",
              "ami-080a1739ae42e1c96",
              "ami-0a7adecfe9eeea520",
              "ami-0a38c20938d774f7e",
              "ami-0668f3538aa954430",
              "ami-00745ea88962a36dd",
              "ami-0c979af88ed58f969",
              "ami-09b818552fd87b9f4",
              "ami-00346f1921e4cf626",
              "ami-03c092f19fc3fdafc",
              "ami-05dcab676119ede5b",
              "ami-0548a7bde6ecd7d9f",
              "ami-0fccf15ce79770d89",
              "ami-0a5ab55b379d5be0e",
              "ami-0892cb4a8889cb28e",
              "ami-05705846c641c5d0e",
              "ami-03494c86fb6f9c99d",
              "ami-098e714e4974f444b",
              "ami-07f7743545c558d99",
              "ami-0a20e0388bed0a0d1",
              "ami-0d7b02d6c662f44a4",
              "ami-0115c4b4c431d8a99",
              "ami-01fc8f04305bc9431",
              "ami-08d88858597daa0fa",
              "ami-01573ed2b819b51ab",
              "ami-047458a958c1dbda7",
              "ami-08762d08024ff23ed",
              "ami-0fc0349a9f3c24d9c",
              "ami-0bb71299f534edc86",
              "ami-067ff35fec6989b53",
              "ami-04f195dddecb14733",
              "ami-0baeaa8c1b3b6fb72",
              "ami-01a021363c075525c",
              "ami-0c3ef53265d7f3858",
              "ami-04f82c102c6252294",
              "ami-00f59a37fda364d43",
              "ami-03c63a2945c7d1df7",
              "ami-0b3ff571d769b5b67",
              "ami-0162f8ab5607e8af5",
              "ami-0f38d4666ae2c3fd6",
              "ami-0f8d11f1443d48023",
              "ami-0043072ad2c561eed",
              "ami-0f1e8ce367509a156",
              "ami-0060e324ad34bdc24",
              "ami-052085a68ccb763fd",
              "ami-0c13108e0fb90965e",
              "ami-047400af2e39d4d73",
              "ami-0021bb399075131fc",
              "ami-05b40a1cfa2d038c3",
              "ami-0f5ac68328cd4c017",
              "ami-05d741cdfb7ed6d2b",
              "ami-00a421d2cdcf6bacc",
              "ami-0eeef1c3797e7fecf",
              "ami-00b5a67b229fa82f1",
              "ami-09d07200301f2c9eb",
              "ami-02428539c52b3344f",
              "ami-0e6a741648d414a13",
              "ami-0d3881afe39f127b6",
              "ami-0ade0cca395b567d9",
              "ami-02fa7bce23e0712bf",
              "ami-067c3f4953260ef31",
              "ami-0d07b4d0700f75ee3",
              "ami-0d22d75967bb59141",
              "ami-0d160e9a25611363e",
              "ami-0b744dbc02f98812f",
              "ami-01363053ef817bbd2",
              "ami-067c106a70f075104",
              "ami-0fc0742c91b9cfb76",
              "ami-021c17b897a6bd4f4",
              "ami-0f241c64bebbb0a44",
              "ami-091a4816b24a28609",
              "ami-0cb1793755d056e1a",
              "ami-0c690717861dbb0d0",
              "ami-02b6bf5b3120e1b63",
              "ami-0c814bff86ffae438",
              "ami-06c4f9ddc24333e21",
              "ami-06c6b04b283f6a360",
              "ami-08971297bd9468166",
              "ami-0bf1fa15b81394b79",
              "ami-0a16cc6d8966266f1",
              "ami-07837423666de3180",
              "ami-0ebb36ef4d447a4a5",
              "ami-081968a95e40ce816",
              "ami-0dc578b8b4792d408",
              "ami-077530f595b942699",
              "ami-084779b360547a663",
              "ami-09635a284369d24a3",
              "ami-00ef8238f45d3a38b",
              "ami-05e81ff1ee968ea74",
              "ami-0382f7a30b170dd79",
              "ami-01e6b56661629b7eb",
              "ami-0debb9023e55d33d0",
              "ami-0f70ae30e138369ad",
              "ami-0df02d5b269b55129",
              "ami-0eeccf7cc9d4a85c9",
              "ami-0c288d6d15c722333",
              "ami-0aa7712930837dd9b",
              "ami-00283a09c93dd448f",
              "ami-00733229c2125478f",
              "ami-0e09c562f3b34ddc1",
              "ami-01c79fb7a787f5cab",
              "ami-04aa09bffec369023",
              "ami-0e4ec9e17fb5cbeee",
              "ami-0d8091d3647a47cb7",
              "ami-0f320b6eb0b811685",
              "ami-0a011328db0c6f27b",
              "ami-0e2ac309364c2f93c",
              "ami-07b575563ed0b0d0c",
              "ami-04d9e855d716f9c99",
              "ami-0b3d07bf31ed99e7b",
              "ami-08fe33e56b99ca095",
              "ami-021fa0aaf6a292901",
              "ami-03db59b549adbf6b5",
              "ami-026fbd8a245ee3b5c",
              "ami-079a2df73d0bc568c",
              "ami-023b2a6e698ac2132",
              "ami-0dab11f5b09132f58",
              "ami-05ed82a3e8b31bc94",
              "ami-051d3754f2b9a8376",
              "ami-095997bc097212f6f",
              "ami-05b646a0daeeafeb6",
              "ami-0d2928e1e7a2a7bcc",
              "ami-05a53d45fa43631ba",
              "ami-0cee680c6962939c2",
              "ami-08004f01578889cc1",
              "ami-0e45bfaaec3d5b8c5",
              "ami-085387fbb641d5dd0",
              "ami-047abc49d89ef4f6c",
              "ami-02cfcce033fd1609d",
              "ami-0e7dce6da0bcc8513",
              "ami-0290cbba6159af373",
              "ami-0c605d3add2365992",
              "ami-05b8894bb425fc807",
              "ami-04da371e84bd84865",
              "ami-0b3b70e866c9a92cf",
              "ami-0f6eafea83ff7a400",
              "ami-08d0e5d4a963c0e22",
              "ami-05d193f03b0345eb1",
              "ami-0e33ebce5e9482ef1",
              "ami-0b2c9f8d93d3e2089",
              "ami-07a67ebc047093130",
              "ami-06a36834d1ea87900",
              "ami-0812bcbe147c30d77",
              "ami-0cc8dc7a69cd8b547",
              "ami-0ee51f9174d20f673",
              "ami-057e6f3728180dd80",
              "ami-04be67a4d5cb63d4e",
              "ami-049f20cccc294bb90",
              "ami-03c923ba105117393",
              "ami-0750a20e9959e44ff",
              "ami-0c760e33c46026ce4",
              "ami-0d0be28c2ef4ef5a9",
              "ami-002a6f62de34b4c8c",
              "ami-0e3611520d96baa9e",
              "ami-03d0bbcc02e4d6f4d",
              "ami-0948176e82b1b6307",
              "ami-0e949616fbd2c7e96",
              "ami-07f0cf69cd3e8e6e3",
              "ami-0ed3daefdb1b7e7b4",
              "ami-0db5bcfcb2d706d00",
              "ami-07f2a95c23c63c84f",
              "ami-01b22d6a1283fc9c6",
              "ami-0338ea03ef7bfc775",
              "ami-0f49779b97ce86bc8",
              "ami-0c5f2936ed1c843ff",
              "ami-0ea7c992f73570c86",
              "ami-0223b2349efc0674f",
              "ami-083c0e98aeba3f212",
              "ami-0d9d1c1d8e2c986a4",
              "ami-098e6704218177ae8",
              "ami-02eda3a049e7c3cc8",
              "ami-01e6de33a7741e929",
              "ami-00ee553e9157114ed",
              "ami-0f79dae075cf726da",
              "ami-02ecedce1c431b21b",
              "ami-07945db765e2b5f96",
              "ami-0da88cbaf23a73018",
              "ami-0f2de10d4f11c7927",
              "ami-0b56eecd020b8dfb2",
              "ami-0da25e6d34f824abf",
              "ami-0fef0e5d917fc257f",
              "ami-0763c1eb40273969c",
              "ami-02afbdb4094b3efb9",
              "ami-0eedc9ade5ac54127",
              "ami-096f7da35e73c34c0",
              "ami-0a5a73a459166897d",
              "ami-0067560b860b4491e",
              "ami-06c51ef0fbb7a43c9",
              "ami-0cf24991ec4e41030",
              "ami-0ad3d22b562515b35",
              "ami-008e1cb5b77a5a4b0",
              "ami-0d0698d914427d6e0",
              "ami-0f23e3a98fcabc1d8",
              "ami-032bb24838af3f62c",
              "ami-0c3d17baf0a3f8b73",
              "ami-04676ab85def3c616",
              "ami-0131b390107108839",
              "ami-0db4813b03926dc04",
              "ami-0971b4b88a87adeef",
              "ami-0adb8e63f3a1b81d7",
              "ami-0129583a1a778cdfc",
              "ami-0b998ec28bd70264c",
              "ami-0c1351fdb43cacae8",
              "ami-02dc567fd219b19d2",
              "ami-07bc7fadf3f01f5b0",
              "ami-0f2688f67a9b2c698",
              "ami-0de63f93c2089d877",
              "ami-02f2cd5b16538ac23",
              "ami-08acc014292c4cdc2",
              "ami-0c777ba9e7c011e04",
              "ami-0043ff62767797635",
              "ami-07b67f0d34e174155",
              "ami-04e1e43b942303752",
              "ami-009d4c2bc5412b059",
              "ami-027135ee0d8e9b504",
              "ami-04704b6e4a819d7e4",
              "ami-067af6a45574382c0",
              "ami-07360d922b003fde7",
              "ami-0bd206a0f01f30a03",
              "ami-07f58f6d7212db21e",
              "ami-0a06bc4f544c1b8f0",
              "ami-0da26f95cbfee36fc",
              "ami-0456895b5c444f3ea",
              "ami-06a0ff70955906b45",
              "ami-083df0457d793d89d",
              "ami-0c35f6f644750594e",
              "ami-0d12fb63dc225d809",
              "ami-0e5a03e3d040e1b3e",
              "ami-0c8bc682b6b63db37",
              "ami-0f53b49eae47708d1",
              "ami-0e18e628091a107ec",
              "ami-0b9e117f8c38fb2e9",
              "ami-038414ddea77e5ce9",
              "ami-070e9f3dfec174590",
              "ami-019f610d946468c6d",
              "ami-06594f44534648746",
              "ami-00d100960ff6809cd",
              "ami-0701ee74c4f18c05d",
              "ami-065341dd67b6faffb",
              "ami-01af67df7e7eb2775",
              "ami-063ae5a7a5eb07b3e",
              "ami-057084de258a70545",
              "ami-0878e43b1ce5b676e",
              "ami-0f21990ba63a87ab0",
              "ami-02837f897754aacf8",
              "ami-03a1e04e2b99802d5",
              "ami-07ffad17ade2eeb25",
              "ami-0a2b543ed96617db7",
              "ami-0422880ff59a96134",
              "ami-0bc8ede44b26d1d29",
              "ami-0058ef8e7ea0ad0e0",
              "ami-00a00db6819953c71",
              "ami-0ef942356988b5429",
              "ami-0f0092ccdcc7dbca7",
              "ami-00f2be6ad66572acb",
              "ami-0b045b58aa70a270e",
              "ami-0c5df4faf1f794174",
              "ami-0c7c78e7af0bc700c",
              "ami-084c027de1289484f",
              "ami-06cfcefa08b8d6985",
              "ami-04ab6c6c150850527",
              "ami-083760b6ce84f616f",
              "ami-03946f8ae54714b58",
              "ami-0a56d71744fdb2aa1",
              "ami-05f3c7bc384165bc3",
              "ami-0825d163e9bf4493d",
              "ami-0fb086e29bab8921e",
              "ami-01a509520ada4eea0",
              "ami-03abd75ec18c2a6f4",
              "ami-0f828a975f7856032",
              "ami-07b573152312d27fa",
              "ami-037d4687c9b64d728",
              "ami-040c6cded72bdde72",
              "ami-03552d496b077c822",
              "ami-045d1b6a0cdc18cc0",
              "ami-044547b8c3f0a2ba7",
              "ami-050448bf6313bf92b",
              "ami-0839b8070c7cbde54",
              "ami-08e5d59f9bd4a7f1a",
              "ami-021018248fc0121d9",
              "ami-06d93dd1228ff9de8",
              "ami-077517c3cc7b485c2",
              "ami-0a9e9ec8a5daa75f4",
              "ami-04081e7ed19d67158",
              "ami-023ac8ec50e68848c",
              "ami-024348034a97aadec",
              "ami-09768154338831606",
              "ami-051bdda82db98a460",
              "ami-08868f3baee153b96",
              "ami-064b4fcfad37e4e76",
              "ami-01adfb3bd221357cb",
              "ami-04c3177f6e93e4288",
              "ami-0b6204d2595adb74b",
              "ami-03fc516db2db2744c",
              "ami-020d6ba4fdae0e7ef",
              "ami-0964ed6386b2fe945",
              "ami-0e862df264ff12fd6",
              "ami-00e8476233f64fdb8",
              "ami-0dfe4d4f8fb2fd919",
              "ami-03985d300f54b8110",
              "ami-050185841f9675c05",
              "ami-0359e29861648efb6",
              "ami-09511c0741f0e5edf",
              "ami-0f9a56ffb47e8e80e",
              "ami-01896de78515d39cd",
              "ami-04e77e9bb4e67dfd0",
              "ami-0f43a71f8eba15a2d",
              "ami-0fe14daf938e6fd4f",
              "ami-037228a1dc94547ea",
              "ami-0b33f2fb3dd38e388",
              "ami-0b870f2a2152e9887",
              "ami-00657ca7ecd1eea9c",
              "ami-089508868d8077b9d",
              "ami-0b6ff9f559144ae9e",
              "ami-0f73caac30b577771",
              "ami-06db3596b92b3f1b3",
              "ami-068c717ec7fb9032e",
              "ami-0132a528a63890e7d",
              "ami-07d2a538db2ce5a38",
              "ami-06a68c3d409b94073",
              "ami-0d2592e0c7f80516a",
              "ami-0f8489d828e5d301d",
              "ami-000c9f80128ed9c57",
              "ami-0f17f6e4b5cf468e4",
              "ami-002c98db6805884c0",
              "ami-0d8a7fdd79c02c1b8",
              "ami-0fa50c8f870088391",
              "ami-074d470888dc148e4",
              "ami-05b1a78389b05c24f",
              "ami-0a820cdc501c97d50",
              "ami-055a5b64834703ce9",
              "ami-0e0530bf0a12cb88e",
              "ami-045ac4bf1dd56de90",
              "ami-07e144feb8507e819",
              "ami-071633d4b098f99e8",
              "ami-0c381526ba6b6013b",
              "ami-05535e5f3616c5d48",
              "ami-0e7523e8182a36dba",
              "ami-068e3ce8bdfd41ee0",
              "ami-0ac5d60e9d7e449c0",
              "ami-06088901028d2fa68",
              "ami-09180f199ef456d67",
              "ami-0b8581a322e2b55d6",
              "ami-0bcf095f8fa64d1ff",
              "ami-087c9858e0b67270c",
              "ami-0808adcdf19e0cdb1",
              "ami-0d1574fdcde08ba9d",
              "ami-03f6c0554a4a43887",
              "ami-0ea1c17bee304f439",
              "ami-0052b6ce91ecc74d0",
              "ami-0c5e54146e8beea7e",
              "ami-08b3964ceee92c5a1",
              "ami-0982959da730c4b8e",
              "ami-0f9277f1488708255",
              "ami-063d68839437bc7e2",
              "ami-02564aae153e63ae0",
              "ami-0eff1627a56972bca",
              "ami-0359fdd880171f3a9",
              "ami-0565d54693148e8a4",
              "ami-0d44fd9321b886636",
              "ami-06bd441543075bab5",
              "ami-03908ff7f07bccf26",
              "ami-097a7084273f7b294",
              "ami-01eb04b46e400e754",
              "ami-013cb88a9b958d59e",
              "ami-09e963e986874236d",
              "ami-096a2ee2d1e220387",
              "ami-0f29830da043d5df0",
              "ami-05241412c903250cd",
              "ami-07a3ef4adf9eb98ce",
              "ami-0f7a02a39fe26809c",
              "ami-0e98fde355413cd9f",
              "ami-04c3c473c2979b07d",
              "ami-04ca754be227a49d7",
              "ami-025f043e2f2ad9a5c",
              "ami-0febde35c9daa1909",
              "ami-0d7c6118c37342377",
              "ami-0b252f0b57c731bdb",
              "ami-0cf02f433c5ad0c51",
              "ami-0157342a559b16d23",
              "ami-07e3582da011dc21e",
              "ami-0d8efce3d8b224f97",
              "ami-0a60a047d3ee8357d",
              "ami-0167527db11eac3d9",
              "ami-01e77bedf03d8b4ed",
              "ami-0e41043f4ebee12e2",
              "ami-0807164e4f3c6e447",
              "ami-066ba9794f799ce45",
              "ami-0665f3d87cef883d3",
              "ami-0afedd525887baa27",
              "ami-066c07349238f8a57",
              "ami-09d219bb8cfd756f1",
              "ami-06d8c300e61347235",
              "ami-0ee0cc5e132b39b97",
              "ami-024507d5091b7d2b6",
              "ami-02d8ce6228c4df6d0",
              "ami-0332d609912639561",
              "ami-087e62d8ea2e41cb4",
              "ami-0006e6cd6114156ff",
              "ami-01cf7494ba93f1ae9",
              "ami-031795dd1ae9fe7bd",
              "ami-050b876e2fcc529e5",
              "ami-0e99ebd9192d11c71",
              "ami-08fa0b321b2ace600",
              "ami-09b54189e83d02cbf",
              "ami-002c3bd18e8bd79e5",
              "ami-0e0d76249c5010aa6",
              "ami-002f4fb714d1a5ac2",
              "ami-0b73b0139b917fcf1",
              "ami-09bf44e9e7da3c6b4",
              "ami-0cb9ccb00cf84387a",
              "ami-08a7e6c9c4ede4e3d",
              "ami-0b0ddc6aecfbb1a93",
              "ami-0fd633bf7e36b23fd",
              "ami-0ced0b98943b7afd2",
              "ami-08becf31e6739008c",
              "ami-0aabb69221464d8a3",
              "ami-01a477792b57ea853",
              "ami-0d32f9eb06c883720",
              "ami-077c7ff85b621f6f1",
              "ami-0bdacb261605df582",
              "ami-0319625662b0e4fb0",
              "ami-0b970016d0d9ff8f2",
              "ami-086629923b4414a66",
              "ami-03ed43c0b7f810105",
              "ami-0ff581015a89b0c55",
              "ami-057aaf099a8eb4c28",
              "ami-023e661a5aa9c62e4",
              "ami-0b91fa2a11acc7c49",
              "ami-05ba535f84324a408",
              "ami-05f6294fae4e374b3",
              "ami-0c20e9f4584051a15",
              "ami-08adf997a337d53a2",
              "ami-0f9f68136912d644b",
              "ami-0361d6ba576c82aad",
              "ami-0739d3bed41c737a2",
              "ami-0ed0159e3754419ac",
              "ami-08d08946416b9baa3",
              "ami-0aeab17b0995e0380",
              "ami-04e4198927a83a243",
              "ami-02fa797ecce9d8073",
              "ami-00060f9a0a7e860f4",
              "ami-08c1cec80809eb589",
              "ami-03c89fcc898aa4542",
              "ami-05a8ec8640a0b8057",
              "ami-09c1dd0acc73c30ec",
              "ami-05c5eb1cf827bfde9",
              "ami-0785c07de7fcf28b0",
              "ami-0a758c29d658b4f4e",
              "ami-0a5dba2c0fa0724a3",
              "ami-07c5ef69c8457f28c",
              "ami-09737f0d09316bb8f",
              "ami-055ec9529379c3443",
              "ami-0cef0fdde52a5151e",
              "ami-05588e255b86398f2",
              "ami-0c63a72b5fa5fe79b",
              "ami-05a7e4c5445de6240",
              "ami-0437e92d5f3798332",
              "ami-049efbbf1fcd366de",
              "ami-04ac87ad64f4bdb0a",
              "ami-038e1657fabe65ee2",
              "ami-0059b94038a322d21",
              "ami-0fb218a8c57621fb1",
              "ami-0e52281692cbb6bcf",
              "ami-05cd01af1e4e4a1f6",
              "ami-01ec7497d83abea73",
              "ami-04e9d6f53d1875805",
              "ami-051efccb494d0e050",
              "ami-0ce228a05c6b16aa8",
              "ami-02e730ccc4d70bc4d",
              "ami-057359be1b8cb533b",
              "ami-06004dc0577827979",
              "ami-02330ef259cca7062",
              "ami-0f0e15ad50b7e0b9f",
              "ami-02d284348b8b61e07",
              "ami-0a9236628d3a5f7e9",
              "ami-0be5fc10e00b8a2c7",
              "ami-0e249e1ff5b43367f",
              "ami-0992be40961834855",
              "ami-002f556740c810559",
              "ami-0f0845a75d19a7369",
              "ami-092b4a6b04ef9c06c",
              "ami-040474af956b38904",
              "ami-0e5df846c8d13ccb0",
              "ami-0172fd7eb7e705e94",
              "ami-0a64c4bf0803377f0",
              "ami-05947daf05f42e65e",
              "ami-083d9eb7c1aafb2ab",
              "ami-0f5bd0d9d5ee2b3e8",
              "ami-0b0a4ce4c3218a942",
              "ami-019319bcf53297513",
              "ami-0f925988832a34635",
              "ami-0a1fa0e297eb827e2",
              "ami-0b14f043a88ab01df",
              "ami-08995ba8b8ad94465",
              "ami-01d3d8f02d0a4c05e",
              "ami-01716c7feb7f0a277",
              "ami-08987a15a85775b1a",
              "ami-029b0df08711f12cf",
              "ami-03fed25fa1f8be12a",
              "ami-00b2fd813863a19f2",
              "ami-09fe0d7e696c71593",
              "ami-095d6cc1bf9346e06",
              "ami-0a66eaaf9e4a2e650",
              "ami-0368e39c095124ece",
              "ami-02173964795e393ac",
              "ami-09f306068387e684d",
              "ami-0b6246ed92ed6707e",
              "ami-0954a011815db2453",
              "ami-0d72aba3860d003c6",
              "ami-08c3512aa9b7bd349",
              "ami-082f2148c64d84bd3",
              "ami-0eb94f9c0eae43c61",
              "ami-0cddc57542eff1929",
              "ami-0042a1ac31ad19fcb",
              "ami-009552b483383dd91",
              "ami-0eb87cb2509cdb9ef",
              "ami-01fecf67feaf23f25",
              "ami-0f63d4f4475634fb1",
              "ami-00d6620d225d35ffd",
              "ami-0edd2ac14bd53ead0",
              "ami-0403ac2c83f62e5aa",
              "ami-02f1534ae19313bb2",
              "ami-00883c42f78b871a6",
              "ami-049f83ebc5c9bd8e2",
              "ami-079e70b2229826ea2",
              "ami-05e6ed2bc03f2663f",
              "ami-0a784db303e217d65",
              "ami-068158b7739502597",
              "ami-08499c5a348ee4dbe",
              "ami-02a6e3df2e10343b7",
              "ami-0ca9c456d3bca215a",
              "ami-0bca4994ee5bebbbc",
              "ami-0607dd6f3f47f7f4d",
              "ami-01f1242fd6659087d",
              "ami-0aa59bca22a649488",
              "ami-04e2f0450bc3d0837",
              "ami-085ca06c54b376ace",
              "ami-0b7b8eb3515990e53",
              "ami-04e9c435c047bfcdd",
              "ami-0ebc6919c227106a5",
              "ami-04df2c66d2575e89a",
              "ami-066f175d27f849640",
              "ami-0546a6a870e777d97",
              "ami-036d679e3abe2244c",
              "ami-0e40612a28b34d074",
              "ami-0cdda5db93f8cf34a",
              "ami-03e5c72509b624610",
              "ami-02add2391b4676499",
              "ami-004a7d6797d5de44a",
              "ami-011ef24107ac904f7",
              "ami-0eed74cfe56496dbb",
              "ami-0c95ce611b0065341",
              "ami-09dfcc60f0cd4d023",
              "ami-0ae77a7e9d4141e86",
              "ami-015f276869c5ecfbe",
              "ami-0227547307d9f81d8",
              "ami-0536a9e5e5bd418de",
              "ami-0501b1031b3bfa289",
              "ami-078c28fc201aefc3d",
              "ami-0715a6abc06acca4e",
              "ami-0cb8c4630a409840a",
              "ami-08e7c7f15284b5151",
              "ami-0315468a557d160f2",
              "ami-05a29b55375ba39f1",
              "ami-0f9e119b4f3797b80",
              "ami-097ff938e60060616",
              "ami-0c8162dd7cc9e28ac",
              "ami-02b72ec665e3015ba",
              "ami-0801a1e12f4a9ccc0",
              "ami-0351e5fe4f5b297ad",
              "ami-02c62c1cc162ef9a1",
              "ami-0935285efe258c6f9",
              "ami-014481a7afd71ba7f",
              "ami-046408dda6ec176be",
              "ami-089d7a841057ca6ca",
              "ami-04e85411eba2489a0",
              "ami-036fb5fe12bc53979",
              "ami-00e209c7691ce31f2",
              "ami-05df3bb6ed0871fde",
              "ami-01520e583cd254de6",
              "ami-08224def0f902fe77",
              "ami-02ba5878e740613b4",
              "ami-0733391e7c76faf6e",
              "ami-0c3e153a33c34af18",
              "ami-08dc09cb7adc50c9c",
              "ami-0ede342b89b1e7bba",
              "ami-01b92dca5bd68809e",
              "ami-0c91492dfce335c0a",
              "ami-0996d52523e2c28df",
              "ami-086ef63ebc15a50f1",
              "ami-0ec7f3a6babdad0a6",
              "ami-0a7a4e8b98d93c945",
              "ami-078be578bfbf980ab",
              "ami-0fe01a7b553da7924",
              "ami-0630abf1802229f3b",
              "ami-09f90f7b28d588525",
              "ami-02d2a905be96a2cca",
              "ami-0457eb46d82aea678",
              "ami-00b9198b78c3f4bd4",
              "ami-0321d3541e3a09d8f",
              "ami-0b2dbde9e34463f49",
              "ami-04ed05e74e69ddce7",
              "ami-09ed4fe67fd440565",
              "ami-0d548ffc57594d5cf",
              "ami-0c820ec0c8bc92f00",
              "ami-0005627463ff3c447",
              "ami-0e2676802a6aa3eab",
              "ami-0afd4d61d3ef3556c",
              "ami-0aac1df33a91527e3",
              "ami-0bfb223d30eec2da8",
              "ami-057c075e69694decb",
              "ami-0a434a1d38421597d",
              "ami-00228329feab8fcb2",
              "ami-0735b7ddec5ad0724",
              "ami-0ac16dc4cac78d8b9",
              "ami-05eca097d48a51d3c",
              "ami-0d3848b41a803721f",
              "ami-009989b4691b74719",
              "ami-01ee41506b2bb5b42",
              "ami-09e2ee3856919c15c",
              "ami-0e0f567bbb4bdd02e",
              "ami-07a36eacae5317d13",
              "ami-05d3afd3816478468",
              "ami-0545fe06508cdbf9a",
              "ami-0f6218a8d900aadb9",
              "ami-0a90b2d06b90763ff",
              "ami-0bf36c468ddde9e7d",
              "ami-014c793124ce35b74",
              "ami-0f13a1efb26061f67",
              "ami-0c9aff6db1b92e8fb",
              "ami-0f22828668feb1acf",
              "ami-0101f0d567c446fb9",
              "ami-0fc9fdc723cc99ccd",
              "ami-00f7cb3b4372fb755",
              "ami-0b88c080a6bbb9467",
              "ami-0fa1e284c9f14f480",
              "ami-0901813d4845284a5",
              "ami-0ea85b58104d73d48",
              "ami-0fda83f17e5d3a341",
              "ami-05213c670e1e12845",
              "ami-0a31e2c5a42aef89f",
              "ami-0a37379a1cbf1de28",
              "ami-0e632f9b53322ec07",
              "ami-07d99b67cf82a46ac",
              "ami-02e7bf27f8c6a334e",
              "ami-0684ae05bfb926694",
              "ami-0bc89a079f43ba3eb",
              "ami-0b22981fe4315893e",
              "ami-0612d4a7321c46a61",
              "ami-0e930293ed17398ee",
              "ami-061d435e43f72769c",
              "ami-0b54fa060fe992480",
              "ami-017ccc6b9ef7e4dbe",
              "ami-0b780dbd58cb9c523",
              "ami-0052ff78619d4519b",
              "ami-0c155c5f73536b570",
              "ami-04b01426eed3e9bcf",
              "ami-0345588a93bd78615",
              "ami-0b133b48e5e4b3f4d",
              "ami-036677298e0e51293",
              "ami-0e0f1ac9898bf7d31",
              "ami-04721ab92be7c3aea",
              "ami-04baeb01349f91daa",
              "ami-0170faf5763064660",
              "ami-037baa33c0976cd18",
              "ami-049ea29b3e037558a",
              "ami-0a01ac96046057281",
              "ami-04590196e8c5791d0",
              "ami-04837d773e17695f9",
              "ami-0df85cb8ce5369975",
              "ami-0a620d8210b5d94ac",
              "ami-0d925d730dbc49d19",
              "ami-0424311fe8e57c4ed",
              "ami-013ca3e2e14b35693",
              "ami-064b501f9a3601d91",
              "ami-0ca46c6355d71adde",
              "ami-039a3bb781c45da9c",
              "ami-079a3b67e8f8b7b50",
              "ami-0024bb42696768376",
              "ami-02047f6f5fb332d60",
              "ami-0d16527f664018626",
              "ami-033617bb1e91a3362",
              "ami-019b018715d73f177",
              "ami-01fcec5fa46239a3c",
              "ami-0223148570690cca5",
              "ami-09a309ec294c882ec",
              "ami-0c72a02ab40196886",
              "ami-077e13dd7cea22efc",
              "ami-07763b0315485f955",
              "ami-0f995dccb7702fac2",
              "ami-0950163cc7b4bd94a",
              "ami-0bc3d0ee2cd36a372",
              "ami-099b6b870155cb58f",
              "ami-087c5166d63608050",
              "ami-0ddcd3199fe7b6317",
              "ami-080589d504e90b11f",
              "ami-01f5c2137c043dd19",
              "ami-0e91c34d3c7ee6fae",
              "ami-089acba2454712a1c",
              "ami-065aeee218578f890",
              "ami-0aba55b689628e9a3",
              "ami-08f0baf93ee7f8d35",
              "ami-0bd3d0e4412a97f9c",
              "ami-0d0bb8e21f7ef6668",
              "ami-05f602ff289fa029a",
              "ami-0d6cd02dbf80259dc",
              "ami-0dca50b611878ce7a",
              "ami-0d2f21f58872cd998",
              "ami-054632a58b144b8cb",
              "ami-06abd66325b855563",
              "ami-0b1dd0f5abedfd709",
              "ami-0ab83ab12c8aa8161",
              "ami-0ebdb5dc60ff19cef",
              "ami-0649d66cf31e2522b",
              "ami-0f2ef4379d92c4307",
              "ami-03ed98e95fb3d3186",
              "ami-048b21798052bd8f8",
              "ami-07102d3318ef3bf8c",
              "ami-003f8d45be2f2c805",
              "ami-00987404d0e71c606",
              "ami-0c08db05332816b2c",
              "ami-0d44a0941b28ebeb2",
              "ami-0a85ee388aa5dc359",
              "ami-04fb4061ce46a2dd6",
              "ami-03520d4459b4fc09f",
              "ami-0dae977859c7505de",
              "ami-049db45e267616594",
              "ami-08ceb7edd3f39a7b3",
              "ami-0530ba04c05dc288b",
              "ami-0139c8f02f21f63ee",
              "ami-04ee2d9200c2a42ea",
              "ami-0cb5bdae00a95d5f7",
              "ami-085e72cb554f518dd",
              "ami-02f47fa62c613afb4",
              "ami-0212b71ab74990e12",
              "ami-03f09ff282f5294ac",
              "ami-0d2816c106f824c25",
              "ami-0b65860b1b39327d1",
              "ami-05b04221fe504ac0d",
              "ami-0ddfa071808639dcf",
              "ami-0e72ed94ed0c95b07",
              "ami-06c3f58960f9decaf",
              "ami-0871bccd94965b534",
              "ami-0035ba4d916f443d8",
              "ami-0f063d7ae849b45ea",
              "ami-057f40f62bb29ac71",
              "ami-041b1c9473724cc59",
              "ami-0d139487eea74515c",
              "ami-0afe1c9fd6d8a397b",
              "ami-00efd500963d83017",
              "ami-0a8e67539e0eb0f0b",
              "ami-0f5c98d4076e33c59",
              "ami-012c6733e022f0662",
              "ami-0319447f47c879aa8",
              "ami-0f37dac85dde612b2",
              "ami-06eed3cc8c365ecab",
              "ami-0666d5557546bd19b",
              "ami-07bc775ae08be9747",
              "ami-0a4ad1ad28303bb90",
              "ami-02950f099d434f9a2",
              "ami-01817929cbc46e572",
              "ami-0e17959590a0d20c3",
              "ami-03cf4a3ee17ca8842",
              "ami-02a6f5cea7c172e1a",
              "ami-05dff71e857e8b857",
              "ami-09be218fc6781e381",
              "ami-0bfd62049452d5abf",
              "ami-0152d44029a7e8b2a",
              "ami-0fe3a8657d01b65e9",
              "ami-0d85886ddd4d9e976",
              "ami-04ce2dd9ea55b95ce",
              "ami-0570c30e323a3e5b2",
              "ami-04abf47a104b960b4",
              "ami-0a205c265a230b353",
              "ami-059fcd0981361012d",
              "ami-0946c8ad4d4f3d7b4",
              "ami-0a61d705115729e7b",
              "ami-04bab5031aa05893c",
              "ami-00eb2705dbe7cda55",
              "ami-028c375c761ec5b05",
              "ami-0a2fe5ce599794b6c",
              "ami-08c970af32eec2ac4",
              "ami-0fb138009ac944822",
              "ami-02aecd60b7f8cf862",
              "ami-0fc6caf9d67157776",
              "ami-0f5b0e30d8c8e5470",
              "ami-072d7a5bc3c043ffc",
              "ami-042b2a4a52b18a999",
              "ami-00a1d391f9c8a89fe",
              "ami-0fc30a597c5bcd229",
              "ami-07239f1b402014d34",
              "ami-0ec2c909c368e597a",
              "ami-023ee916553fe6c4f",
              "ami-0842f1ebb444dc96f",
              "ami-08ad983ed2b0b7349",
              "ami-0db544b3918793064",
              "ami-0abb8f6b71e7614d5",
              "ami-00613e48612829c83",
              "ami-0fb8b3c89e21358a7",
              "ami-04b112e8ba800ec78",
              "ami-00318ce8ddb23fbd9",
              "ami-0a52102e4597bf49f",
              "ami-0fccd9608fa52e5e3",
              "ami-06c27797c8d0a1249",
              "ami-0a02fc38ce0b05a26",
              "ami-03ca37cd25facd3dd",
              "ami-01e88ac1cbfe8deba",
              "ami-02c229e706279f24b",
              "ami-0cf8bc1819809d06e",
              "ami-0a5f5d679c7b363d9",
              "ami-0db97ae40dcbfd87f",
              "ami-06966b123c2b96878",
              "ami-0fcb5b518d708593b",
              "ami-05e6f5b728a2ba6aa",
              "ami-0f87f18ef0e7cba8a",
              "ami-0b1040d426638ffa1",
              "ami-0259e846eb5026ab1",
              "ami-06a4518f4d1914f9b",
              "ami-01509c7cb4d285934",
              "ami-0847c4894a6d11676",
              "ami-0c39792f88eaa9551",
              "ami-011e9356446270c5b",
              "ami-0329c73bcf470d414",
              "ami-091b049154f716076",
              "ami-0574e5a94d9371c69",
              "ami-06e0c5bf428a1d337",
              "ami-01df5de26f22c91c5",
              "ami-02ff476a1efd47ee8",
              "ami-058e6bc52c6eadaa6",
              "ami-0ed6fcf35438093c9",
              "ami-0335a1a8907390bf1",
              "ami-0f003e86905d5f70f",
              "ami-01e26c4adf9016651",
              "ami-08c3920904225e905",
              "ami-0509237c3139b36e2",
              "ami-0f6d842114a923fba",
              "ami-08b9a1ba6990c2cad",
              "ami-019ce1d6c87a0b78d",
              "ami-08b2b8348494d0729",
              "ami-0d58f2fbf27e900f0",
              "ami-04ef55e19dae64e51",
              "ami-0bbf1fdcd36eb6241",
              "ami-0f6e16288442da127",
              "ami-038bea216a099789c",
              "ami-00ae6747002c85b79",
              "ami-0498849f091348a64",
              "ami-0c579f53449430fff",
              "ami-0863220fafaaf9271",
              "ami-0bf8636921b27049b",
              "ami-0a6740d9bdb73b467",
              "ami-083a769f29e094bf3",
              "ami-0fd7104f0a9ffd2ff",
              "ami-00861195e3fa549a9",
              "ami-00b7399939f109f7b",
              "ami-015f3beb382216a21",
              "ami-09ab791d72ffaf4e1",
              "ami-03641b3c823dba75c",
              "ami-01948ff5f1cf4f4d7",
              "ami-0ae3acc9ad602303c",
              "ami-024393532c332b5b8",
              "ami-00fab2ce096b63fd6",
              "ami-0827cf8bbf9a4a974",
              "ami-031af901d34874722",
              "ami-0ab8cee9fb8d40336",
              "ami-0fba3ded6cb142a67",
              "ami-07b5052cd78a4503f",
              "ami-0494c0ffb27eb1b57",
              "ami-0cdcda45529f50e96",
              "ami-07453c9d5bfbd8126",
              "ami-0dfa1c53c36586e7c",
              "ami-0006ca11ad47b98f5",
              "ami-086a18e52a0a55262",
              "ami-081549f28bf319cc3",
              "ami-0c57086bf2ba6e6bd",
              "ami-0cbb615c72dc7871c",
              "ami-0510334b2b2f71896",
              "ami-0f0a91ad345f1ba6d",
              "ami-0e332dbdb1c363b18",
              "ami-087bbaeab3aae9bc5",
              "ami-0ebb0a13ec8c87183",
              "ami-07b5a5b932c205a5e",
              "ami-02c5c65c360bcb53f",
              "ami-03f955d7ced09c12d",
              "ami-067896cb39bf87b6c",
              "ami-0ee2bfb4325363ceb",
              "ami-0e813b1f7d5aec41c",
              "ami-0e0bc0eeb0d8fd0b5",
              "ami-081cd5ef1c0fbce5c",
              "ami-0fa6916d37208eb03",
              "ami-0cf4fed630705a3ff",
              "ami-0bc23a1237f2cfa73",
              "ami-07caabdd945262f25",
              "ami-03a3d419e0c500ef1",
              "ami-0e7c9a12849cf1c9e",
              "ami-0a9c75117df26721e",
              "ami-095cf8349cd470465",
              "ami-005e5e3bc609749d1",
              "ami-071ca3119b3495acc",
              "ami-036965a7af20568ae",
              "ami-0ec87471cb05a9941",
              "ami-0b26685b98b0e7542",
              "ami-0bd45203f7993dd87",
              "ami-04ad79c6d1b37f84b",
              "ami-02db84e29df2fc6b1",
              "ami-0227ecb59e438ecb1",
              "ami-006d0ad939ea2482c",
              "ami-05d7fc5e769c47982",
              "ami-083d86c2643beb1c2",
              "ami-08ceff0aac4addd03",
              "ami-0f6fa98b315e4c21a",
              "ami-0d3183cefa075f682",
              "ami-0842e06dee0e2b3c0",
              "ami-0748e52b3f89562be",
              "ami-0c1f938fd764fc5e8",
              "ami-0a6799bf804d83cf3",
              "ami-0dbc85797ef07d89a",
              "ami-0adb2def8e0fb37cc",
              "ami-03a4fdd899fe3fdb6",
              "ami-0d120c267f3224f45",
              "ami-0c32531f2c8140192",
              "ami-08fdbc8e5fd825e5b",
              "ami-0038e66b8933a8618",
              "ami-0bb5ca59f015ce835",
              "ami-0307d5f6e6cef0994",
              "ami-06036d86bbf141363",
              "ami-0193fc3d4e8644b5b",
              "ami-03eafdfc8f3a2736a",
              "ami-04374d61f6b5c907c",
              "ami-070ddfc4f23824dc4",
              "ami-02bb9cb15176372f7",
              "ami-052a8cf75294910d1",
              "ami-05433b4ab2f18c2be",
              "ami-05f4db1883a05a4d4",
              "ami-0d3cd8d456d3b2287",
              "ami-045693abb31893e2f",
              "ami-000c9980ac0d35ab4",
              "ami-03bf23a0e489903a3",
              "ami-0b627eb13c43dece3",
              "ami-0662aff706e517307",
              "ami-099e1ab11df92f6e3",
              "ami-002b3ef82b921f2ed",
              "ami-0ec99d3729c23383d",
              "ami-0a24baf81956fc9fb",
              "ami-085c03a32f0cd3e86",
              "ami-003dbbeff1668ce7a",
              "ami-094b508ceaba47b99",
              "ami-06a130d6c260afba2",
              "ami-0f8dcc01444f02673",
              "ami-0609e9babed84139f",
              "ami-0b7861b26aed74cba",
              "ami-03bae5d4be21c979c",
              "ami-0318accafdbbc7148",
              "ami-0a796d4b7d3a1a436",
              "ami-05dda3188ba575014",
              "ami-024d5c61796a0bd52",
              "ami-0182edc804759ed9f",
              "ami-0a0a0a02d6d6456c4",
              "ami-002874a9792dfd091",
              "ami-0b909ef04a935c956",
              "ami-089652b7fd0a3c319",
              "ami-0cea1e449314f1843",
              "ami-01230886e06f1fe8b",
              "ami-08c2e02bd7603d0e3",
              "ami-048ca766d39f3a699",
              "ami-011b3e13c2ae357b0",
              "ami-055b8d35d081a4034",
              "ami-0de0adac4e7cffc45",
              "ami-05ed26a4afbe5c90a",
              "ami-0150cd8fb9852b881",
              "ami-057fd2d861be8fb5e",
              "ami-089b6acc489510906",
              "ami-057aac4d4504a1df9",
              "ami-0eca5c84e4a187eab",
              "ami-058ce68218236cdbc",
              "ami-08f3553fec63f4576",
              "ami-02915f546c6b507de",
              "ami-04a5ec518c4157a7a",
              "ami-0b54b04ea80d5555e",
              "ami-0a16aa149cc0a68af",
              "ami-08c28c9db200cde05",
              "ami-03bcf6d4029cfec01",
              "ami-0d49ad1473d508bbd",
              "ami-01080113aa605c5ed",
              "ami-0c682b545a286a633",
              "ami-02aac88fcf579d366",
              "ami-01bef32bf801dcd9e",
              "ami-0b8f7aa0b43a63377",
              "ami-0467729ee15c669b0",
              "ami-025c0df365cc4479c",
              "ami-087c8e860ffcb45ac",
              "ami-02b5aa7dbce9c2542",
              "ami-06fb7311e62edbb07",
              "ami-0c65e432e21db1937",
              "ami-0b5cee38ac04e917f",
              "ami-0b5d99ac3fbe20c55",
              "ami-08490fba4cd772b05",
              "ami-0223a0ae0537243cc",
              "ami-01c8b7afb7cc7f32b",
              "ami-05458d7e80344b3d8",
              "ami-0fa9dfc0ccc59cb7c",
              "ami-055b253205dcf7f8b",
              "ami-04dc6b4a77a8bfaa5",
              "ami-06342c2980219a737",
              "ami-09f8b81a9cdca1fdb",
              "ami-0f8da2a0cac208faa",
              "ami-08b454c6aff18ebce",
              "ami-05053e482edbd879b",
              "ami-06451f25ad49959de",
              "ami-0d282306dcf31bfea",
              "ami-0fc4cb8d951e1e79d",
              "ami-0f0be2843bb07993d",
              "ami-0899319d5a08dde3f",
              "ami-0ebe095b1e3267b66",
              "ami-09f0cd9321700e03a",
              "ami-0e877571fa03b0e6a",
              "ami-0b5793032491cb911",
              "ami-0f32c5cde4d67b189",
              "ami-061b4442e591d7581",
              "ami-00097ada21076d278",
              "ami-0dcf09f45d1a0abc7",
              "ami-06eb1fa7dde0e9367",
              "ami-0d228a928a45df65e",
              "ami-02c7947e08e530057",
              "ami-0befbbbd021cb41f1",
              "ami-0a09082caf5176941",
              "ami-00d03eb34112d4e97",
              "ami-09733536c1d398506",
              "ami-07cc0d2f60e4d29b2",
              "ami-0e722951c0da09112",
              "ami-0746ec6cf52a10a06",
              "ami-01c2840e0e87ab93e",
              "ami-0c17dabcdc127b64f",
              "ami-0a6ebd9f5dc40296d",
              "ami-0749295d86bb2e484",
              "ami-09dfe18cc5306b808",
              "ami-006969e7879770a0b",
              "ami-0205ba9b5c466d352",
              "ami-0e2d0cedcd80f4a36",
              "ami-0ddc27779f2b2d15e",
              "ami-0d4150319aaa80dc4",
              "ami-0deadfd02ede00ba7",
              "ami-0316d55f59805da7b",
              "ami-0c2ae5ae2a820114d",
              "ami-098283cdffba863c2",
              "ami-0f9b33e8e775fafe8",
              "ami-068f9288593cac055",
              "ami-087a74ae3c4a6265a",
              "ami-0d0e71bcb4414d768",
              "ami-02f7a4a95bde3fd92",
              "ami-0bb68be12206fb7c5",
              "ami-0af8f071b9674610d",
              "ami-0a65f7777eeeade46",
              "ami-0cda7129aff3caed1",
              "ami-06bc212312d8e17ae",
              "ami-089949e3548440bee",
              "ami-029c37f390ccb917e",
              "ami-0661c492a573fe11d",
              "ami-02bd970e6287f3bc9",
              "ami-05bcb8ed5c6c2f2ed",
              "ami-0975e744d009d4dc5",
              "ami-081edd890929a8b3b",
              "ami-0484a3c2a54031812",
              "ami-06873d5605966d3f6",
              "ami-06e62291970bd862c",
              "ami-0d3f4db473d0c7b9a",
              "ami-0ad9cf2922e2b75b0",
              "ami-08aff769891c22fd1",
              "ami-02acd15715dab2ba2",
              "ami-05698a97be9857029",
              "ami-053708d741170d200",
              "ami-02875887e33bce589",
              "ami-0b14b6d9ab4bf9952",
              "ami-05326775390afd441",
              "ami-08682ef9207d02487",
              "ami-04215628fbc665e90",
              "ami-0ee075be3020798c8",
              "ami-066fb469c229f3111",
              "ami-0fe9be615b2688bac",
              "ami-0a39b5a19083484f5",
              "ami-04db7523b9485cf32",
              "ami-0fea5bda1358852d7",
              "ami-0fd3e2bd8da154ab3",
              "ami-06004f079ecf2a414",
              "ami-0b4c8ac65b2850208",
              "ami-0974b059475db57b5",
              "ami-0fa278eaeda38e451",
              "ami-0e96fedc0c10e2304",
              "ami-0b2b805b4fd88af91",
              "ami-0966024ad309a0bc0",
              "ami-06ca7c7f9c8059cdc",
              "ami-03609cab29c87e2e4",
              "ami-087e80b7b8ae6a630",
              "ami-0f7e20f8c1e2a69e6",
              "ami-028f0f9e1bffcdabf",
              "ami-0805ed106c2ec6518",
              "ami-06bf90845d1866698",
              "ami-04228196fcaa74ebc",
              "ami-04dd467edbf09ed3b",
              "ami-09ed39965cb458f4d",
              "ami-07c38c8408b064eca",
              "ami-0289e24e96c35b785",
              "ami-0e096ce6b8b82c96d",
              "ami-0261d7d73114ff713",
              "ami-09d84e516993580b3",
              "ami-0e02f134339819c22",
              "ami-085d93fd5b85dc721",
              "ami-0902de5ab3d6ece4f",
              "ami-05f77f00ae2777c29",
              "ami-07a2a554193b20bf3",
              "ami-0b21aa2e23b93a847",
              "ami-0b95542205166d6c8",
              "ami-0ca07429e2b91ef03",
              "ami-01789156a8f7ceeb6",
              "ami-085b6a40c1f6eded6",
              "ami-095ef56d6b4e88b43",
              "ami-0561d2387487e8201",
              "ami-0cafcf82a24c07ea2",
              "ami-0048233e7d2e50c00",
              "ami-04cef82e68b0dfdb4",
              "ami-0c91c5747e1035e0a",
              "ami-046cc9816a55cdf4e",
              "ami-0cc221252202970ee",
              "ami-08054e8e9756c95a4",
              "ami-0ab13c5ae5284fa57",
              "ami-090ad8aca02cdf290",
              "ami-01086f4a8bd6f847b",
              "ami-0092653088a29c0af",
              "ami-0fda71a62c8dc363b",
              "ami-0464b5a4dd3ea431c",
              "ami-0577ab6c8cde47f3f",
              "ami-0aa9b394a17cbe057",
              "ami-033b7b3727b828a90",
              "ami-04819c0a0ecc50f07",
              "ami-08961381d5aade784",
              "ami-0ada89df6aa49d6b7",
              "ami-083d38d0dce89a961",
              "ami-01062394d9605979d",
              "ami-0d87d773c6ac7c713",
              "ami-01829b70d936b32e6",
              "ami-0bc3a00b15d8f4707",
              "ami-0b0739985cd0ad8d7",
              "ami-081e63c492b565ee9",
              "ami-067a0f8e0fba2045c",
              "ami-0c1405891fc08f5f2",
              "ami-086bd4e9b95e37fd0",
              "ami-07faf7fcc786fbf89",
              "ami-0027fb9b1aa63b413",
              "ami-0b60f62ee8d383fc9",
              "ami-05ecce394a8787105",
              "ami-04ac24314483dc686",
              "ami-0fa3d32e3dcf28312",
              "ami-012df4daccbeb8892",
              "ami-02a45d709a415958a",
              "ami-089927b85fbc6f553",
              "ami-08e8a150611f63f5a",
              "ami-0656f2955038368a9",
              "ami-05c253ace3e23c187",
              "ami-0849d9929ebefd50a",
              "ami-0a2df83beacacbd8f",
              "ami-0d4badbcac465483e",
              "ami-02cd17711c26afe7b",
              "ami-006ab55855beaf1f5",
              "ami-0c298aac95270f7e7",
              "ami-0fe36f35a67196c55",
              "ami-0f52ca2ef0c7067cd",
              "ami-099240aa24d4547b9",
              "ami-0c64994d4ca99e033",
              "ami-04fc979a55e14b094",
              "ami-0116d6280a0c02916",
              "ami-0fe8baee93240d5b5",
              "ami-02ba5140a4539f3fb",
              "ami-0a6b871bf4d663aef",
              "ami-075f07f917ecac804",
              "ami-0f459507598a724fb",
              "ami-0966cee90a421dba7",
              "ami-03d98e87ed3e4404f",
              "ami-076fca579bac1794c",
              "ami-0091577057e102021",
              "ami-0bc8e1d33389da199",
              "ami-05a4332dbb1f90d7a",
              "ami-0ffd85c5280439698",
              "ami-035e053bfecd44cfe",
              "ami-01a3cb17b127b1ffc",
              "ami-080cd27535f2d9d53",
              "ami-07c2e1313425e9e3a",
              "ami-0d0e0fab198ac2877",
              "ami-03e92e4f3a58e5ace",
              "ami-0927ab4058a65adba",
              "ami-014b3c44a76de05b6",
              "ami-04e3f3287f480ece2",
              "ami-0c4c7366e3727fc9c",
              "ami-03a930c618b131a67",
              "ami-028c11e176f086bb2",
              "ami-0441d8745c1120eba",
              "ami-0ade5feea6cd6b6c4",
              "ami-0a6811eb1fa4a1562",
              "ami-066689248171e66f7",
              "ami-08324fe80ef1f2ac6",
              "ami-0da3808aa5d62b42e",
              "ami-0b6c334d8d88d3c8c",
              "ami-0a1a9b28bee0370cb",
              "ami-01e7243d0eb4e8cde",
              "ami-005b8293f4060e6a5",
              "ami-0c146e394fb28345b",
              "ami-04dbdf3fe52606723",
              "ami-073a9ec9065b78f6d",
              "ami-02da23f9de513c0c2",
              "ami-039ffeb8a91a89686",
              "ami-02b53524cf43a1e84",
              "ami-050a1ca508f3b00d1",
              "ami-0e85f9dd114f48c36",
              "ami-0905043df0a6940ae",
              "ami-0d79b3b068bc50088",
              "ami-06251c11daa062cdc",
              "ami-077102d31575880f7",
              "ami-06245dea9b91788ff",
              "ami-044603067a4402765",
              "ami-02154a5140144f50e",
              "ami-0a57c4bc7549f0696",
              "ami-0a3957aa643c5e72c",
              "ami-00dba79eb719e357a",
              "ami-0c6cf9884277ed2f2",
              "ami-096fea6e9006c0c34",
              "ami-02e03c5b498308771",
              "ami-0bcda059e0561ff8f",
              "ami-0e7ef637c7601c2f3",
              "ami-0e42ccd984178ca76",
              "ami-0fdad0710e18b951b",
              "ami-062d483fddc21cb20",
              "ami-076fb037583e65488",
              "ami-0a6d3b6d8dbaac16a",
              "ami-09fd84f161a4df688",
              "ami-0c7bf5168c3e8641d",
              "ami-00c052ae89de2ef15",
              "ami-0c7f7e1577f0e9e2c",
              "ami-08cc0cdf7ef61b5cc",
              "ami-03ca6e57c063f2a17",
              "ami-0bda3348734a66b2e",
              "ami-021c9a672041c9eca",
              "ami-0261e77a2d8de1344",
              "ami-0e8cfd4b0122b2ee0",
              "ami-0e77fe5b32b7d6715",
              "ami-059dbf0b159c82b8d",
              "ami-042f884c037e74d76",
              "ami-08bd9ab6a42902753",
              "ami-0be3156f4762af9c0",
              "ami-0eeae8cd78b81cd57",
              "ami-09d6b0f8211059fd4",
              "ami-0ae9805677419eaad",
              "ami-0ab74209e4e1d892d",
              "ami-025954fbc5ed3654e",
              "ami-06d962b61c773ae68",
              "ami-00ff2a4d2ff759b40",
              "ami-0d0abd36edff49ad6",
              "ami-045f2eb79ad50295b",
              "ami-090e7825975a47abd",
              "ami-04cef40e02f5495bb",
              "ami-01e354c4e692e5778",
              "ami-04dfa00899787cb15",
              "ami-07309cdbdf5d4f4c1",
              "ami-0c2c4e3e527331cc8",
              "ami-005e4bcf23438405c",
              "ami-0818c98fb92e9959e",
              "ami-044c64c2b2596ede6",
              "ami-0425f9e9433d7db7b",
              "ami-0130535f345b2b82a",
              "ami-041c543f674bf7ce8",
              "ami-0b2e4314e94e5bdf1",
              "ami-025fc6e11fbd1870d",
              "ami-09228a94c877414ec",
              "ami-0fe7fbb9918ad982e",
              "ami-0e705657d8fd97864",
              "ami-0e8011d446f86f5aa",
              "ami-09e2551aee5f10fda",
              "ami-079088443508c0b0a",
              "ami-047fa80072238ff94",
              "ami-06151baa7f68aa1ef",
              "ami-0648e776ba841f28c",
              "ami-0e0d1ff3bf5df0edf",
              "ami-0d83fcda31817f89a",
              "ami-08986ae0311243c38",
              "ami-096cf72bba4d98848",
              "ami-022fce6f504df6628",
              "ami-0a0d8acced7477a91",
              "ami-04a04a1ad6773017e",
              "ami-00a039e4570baa99c",
              "ami-047023ea969f458a4",
              "ami-061484abf66159ec9",
              "ami-0bf2f8607f819d8a7",
              "ami-067c973ff4ab3e756",
              "ami-03bc8e61a059e5fdc",
              "ami-032a63fbfde084253",
              "ami-0638b633b1540755a",
              "ami-0e77448fb43f45934",
              "ami-0005da476cea3ecf0",
              "ami-00476862961eeea8a",
              "ami-06199fd43949f521a",
              "ami-02e8f98726d43491b",
              "ami-0f39b14174aafbcb8",
              "ami-059fe2ff357a95a4d",
              "ami-06545414111b02f1e",
              "ami-0b68a771d107f597c",
              "ami-09d42e194cc23dd27",
              "ami-0acc783fd8cb75138",
              "ami-09e6e487194e047eb",
              "ami-035480a712d7d4775",
              "ami-0bc9df768aa99d38a",
              "ami-068a99c642216e649",
              "ami-0895f886c803db28a",
              "ami-0b0fd7a79f4d57fe6",
              "ami-0fdf91cb047af8bf3",
              "ami-0f09c3457c2477593",
              "ami-09bcc2c29e4b9aba4",
              "ami-01f91faf2fccd0552",
              "ami-0507d4ae1245693a7",
              "ami-04b4337167e8f8a8c",
              "ami-0baeff5cfcaf12e21",
              "ami-0c337fdf1d3c8e881",
              "ami-0d8b1704aeaf4f30a",
              "ami-02a16428f718e1e1b",
              "ami-0dc39e06a10b9f62d",
              "ami-0fecffb87af4ce5b5",
              "ami-0d1d4fc0c2bf66342",
              "ami-01bfa10ee3673198c",
              "ami-00d3e75dd177d63aa",
              "ami-0471fa73605eec1df",
              "ami-0eb38c1036c2d5478",
              "ami-0744fbf0ea33a7e21",
              "ami-0813324609cf18640",
              "ami-093f6d217e7767560",
              "ami-033fa5d3f7957706f",
              "ami-0bf578ee33fb5223d",
              "ami-02ee5ca13ce31d05f",
              "ami-0b894c22de3e7f2ad",
              "ami-0281b837c8d4ce80e",
              "ami-0cffe393826b7a70d",
              "ami-08b97e71802a56fad",
              "ami-04349f760d4b57d48",
              "ami-0ec30ec18d53c7156",
              "ami-0547fc7cb15f0812d",
              "ami-0f99f2a215bb7a45c",
              "ami-0b8ee23c52b11b854",
              "ami-04b9a16c6e4fa298b",
              "ami-0834eae6644acc4d0",
              "ami-00a10daf771bfd242",
              "ami-002fdfebf995edffc",
              "ami-089e6c9786c233577",
              "ami-00756b9ca8228620b",
              "ami-094adc92e0c2da050",
              "ami-060e58f80c9e39026",
              "ami-05dcbaa4dce761604",
              "ami-0e86aa6a57c47ec5d",
              "ami-084c1d66733a583e8",
              "ami-01899de4c5be26d6c",
              "ami-0a44809fe951ab8b2",
              "ami-0c34df37610076bc6",
              "ami-0a79f4a3a7ee66609",
              "ami-07fec447177686384",
              "ami-02abed37f83c34061",
              "ami-034f47521e239a430",
              "ami-03dd8117c7679047d",
              "ami-0b9ae8faaa58f10fa",
              "ami-0db04e82d564d2f36",
              "ami-0f71f0fb3495ebf76",
              "ami-0bcb746850fdf188b",
              "ami-07498a333f0769531",
              "ami-0cd54daa58592c1dc",
              "ami-03540f2de4be8ec71",
              "ami-0dcf6f8a987fe4f23",
              "ami-0f62ea9172208e96b",
              "ami-07f179dc333499419",
              "ami-08a0a2152fdae2138",
              "ami-0d770436825675e18",
              "ami-02aa6d40338cea026",
              "ami-03ee29dc08d9d9d88",
              "ami-0610dfbd86249dc78",
              "ami-0b9f6c01441a237a6",
              "ami-0d5667b75f709c2be",
              "ami-0f5b68adfd6be5385",
              "ami-0bf3e6a276ead8140",
              "ami-09744a4d3fa4a1552",
              "ami-01752847ed0800076",
              "ami-09d69a088aaf21c91",
              "ami-08194295c5e823575",
              "ami-0fab448fd738223f5",
              "ami-0a8b286fac50e5b85",
              "ami-0013d619f5d30bbb7",
              "ami-0d7cd2ae04b5d09e4",
              "ami-006c8e2ca1233cc8d",
              "ami-0dda87c0174c8c536",
              "ami-039e1d2f1f03f1fd9",
              "ami-02c2eb170c9b0d90f",
              "ami-081cd32d437c91fd9",
              "ami-0fcad48c043e1e44e",
              "ami-07a73005d2a3d15c9",
              "ami-0de4eb42ff7d76075",
              "ami-050caee3c9bf51bb5",
              "ami-0394a1010559a270d",
              "ami-049f9d91387a083f8",
              "ami-0bf940b98a10d7099",
              "ami-0792f6be536ddd58a",
              "ami-0badad5714c7c092d",
              "ami-0ed385bca99e08a73",
              "ami-0f594cd80f1162168",
              "ami-0288f0f29ae574292",
              "ami-02a3a200c350cb674",
              "ami-09d4211a850f38965",
              "ami-07d4869154580a6bc",
              "ami-04369ed2342a9c543",
              "ami-02cc00061c0b76d35",
              "ami-0a0973fe0efc8f5c5",
              "ami-024a706ce5730c5a0",
              "ami-064353ee6a4f2a215",
              "ami-02607d55124b63a3d",
              "ami-03a7386c88095f0f1",
              "ami-0adab18174fcef05e",
              "ami-0efd6e9e6609ca24f",
              "ami-0e99c6eb2aa7a311c",
              "ami-0cdc096fbac2b413d",
              "ami-08f9b55b58a199907",
              "ami-00d6a2a160a9bfcb3",
              "ami-05bc95cc2201a4056",
              "ami-09625a221230d9fe6",
              "ami-082723c5d96ea4ea4",
              "ami-06a8d7762fd6b0798",
              "ami-0332e2b2b4aa57009",
              "ami-0fd22eecc347e5378",
              "ami-0751c438d56315499",
              "ami-0eb977d074b57acc0",
              "ami-04b3064cdd08171c2",
              "ami-0ccf1e3e4f1b99b83",
              "ami-0ea4a630fe0e185c0",
              "ami-0360b61ec866aa325",
              "ami-003865069a7ea66e0",
              "ami-00ac3160acbb74fc3",
              "ami-027aa0d06a9962a97",
              "ami-08112a3e53c7f3795",
              "ami-01993d55734fa3ea0",
              "ami-002b69fc6cb6cc617",
              "ami-0916e17bdc2e3c2c4",
              "ami-09ec3e467af30d8a7",
              "ami-0901517efb976c26a",
              "ami-01079af93e791f059",
              "ami-0391894d0e1758221",
              "ami-0fa6f55c579ed1955",
              "ami-00d6439ba4fc9f647",
              "ami-02d7b1072c115bae7",
              "ami-05ad86c07f8a47378",
              "ami-057a25a6f94ba4870",
              "ami-0f9e016da530466cf",
              "ami-0679f35830763548e",
              "ami-0d772d7814c7595c6",
              "ami-0a17c868077c2fc7f",
              "ami-0126a7c81123e6fe1",
              "ami-0d4c598ab18f1ed1b",
              "ami-021a255b800c84ebe",
              "ami-0caff4489492ab81b",
              "ami-0512051f8b096cf9f",
              "ami-0863f893e188f9f21",
              "ami-09940fb4e440862a1",
              "ami-0c4e70b9eb5a0a279",
              "ami-091c6615ee206de9e",
              "ami-038e03db719b85bf4",
              "ami-04e544b46a9f5e4c8",
              "ami-0ded5d9454a4f7fe6",
              "ami-02fc3656d8b710967",
              "ami-05c08a6e8cecf41ef",
              "ami-095c4a34a042faf33",
              "ami-05bc9f53f98da47d3",
              "ami-088cffeda1b1e6db6",
              "ami-0ed24cc12ce802e20",
              "ami-0021294dcffc79a9f",
              "ami-030b7232431a50beb",
              "ami-0776d76b96eafaab9",
              "ami-08d9e9b8c629862da",
              "ami-0acf1092e3354c78e",
              "ami-008bbcb4237abe97a",
              "ami-0f577c35a842a1aa0",
              "ami-0829c977154d22649",
              "ami-0ff8f4187753cebfa",
              "ami-0c2b8d1b1b3c83447",
              "ami-07c0c08108d0df24b",
              "ami-06d46c680c6fa007e",
              "ami-0ccb5153160a0ebd4",
              "ami-04413ed0d9be05a80",
              "ami-08268b33a8342ed0b",
              "ami-08ec07ee07db2080b",
              "ami-07df6f133e5e8dbf5",
              "ami-0d0321195f573cac9",
              "ami-0d631f52239a839fa",
              "ami-0273bf7b786b5d267",
              "ami-029cce2414d908f0e",
              "ami-026f68ad2a2513c76",
              "ami-048efe5e70e22acc9",
              "ami-03c36ab4af75aba7a",
              "ami-060aa6a7c0c67f6cb",
              "ami-00ae76e6756d9c844",
              "ami-0d92f5ed18b6e1748",
              "ami-0900b3b17d6cbe4c4",
              "ami-091da127e852d4140",
              "ami-0d18ac8f96594a0b0",
              "ami-0442071adb0324125",
              "ami-07bc8d35a7cc6f86e",
              "ami-07187835f25480b44",
              "ami-044c31103a8df7b51",
              "ami-0e59f660a58146833",
              "ami-0ad977a4f155f7f94",
              "ami-0a7b179b77fd62618",
              "ami-09a21f8d553527b03",
              "ami-0acfef37fc5230b05",
              "ami-00193997a0f326d08",
              "ami-0799d8d61e61e3d11",
              "ami-04c78e41ab963f125",
              "ami-010974f3283be0c5f",
              "ami-04dd7aaa3c4f7f313",
              "ami-09f54299ef2245803",
              "ami-010b6170cbc3de14e",
              "ami-00dd44a22f2ea7f14",
              "ami-0d390f46695bd8bc7",
              "ami-003ebd5dd8943abcb",
              "ami-0ea18ab2161495215",
              "ami-0a248f04ba9b4b79d",
              "ami-0436124928454f9e1",
              "ami-0ae0c299bb1f8af5a",
              "ami-089023bb695f79486",
              "ami-07a60b6f3c701c49d",
              "ami-09d44ea1ccde7f801",
              "ami-07773bc2fa8581f9e",
              "ami-035cf74764c1038a5",
              "ami-006303d3f1cd5c738",
              "ami-0d57f8b1cb7a9e6aa",
              "ami-0e2c4d16021fe9c7e",
              "ami-0c776a0bfe601d888",
              "ami-0a123685a762db406",
              "ami-0019c737c755a2224",
              "ami-0a5aaa1fc0952a24a",
              "ami-06bb190b3c436800c",
              "ami-0356b1cd4aa0ee970",
              "ami-04582b5570709da4c",
              "ami-0dc82e96059df06d3",
              "ami-0a7587d725542cb4d",
              "ami-0d80280f35b332ecc",
              "ami-0ac1e70105af1c9ce",
              "ami-05a4f10c8cc1c51fc",
              "ami-049f1d4d5acf4bad8",
              "ami-00a8afddc2d66da6b",
              "ami-08455f1f021c8e011",
              "ami-05ec4fae7ff73bf77",
              "ami-01ec2e221a2be53ca",
              "ami-06e9d9ad1ff229141",
              "ami-05d7c56a8dae140d9",
              "ami-037de1f9f158b63f1",
              "ami-0055e2aae747da437",
              "ami-0d2560ee82f8df286",
              "ami-0df42a34a686103f1",
              "ami-048b6aa6517919b2f",
              "ami-03fd32e5cbcc1ce4e",
              "ami-0ae5fb18cefb3683c",
              "ami-02219a19ee3bde010",
              "ami-033ff982c0036a363",
              "ami-073c9adddc352b113",
              "ami-0505e9ac20919aff5",
              "ami-0436bbe3ea72e2f16",
              "ami-0b4cbab9d9184e10d",
              "ami-0d6325464fe792ade",
              "ami-045201183f4cb59a1",
              "ami-0e6ec5115989adaf6",
              "ami-05237b2b258033b2f",
              "ami-03f9532623d3fe684",
              "ami-0f4e8164247199444",
              "ami-0e55b244ab588348b",
              "ami-008493cfe240f6896",
              "ami-033fe231e3e9accec",
              "ami-064ec47318a869dda",
              "ami-0e0061301c8db2f25",
              "ami-03d2e7ea22101e7ee",
              "ami-0093a190d6d4b6398",
              "ami-00543091aa1bf0840",
              "ami-06afbdfbcc076a484",
              "ami-05cd75fd3630e39d0",
              "ami-032a551572c8b4f7a",
              "ami-0eada6d3df401d2f2",
              "ami-0da3d2971069b5f8b",
              "ami-077f9f636e493a7e5",
              "ami-04374d97811ed6951",
              "ami-093a403d0ac2b923d",
              "ami-093336bb2de68cde0",
              "ami-0788ed331c80d7f13",
              "ami-0b532642573bb2afc",
              "ami-04f4cf17f6df4df08",
              "ami-0c39ab4ab12c20c5b",
              "ami-0c178dd3d40054053",
              "ami-0100715a018f19a8c",
              "ami-0aabeb8add373d04d",
              "ami-06214fdacd6c99cef",
              "ami-04b0c609dd94357cc",
              "ami-00a355ddbf7117b3f",
              "ami-0a82bf414cc8c399f",
              "ami-0d09e0cfaafeec3b5",
              "ami-072d7854bec363ad6",
              "ami-07836185c38e4b3b3",
              "ami-0119f8c1c90eb5af9",
              "ami-0c561f984a778e141",
              "ami-0518f73b411763081",
              "ami-0b3bb8fd2be657426",
              "ami-01cdeccaa1c528e79",
              "ami-09da60820dda94437",
              "ami-08c2cc18ca34ad7be",
              "ami-0e8593019b320a9d8",
              "ami-0700fcd0f5ff293c3",
              "ami-04b56d7881279adb3",
              "ami-064c58f91a4822bdb",
              "ami-0e524c0e0ae6da5b2",
              "ami-0a3bca1ca977d13cf",
              "ami-0954fb895632fa8a6",
              "ami-0a2bd4cae8c5e7516",
              "ami-07c482ef581ec6c9c",
              "ami-0640c8e743a2f4335",
              "ami-0f69dd63460961116",
              "ami-07470968c4331334d",
              "ami-050517ac307507689",
              "ami-05396b8af457d871a",
              "ami-04a798af1240b8087",
              "ami-0a5aba743bfd460a6",
              "ami-04b7b36982406e4ac",
              "ami-0d9e2d18f2f776242",
              "ami-03f84f4af1091b42d",
              "ami-0daa5706b3485be39",
              "ami-01acb801d4ee75d20",
              "ami-04172b9486bddf2db",
              "ami-07c6464f59f1bc064",
              "ami-06a469f09a37055fa",
              "ami-063412c813020d3a3",
              "ami-0b126a43de5b3f82f",
              "ami-0df83a1aaedb3b220",
              "ami-07bee4863e9773453",
              "ami-000ebf33596c7530d",
              "ami-051ba460f40cc18df",
              "ami-09b87109c8d90dd74",
              "ami-09765ec1d8021afc3",
              "ami-012045ba59bc53269",
              "ami-000e8d94420b533e2",
              "ami-0c9828ec0c19ef4e5",
              "ami-008de8aa2b5e7cfbe",
              "ami-0710e7f731d454bb3",
              "ami-08cf9e79a07ea2429",
              "ami-040e9d73ca3154112",
              "ami-034473ee1ccce2ae9",
              "ami-0a4af22110e99f720",
              "ami-0b579c540dd3a5ee3",
              "ami-0409a46c5d119e069",
              "ami-09a44b9fbfc951b62",
              "ami-0c83986bba53fb076",
              "ami-0407aed131bbe060e",
              "ami-058125684009034fd",
              "ami-0af0cae5c7bdb7287",
              "ami-02b18337b10c1224f",
              "ami-08d6aafd0a81ab5bb",
              "ami-0364d4ee1a952f420",
              "ami-0418111ab660a49e0",
              "ami-0635376070ebe7ad2",
              "ami-05e8fac2b1a986601",
              "ami-0ba6e8ea2d4526ebe",
              "ami-099f226ca4d87b88c",
              "ami-0c9332873e838dacf",
              "ami-0233014884951dc90",
              "ami-061e583f220e144aa",
              "ami-0b0b448bd214ea9f7",
              "ami-0ac86fe8f11b49a77",
              "ami-0926d92fff550699d",
              "ami-05138a56327afe658",
              "ami-05df6d11e3ea6c9b1",
              "ami-0437f179bf70daf50",
              "ami-0ebdbd80b4da42da7",
              "ami-0fe5807a4b210fe52",
              "ami-0834abbd87404b629",
              "ami-00530ab60279f76b5",
              "ami-0d52f2a082fcd061d",
              "ami-0f7afabf565167e00",
              "ami-04cfd792c8dc15fe1",
              "ami-0014c90d7d4306523",
              "ami-09848d54c6c92a4b3",
              "ami-0f1ec2ada88d54e7b",
              "ami-025d18ab704ae3866",
              "ami-0be581252c3b3c6c6",
              "ami-034ef8c27fe909732",
              "ami-0c127a814521a01f1",
              "ami-03f427c20a4dbc2da",
              "ami-02f5a4955d71e0f8d",
              "ami-05648f4a74779d16d",
              "ami-0efd894fa32891e7f",
              "ami-02ff735a5d95cff0b",
              "ami-08e4cb3fb8c659a76",
              "ami-028f40351d16b71cd",
              "ami-053023ad21975ce21",
              "ami-090a1be813f128d0d",
              "ami-0724b7bafb648b202",
              "ami-0c01fe4ece2fb04f8",
              "ami-0c81cf5c6a78c0403",
              "ami-09b6ef61eaa3315a4",
              "ami-0695bdb44b0126005",
              "ami-0840d8d65b0a08033",
              "ami-00074b8e8db08f0c9",
              "ami-0d7409afa28e0303b",
              "ami-0910caad93a23c407",
              "ami-06a7bf610e56a96ad",
              "ami-06edb368975956e1b",
              "ami-075b730f088df3b0d",
              "ami-05f4423334c30389b",
              "ami-06d2640ef7f830d3d",
              "ami-07ea665cae2d4a4e8",
              "ami-05f7b4433ca4aee6f",
              "ami-08b5638c622481982",
              "ami-0eb9dc19b400051b4",
              "ami-06a1634dba2febbab",
              "ami-013a071264b42f1f6",
              "ami-0f5c07c940b692d65",
              "ami-09bf709b0d297842f",
              "ami-028c52c07af84c863",
              "ami-0e4012d5a5b2e03a5",
              "ami-02f022f14caec8b33",
              "ami-04c0f2b176ed9b582",
              "ami-0f4bb905efdc6d57b",
              "ami-0d80276f3cf85edaf",
              "ami-037166f8a5503d618",
              "ami-00a69696bed38f27c",
              "ami-0c24b03f7fef3d61d",
              "ami-023d9371e94dfaa88",
              "ami-0fe6559ede4b85aa6",
              "ami-0e93a95197216f582",
              "ami-01b733d91380c5811",
              "ami-076a04fd2953b3881",
              "ami-0b22bd368f4c21a25",
              "ami-0b92b7887c8335ea0",
              "ami-0edacf1268f9fd7be",
              "ami-04a1fd5e0195d7cbb",
              "ami-010a673d685cd966c",
              "ami-0a56d7603790d2cee",
              "ami-01038f2d92636789c",
              "ami-08fcaf9c31f2195fe",
              "ami-09d139f710232efed",
              "ami-010b89498989157be",
              "ami-05f50ddf72a7fc487",
              "ami-0f32c043d766e0d8b",
              "ami-08423e48674cf7a21",
              "ami-0957bc07434153fcb",
              "ami-02278ce133efa5d66",
              "ami-0a45dd02b6e8900d4",
              "ami-0ffcaf33abca4674c",
              "ami-022d11688ca270497",
              "ami-053d31654c1d3409a",
              "ami-017756c3e4cd7849e",
              "ami-00c864d2268ef0087",
              "ami-0ab8dd58ec7677778",
              "ami-0d9dd80faf309b97e",
              "ami-0e10153ab80ccdfb0",
              "ami-057f7e34dc12e5ca5",
              "ami-01dffb505d49c3033",
              "ami-0005142d842481608",
              "ami-0ae0b457a6b550303",
              "ami-0a491fbc700c26797",
              "ami-0c40fa1f402a91e34",
              "ami-04be9e305d79681c0",
              "ami-04ba6a93256ba846e",
              "ami-03233cfbd3bd253d2",
              "ami-00e3fe77c40f432f6",
              "ami-078dee31c0192ad9f",
              "ami-0ac565912051a80ec",
              "ami-0930b65a94af20bdc",
              "ami-046f604a1dd07d6b3",
              "ami-09ba35ae20041f8c7",
              "ami-0146524e61e37cf8f",
              "ami-0554c54743a9db408",
              "ami-06ac7e4e1a13fdf8a",
              "ami-0131c65a3ebf8b991",
              "ami-0b056a62bff850b56",
              "ami-0e4a29a5425713f6d",
              "ami-05f3188b65b8d3073",
              "ami-0c1365e47c60f266f",
              "ami-02c829db5667d1ed1",
              "ami-0e00bfb4155a9b8b4",
              "ami-0bab6d2b3fffafe52",
              "ami-019bae79dfd008a37",
              "ami-0d50754b9ba593f47",
              "ami-091286b37986237a2",
              "ami-01bce84d79b828198",
              "ami-0fa73466e4599e51a",
              "ami-0564b6d7df5470154",
              "ami-0bc85f0e8310c76f8",
              "ami-0f385edd25484c2dc",
              "ami-086ffca077b250f24",
              "ami-0f4657ea260af2c50",
              "ami-0d447f2baece92e05",
              "ami-069d486245481c64e",
              "ami-094a7dfabbca33211",
              "ami-0341afac8484f41d9",
              "ami-0ffac5eb513f5db8b",
              "ami-0181f50d21c68d42c",
              "ami-021753f9331964011",
              "ami-06d36a4aea47ba954",
              "ami-0920d46fc0c8ba55a",
              "ami-06f7e6481526aecb2",
              "ami-0967d4911cb1890e2",
              "ami-09ea703729766c8ab",
              "ami-009092dd68b998b63",
              "ami-0d1e8baa93d850ceb",
              "ami-0f9e27bfbe35e9ab6",
              "ami-02382e75b6a1e7a30",
              "ami-0aed6d5dbeaadd25c",
              "ami-0f7f1ffd6e89907b9",
              "ami-0caea7d2f7448089a",
              "ami-0db16194894e032d9",
              "ami-0454c1368bcf37c91",
              "ami-0b30749203cf25d00",
              "ami-0b6a6b326a778aed4",
              "ami-0a4c4542645c20a99",
              "ami-09f1addeb9f84d01f",
              "ami-003802cc48da7c9c1",
              "ami-07742aab2ed6dd93c",
              "ami-00e8e945708824a81",
              "ami-0157d2ae0e83f8859",
              "ami-0aeadc91b7708008b",
              "ami-09c2e771bc87ba514",
              "ami-07051c82ea84dc106",
              "ami-01ac9cea9b402b0f3",
              "ami-09079ddaaa15381dd",
              "ami-046ce50aea98b033e",
              "ami-0b735ea234b7807f1",
              "ami-0c57db354252ba5d7",
              "ami-04a4ea9fdb64b17a6",
              "ami-07a646dd0337ad0a8",
              "ami-076ccd3e4bdbbe88a",
              "ami-0886a95ce1f2b747e",
              "ami-0d01d4ee677e8a616",
              "ami-0341a52c8bb9f0830",
              "ami-0085ba60fbefd74cc",
              "ami-085489c1994358d3c",
              "ami-0267487014a13dbf9",
              "ami-048b6983621857a20",
              "ami-03f3c77a65dd91f64",
              "ami-0efb65c9a3cd01373",
              "ami-05878feda8c8cf05b",
              "ami-04bf7a757d49e1ab3",
              "ami-071e753ada6dd9342",
              "ami-0d7046e1d357b6b85",
              "ami-09556485af3868247",
              "ami-0989e0a4aea50346f",
              "ami-07ada645a6f9bc3cd",
              "ami-0d0ac22c2b08d574f",
              "ami-094ae7231dd80721e",
              "ami-0bd2081943cc901d8",
              "ami-0cc4dd05ae615c270",
              "ami-0eb65567f30eff4e4",
              "ami-0201859d824d9e448",
              "ami-06ddc70cd11442197",
              "ami-013685f46945d13b6",
              "ami-0d6fa523c7627fb57",
              "ami-0feca5ec85f813c6b",
              "ami-083e08861af955ee6",
              "ami-004a16ef952cb5cad",
              "ami-0e965430b7c236c29",
              "ami-060953b2f1c8f437c",
              "ami-06e58402fdf4acbfa",
              "ami-0c6e348d4c77f3681",
              "ami-0293522f7508e26d0",
              "ami-0563e64ba781ca88b",
              "ami-003f75bca931b105e",
              "ami-055178261649db58f",
              "ami-054a16fc72d2dd232",
              "ami-0ec6e9a2f418df98c",
              "ami-0918cd8b9a27ee544",
              "ami-052522f716a43f492",
              "ami-0f4dae995d02e8a77",
              "ami-08e79fedfbd960399",
              "ami-0187406dd74ad9db3",
              "ami-05c6d91abedc765c0",
              "ami-08b29fef4c2890f9c",
              "ami-0b2f55626809ba2a2",
              "ami-07d53d34975d8eeb3",
              "ami-047156dd1a9878b4d",
              "ami-0fcc0f445f86d6a8c",
              "ami-021e19054edaaf929",
              "ami-08bd8cf63cda64859",
              "ami-04c33e5aa8fd573a3",
              "ami-0ab7c1fc1a061dfd2",
              "ami-0c532a47d5a5d0e82",
              "ami-016391fed79088dfc",
              "ami-0fd1fc1e766651403",
              "ami-0792ababea5b93a3e",
              "ami-055113c1780337cea",
              "ami-09108c20f92859a91",
              "ami-09acae00363a2c522",
              "ami-073f7ad836656c29f",
              "ami-0bbb3025ce72f98a3",
              "ami-0e6faa950fecc3206",
              "ami-070b76a6c32504fa9",
              "ami-0f5abe2380965bf5a",
              "ami-07f16a9543b7cbf66",
              "ami-0be473fd43416e8e4",
              "ami-0b21a0d8a16145490",
              "ami-0423da10ed924b123",
              "ami-0048be5a440667649",
              "ami-06b3fd3e02ea7b25a",
              "ami-0b0ae29ad6889a0d2",
              "ami-07cb05e64ae317eb7",
              "ami-033191ef87b677558",
              "ami-0f0c44fe890613d0d",
              "ami-0cd0815a78f95b600",
              "ami-01daefd0cf95e8d68",
              "ami-0204abab8d16e9485",
              "ami-0f68454c7b70c16ca",
              "ami-0769489e69e827ad3",
              "ami-0d00264f9b5b509a0",
              "ami-03726ea1398b40994",
              "ami-0efd757ec18bb26b1",
              "ami-08491859893ed1ae6",
              "ami-04631ae70599a91c9",
              "ami-098e85ddade27d16a",
              "ami-0dfac3eee654a995d",
              "ami-0b9811b5f11b70b38",
              "ami-0a8374bf51785cdb7",
              "ami-03ed444e5e564585a",
              "ami-0e6afbec29feb0488",
              "ami-0a7c9360d3eec204c",
              "ami-086d76f700d1a0db2",
              "ami-0402a22546dac53d0",
              "ami-0317e3a5f6ba8876c",
              "ami-07651f5437871d856",
              "ami-057d7faa495a4bd48",
              "ami-0c37bb3a4885a6f9a",
              "ami-04369d38ee6916877",
              "ami-01d0aadfb96becdd7",
              "ami-06c7b2b91e450746d",
              "ami-00567b84cbb1f3832",
              "ami-096812f0af68e0458",
              "ami-03455d888610765fb",
              "ami-0b5739ea71928e6fb",
              "ami-07166b9bb7455f95b",
              "ami-0b03ed5ebf1d8e0f6",
              "ami-05e6a78c09c446bc0",
              "ami-0dc5785603ad4ff54",
              "ami-07084caa8c4cd9eed",
              "ami-0181ac29147cd53e9",
              "ami-025e3c7def02a3388",
              "ami-08b2faa85054b9dd4",
              "ami-0d1d4b8d5a0cd293f",
              "ami-0ab03a9e4558de700",
              "ami-0b06611ac2993678d",
              "ami-0129b0e6f94be550c",
              "ami-0a05d5d9bf3c1a0d0",
              "ami-093edd2f93bd9e866",
              "ami-0110d9fd579c798e1",
              "ami-01a17879566dbf0d4",
              "ami-0200ffcce8a0b4767",
              "ami-0cfb57b904234f475",
              "ami-00d3c785d0ababda3",
              "ami-000359c96770d995d",
              "ami-0cbb5ed19eaeab5bc",
              "ami-0b0582225bf19dc73",
              "ami-04137e0582bd2ee5f",
              "ami-067346ec1067dcc95",
              "ami-04230f8f0e15c22d5",
              "ami-026f4268621f610f6",
              "ami-00f495178f6f831c8",
              "ami-0957ced758986b95f",
              "ami-0777702c1e150d159",
              "ami-0e3b46a2f593c683f",
              "ami-03a774abaad6eeb8b",
              "ami-0216ae6f68d2643b1",
              "ami-0eeb956b43183f22c",
              "ami-0c3d3731d5316c70f",
              "ami-0e588d8f420733e6c",
              "ami-056085e35100fcd15",
              "ami-06ada96bf910b1344",
              "ami-03d20fc12884694ee",
              "ami-055d15d9cfddf7bd3",
              "ami-00a021f65f8e9cf1c",
              "ami-07315f74f3fa6a5a3",
              "ami-035d952af1e83a0d9",
              "ami-0012c2bf0d5c07355",
              "ami-0ebcb1118afd2cf50",
              "ami-09ab6d1f647ff423b",
              "ami-0aff38e618f03d012",
              "ami-0277380b08989dca3",
              "ami-01dd09a0d7169854f",
              "ami-08bfe96d70009c6d2",
              "ami-0783a7be2a0d85a5a",
              "ami-0e55cf60890ced1b1",
              "ami-07902d0ffdfc71c3b",
              "ami-0aa96fcee5aada319",
              "ami-0591f66e05ad5725a",
              "ami-068b290ef072fcf47",
              "ami-0207b2d43ce95fe50",
              "ami-096343ab3b467457a",
              "ami-05e4e6e6541a19f7d",
              "ami-05734dd8fa6856540",
              "ami-0ccbd3c6dfc974be3",
              "ami-081e36b1101bab1b4",
              "ami-08e5cb5db3c0f2933",
              "ami-07b298a1a89fbb979",
              "ami-00b8a60a29545e155",
              "ami-0c974118c3765671d",
              "ami-0a055d6d0bdadb998",
              "ami-062764cd47196d20a",
              "ami-0486d6cd74371fdd6",
              "ami-002ecbdf0702bf80d",
              "ami-002e2045ddf46554e",
              "ami-02f977f4ea43640df",
              "ami-0cbdcd7ddb53e4eff",
              "ami-0ae2684d3989cd898",
              "ami-04e73fe5ab0abfb5b",
              "ami-0193976f5ae884c23",
              "ami-02a8194f68657d996",
              "ami-08f200e74896bb51e",
              "ami-09386d48364e8ff5e",
              "ami-009d185f2a5829856",
              "ami-0596843b35e1e5eda",
              "ami-0eb345e709467eb69",
              "ami-0395565e5f8398361",
              "ami-01abd3501e9457d4d",
              "ami-05183d322cc8f89ca",
              "ami-0a85f5745db9c6f11",
              "ami-03bf797f7dcd2acab",
              "ami-0bd064e4b5de51444",
              "ami-0b1f609716a73ce37",
              "ami-0baf1b7a95a386db2",
              "ami-0a8f833d6ee2c125b",
              "ami-0d75b63d878ec030d",
              "ami-09d66c59bf86a8372",
              "ami-0c430fd5024d28ef3",
              "ami-0da30365686361e00",
              "ami-024ea0fa45bf6cd2b",
              "ami-051401abba9a3ea63",
              "ami-0dae65f3f50743450",
              "ami-03e7bb4f604edef4e",
              "ami-0d922146f644f5394",
              "ami-03ef99a7260044ce5",
              "ami-0fe401b3136196d68",
              "ami-0be718fccdf479b57",
              "ami-0e08eb263a84f756d",
              "ami-0cf690431ec10ba18",
              "ami-0d22b764e0444842d",
              "ami-0a7b6680dad1cc3bd",
              "ami-03d418e2c75064292",
              "ami-0d1fe6a3e92781aff",
              "ami-0ce08c61a1cbf58a5",
              "ami-0f9a1f8fdcd683da5",
              "ami-0da7d23f914eab7d7",
              "ami-0f3f1068d2686ba77",
              "ami-0617fd9b4d956ae03",
              "ami-0f602c7fb1472131c",
              "ami-0c6a519100239dd34",
              "ami-0e3c2de819ca648dd",
              "ami-0bd4c34fbf23ebf69",
              "ami-0e38089db597a58cd",
              "ami-0844ba509673af23a",
              "ami-059860b18716450c6",
              "ami-0077767abf4197346",
              "ami-0287d48f14738d76e",
              "ami-07eaf93d456a4adb5",
              "ami-0068d0a6bdff5ed2a",
              "ami-0bb3d2896b59ddcee",
              "ami-0bca495e176c401ac",
              "ami-0e5b064b9fb10a31f",
              "ami-04ff436e2ab231ddc",
              "ami-0ec7e8f00b1e14681",
              "ami-0f29c7e8a2b6458c3",
              "ami-07e79dc3bc41341a0",
              "ami-00cf1fc33cd909fde",
              "ami-074eaa3da373d373a",
              "ami-0ff297662c4840aa5",
              "ami-0ba20eed2cfd95fc1",
              "ami-0609ede7d87496b1c",
              "ami-08e98440f59cc402c",
              "ami-0b5ef2e4c7afb5544",
              "ami-09df7bed19956d10b",
              "ami-01cad20f15d3f7d41",
              "ami-057b08c528e16728b",
              "ami-063283b8daabb32c5",
              "ami-0ed284fc349e8c101",
              "ami-099b76bb97232caf1",
              "ami-0fd2eeb579e5db286",
              "ami-0beb4759d6c59348b",
              "ami-02a732c7b2e4cc07d",
              "ami-050fac7d0d96acc93",
              "ami-057c88eca6c11438a",
              "ami-0ab0605e9687d4d1e",
              "ami-011c307409c9be65b",
              "ami-0b5cc055e1c3ef332",
              "ami-0c030cecf390f2ded",
              "ami-01539384e059c7a9f",
              "ami-0eaffc9ba72cc6410",
              "ami-089aaab8cea8f97be",
              "ami-021aa2bb05e0924ec",
              "ami-0cd183509475ba2c8",
              "ami-07b3e01b6fd94b417",
              "ami-086fe5edda66e397c",
              "ami-0e529ef7810424d84",
              "ami-08f64bacba4b7335c",
              "ami-0471436f1f76ae63d",
              "ami-0e4ba71d374f71355",
              "ami-0df8e935e20fdad27",
              "ami-0403abdba57885e20",
              "ami-061d67956c7ae83cb",
              "ami-0a5cb09fbf753e708",
              "ami-0842c013786516239",
              "ami-073dd0dc552af5539",
              "ami-005fa6828e3f4a6c8",
              "ami-00859b9533a04e6bf",
              "ami-0dc9c02f6a8c7b9d6",
              "ami-08e3aa815d3e78d04",
              "ami-05893ca0fd716a7e8",
              "ami-0d12e2d6c0920b8c9",
              "ami-009b61cfece9267a3",
              "ami-0754983c7b7863417",
              "ami-05757e575244ffd6b",
              "ami-092a5c3b4405634cb",
              "ami-0dcd4d7f86fca8ad8",
              "ami-0a4bcdb08e2c1d5cd",
              "ami-0cdbfad9370956d93",
              "ami-0067c45be31f186e2",
              "ami-07e8988702c4eac28",
              "ami-09d4f5fec2f577d37",
              "ami-0e8fba1a18ab6eeb2",
              "ami-07358aed980d046b6",
              "ami-0c9f9e6ce59650b03",
              "ami-0a5f182c44487db9b",
              "ami-025cb281f06b248a2",
              "ami-0b30bfe3d69d71fae",
              "ami-0977ca20e390120ba",
              "ami-023813c12b8ff1bf7",
              "ami-0c28ed2b458953438",
              "ami-0eca1d7d14eef579d",
              "ami-0554f262de9c9a09c",
              "ami-0cc8c2c4dd2678161",
              "ami-0998c68a357a02a58",
              "ami-0e9df27aac438a033",
              "ami-0c97f71b02fe267e7",
              "ami-0160bc08f0142b0c1",
              "ami-0f09df9f6b7dd9f16",
              "ami-063f1c3bd59c5ec4c",
              "ami-0a6ac24da2e700087",
              "ami-0f3db216313329143",
              "ami-01a07c3a0ab72c4ca",
              "ami-09e1af8183973c1ed",
              "ami-02f967bdff245793b",
              "ami-08ea781acfaea8582",
              "ami-0dcdd37dde73c7a3e",
              "ami-0c877e2a0fea6e16b",
              "ami-032317ce83a878bd1",
              "ami-0ebb046c725a3fe78",
              "ami-083d499b834b794f7",
              "ami-00a857e6faa6f293f",
              "ami-035a51a6d15a754bc",
              "ami-06c18f4b9ff9c9278",
              "ami-091a179eef45a7393",
              "ami-0d14d879f97a89752",
              "ami-0bfece13728e86255",
              "ami-03caa23516b012a1e",
              "ami-01af289449f6271d5",
              "ami-0ec19594c3ffdee29",
              "ami-0b9008e7ad0e08021",
              "ami-0c75c666ec679b5a5",
              "ami-0a337b2d5ffe13a83",
              "ami-0b62c01f94256f95f",
              "ami-089cb4043521d2abe",
              "ami-0041c6c8e2d5a2b5f",
              "ami-05b913b1be11862ac",
              "ami-0adfed49d2a7bf691",
              "ami-0c82bd7be12b32ec9",
              "ami-027739eac0afa3bcd",
              "ami-02471e16b96f76d23",
              "ami-07531247d8ffe0a76",
              "ami-06622b58180816b7f",
              "ami-06f4905e339dc8557",
              "ami-050f68e23e17d7449",
              "ami-02121f639e9ab04c9",
              "ami-07f7d7648dfb41b14",
              "ami-0ed68a8267c54034f",
              "ami-03e4f7f2af9500dda",
              "ami-03fa5ee9f782b47a7",
              "ami-03e158edacf35f956",
              "ami-0e410386875886ed0",
              "ami-05c98a8fb66222ae4",
              "ami-03326c3f2f37e56a4",
              "ami-0eb37bd2984c5a9f5",
              "ami-040e51086e30f7521",
              "ami-0de56c4e3455844de",
              "ami-0ce0674f97d57fc2f",
              "ami-0397191aff7a1e31a",
              "ami-0679d07bd530fd7e0",
              "ami-06d3a96eb9edd5ec9",
              "ami-085b0ea369abb58e5",
              "ami-03ea614bc1498d084",
              "ami-01547f69458aa9a7f",
              "ami-043b4729f5e7d69f9",
              "ami-08cb8a1a835fe6a2e",
              "ami-025566f40e75bd102",
              "ami-0a051a3c75f4b64b7",
              "ami-079bf7f2984343601",
              "ami-01eacd3360c0387e3",
              "ami-0bd362b8e1713aa87",
              "ami-0173c8f684fa21fc5",
              "ami-0281099512deaf54e",
              "ami-0f6f91e85484083db",
              "ami-07e9c47baffd8d837",
              "ami-028fd7926f7a531af",
              "ami-0c6441d083185b1f9",
              "ami-0f83c580fd2e11ccc",
              "ami-05cf4c2f2f56210f3",
              "ami-06fd1d47768cf7134",
              "ami-06f2893c5255a946f",
              "ami-095f35d9c9694f5f4",
              "ami-083d3245749c930dd",
              "ami-0f83e89009acb42ed",
              "ami-0f22069626269dff9",
              "ami-02dac053e978412cd",
              "ami-0ca9d5a2a6a3b5e10",
              "ami-071fbc655b2398016",
              "ami-07eb5ea5b57b4274f",
              "ami-0d8b0a09d9a2865fd",
              "ami-0ac74020884da823d",
              "ami-071869d6ddfdcd229",
              "ami-01c21fe08f3a75b1e",
              "ami-0ae189d38aa050ebf",
              "ami-01faed668c28ba611",
              "ami-015b16155aafdaee8",
              "ami-0dd450d204a06770c",
              "ami-028eb39104b5be7b0",
              "ami-04bba1ac1f6ce0c7e",
              "ami-06bbd61c8e15943d6",
              "ami-0ed6bd5b895f79fed",
              "ami-0a8dd3ecd2c3068be",
              "ami-0478d6eebbc38c806",
              "ami-097c2618efef2aeb5",
              "ami-0d630aee9e8d83be0",
              "ami-02a7c95f88f00390a",
              "ami-019f37a74a1371f19",
              "ami-04e83984bb3d783ce",
              "ami-0040459ec8801cb57",
              "ami-0436f0db71eaa52d7",
              "ami-01f56515f69ba4e82",
              "ami-079bad6507ad66a94",
              "ami-04b00acd3c4481cd8",
              "ami-0f77a8558bf2fa91e",
              "ami-05ff6fea656759d8a",
              "ami-0ed1354bacbc379a1",
              "ami-02895ed2cb6d85717",
              "ami-0f729ce135536f9e8",
              "ami-00320afc6c41c9219",
              "ami-04ed8c1606dbbe336",
              "ami-0abfc9a821746d56c",
              "ami-06cbac2ef611baba0",
              "ami-0e8c26052c2efc434",
              "ami-0bc7a707419a39bf5",
              "ami-0d84ca7580a12893f",
              "ami-05dd8d8d57b760386",
              "ami-06161b6a192f05159",
              "ami-0e697a971e1cc79e2",
              "ami-082cef542cd7c49f6",
              "ami-066f3208a1a9b65e3",
              "ami-003d5237e9b9c9eac",
              "ami-03214bdaf2333c48d",
              "ami-08ae7f4686a90fdc7",
              "ami-077534d2942dc6bf3",
              "ami-03b3761005c29645f",
              "ami-0425c9cda994871c1",
              "ami-0965dd0dac98a833a",
              "ami-033af648439e1bcf9",
              "ami-07ae6386aa896d84b",
              "ami-0b97539a212fadc77",
              "ami-0f85e5a40fb786e98",
              "ami-02f839a2c3597d992",
              "ami-086c579a9e3faad9b",
              "ami-0b2f2568be555480b",
              "ami-0d6565f98d85b0a38",
              "ami-0170c51f62e8cd059",
              "ami-065cee62e7f797363",
              "ami-0620f6e50f87707d3",
              "ami-090a3f77255e15689",
              "ami-06c49ff582c651f0e",
              "ami-08fcb7ac4efb266c8",
              "ami-0164a727863be58a6",
              "ami-0b02f0ad5217c407d",
              "ami-0981e596e80b32656",
              "ami-03682eb838f55b64b",
              "ami-0c659ab0c87e29a0d",
              "ami-00922d5f6e2927b65",
              "ami-0a25e6179716608f9",
              "ami-047a0f7563c63903b",
              "ami-0fae5406c83bf87ce",
              "ami-00eded7751b562f24",
              "ami-05fc081061c1b2a4a",
              "ami-05aaa29e922185283",
              "ami-05f40cddf101f2146",
              "ami-00653100209f2247d",
              "ami-01d962e5c1fa5327f",
              "ami-075e65fb1bc322c8d",
              "ami-024221a59c9020e72",
              "ami-08603e494c8b20143",
              "ami-04879c252c7624abd",
              "ami-01b1a154134b567de",
              "ami-0a2263b7710a89837",
              "ami-02d2406db25edbf10",
              "ami-039497e8d5c4de929",
              "ami-00501a3fd3ad918bb",
              "ami-0196813fa872e7024",
              "ami-09a2ddfce7ef38ddd",
              "ami-0617398fe2f7b3096",
              "ami-0c555244b671ae1b8",
              "ami-0b2d2e6179f38302a",
              "ami-0c087995ed39e87cc",
              "ami-06fc2c28d2296eb24",
              "ami-0318759718580e9cd",
              "ami-02c9f85eb70404701",
              "ami-04684f25b564ccd56",
              "ami-099266fcfb476ff6c",
              "ami-0884171a38b27fefb",
              "ami-06b6b582547961d79",
              "ami-0c22516076d5aa960",
              "ami-0f33d5b5ead723b35",
              "ami-04c84350416157edc",
              "ami-033a9150af08dd157",
              "ami-087ad9a7bc65f8057",
              "ami-0135b9627bb06748d",
              "ami-071091af2dd32cbef",
              "ami-0f9e6b4d18aa2d3bc",
              "ami-0c76268e1ae56913d",
              "ami-0c756c799f1341cdd",
              "ami-0c92720712a4e6af2",
              "ami-054bdec2d5e9fe51e",
              "ami-08ed27934a49d9aec",
              "ami-0fcc3484237f48401",
              "ami-05c0be0ddeb5915f9",
              "ami-06c2d587b92f4f3f2",
              "ami-09afa18e54866c284",
              "ami-0d4f1677fbd7d6c16",
              "ami-03f08e5d8d4556625",
              "ami-02a9143259af16374",
              "ami-01629b7ceeb78dd33",
              "ami-0df46b65ba72b8d67",
              "ami-0cebc9110ef246a50",
              "ami-0b02e39be6588dd70",
              "ami-0430ce63385671efc",
              "ami-0108682da643ddad6",
              "ami-0397bb5f9e44055cf",
              "ami-0d9690a74bf08b476",
              "ami-0289839534f5ca93f",
              "ami-0ecc88eef369c12c7",
              "ami-0388205b07eaa0812",
              "ami-0f09389f94ce9a0e7",
              "ami-04a99cc8c96bd4e30",
              "ami-0fabf55bf17b87564",
              "ami-05670ef370d5a9161",
              "ami-09066df5aff2c50d3",
              "ami-03d44d615d28e0b66",
              "ami-0f53c5ec0495b7f22",
              "ami-0ee77d67e062ad6c3",
              "ami-01be1a123bfbf0280",
              "ami-0765539e6ff97221a",
              "ami-011ec373bde7da046",
              "ami-05f60cf5d3f3166fb",
              "ami-03e6011686c9dccc8",
              "ami-017ddefb0170bb2b7",
              "ami-0890c6b9c6fc53f76",
              "ami-05b6273f7ecba517a",
              "ami-0bfb49a1d2194ee52",
              "ami-060d0690642e59968",
              "ami-09670048cad2ea4eb",
              "ami-06550b94de640449e",
              "ami-0970eb6b03b931c7a",
              "ami-09af2aad6ab8c0c7f",
              "ami-06fe9204d0576d601",
              "ami-0e8f7e5343bd71d63",
              "ami-08adb5e13fdc27866",
              "ami-08f39e26bb5acbb17",
              "ami-0f17a0d232b040336",
              "ami-0e71ca2e0c2d8483b",
              "ami-0084a20aedd9dfb47",
              "ami-07bce125d808da726",
              "ami-024c4843f21a91140",
              "ami-0abddf2fc33a12069",
              "ami-0c2271da65fec4de6",
              "ami-0a58109690c734e89",
              "ami-0c67dec5e6dcff945",
              "ami-0fa74653e3801dd84",
              "ami-00ddd806432e7c73d",
              "ami-059aee02ef9d47d13",
              "ami-0cd2cb20c4e24b802",
              "ami-0e5f0829af47e9181",
              "ami-0f039e0cca11ed91b",
              "ami-0cfecfe2f8d872360",
              "ami-0a4322f33cc586ff0",
              "ami-07d2de4517bd80d62",
              "ami-0b9d7538caedd5da1",
              "ami-067d02c1295739e9b",
              "ami-0180c8d946160713f",
              "ami-0f7341c18a937d40a",
              "ami-06f90789620f5fa88",
              "ami-0e2d09600604cdd7a",
              "ami-07ad695ade7d88962",
              "ami-0e6dc0cbba59b0ccb",
              "ami-001517405eba3ae6b",
              "ami-06b149cee2aeba1fe",
              "ami-03f1c7d28e3a1909e",
              "ami-0024428a071556f44",
              "ami-0b095bb28fe4152c0",
              "ami-09056c1e788f291a9",
              "ami-0e2026b20e8e2aec4",
              "ami-07215ac478f216d2b",
              "ami-0d7dbb638a0648ac1",
              "ami-05bd414eaf77f596c",
              "ami-083847030a25c4eba",
              "ami-093bfb612a5af1bd0",
              "ami-011baa23c129c0d57",
              "ami-0129fb325c67a1c5e",
              "ami-05417972e13c49beb",
              "ami-0d76cb87cc8ce9961",
              "ami-06594447461dc275e",
              "ami-0ced1c6ea8eee2bdd",
              "ami-04e476d15b822b013",
              "ami-0907c2c44ea451f84",
              "ami-020538e6c9db1ad53",
              "ami-0f21c7238bf89f3bd",
              "ami-021b5ecdc2ae8c41d",
              "ami-0c00566f9eed3a3f0",
              "ami-021bf8d3c1832ee65",
              "ami-09646bcc9fce67242",
              "ami-0b404ca93f276c6c7",
              "ami-0fe4671a47bed302a",
              "ami-0d51ba92d1b0462d6",
              "ami-0df748d823f245c10",
              "ami-0c6eb4da54c38416e",
              "ami-0c377101343ae1075",
              "ami-069fce4c13ed06b34",
              "ami-01d79db7ad318bf6d",
              "ami-01283320fe7198890",
              "ami-045cab56cc9d1c167",
              "ami-0b246ddb40f2f5221",
              "ami-0d75a0b6295044139",
              "ami-087c8247b368fd54b",
              "ami-01f68f1c073aaa318",
              "ami-0ad87f8393ea664db",
              "ami-066db3d9f1c9cb04e",
              "ami-0aea355def802127f",
              "ami-0d44f00bb682fb71a",
              "ami-0bca8cdc3f365df0e",
              "ami-020ee256508d315c3",
              "ami-0ec2f04d000000655",
              "ami-0de8a8d7c425db7b4",
              "ami-0583f6f6fce44496b",
              "ami-05f7e2ac8cc791640",
              "ami-045dd1a0ea59ba423",
              "ami-0cbfd3e35fae7ae6b",
              "ami-077c99fd5d3be3974",
              "ami-0e79c24a0e6a39886",
              "ami-08db26b32719dc226",
              "ami-0343f060ff75227b9",
              "ami-0cb9e1fe1ec2def55",
              "ami-02ab8cc4ab1f0a63d",
              "ami-043aed31bf2103bc2",
              "ami-0488449ac9d3173f7",
              "ami-05e1e0d003af0528b",
              "ami-0de4230d71cf8184f",
              "ami-0f12143e0d57ebd6f",
              "ami-0ec543286781242b2",
              "ami-0df162a1fdbf2a6a5",
              "ami-0fbd3fdb3828b6c09",
              "ami-00536009f39dbe680",
              "ami-03f95c5372c2962a9",
              "ami-03a2850896ecb809e",
              "ami-0cbd5f13dc8ee4574",
              "ami-0db1e541dff6b4b2c",
              "ami-0af780778a134cd48",
              "ami-041fe5100657a0005",
              "ami-0d7f9add6b38c3a1e",
              "ami-0259f6531fe2bfd74",
              "ami-08ff85d780c7ae6f2",
              "ami-0518faedad5f5f9e4",
              "ami-0ffe28475b919e67f",
              "ami-0ecc8bf5615cecfb7",
              "ami-0ed066f8507e0b0ba",
              "ami-0028a3da5897654d1",
              "ami-034423f36c6daf453",
              "ami-0dfc8fef544a229db",
              "ami-079b6d85a14def52f",
              "ami-05bc93997a5fa8d89",
              "ami-094069574c5ea8d65",
              "ami-0df65faeeedd483c6",
              "ami-0a7d0ad658c635037",
              "ami-05a6182e7d7bf97fd",
              "ami-07112166addf7ae12",
              "ami-051a4f295411c333f",
              "ami-0e83099bcb640fa01",
              "ami-0477572cfe9c2e5fc",
              "ami-02061dcee710d49a7",
              "ami-04e3e68fcfc9ca078",
              "ami-021c4e1f9618b3119",
              "ami-030dafd151929100f",
              "ami-0fed77069cd5a6d6c",
              "ami-0432c4792c9806af9",
              "ami-03f9ac70176faf007",
              "ami-0c8733151dae8f960",
              "ami-072afd42a2c1fd831",
              "ami-074ffdc520c3c07e0",
              "ami-0479efd01345b984a",
              "ami-08ef4ac86b16d5738",
              "ami-0f1e18973393c05e5",
              "ami-05787d54675c77503",
              "ami-0ae427857037fbcde",
              "ami-0987968ee1e5ae79b",
              "ami-0e125e039759c84dc",
              "ami-03ce70fb58f6fe052",
              "ami-0b64e9a94341ef046",
              "ami-0bf9d89ff5bb7e306",
              "ami-0efdc7d1565a8d3e2",
              "ami-03ca76960160d7831",
              "ami-0c600872cbee79ce0",
              "ami-0120fea5e25cedd1a",
              "ami-0c5d20328d3d1584b",
              "ami-0847430e8d8c2d41d",
              "ami-055456ba17dc61b77",
              "ami-00f07a6156e5bbb32",
              "ami-0e9cb9da8aee494d8",
              "ami-09b3016cd9f169279",
              "ami-0a7fee2b22494fb9f",
              "ami-0e3c7a056695eb242",
              "ami-035e6a981020bff41",
              "ami-0116bf2b62083cead",
              "ami-01cb425284c9d1d70",
              "ami-0ed63d2840485b78d",
              "ami-0582fae880f07fc52",
              "ami-0611e589e91e9e4db",
              "ami-0a370f6126b828da2",
              "ami-08bed90d04703bf88",
              "ami-07c0c9071c812a125",
              "ami-027c8e7bcd98c7261",
              "ami-0ef6a05e1de9a0ff7",
              "ami-018347575425ed70d",
              "ami-0e2d76eec07e86464",
              "ami-0b3dc10db8db01f74",
              "ami-0160276d572c41d01",
              "ami-082f0eae8d5814f63",
              "ami-0ac8472c2a67af9ba",
              "ami-03d281443cf30bd45",
              "ami-0ac69b8e0267dc848",
              "ami-017db5037792572f4",
              "ami-053d072e4d056789d",
              "ami-058d939090746e793",
              "ami-022e59503aab24070",
              "ami-0f3d62fd97d641c77",
              "ami-04abbec9a65d53a18",
              "ami-089006c6c02c4e875",
              "ami-06524283e58d1d74a",
              "ami-046f182cbfda0df0f",
              "ami-0b2847febd5c934d6",
              "ami-0ba508beb1828b2d1",
              "ami-004497743b802a1b2",
              "ami-0cb3ecd586b54a6ba",
              "ami-0ce28154db9464892",
              "ami-04d77d6a1c004a0da",
              "ami-0e2846417afad4449",
              "ami-03905fe190af5bd3f",
              "ami-055222c46668400bc",
              "ami-038e56c4b3e10fe9a",
              "ami-0fd9bb77a40499ed5",
              "ami-065e8150ae50f73a2",
              "ami-06515dfc6905c6dfc",
              "ami-05cd737c70d146ca6",
              "ami-048caa85c512618c8",
              "ami-0c2a941f42a4730db",
              "ami-022d9eb1bd5dd7b29",
              "ami-0897aae30b0419728",
              "ami-0e6700d6a5e06afca",
              "ami-09e8f0c8b6b71b294",
              "ami-02938915cb15e3c97",
              "ami-0d81436ff1b56ff64",
              "ami-07198089da9f035c0",
              "ami-0b43a07b6673671d7",
              "ami-04fde4486a58fac01",
              "ami-0f56c6d93888b7596",
              "ami-0054193889391f1bb",
              "ami-05d772ed42d36b94e",
              "ami-013c1afd28266c411",
              "ami-08bd23129479ad913",
              "ami-0901ddeaf5086bd17",
              "ami-0f529895d1b7da9c3",
              "ami-04c7c6d4acb5f0ce6",
              "ami-0bdb5e586abfd18bd",
              "ami-0050daea9589eb5ca",
              "ami-09bc07852a3e17c5d",
              "ami-093b08f0fa50746c9",
              "ami-051be6484676f922f",
              "ami-0369fd5f2a36c666d",
              "ami-000511203b7e6279f",
              "ami-04c64403d58663d5e",
              "ami-04f13c4c90210365a",
              "ami-0f02ec95f60cf39f3",
              "ami-0b409e112e6356e7a",
              "ami-033aece16796cb3e6",
              "ami-0f3a19029a9ad34b5",
              "ami-0bc436b0c3f8e956c",
              "ami-03aaa20bb102b628a",
              "ami-0437041ee8616ec77",
              "ami-07225b1e22078b662",
              "ami-0e724a1405b6331d2",
              "ami-00ca720b46d943402",
              "ami-033c8176da872c15d",
              "ami-0619e180b4a64d509",
              "ami-0fa06196d8a73e590",
              "ami-01adb9946227c0a7e",
              "ami-0010be11cdf30a675",
              "ami-04ecaae07898e42e9",
              "ami-02185679f2bad405d",
              "ami-035278e5aefc6534b",
              "ami-0ab3e5c2f4bc3a464",
              "ami-08caeb270f2a85031",
              "ami-08b12037dcadfac41",
              "ami-043a25af82c18f3ad",
              "ami-0ba6253ca21ccd831",
              "ami-07b84da235be1cfcb",
              "ami-07a2982c76905acef",
              "ami-08b62ac5ab7e3c898",
              "ami-01145ce77a13c14c3",
              "ami-0f3481d539eb1134f",
              "ami-006da7a3ab50ee0cf",
              "ami-0424d496fc50cf8cd",
              "ami-08326828dfa0ec654",
              "ami-038485a762b12b9b6",
              "ami-024e4e5a494779378",
              "ami-00a8b8988499c9ec0",
              "ami-042d01efef32bc3d4",
              "ami-0a3d7d20dd4c6946e",
              "ami-0a428a0592c4f35b5",
              "ami-067f5ed7b1aed2b94",
              "ami-0de22c567f2ed3e09",
              "ami-0d42391d9446a63b7",
              "ami-01c71577580f969d5",
              "ami-052ce6d29c7399084",
              "ami-01e75ab6d89665dbb",
              "ami-06f8dd1c46d92662a",
              "ami-071019d853ebab166",
              "ami-09d9ee314114af5eb",
              "ami-03a4a7a736d76c90b",
              "ami-0cd89f29852f7d725",
              "ami-07191cf2912e097a6",
              "ami-05c8629a069ec412f",
              "ami-0479685ce1308a855",
              "ami-0bc88b6fccf92b078",
              "ami-086bc9a99f6bb97fd",
              "ami-036911649355777cd",
              "ami-01dccc3e69b016558",
              "ami-0348c51e0c47c2c93",
              "ami-06290106b8718b728",
              "ami-065a0888182bf6243",
              "ami-0364d6d755224eb69",
              "ami-0b2efb944c9168e41",
              "ami-00ba15bfeac1876af",
              "ami-0a20788e2f668605f",
              "ami-0a868b1dfd47bea0e",
              "ami-01910311f8cf0e8a5",
              "ami-015fd19386c37c5ef",
              "ami-07ac74e2b1bb101e7",
              "ami-0e1c48b54660e39a9",
              "ami-0ad17b0aabc0de4f5",
              "ami-0cea784f91ba07fdf",
              "ami-06a699da621ec459f",
              "ami-0b2b14fcb6c6dcd08",
              "ami-07182af4a52348958",
              "ami-017c424dca95065a5",
              "ami-06725425e4fba8753",
              "ami-0fbf8e6274abf11fc",
              "ami-084f1abe6789b8e71",
              "ami-00e717a177e27b718",
              "ami-0c25f91583d6ce7c3",
              "ami-0fb9aed501eaaa72f",
              "ami-01f56c6fc6ca68b65",
              "ami-0e5e22c2ad9e6167a",
              "ami-089c7bdc7cdb50a72",
              "ami-0a2bd6411b7d7da76",
              "ami-09733000f4bf4e86d",
              "ami-0c3b98c455d908a45",
              "ami-06d489f0973d794b2",
              "ami-0bbedcbe4a79c2b70",
              "ami-07f9809b4dd268012",
              "ami-0ef8dde86324183f0",
              "ami-0278c670de539c94e",
              "ami-06dfa138de11dd278",
              "ami-00aa48bfb1e1f4644",
              "ami-01648151972bba128",
              "ami-05e9f2842a602ad35",
              "ami-0b6c1afac94dfde1c",
              "ami-090793dd6973ac6a2",
              "ami-02cf8b2c7cebcee9e",
              "ami-0597bae86fe2407a7",
              "ami-0ec81e65874861cdd",
              "ami-0b5b7e67aff4eca50",
              "ami-07dca48909f9501e0",
              "ami-00124b2acf26d6573",
              "ami-0c508c1e1341b8096",
              "ami-0b6c3e21df6bcdbd0",
              "ami-0b655bb6dcf6dc758",
              "ami-0ff6dba329563f52c",
              "ami-083ebe3a9c5d9e5a6",
              "ami-05a7ba377ad18a23b",
              "ami-075c84b3270849f13",
              "ami-0370096e32481a56e",
              "ami-0712461f3d9b20994",
              "ami-0d3ac65ece304c68a",
              "ami-01a5f40833a7730e2",
              "ami-0c52b5ef974eda338",
              "ami-0e6a271939cbc2943",
              "ami-081e50b07d05b45bc",
              "ami-08cb72ff6c4566e67",
              "ami-053b2ce16a0da21a9",
              "ami-0cc8720aab46b8878",
              "ami-05daa3d7eda6be138",
              "ami-019375bde26c9593c",
              "ami-0fe361bb8b4ccdc47",
              "ami-0fc24f87d04125273",
              "ami-04746eee84caf4280",
              "ami-02a4fddd896a84a26",
              "ami-0995bc27f5a914af1",
              "ami-0e7bcb1d5116f57f5",
              "ami-0681f34c9f9c307ba",
              "ami-03cd4f13212437f05",
              "ami-02320afbd25126d7f",
              "ami-0104f93dbaf99afad",
              "ami-085591fe82d9731bf",
              "ami-0ffd8454fdb073a56",
              "ami-0c465af375cdcbbf8",
              "ami-0038f5211228fcb27",
              "ami-02b9421b4546b1364",
              "ami-01497baac3e0aaa60",
              "ami-0a319c3de1f726fd9",
              "ami-0c0cabaf904954205",
              "ami-09e828051d3625923",
              "ami-0e5131c2cb06c795c",
              "ami-0b664e6ceb68bdbcd",
              "ami-0e3f82be6b51e04b9",
              "ami-0d2c458bce75a7b58",
              "ami-02032c46bf15d50f5",
              "ami-0902ffc67888cbbac",
              "ami-0c34ca22066153db9",
              "ami-026b34a56671ef1f4",
              "ami-073998ba87e205747",
              "ami-082c81c4899f60615",
              "ami-07efba5ef7cf9d465",
              "ami-023f2ed632d172b9d",
              "ami-00147fbb30e00ced9",
              "ami-0f9e7ad4abf49df6b",
              "ami-0fa74141e4b9417d9",
              "ami-0163da67ffb57c69b",
              "ami-0e33f1071b4832267",
              "ami-0930b5c9bf3dd0ae5",
              "ami-0c019865fb3bb6506",
              "ami-0b1a4aa2599670179",
              "ami-0eab52951997a5e10",
              "ami-0990e65c54e1aa44a",
              "ami-08566b9319e9d7675",
              "ami-0ece9a97cc2e39fc5",
              "ami-0168b732cf80906a9",
              "ami-0f00e01fdb0dcd0e3",
              "ami-046ce671c63cc24dd",
              "ami-070729f5b918b5837",
              "ami-0642604be9601d514",
              "ami-0b947902809e47cb1",
              "ami-05ede3fd5b805a943",
              "ami-0b719edec251faee9",
              "ami-0c01d1e80703d9fe5",
              "ami-0411a4f2db7a67f93",
              "ami-09f1886910708be07",
              "ami-0ff3c175b8092d84e",
              "ami-0517f24a3c3d5309e",
              "ami-0d8f7709b3a2d2f15",
              "ami-0dbd9ff4a90bff157",
              "ami-097645750278c6db2",
              "ami-0abf26b9d5a238b9e",
              "ami-05e945fcaeeba48da",
              "ami-0490dcd6406cd9cc8",
              "ami-054a88551ec6704a9",
              "ami-01c3ca6be8c95cefb",
              "ami-07760909d8ab78ff4",
              "ami-0e5ddd092a480a323",
              "ami-0d6bb3c5bea97b74b",
              "ami-039a1532bfd540547",
              "ami-079be85f04e25c71f",
              "ami-063061f3c1846a33c",
              "ami-03878ce2ed41ad94f",
              "ami-099cae9bb4481b13b",
              "ami-0d97aec9a4267f257",
              "ami-0188460efb7c73ea6",
              "ami-05b6e077b34f4af75",
              "ami-07430caf27106fe30",
              "ami-04d32d6994e3de620",
              "ami-0c332b676243f5ef4",
              "ami-072bfcf3a77be8e0a",
              "ami-0a560b371d80cf710",
              "ami-044e872b4ef9ac12b",
              "ami-0ffc19a35b1b3d8be",
              "ami-081f033aff1a2ded5",
              "ami-0699d773e9cdd3f78",
              "ami-06c8a12c3d1971bd1",
              "ami-03057d885cfbc2741",
              "ami-0410d651b5f95a11e",
              "ami-025c2df4bf0204471",
              "ami-057dbe0ea95815d6b",
              "ami-0480b332f72254291",
              "ami-073d7f447673adf2d",
              "ami-0b16a6e79327c7044",
              "ami-04c00cdcd47065d83",
              "ami-005fcea27cd7282f9",
              "ami-02490f6f05beffd50",
              "ami-0136173c34a61d7d3",
              "ami-0c0a775a2ad64b80d",
              "ami-0416a9255bf27d639",
              "ami-0be8c9a72abcfb262",
              "ami-00b9ad061c65bd960",
              "ami-04da5544d31f95ad7",
              "ami-057b342f6e46d07f5",
              "ami-096bc699ba72cafa4",
              "ami-02f43f54afa070e8d",
              "ami-017b7ae8ab5d1a43b",
              "ami-085682651336d9ded",
              "ami-0bfa3be322bdb08ef",
              "ami-0b54124817bc1b716",
              "ami-01bb7bd92166375a2",
              "ami-0078136c8482551c3",
              "ami-00c83a2f7ddca0891",
              "ami-00f2bf3c689b55c90",
              "ami-01e64e3f0d586d404",
              "ami-0e8522e7f10457248",
              "ami-071566ae687a79630",
              "ami-03b6566453e060805",
              "ami-0fe883eb256d29de9",
              "ami-0da86d80843c727d5",
              "ami-0423dcf2fb8ed3d45",
              "ami-02c23f7ad66cfe309",
              "ami-0a1c0f36eb161b55f",
              "ami-0aa8c2295cdb1c509",
              "ami-0c07cd0ceb5369def",
              "ami-0dfe9c94d44eca1cc",
              "ami-0589c032d403e1c4a",
              "ami-0c82619f8f8a4202a",
              "ami-01167b526989b2950",
              "ami-0870deccfd5709a0f",
              "ami-0a38c62939444680a",
              "ami-078c13479a9ea3c8d",
              "ami-0399d871672c27100",
              "ami-0f5520090092d2110",
              "ami-0ce2e6d666a100b01",
              "ami-039b87e3a95a23597",
              "ami-0a0da2585e8b34a70",
              "ami-04c29c2a0abd35e0b",
              "ami-0747395bd01105a8d",
              "ami-01155e2ca4c5eafc1",
              "ami-055062efa190b78a9",
              "ami-0e51862ec1f4e6284",
              "ami-014b58f22f4b36230",
              "ami-0fda006829a8b057e",
              "ami-043028e10df251623",
              "ami-0a9e864cffdf27d14",
              "ami-017b65a9dbbeba900",
              "ami-0db2e1bb5416b01d6",
              "ami-0a9ce6259b753c7c2",
              "ami-044e30ea30ccdaee0",
              "ami-0b27c1c87f28a6406",
              "ami-07ddff5825ab28573",
              "ami-0a160fa2d804f13f5",
              "ami-057ca839ca40a6336",
              "ami-0291f8d503babbe8e",
              "ami-0fbddf3833c3feabe",
              "ami-06502280686fb1156",
              "ami-0fa379541f7afce78",
              "ami-03f6a150909df85c7",
              "ami-00249ef4c885f3673",
              "ami-08e3477ac37ea44d0",
              "ami-0f373f81e872c1c2c",
              "ami-017e87ecefd16c688",
              "ami-0580aa415d94ff6e7",
              "ami-09d52d48f03023823",
              "ami-03ca3ce77f2853222",
              "ami-0b1afc2e770e89c1c",
              "ami-076e69ab015d6d558",
              "ami-001d5e1f4839c6a32",
              "ami-0e5ff9dcbc5a55508",
              "ami-0f38f63224f7d71e3",
              "ami-0cdf1482a299066e9",
              "ami-08abda553a7e6939a",
              "ami-0d922387015fd47a4",
              "ami-05c3da12c4630ea91",
              "ami-0e15c89080aa3c5c0",
              "ami-047730617f2d09023",
              "ami-02c84d26f3e9e6300",
              "ami-0450ea1098a9c7888",
              "ami-0826c5438c82e2c23",
              "ami-012d9f3c8c6d5ffc1",
              "ami-0f674d930bd67d0a4",
              "ami-065a82a145e0fc600",
              "ami-0c08f5e49857ddaaa",
              "ami-0920701411bdda7a2",
              "ami-03b6c12f592f54cf3",
              "ami-04f4b4d89acc2af5f",
              "ami-0ff1270c45354796e",
              "ami-0493a891824313ede",
              "ami-0dc2c05270722189a",
              "ami-0dd8c96844bfca091",
              "ami-0d2ed208ffd257a7a",
              "ami-04b00ba8e879a46d7",
              "ami-06fb6b98af3176846",
              "ami-0a8c1cf8400c94439",
              "ami-0f74c08b8b5effa56",
              "ami-0025119d1d957b7aa",
              "ami-097c8724855ecc850",
              "ami-08fbc9ee9a141eb29",
              "ami-05285e7f778920923",
              "ami-0ad8abde4b9901197",
              "ami-0e492f5fd718c2fc5",
              "ami-026e9c1c3a6d8e1ce",
              "ami-02542e68fdf6955f8",
              "ami-04562c9cb73d53902",
              "ami-09e52ec36b2679e97",
              "ami-080947667b646c4c2",
              "ami-0ab0bc4035f3bea55",
              "ami-0126ea4ec130861b5",
              "ami-093a5e4b3bc39bd78",
              "ami-0cf2d6ccdefbe3d76",
              "ami-03e98f16278020d92",
              "ami-0e6b3fc6ecb3da0b0",
              "ami-0f875efba4834b24a",
              "ami-06059b5bba188f8ae",
              "ami-0ffe2e8b81d09557f",
              "ami-0f43bd651bd47962d",
              "ami-0aa808701fa912062",
              "ami-01187ae087a9a9ce8",
              "ami-0aacfda9b0f25ebea",
              "ami-049218a464ac90822",
              "ami-020f60ab3ce9d9d76",
              "ami-05ee321b87666d026",
              "ami-001784ace08897b12",
              "ami-040d509db63c4b6dc",
              "ami-0d35ad142ffdda1d8",
              "ami-072466d111bc68d81",
              "ami-008e44fe9d8d13e69",
              "ami-00bd81ff55307399d",
              "ami-0e9074ddcb24679d6",
              "ami-0081deca1e33ed706",
              "ami-080c7486fdae0ff8a",
              "ami-0cc7a6220c22b76a9",
              "ami-0de16f7f2864f717a",
              "ami-0fbc26e9edf59dcf3",
              "ami-0aa8d99a4486ce7f9",
              "ami-0963bff64d79f9a9c",
              "ami-00a2d35560b50ee65",
              "ami-07dbc166b9d1243fe",
              "ami-012fb1d3d13b43151",
              "ami-0b8ceedf9d29a90fd",
              "ami-073a1047072048014",
              "ami-03ad561074824e93d",
              "ami-0ea60180bd517f3c1",
              "ami-0b87cbb806ac44d0c",
              "ami-0e4dca1e11c2635a2",
              "ami-06d64dee3bc933751",
              "ami-0e5395dc5ac23153a",
              "ami-06f37546cdcf7313c",
              "ami-018e7463aea5e9d69",
              "ami-03a9bd7cc0f2cadb3",
              "ami-039d1b97f7a660006",
              "ami-054c798311287d83d",
              "ami-0916f1411d013ff47",
              "ami-06a34a76788260fec",
              "ami-056cd9f2663994d6d",
              "ami-06481eda9abce936e",
              "ami-09685423b774dcd20",
              "ami-01124ab270ebe04ea",
              "ami-09e1f5f7552fc1f59",
              "ami-0adb064ebe0b62cdb",
              "ami-0d3391618e197f3b0",
              "ami-01a9fbe1542ccde96",
              "ami-0ec83b807390240c7",
              "ami-06c4ea69594731150",
              "ami-0db89bcd222d0be8e",
              "ami-06fd0e34010bcc4e9",
              "ami-07813aa17ecfee7c1",
              "ami-0c47b5eb916575f29",
              "ami-02d08c96cc1c53151",
              "ami-0c858cf3f523633b6",
              "ami-03e354c00a0b24e6e",
              "ami-064bfe67b5824826a",
              "ami-0623de79ba994cdce",
              "ami-033d327c55abada03",
              "ami-08fc697b63f471945",
              "ami-0a64e0da5416e9728",
              "ami-0a158ba51cc1d5350",
              "ami-0253b162778d934a8",
              "ami-06c3c489d396ddb33",
              "ami-04022236270d52e88",
              "ami-00ec0a6e75b42b65d",
              "ami-07b9b64d620788183",
              "ami-0f6504552a5474b94",
              "ami-09fe8193c8d09cb35",
              "ami-0e075e26b8f643e8c",
              "ami-0617142c73b56552b",
              "ami-0aaf2fd4b398ac041",
              "ami-0b860ea241fab5c5a",
              "ami-0cc9c2351e7204ada",
              "ami-0810a0a5ed18a5528",
              "ami-08ce4b712c0f913d5",
              "ami-054cacabdb3a9d86b",
              "ami-02eb7717f63480116",
              "ami-08466824f02908ce1",
              "ami-084d814e5012e57b7",
              "ami-02c64128858c0fd77",
              "ami-0ab66964324813792",
              "ami-001a916c2914ee9ff",
              "ami-0859aa3a26388a8ca",
              "ami-0a5eb5eeb6ec5e4ed",
              "ami-04f5794c5ea43cfad",
              "ami-0ab1966ee863c98fd",
              "ami-0180c31e39071aaaa",
              "ami-0009399616cd0dc19",
              "ami-000091c2297cc21cb",
              "ami-0951fc52080038816",
              "ami-04f8ed0093283a68a",
              "ami-0b87e4cc240fe9fa6",
              "ami-0d75772549b5a15f2",
              "ami-0ace3b12195acba35",
              "ami-0c8b16e1bb4cbee2d",
              "ami-0befe3c94d54dc618",
              "ami-0307dbaec0e0de3a2",
              "ami-00dc7eb68f99815e3",
              "ami-0709185ea2e1628f5",
              "ami-0a536b03479bd27f9",
              "ami-065595c4ac5a9f249",
              "ami-06cefcde86806b339",
              "ami-041d6c8ebdaec887f",
              "ami-04902164c4e3aac89",
              "ami-0ccfe06230468a242",
              "ami-03cfbe3dbfb37d521",
              "ami-0067184a9497cccd5",
              "ami-0623e28c7a5b045af",
              "ami-078bfd44441cb4319",
              "ami-0deb9cc69fe5f2da0",
              "ami-0f6495e3c9af5408c",
              "ami-00d8839c40dc1e145",
              "ami-09d2cf41b4a2ede2e",
              "ami-09291bdeecbd85b11",
              "ami-0d97e75ba00122b01",
              "ami-0a02c64cb3b000851",
              "ami-0304f7ba10bd13f8a",
              "ami-070c8033ba4ac63d0",
              "ami-0a7453344da171e11",
              "ami-0dff530678aaf4ba0",
              "ami-05edb787331f26719",
              "ami-0665ffc501cfe4697",
              "ami-0fd9eef3f5aa13783",
              "ami-088a44f1b1a88008d",
              "ami-0718e72b2f9c5ec23",
              "ami-0fdd5704f0cb1c8f0",
              "ami-01f74a221907d4fc0",
              "ami-0515fc8c068fdd801",
              "ami-0f1959119de45f74b",
              "ami-0267143d1f42e941e",
              "ami-0c2fb099d9cb087f7",
              "ami-023b2fad08770e234",
              "ami-0c1e3cb54ba61d976",
              "ami-0a2a700491077746c",
              "ami-09815513575eff4c3",
              "ami-0ce02996eb19c7e4b",
              "ami-03df5bd2abb927ef9",
              "ami-0cfd692af77f3dd65",
              "ami-03837a6d2d1f09af2",
              "ami-04a62cb8c0fa17941",
              "ami-0574bcee4380a9b49",
              "ami-07bc199417a67c340",
              "ami-0a08c21ad7781209f",
              "ami-046fc97c59bc40c96",
              "ami-035d7141baafca120",
              "ami-0b2bedea654968dbd",
              "ami-0673670e3366c5f97",
              "ami-0c718c053207a52fb",
              "ami-0e8537614c21e2f26",
              "ami-0667e7b23329c7d6f",
              "ami-0edeab8d8da4f234b",
              "ami-0e7e5692e38ab72d8",
              "ami-09417dc4f7a6ea185",
              "ami-07299ef38a725d83f",
              "ami-039eff6b695e3f823",
              "ami-0afc6464473f52012",
              "ami-03fc9cf6026e6e554",
              "ami-0ca2370a505345341",
              "ami-0facb1de5a9ab82be",
              "ami-0066c16b71ce987b9",
              "ami-042f3516db3ae1b40",
              "ami-0097b82dd7900a968",
              "ami-0f8652a60ee6546f6",
              "ami-0b6480b37ac18779e",
              "ami-0888cff9013df765b",
              "ami-0ef19574eeab27490",
              "ami-04d5bd0183057c497",
              "ami-0b0e7aab9371917f2",
              "ami-08692e68ba22aecc1",
              "ami-0c8058d6ad1307d9f",
              "ami-07e784c146e92d9fb",
              "ami-08882641c11f81d96",
              "ami-0565b4c6949f87abc",
              "ami-07f2697fe9243d702",
              "ami-0db38c21bdf1271f2",
              "ami-014d26f569c0de59a",
              "ami-07d2ba00ae63a52cc",
              "ami-09c36f53d5cb30dca",
              "ami-0330940b6b13f284f",
              "ami-0f28cfe92954b3257",
              "ami-0ae97cc87034b9c52",
              "ami-01370c68386f97d7c",
              "ami-0ecdbfd4d3cd3d4c9",
              "ami-023d23382015b8dc3",
              "ami-0079e532eacfbf467",
              "ami-05d3eb57623750eef",
              "ami-0a78c55011a48d25e",
              "ami-01c5577352267b948",
              "ami-060d9535846fbdc18",
              "ami-05d899546991ed1f8",
              "ami-07f4de89f01e04cfb",
              "ami-0d94e50c092a16d26",
              "ami-0ad34223ee47d6b5d",
              "ami-057966b766803a5b0",
              "ami-0eee91acfb6eb183a",
              "ami-04968fa438b083624",
              "ami-0e6eb99646c096917",
              "ami-0d5035e572e1a2eef",
              "ami-0b0804417e6dd5dba",
              "ami-08740cacb3bb8a501",
              "ami-053f6a1ca608e2f01",
              "ami-0d12eace155562d7f",
              "ami-09192208afa947484",
              "ami-08bc88344a321ac56",
              "ami-032196d948e06d754",
              "ami-05ec180a636a8b192",
              "ami-03e242a47937f61be",
              "ami-04f6653bc8112aabd",
              "ami-002df5437ccfdb2e7",
              "ami-05fc98bd3bf34df2d",
              "ami-0197cddc5380cc86f",
              "ami-0c1e241adb5b8dccf",
              "ami-0ab884b83fa4e0de3",
              "ami-063991e4513623420",
              "ami-0bb5bc3572c833709",
              "ami-0855c4f7be34a598f",
              "ami-055025eba9e76c72a",
              "ami-0b0cb84673cadfb7f",
              "ami-041ed322e2a75fb89",
              "ami-00fbe0cff37634910",
              "ami-0ea9ecfc2a26a74b3",
              "ami-0279d9647c4194021",
              "ami-0ef6df3ae1066c4d8",
              "ami-093410e0de823373a",
              "ami-07d89e97343b6c2de",
              "ami-0af680f7d9f8770dd",
              "ami-04c6bd291b0222132",
              "ami-00fc7ac2e4d302d44",
              "ami-08da9f74a816a64ca",
              "ami-0ac00674f61a2482b",
              "ami-08e9d13e5e4291dd9",
              "ami-0430c0776590152d5",
              "ami-05c4e760c01113769",
              "ami-0c0c3cdcce6197c04",
              "ami-0d828e146635d0cc5",
              "ami-06a912645b7115d2b",
              "ami-097b0e06b8ba7566e",
              "ami-01e24744251e7ba5a",
              "ami-002e41b1af007ec3e",
              "ami-04cc148151d462650",
              "ami-0ad508d93f7d67253",
              "ami-02027523e68628241",
              "ami-07633ef9689187b90",
              "ami-0cbe81d14cf961d6b",
              "ami-072a0654a4b175390",
              "ami-0c1ef3d8c6ae8fcb0",
              "ami-0db877edc8e88439b",
              "ami-0b8ffdaddb047eb6f",
              "ami-09436d25bed3bf2c4",
              "ami-03373c8ea6a858306",
              "ami-0866f776954f05711",
              "ami-0f374c4b3ad986fa4",
              "ami-036be822b4b9bb150",
              "ami-0fb2552717842e590",
              "ami-07ef272e30dbbfd69",
              "ami-0f14f3f90d8c5c52f",
              "ami-005313d9be88975e5",
              "ami-08bdf4c266a224b65",
              "ami-0fad34a4521a0e943",
              "ami-05b20e7db5db43cd4",
              "ami-0cb9dd494ffbfa314",
              "ami-06482ffb59f4fef77",
              "ami-01665c54182f1c228",
              "ami-043bfdd7a23f40288",
              "ami-09ddc03d59d19807f"
            ],
            "include_deprecated": false,
            "name_regex": null,
            "owners": [
              "amazon"
            ],
            "sort_ascending": false,
            "timeouts": null
          },
          "sensitive_attributes": []
        }
      ]
    },
    {
      "mode": "data",
      "type": "aws_subnets",
      "name": "default_subnets",
      "provider": "provider[\"registry.terraform.io/hashicorp/aws\"]",
      "instances": [
        {
          "schema_version": 0,
          "attributes": {
            "filter": [
              {
                "name": "vpc-id",
                "values": [
                  "vpc-02e1def4d68ee156e"
                ]
              }
            ],
            "id": "ap-southeast-1",
            "ids": [
              "subnet-00a5319439eb28efe",
              "subnet-040e85233e6b81ad1",
              "subnet-0f6bd97529a047915"
            ],
            "tags": null,
            "timeouts": null
          },
          "sensitive_attributes": []
        }
      ]
    },
    {
      "mode": "managed",
      "type": "aws_default_vpc",
      "name": "default_vpc",
      "provider": "provider[\"registry.terraform.io/hashicorp/aws\"]",
      "instances": [
        {
          "schema_version": 1,
          "attributes": {
            "arn": "arn:aws:ec2:ap-southeast-1:320625326812:vpc/vpc-02e1def4d68ee156e",
            "assign_generated_ipv6_cidr_block": false,
            "cidr_block": "172.31.0.0/16",
            "default_network_acl_id": "acl-0a035381071a8ce40",
            "default_route_table_id": "rtb-0373b32a55792e660",
            "default_security_group_id": "sg-043049070b713f1b6",
            "dhcp_options_id": "dopt-005ca31f3bb97eaa9",
            "enable_dns_hostnames": true,
            "enable_dns_support": true,
            "enable_network_address_usage_metrics": false,
            "existing_default_vpc": true,
            "force_destroy": false,
            "id": "vpc-02e1def4d68ee156e",
            "instance_tenancy": "default",
            "ipv6_association_id": "",
            "ipv6_cidr_block": "",
            "ipv6_cidr_block_network_border_group": "",
            "ipv6_ipam_pool_id": "",
            "ipv6_netmask_length": 0,
            "main_route_table_id": "rtb-0373b32a55792e660",
            "owner_id": "320625326812",
            "tags": null,
            "tags_all": {}
          },
          "sensitive_attributes": [],
          "private": "eyJzY2hlbWFfdmVyc2lvbiI6IjEifQ=="
        }
      ]
    },
    {
      "mode": "managed",
      "type": "aws_security_group",
      "name": "http_server_sg",
      "provider": "provider[\"registry.terraform.io/hashicorp/aws\"]",
      "instances": [
        {
          "schema_version": 1,
          "attributes": {
            "arn": "arn:aws:ec2:ap-southeast-1:320625326812:security-group/sg-07bad72d1d3e88fb8",
            "description": "Managed by Terraform",
            "egress": [
              {
                "cidr_blocks": [
                  "0.0.0.0/0"
                ],
                "description": "",
                "from_port": 0,
                "ipv6_cidr_blocks": [],
                "prefix_list_ids": [],
                "protocol": "-1",
                "security_groups": [],
                "self": false,
                "to_port": 0
              }
            ],
            "id": "sg-07bad72d1d3e88fb8",
            "ingress": [
              {
                "cidr_blocks": [
                  "0.0.0.0/0"
                ],
                "description": "",
                "from_port": 22,
                "ipv6_cidr_blocks": [],
                "prefix_list_ids": [],
                "protocol": "tcp",
                "security_groups": [],
                "self": false,
                "to_port": 22
              },
              {
                "cidr_blocks": [
                  "0.0.0.0/0"
                ],
                "description": "",
                "from_port": 80,
                "ipv6_cidr_blocks": [],
                "prefix_list_ids": [],
                "protocol": "tcp",
                "security_groups": [],
                "self": false,
                "to_port": 80
              }
            ],
            "name": "http-server-sg",
            "name_prefix": "",
            "owner_id": "320625326812",
            "revoke_rules_on_delete": false,
            "tags": {
              "name": "http_server_sg"
            },
            "tags_all": {
              "name": "http_server_sg"
            },
            "timeouts": null,
            "vpc_id": "vpc-02e1def4d68ee156e"
          },
          "sensitive_attributes": [],
          "private": "eyJlMmJmYjczMC1lY2FhLTExZTYtOGY4OC0zNDM2M2JjN2M0YzAiOnsiY3JlYXRlIjo2MDAwMDAwMDAwMDAsImRlbGV0ZSI6OTAwMDAwMDAwMDAwfSwic2NoZW1hX3ZlcnNpb24iOiIxIn0=",
          "dependencies": [
            "aws_default_vpc.default_vpc"
          ]
        }
      ]
    },
    {
      "module": "module.ec2_instance[\"ansible\"]",
      "mode": "data",
      "type": "aws_partition",
      "name": "current",
      "provider": "provider[\"registry.terraform.io/hashicorp/aws\"]",
      "instances": [
        {
          "schema_version": 0,
          "attributes": {
            "dns_suffix": "amazonaws.com",
            "id": "aws",
            "partition": "aws",
            "reverse_dns_prefix": "com.amazonaws"
          },
          "sensitive_attributes": []
        }
      ]
    },
    {
      "module": "module.ec2_instance[\"ansible\"]",
      "mode": "managed",
      "type": "aws_instance",
      "name": "this",
      "provider": "provider[\"registry.terraform.io/hashicorp/aws\"]",
      "instances": [
        {
          "index_key": 0,
          "schema_version": 1,
          "attributes": {
            "ami": "ami-08df616b01c9d36e6",
            "arn": "arn:aws:ec2:ap-southeast-1:320625326812:instance/i-0f9654a5856f41544",
            "associate_public_ip_address": true,
            "availability_zone": "ap-southeast-1a",
            "capacity_reservation_specification": [
              {
                "capacity_reservation_preference": "open",
                "capacity_reservation_target": []
              }
            ],
            "cpu_core_count": 1,
            "cpu_options": [
              {
                "amd_sev_snp": "",
                "core_count": 1,
                "threads_per_core": 1
              }
            ],
            "cpu_threads_per_core": 1,
            "credit_specification": [
              {
                "cpu_credits": "standard"
              }
            ],
            "disable_api_stop": false,
            "disable_api_termination": false,
            "ebs_block_device": [],
            "ebs_optimized": false,
            "enclave_options": [
              {
                "enabled": false
              }
            ],
            "ephemeral_block_device": [],
            "get_password_data": false,
            "hibernation": false,
            "host_id": "",
            "host_resource_group_arn": null,
            "iam_instance_profile": "",
            "id": "i-0f9654a5856f41544",
            "instance_initiated_shutdown_behavior": "stop",
            "instance_lifecycle": "",
            "instance_market_options": [],
            "instance_state": "running",
            "instance_type": "t2.micro",
            "ipv6_address_count": 0,
            "ipv6_addresses": [],
            "key_name": "ec2-keypair",
            "launch_template": [],
            "maintenance_options": [
              {
                "auto_recovery": "default"
              }
            ],
            "metadata_options": [
              {
                "http_endpoint": "enabled",
                "http_protocol_ipv6": "disabled",
                "http_put_response_hop_limit": 1,
                "http_tokens": "optional",
                "instance_metadata_tags": "disabled"
              }
            ],
            "monitoring": true,
            "network_interface": [],
            "outpost_arn": "",
            "password_data": "",
            "placement_group": "",
            "placement_partition_number": 0,
            "primary_network_interface_id": "eni-098d47916c84c68eb",
            "private_dns": "ip-172-31-36-106.ap-southeast-1.compute.internal",
            "private_dns_name_options": [
              {
                "enable_resource_name_dns_a_record": false,
                "enable_resource_name_dns_aaaa_record": false,
                "hostname_type": "ip-name"
              }
            ],
            "private_ip": "172.31.36.106",
            "public_dns": "ec2-54-179-157-228.ap-southeast-1.compute.amazonaws.com",
            "public_ip": "54.179.157.228",
            "root_block_device": [
              {
                "delete_on_termination": true,
                "device_name": "/dev/xvda",
                "encrypted": false,
                "iops": 100,
                "kms_key_id": "",
                "tags": {},
                "throughput": 0,
                "volume_id": "vol-0b5a823a5cf816a89",
                "volume_size": 8,
                "volume_type": "gp2"
              }
            ],
            "secondary_private_ips": [],
            "security_groups": [
              "http-server-sg"
            ],
            "source_dest_check": true,
            "spot_instance_request_id": "",
            "subnet_id": "subnet-00a5319439eb28efe",
            "tags": {
              "Environment": "dev",
              "Name": "instance-ansible",
              "Terraform": "true"
            },
            "tags_all": {
              "Environment": "dev",
              "Name": "instance-ansible",
              "Terraform": "true"
            },
            "tenancy": "default",
            "timeouts": {
              "create": null,
              "delete": null,
              "update": null
            },
            "user_data": null,
            "user_data_base64": null,
            "user_data_replace_on_change": false,
            "volume_tags": {
              "Name": "instance-ansible"
            },
            "vpc_security_group_ids": [
              "sg-07bad72d1d3e88fb8"
            ]
          },
          "sensitive_attributes": [],
          "private": "eyJlMmJmYjczMC1lY2FhLTExZTYtOGY4OC0zNDM2M2JjN2M0YzAiOnsiY3JlYXRlIjo2MDAwMDAwMDAwMDAsImRlbGV0ZSI6MTIwMDAwMDAwMDAwMCwidXBkYXRlIjo2MDAwMDAwMDAwMDB9LCJzY2hlbWFfdmVyc2lvbiI6IjEifQ==",
          "dependencies": [
            "aws_default_vpc.default_vpc",
            "aws_security_group.http_server_sg",
            "data.aws_ami.aws_linux_2_latest",
            "data.aws_subnets.default_subnets",
            "module.ec2_instance.aws_iam_instance_profile.this",
            "module.ec2_instance.data.aws_ssm_parameter.this"
          ]
        }
      ]
    },
    {
      "module": "module.ec2_instance[\"load-balancer\"]",
      "mode": "data",
      "type": "aws_partition",
      "name": "current",
      "provider": "provider[\"registry.terraform.io/hashicorp/aws\"]",
      "instances": [
        {
          "schema_version": 0,
          "attributes": {
            "dns_suffix": "amazonaws.com",
            "id": "aws",
            "partition": "aws",
            "reverse_dns_prefix": "com.amazonaws"
          },
          "sensitive_attributes": []
        }
      ]
    },
    {
      "module": "module.ec2_instance[\"load-balancer\"]",
      "mode": "managed",
      "type": "aws_instance",
      "name": "this",
      "provider": "provider[\"registry.terraform.io/hashicorp/aws\"]",
      "instances": [
        {
          "index_key": 0,
          "schema_version": 1,
          "attributes": {
            "ami": "ami-08df616b01c9d36e6",
            "arn": "arn:aws:ec2:ap-southeast-1:320625326812:instance/i-0edfe9de7ebbfb84a",
            "associate_public_ip_address": true,
            "availability_zone": "ap-southeast-1a",
            "capacity_reservation_specification": [
              {
                "capacity_reservation_preference": "open",
                "capacity_reservation_target": []
              }
            ],
            "cpu_core_count": 1,
            "cpu_options": [
              {
                "amd_sev_snp": "",
                "core_count": 1,
                "threads_per_core": 1
              }
            ],
            "cpu_threads_per_core": 1,
            "credit_specification": [
              {
                "cpu_credits": "standard"
              }
            ],
            "disable_api_stop": false,
            "disable_api_termination": false,
            "ebs_block_device": [],
            "ebs_optimized": false,
            "enclave_options": [
              {
                "enabled": false
              }
            ],
            "ephemeral_block_device": [],
            "get_password_data": false,
            "hibernation": false,
            "host_id": "",
            "host_resource_group_arn": null,
            "iam_instance_profile": "",
            "id": "i-0edfe9de7ebbfb84a",
            "instance_initiated_shutdown_behavior": "stop",
            "instance_lifecycle": "",
            "instance_market_options": [],
            "instance_state": "running",
            "instance_type": "t2.micro",
            "ipv6_address_count": 0,
            "ipv6_addresses": [],
            "key_name": "ec2-keypair",
            "launch_template": [],
            "maintenance_options": [
              {
                "auto_recovery": "default"
              }
            ],
            "metadata_options": [
              {
                "http_endpoint": "enabled",
                "http_protocol_ipv6": "disabled",
                "http_put_response_hop_limit": 1,
                "http_tokens": "optional",
                "instance_metadata_tags": "disabled"
              }
            ],
            "monitoring": true,
            "network_interface": [],
            "outpost_arn": "",
            "password_data": "",
            "placement_group": "",
            "placement_partition_number": 0,
            "primary_network_interface_id": "eni-05ffa090b4f0f4229",
            "private_dns": "ip-172-31-40-146.ap-southeast-1.compute.internal",
            "private_dns_name_options": [
              {
                "enable_resource_name_dns_a_record": false,
                "enable_resource_name_dns_aaaa_record": false,
                "hostname_type": "ip-name"
              }
            ],
            "private_ip": "172.31.40.146",
            "public_dns": "ec2-54-169-122-6.ap-southeast-1.compute.amazonaws.com",
            "public_ip": "54.169.122.6",
            "root_block_device": [
              {
                "delete_on_termination": true,
                "device_name": "/dev/xvda",
                "encrypted": false,
                "iops": 100,
                "kms_key_id": "",
                "tags": {},
                "throughput": 0,
                "volume_id": "vol-0c382d1acd86976a6",
                "volume_size": 8,
                "volume_type": "gp2"
              }
            ],
            "secondary_private_ips": [],
            "security_groups": [
              "http-server-sg"
            ],
            "source_dest_check": true,
            "spot_instance_request_id": "",
            "subnet_id": "subnet-00a5319439eb28efe",
            "tags": {
              "Environment": "dev",
              "Name": "instance-load-balancer",
              "Terraform": "true"
            },
            "tags_all": {
              "Environment": "dev",
              "Name": "instance-load-balancer",
              "Terraform": "true"
            },
            "tenancy": "default",
            "timeouts": {
              "create": null,
              "delete": null,
              "update": null
            },
            "user_data": null,
            "user_data_base64": null,
            "user_data_replace_on_change": false,
            "volume_tags": {
              "Name": "instance-load-balancer"
            },
            "vpc_security_group_ids": [
              "sg-07bad72d1d3e88fb8"
            ]
          },
          "sensitive_attributes": [],
          "private": "eyJlMmJmYjczMC1lY2FhLTExZTYtOGY4OC0zNDM2M2JjN2M0YzAiOnsiY3JlYXRlIjo2MDAwMDAwMDAwMDAsImRlbGV0ZSI6MTIwMDAwMDAwMDAwMCwidXBkYXRlIjo2MDAwMDAwMDAwMDB9LCJzY2hlbWFfdmVyc2lvbiI6IjEifQ==",
          "dependencies": [
            "aws_default_vpc.default_vpc",
            "aws_security_group.http_server_sg",
            "data.aws_ami.aws_linux_2_latest",
            "data.aws_subnets.default_subnets",
            "module.ec2_instance.aws_iam_instance_profile.this",
            "module.ec2_instance.data.aws_ssm_parameter.this"
          ]
        }
      ]
    },
    {
      "module": "module.ec2_instance[\"one\"]",
      "mode": "data",
      "type": "aws_partition",
      "name": "current",
      "provider": "provider[\"registry.terraform.io/hashicorp/aws\"]",
      "instances": [
        {
          "schema_version": 0,
          "attributes": {
            "dns_suffix": "amazonaws.com",
            "id": "aws",
            "partition": "aws",
            "reverse_dns_prefix": "com.amazonaws"
          },
          "sensitive_attributes": []
        }
      ]
    },
    {
      "module": "module.ec2_instance[\"one\"]",
      "mode": "managed",
      "type": "aws_instance",
      "name": "this",
      "provider": "provider[\"registry.terraform.io/hashicorp/aws\"]",
      "instances": [
        {
          "index_key": 0,
          "schema_version": 1,
          "attributes": {
            "ami": "ami-08df616b01c9d36e6",
            "arn": "arn:aws:ec2:ap-southeast-1:320625326812:instance/i-03060ce8d24440d11",
            "associate_public_ip_address": true,
            "availability_zone": "ap-southeast-1a",
            "capacity_reservation_specification": [
              {
                "capacity_reservation_preference": "open",
                "capacity_reservation_target": []
              }
            ],
            "cpu_core_count": 1,
            "cpu_options": [
              {
                "amd_sev_snp": "",
                "core_count": 1,
                "threads_per_core": 1
              }
            ],
            "cpu_threads_per_core": 1,
            "credit_specification": [
              {
                "cpu_credits": "standard"
              }
            ],
            "disable_api_stop": false,
            "disable_api_termination": false,
            "ebs_block_device": [],
            "ebs_optimized": false,
            "enclave_options": [
              {
                "enabled": false
              }
            ],
            "ephemeral_block_device": [],
            "get_password_data": false,
            "hibernation": false,
            "host_id": "",
            "host_resource_group_arn": null,
            "iam_instance_profile": "",
            "id": "i-03060ce8d24440d11",
            "instance_initiated_shutdown_behavior": "stop",
            "instance_lifecycle": "",
            "instance_market_options": [],
            "instance_state": "running",
            "instance_type": "t2.micro",
            "ipv6_address_count": 0,
            "ipv6_addresses": [],
            "key_name": "ec2-keypair",
            "launch_template": [],
            "maintenance_options": [
              {
                "auto_recovery": "default"
              }
            ],
            "metadata_options": [
              {
                "http_endpoint": "enabled",
                "http_protocol_ipv6": "disabled",
                "http_put_response_hop_limit": 1,
                "http_tokens": "optional",
                "instance_metadata_tags": "disabled"
              }
            ],
            "monitoring": true,
            "network_interface": [],
            "outpost_arn": "",
            "password_data": "",
            "placement_group": "",
            "placement_partition_number": 0,
            "primary_network_interface_id": "eni-0d6c5b98b9180770a",
            "private_dns": "ip-172-31-34-24.ap-southeast-1.compute.internal",
            "private_dns_name_options": [
              {
                "enable_resource_name_dns_a_record": false,
                "enable_resource_name_dns_aaaa_record": false,
                "hostname_type": "ip-name"
              }
            ],
            "private_ip": "172.31.34.24",
            "public_dns": "ec2-54-169-119-228.ap-southeast-1.compute.amazonaws.com",
            "public_ip": "54.169.119.228",
            "root_block_device": [
              {
                "delete_on_termination": true,
                "device_name": "/dev/xvda",
                "encrypted": false,
                "iops": 100,
                "kms_key_id": "",
                "tags": {},
                "throughput": 0,
                "volume_id": "vol-0894536c00f6d26c2",
                "volume_size": 8,
                "volume_type": "gp2"
              }
            ],
            "secondary_private_ips": [],
            "security_groups": [
              "http-server-sg"
            ],
            "source_dest_check": true,
            "spot_instance_request_id": "",
            "subnet_id": "subnet-00a5319439eb28efe",
            "tags": {
              "Environment": "dev",
              "Name": "instance-one",
              "Terraform": "true"
            },
            "tags_all": {
              "Environment": "dev",
              "Name": "instance-one",
              "Terraform": "true"
            },
            "tenancy": "default",
            "timeouts": {
              "create": null,
              "delete": null,
              "update": null
            },
            "user_data": null,
            "user_data_base64": null,
            "user_data_replace_on_change": false,
            "volume_tags": {
              "Name": "instance-one"
            },
            "vpc_security_group_ids": [
              "sg-07bad72d1d3e88fb8"
            ]
          },
          "sensitive_attributes": [],
          "private": "eyJlMmJmYjczMC1lY2FhLTExZTYtOGY4OC0zNDM2M2JjN2M0YzAiOnsiY3JlYXRlIjo2MDAwMDAwMDAwMDAsImRlbGV0ZSI6MTIwMDAwMDAwMDAwMCwidXBkYXRlIjo2MDAwMDAwMDAwMDB9LCJzY2hlbWFfdmVyc2lvbiI6IjEifQ==",
          "dependencies": [
            "aws_default_vpc.default_vpc",
            "aws_security_group.http_server_sg",
            "data.aws_ami.aws_linux_2_latest",
            "data.aws_subnets.default_subnets",
            "module.ec2_instance.aws_iam_instance_profile.this",
            "module.ec2_instance.data.aws_ssm_parameter.this"
          ]
        }
      ]
    },
    {
      "module": "module.ec2_instance[\"two\"]",
      "mode": "data",
      "type": "aws_partition",
      "name": "current",
      "provider": "provider[\"registry.terraform.io/hashicorp/aws\"]",
      "instances": [
        {
          "schema_version": 0,
          "attributes": {
            "dns_suffix": "amazonaws.com",
            "id": "aws",
            "partition": "aws",
            "reverse_dns_prefix": "com.amazonaws"
          },
          "sensitive_attributes": []
        }
      ]
    },
    {
      "module": "module.ec2_instance[\"two\"]",
      "mode": "managed",
      "type": "aws_instance",
      "name": "this",
      "provider": "provider[\"registry.terraform.io/hashicorp/aws\"]",
      "instances": [
        {
          "index_key": 0,
          "schema_version": 1,
          "attributes": {
            "ami": "ami-08df616b01c9d36e6",
            "arn": "arn:aws:ec2:ap-southeast-1:320625326812:instance/i-07a59fd2a824c079b",
            "associate_public_ip_address": true,
            "availability_zone": "ap-southeast-1a",
            "capacity_reservation_specification": [
              {
                "capacity_reservation_preference": "open",
                "capacity_reservation_target": []
              }
            ],
            "cpu_core_count": 1,
            "cpu_options": [
              {
                "amd_sev_snp": "",
                "core_count": 1,
                "threads_per_core": 1
              }
            ],
            "cpu_threads_per_core": 1,
            "credit_specification": [
              {
                "cpu_credits": "standard"
              }
            ],
            "disable_api_stop": false,
            "disable_api_termination": false,
            "ebs_block_device": [],
            "ebs_optimized": false,
            "enclave_options": [
              {
                "enabled": false
              }
            ],
            "ephemeral_block_device": [],
            "get_password_data": false,
            "hibernation": false,
            "host_id": "",
            "host_resource_group_arn": null,
            "iam_instance_profile": "",
            "id": "i-07a59fd2a824c079b",
            "instance_initiated_shutdown_behavior": "stop",
            "instance_lifecycle": "",
            "instance_market_options": [],
            "instance_state": "running",
            "instance_type": "t2.micro",
            "ipv6_address_count": 0,
            "ipv6_addresses": [],
            "key_name": "ec2-keypair",
            "launch_template": [],
            "maintenance_options": [
              {
                "auto_recovery": "default"
              }
            ],
            "metadata_options": [
              {
                "http_endpoint": "enabled",
                "http_protocol_ipv6": "disabled",
                "http_put_response_hop_limit": 1,
                "http_tokens": "optional",
                "instance_metadata_tags": "disabled"
              }
            ],
            "monitoring": true,
            "network_interface": [],
            "outpost_arn": "",
            "password_data": "",
            "placement_group": "",
            "placement_partition_number": 0,
            "primary_network_interface_id": "eni-07566e7925811869f",
            "private_dns": "ip-172-31-46-192.ap-southeast-1.compute.internal",
            "private_dns_name_options": [
              {
                "enable_resource_name_dns_a_record": false,
                "enable_resource_name_dns_aaaa_record": false,
                "hostname_type": "ip-name"
              }
            ],
            "private_ip": "172.31.46.192",
            "public_dns": "ec2-18-143-147-103.ap-southeast-1.compute.amazonaws.com",
            "public_ip": "18.143.147.103",
            "root_block_device": [
              {
                "delete_on_termination": true,
                "device_name": "/dev/xvda",
                "encrypted": false,
                "iops": 100,
                "kms_key_id": "",
                "tags": {},
                "throughput": 0,
                "volume_id": "vol-0d1b647eec3fa96cd",
                "volume_size": 8,
                "volume_type": "gp2"
              }
            ],
            "secondary_private_ips": [],
            "security_groups": [
              "http-server-sg"
            ],
            "source_dest_check": true,
            "spot_instance_request_id": "",
            "subnet_id": "subnet-00a5319439eb28efe",
            "tags": {
              "Environment": "dev",
              "Name": "instance-two",
              "Terraform": "true"
            },
            "tags_all": {
              "Environment": "dev",
              "Name": "instance-two",
              "Terraform": "true"
            },
            "tenancy": "default",
            "timeouts": {
              "create": null,
              "delete": null,
              "update": null
            },
            "user_data": null,
            "user_data_base64": null,
            "user_data_replace_on_change": false,
            "volume_tags": {
              "Name": "instance-two"
            },
            "vpc_security_group_ids": [
              "sg-07bad72d1d3e88fb8"
            ]
          },
          "sensitive_attributes": [],
          "private": "eyJlMmJmYjczMC1lY2FhLTExZTYtOGY4OC0zNDM2M2JjN2M0YzAiOnsiY3JlYXRlIjo2MDAwMDAwMDAwMDAsImRlbGV0ZSI6MTIwMDAwMDAwMDAwMCwidXBkYXRlIjo2MDAwMDAwMDAwMDB9LCJzY2hlbWFfdmVyc2lvbiI6IjEifQ==",
          "dependencies": [
            "aws_default_vpc.default_vpc",
            "aws_security_group.http_server_sg",
            "data.aws_ami.aws_linux_2_latest",
            "data.aws_subnets.default_subnets",
            "module.ec2_instance.aws_iam_instance_profile.this",
            "module.ec2_instance.data.aws_ssm_parameter.this"
          ]
        }
      ]
    }
  ],
  "check_results": null
}
